{
  "version": 4,
  "terraform_version": "1.0.11",
  "serial": 72,
  "lineage": "49a8229d-aa04-2492-7b7b-07924852c233",
  "outputs": {},
  "resources": [
    {
      "mode": "managed",
      "type": "random_id",
      "name": "this",
      "provider": "provider[\"registry.terraform.io/hashicorp/random\"]",
      "instances": [
        {
          "schema_version": 0,
          "attributes": {
            "b64_std": "0lxOcZ119v0=",
            "b64_url": "0lxOcZ119v0",
            "byte_length": 8,
            "dec": "15158076695702271741",
            "hex": "d25c4e719d75f6fd",
            "id": "0lxOcZ119v0",
            "keepers": null,
            "prefix": null
          },
          "sensitive_attributes": [],
          "private": "bnVsbA=="
        }
      ]
    },
    {
      "module": "module.gitlab_server",
      "mode": "managed",
      "type": "google_compute_address",
      "name": "static",
      "provider": "provider[\"registry.terraform.io/hashicorp/google\"]",
      "instances": [
        {
          "schema_version": 0,
          "attributes": {
            "address": "34.73.22.111",
            "address_type": "EXTERNAL",
            "creation_timestamp": "2021-12-18T06:36:27.186-08:00",
            "description": "",
            "id": "projects/deimos-internal-playground/regions/us-east1/addresses/gitlab-server",
            "name": "gitlab-server",
            "network": "",
            "network_tier": "PREMIUM",
            "prefix_length": 0,
            "project": "deimos-internal-playground",
            "purpose": "",
            "region": "us-east1",
            "self_link": "https://www.googleapis.com/compute/v1/projects/deimos-internal-playground/regions/us-east1/addresses/gitlab-server",
            "subnetwork": "",
            "timeouts": null,
            "users": []
          },
          "sensitive_attributes": [],
          "private": "eyJlMmJmYjczMC1lY2FhLTExZTYtOGY4OC0zNDM2M2JjN2M0YzAiOnsiY3JlYXRlIjoyNDAwMDAwMDAwMDAsImRlbGV0ZSI6MjQwMDAwMDAwMDAwfX0="
        }
      ]
    },
    {
      "module": "module.gitlab_server",
      "mode": "managed",
      "type": "google_compute_firewall",
      "name": "rules",
      "provider": "provider[\"registry.terraform.io/hashicorp/google\"]",
      "instances": [
        {
          "schema_version": 1,
          "attributes": {
            "allow": [
              {
                "ports": [
                  "80",
                  "22"
                ],
                "protocol": "tcp"
              }
            ],
            "creation_timestamp": "2021-12-18T06:36:27.016-08:00",
            "deny": [],
            "description": "Creates firewall rule targeting tagged instances",
            "destination_ranges": [],
            "direction": "INGRESS",
            "disabled": false,
            "enable_logging": null,
            "id": "projects/deimos-internal-playground/global/firewalls/my-firewall-rule",
            "log_config": [],
            "name": "my-firewall-rule",
            "network": "https://www.googleapis.com/compute/v1/projects/deimos-internal-playground/global/networks/terraform-team-test-private-vpc-network",
            "priority": 1000,
            "project": "deimos-internal-playground",
            "self_link": "https://www.googleapis.com/compute/v1/projects/deimos-internal-playground/global/firewalls/my-firewall-rule",
            "source_ranges": [
              "0.0.0.0/0"
            ],
            "source_service_accounts": null,
            "source_tags": null,
            "target_service_accounts": null,
            "target_tags": null,
            "timeouts": null
          },
          "sensitive_attributes": [],
          "private": "eyJlMmJmYjczMC1lY2FhLTExZTYtOGY4OC0zNDM2M2JjN2M0YzAiOnsiY3JlYXRlIjoyNDAwMDAwMDAwMDAsImRlbGV0ZSI6MjQwMDAwMDAwMDAwLCJ1cGRhdGUiOjI0MDAwMDAwMDAwMH0sInNjaGVtYV92ZXJzaW9uIjoiMSJ9",
          "dependencies": [
            "module.private_vpc.google_compute_network.vpc"
          ]
        }
      ]
    },
    {
      "module": "module.gitlab_server",
      "mode": "managed",
      "type": "google_compute_instance",
      "name": "gitlab-server",
      "provider": "provider[\"registry.terraform.io/hashicorp/google\"]",
      "instances": [
        {
          "schema_version": 6,
          "attributes": {
            "advanced_machine_features": [],
            "allow_stopping_for_update": null,
            "attached_disk": [],
            "boot_disk": [
              {
                "auto_delete": true,
                "device_name": "persistent-disk-0",
                "disk_encryption_key_raw": "",
                "disk_encryption_key_sha256": "",
                "initialize_params": [
                  {
                    "image": "https://www.googleapis.com/compute/v1/projects/ubuntu-os-cloud/global/images/ubuntu-1804-bionic-v20211214",
                    "labels": {},
                    "size": 10,
                    "type": "pd-standard"
                  }
                ],
                "kms_key_self_link": "",
                "mode": "READ_WRITE",
                "source": "https://www.googleapis.com/compute/v1/projects/deimos-internal-playground/zones/us-east1-c/disks/test-gitlab-server"
              }
            ],
            "can_ip_forward": false,
            "confidential_instance_config": [],
            "cpu_platform": "Intel Cascade Lake",
            "current_status": "RUNNING",
            "deletion_protection": false,
            "description": "",
            "desired_status": null,
            "enable_display": false,
            "guest_accelerator": [],
            "hostname": "",
            "id": "projects/deimos-internal-playground/zones/us-east1-c/instances/test-gitlab-server",
            "instance_id": "4617272927976443649",
            "label_fingerprint": "42WmSpB8rSM=",
            "labels": null,
            "machine_type": "n2-standard-4",
            "metadata": {
              "foo": "bar"
            },
            "metadata_fingerprint": "D7ZlbaUYg-Y=",
            "metadata_startup_script": "#install and configure the neccessary dependencies\nsudo apt-get update\nsudo apt-get install -y curl openssh-server ca-certificates tzdata perl\n\n#add GitLab package repository\ncurl https://packages.gitlab.com/install/repositories/gitlab/gitlab-ce/script.deb.sh | sudo bash\n\n\n#reconfigure the gitlab-ctl\nsudo gitlab-ctl reconfigure\n\n#get the latest version of paostgres\nsudo gitlab-ctl pg-upgrade\n\n#restart gitlab-ctl\nsudo gitlab-ctl restart\n\n#the URL at which you want to access your GitLab instance\n#sudo EXTERNAL_URL=\"http://35.229.127.112\" apt-get install gitlab-ce\n  \n    \n  \n\n",
            "min_cpu_platform": "",
            "name": "test-gitlab-server",
            "network_interface": [
              {
                "access_config": [
                  {
                    "nat_ip": "34.139.41.59",
                    "network_tier": "PREMIUM",
                    "public_ptr_domain_name": ""
                  }
                ],
                "alias_ip_range": [],
                "ipv6_access_config": [],
                "ipv6_access_type": "",
                "name": "nic0",
                "network": "https://www.googleapis.com/compute/v1/projects/deimos-internal-playground/global/networks/terraform-team-test-private-vpc-network",
                "network_ip": "10.8.0.11",
                "nic_type": "",
                "stack_type": "IPV4_ONLY",
                "subnetwork": "https://www.googleapis.com/compute/v1/projects/deimos-internal-playground/regions/us-east1/subnetworks/terraform-team-test-private-vpc-subnetwork-public",
                "subnetwork_project": "deimos-internal-playground"
              }
            ],
            "project": "deimos-internal-playground",
            "reservation_affinity": [],
            "resource_policies": null,
            "scheduling": [
              {
                "automatic_restart": true,
                "min_node_cpus": 0,
                "node_affinities": [],
                "on_host_maintenance": "MIGRATE",
                "preemptible": false
              }
            ],
            "scratch_disk": [
              {
                "interface": "SCSI"
              }
            ],
            "self_link": "https://www.googleapis.com/compute/v1/projects/deimos-internal-playground/zones/us-east1-c/instances/test-gitlab-server",
            "service_account": [],
            "shielded_instance_config": [
              {
                "enable_integrity_monitoring": true,
                "enable_secure_boot": false,
                "enable_vtpm": true
              }
            ],
            "tags": [
              "bar",
              "foo"
            ],
            "tags_fingerprint": "1gqCRgrww4E=",
            "timeouts": null,
            "zone": "us-east1-c"
          },
          "sensitive_attributes": [],
          "private": "eyJlMmJmYjczMC1lY2FhLTExZTYtOGY4OC0zNDM2M2JjN2M0YzAiOnsiY3JlYXRlIjoxMjAwMDAwMDAwMDAwLCJkZWxldGUiOjEyMDAwMDAwMDAwMDAsInVwZGF0ZSI6MTIwMDAwMDAwMDAwMH0sInNjaGVtYV92ZXJzaW9uIjoiNiJ9",
          "dependencies": [
            "module.private_vpc.google_compute_network.vpc",
            "module.private_vpc.google_compute_subnetwork.vpc_subnetwork_public"
          ]
        }
      ]
    },
    {
      "module": "module.gitlab_server",
      "mode": "managed",
      "type": "random_id",
      "name": "this",
      "provider": "provider[\"registry.terraform.io/hashicorp/random\"]",
      "instances": [
        {
          "schema_version": 0,
          "attributes": {
            "b64_std": "GnUQ92SSnBc=",
            "b64_url": "GnUQ92SSnBc",
            "byte_length": 8,
            "dec": "1906448671991569431",
            "hex": "1a7510f764929c17",
            "id": "GnUQ92SSnBc",
            "keepers": null,
            "prefix": null
          },
          "sensitive_attributes": [],
          "private": "bnVsbA=="
        }
      ]
    },
    {
      "module": "module.private_gke_cluster",
      "mode": "data",
      "type": "google_container_engine_versions",
      "name": "location",
      "provider": "provider[\"registry.terraform.io/hashicorp/google\"]",
      "instances": [
        {
          "schema_version": 0,
          "attributes": {
            "default_cluster_version": "1.21.5-gke.1302",
            "id": "2021-12-16 08:42:46.401506 +0000 UTC",
            "latest_master_version": "1.21.6-gke.1500",
            "latest_node_version": "1.21.6-gke.1500",
            "location": "us-east1",
            "project": "deimos-internal-playground",
            "release_channel_default_version": {
              "RAPID": "1.22.3-gke.700",
              "REGULAR": "1.21.5-gke.1302",
              "STABLE": "1.20.11-gke.1300"
            },
            "valid_master_versions": [
              "1.21.6-gke.1500",
              "1.21.5-gke.1802",
              "1.21.5-gke.1302",
              "1.20.12-gke.1500",
              "1.20.11-gke.1801",
              "1.20.11-gke.1300",
              "1.20.10-gke.2100",
              "1.20.10-gke.1600",
              "1.19.16-gke.1500",
              "1.19.15-gke.1801",
              "1.19.15-gke.1300"
            ],
            "valid_node_versions": [
              "1.21.6-gke.1500",
              "1.21.5-gke.1802",
              "1.21.5-gke.1302",
              "1.21.5-gke.1300",
              "1.21.4-gke.2302",
              "1.21.4-gke.2300",
              "1.21.3-gke.2003",
              "1.21.3-gke.2001",
              "1.20.12-gke.1500",
              "1.20.11-gke.1801",
              "1.20.11-gke.1300",
              "1.20.10-gke.2100",
              "1.20.10-gke.1600",
              "1.20.10-gke.301",
              "1.20.9-gke.2100",
              "1.20.9-gke.1001",
              "1.20.9-gke.1000",
              "1.20.9-gke.701",
              "1.20.9-gke.700",
              "1.20.8-gke.2101",
              "1.20.8-gke.2100",
              "1.20.8-gke.900",
              "1.20.8-gke.700",
              "1.20.7-gke.2200",
              "1.20.7-gke.1800",
              "1.20.6-gke.1400",
              "1.20.6-gke.1000",
              "1.19.16-gke.1500",
              "1.19.15-gke.1801",
              "1.19.15-gke.1300",
              "1.19.15-gke.500",
              "1.19.14-gke.2300",
              "1.19.14-gke.1900",
              "1.19.14-gke.301",
              "1.19.14-gke.300",
              "1.19.13-gke.1900",
              "1.19.13-gke.1200",
              "1.19.13-gke.701",
              "1.19.13-gke.700",
              "1.19.12-gke.2101",
              "1.19.12-gke.2100",
              "1.19.12-gke.1100",
              "1.19.12-gke.900",
              "1.19.12-gke.700",
              "1.19.11-gke.2101",
              "1.19.11-gke.2100",
              "1.19.11-gke.1701",
              "1.19.11-gke.1700",
              "1.19.10-gke.1701",
              "1.19.10-gke.1700",
              "1.19.10-gke.1601",
              "1.19.10-gke.1600",
              "1.19.10-gke.1001",
              "1.19.10-gke.1000",
              "1.19.9-gke.1900",
              "1.19.9-gke.1400",
              "1.19.9-gke.700",
              "1.19.9-gke.100",
              "1.19.8-gke.2000",
              "1.19.8-gke.1600",
              "1.19.8-gke.1000",
              "1.19.7-gke.2503",
              "1.19.7-gke.1500",
              "1.19.7-gke.1302",
              "1.19.7-gke.800",
              "1.19.6-gke.1700",
              "1.19.6-gke.1100",
              "1.19.6-gke.600",
              "1.18.20-gke.6000",
              "1.18.20-gke.4501",
              "1.18.20-gke.4500",
              "1.18.20-gke.4100",
              "1.18.20-gke.3300",
              "1.18.20-gke.3001",
              "1.18.20-gke.3000",
              "1.18.20-gke.2300",
              "1.18.20-gke.901",
              "1.18.20-gke.900",
              "1.18.20-gke.501",
              "1.18.19-gke.2101",
              "1.18.19-gke.2100",
              "1.18.19-gke.1701",
              "1.18.19-gke.1700",
              "1.18.18-gke.1701",
              "1.18.18-gke.1700",
              "1.18.18-gke.1101",
              "1.18.18-gke.1100",
              "1.18.17-gke.1901",
              "1.18.17-gke.1900",
              "1.18.17-gke.1201",
              "1.18.17-gke.1200",
              "1.18.17-gke.700",
              "1.18.17-gke.100",
              "1.18.16-gke.2100",
              "1.18.16-gke.1201",
              "1.18.16-gke.1200",
              "1.18.16-gke.502",
              "1.18.16-gke.500",
              "1.18.16-gke.302",
              "1.18.16-gke.300",
              "1.18.15-gke.2500",
              "1.18.15-gke.1502",
              "1.18.15-gke.1501",
              "1.18.15-gke.1500",
              "1.18.15-gke.1102",
              "1.18.15-gke.1100",
              "1.18.15-gke.800",
              "1.18.14-gke.1600",
              "1.18.14-gke.1200",
              "1.18.12-gke.1210",
              "1.18.12-gke.1206",
              "1.18.12-gke.1205",
              "1.18.12-gke.1201",
              "1.18.12-gke.1200",
              "1.18.12-gke.300",
              "1.18.10-gke.2701",
              "1.18.10-gke.2101",
              "1.18.10-gke.1500",
              "1.18.10-gke.601",
              "1.18.9-gke.2501",
              "1.18.9-gke.1501",
              "1.18.9-gke.801",
              "1.18.6-gke.4801",
              "1.18.6-gke.3504",
              "1.18.6-gke.3503",
              "1.17.17-gke.9100",
              "1.17.17-gke.8500",
              "1.17.17-gke.8200",
              "1.17.17-gke.7800",
              "1.17.17-gke.7200",
              "1.17.17-gke.6700",
              "1.17.17-gke.6000",
              "1.17.17-gke.5400",
              "1.17.17-gke.4900",
              "1.17.17-gke.4400",
              "1.17.17-gke.3700",
              "1.17.17-gke.3000",
              "1.17.17-gke.2800",
              "1.17.17-gke.2500",
              "1.17.17-gke.1500",
              "1.17.17-gke.1101",
              "1.17.17-gke.1100",
              "1.17.17-gke.600",
              "1.17.16-gke.1600",
              "1.17.16-gke.1300",
              "1.17.15-gke.800",
              "1.17.15-gke.300",
              "1.17.14-gke.1600",
              "1.17.14-gke.1200",
              "1.17.14-gke.400",
              "1.17.13-gke.2600",
              "1.17.13-gke.2001",
              "1.17.13-gke.1401",
              "1.17.13-gke.1400",
              "1.17.13-gke.600",
              "1.17.12-gke.2502",
              "1.17.12-gke.1504",
              "1.17.12-gke.1501",
              "1.17.12-gke.500",
              "1.17.9-gke.6300",
              "1.17.9-gke.1504",
              "1.16.15-gke.14800",
              "1.16.15-gke.12500",
              "1.16.15-gke.11800",
              "1.16.15-gke.10600",
              "1.16.15-gke.7801",
              "1.16.15-gke.7800",
              "1.16.15-gke.7300",
              "1.16.15-gke.6900",
              "1.16.15-gke.6000",
              "1.16.15-gke.5500",
              "1.16.15-gke.4901",
              "1.16.15-gke.4301",
              "1.16.15-gke.4300",
              "1.16.15-gke.3500",
              "1.16.15-gke.2601",
              "1.16.15-gke.1600",
              "1.16.15-gke.500",
              "1.16.13-gke.404",
              "1.16.13-gke.403",
              "1.16.13-gke.401",
              "1.16.13-gke.400",
              "1.16.13-gke.1",
              "1.16.11-gke.5",
              "1.16.10-gke.8",
              "1.16.9-gke.6",
              "1.16.9-gke.2",
              "1.16.8-gke.15",
              "1.16.8-gke.12",
              "1.16.8-gke.9",
              "1.15.12-gke.6002",
              "1.15.12-gke.6001",
              "1.15.12-gke.5000",
              "1.15.12-gke.4002",
              "1.15.12-gke.4000",
              "1.15.12-gke.20",
              "1.15.12-gke.17",
              "1.15.12-gke.16",
              "1.15.12-gke.13",
              "1.15.12-gke.9",
              "1.15.12-gke.6",
              "1.15.12-gke.3",
              "1.15.12-gke.2",
              "1.15.11-gke.17",
              "1.15.11-gke.15",
              "1.15.11-gke.13",
              "1.15.11-gke.12",
              "1.15.11-gke.11",
              "1.15.11-gke.9",
              "1.15.11-gke.5",
              "1.15.11-gke.3",
              "1.15.11-gke.1",
              "1.15.9-gke.26",
              "1.15.9-gke.24",
              "1.15.9-gke.22",
              "1.15.9-gke.12",
              "1.15.9-gke.9",
              "1.15.9-gke.8",
              "1.15.8-gke.3",
              "1.15.8-gke.2",
              "1.15.7-gke.23",
              "1.15.7-gke.2",
              "1.15.4-gke.22",
              "1.14.10-gke.1504",
              "1.14.10-gke.902",
              "1.14.10-gke.50",
              "1.14.10-gke.46",
              "1.14.10-gke.45",
              "1.14.10-gke.42",
              "1.14.10-gke.41",
              "1.14.10-gke.40",
              "1.14.10-gke.37",
              "1.14.10-gke.36",
              "1.14.10-gke.34",
              "1.14.10-gke.32",
              "1.14.10-gke.31",
              "1.14.10-gke.27",
              "1.14.10-gke.24",
              "1.14.10-gke.22",
              "1.14.10-gke.21",
              "1.14.10-gke.17",
              "1.14.10-gke.0",
              "1.14.9-gke.23",
              "1.14.9-gke.2",
              "1.14.9-gke.0",
              "1.14.8-gke.33",
              "1.14.8-gke.21",
              "1.14.8-gke.18",
              "1.14.8-gke.17",
              "1.14.8-gke.14",
              "1.14.8-gke.12",
              "1.14.8-gke.7",
              "1.14.8-gke.2",
              "1.14.7-gke.40",
              "1.14.7-gke.25",
              "1.14.7-gke.23",
              "1.14.7-gke.17",
              "1.14.7-gke.14",
              "1.14.7-gke.10",
              "1.14.6-gke.13",
              "1.14.6-gke.2",
              "1.14.6-gke.1",
              "1.14.3-gke.11",
              "1.14.3-gke.10",
              "1.14.3-gke.9",
              "1.14.2-gke.9",
              "1.14.1-gke.5",
              "1.13.12-gke.30",
              "1.13.12-gke.25",
              "1.13.12-gke.17",
              "1.13.12-gke.16",
              "1.13.12-gke.14",
              "1.13.12-gke.13",
              "1.13.12-gke.10",
              "1.13.12-gke.8",
              "1.13.12-gke.4",
              "1.13.12-gke.2",
              "1.13.11-gke.23",
              "1.13.11-gke.15",
              "1.13.11-gke.14",
              "1.13.11-gke.12",
              "1.13.11-gke.11",
              "1.13.11-gke.9",
              "1.13.11-gke.5",
              "1.13.10-gke.7",
              "1.13.10-gke.0",
              "1.13.9-gke.11",
              "1.13.9-gke.3",
              "1.13.7-gke.24",
              "1.13.7-gke.19",
              "1.13.7-gke.15",
              "1.13.7-gke.8",
              "1.13.7-gke.0",
              "1.13.6-gke.13",
              "1.13.6-gke.6",
              "1.13.6-gke.5",
              "1.13.6-gke.0",
              "1.13.5-gke.10",
              "1.12.10-gke.22",
              "1.12.10-gke.20",
              "1.12.10-gke.19",
              "1.12.10-gke.18",
              "1.12.10-gke.17",
              "1.12.10-gke.15",
              "1.12.10-gke.13",
              "1.12.10-gke.11",
              "1.12.10-gke.5",
              "1.12.9-gke.16",
              "1.12.9-gke.15",
              "1.12.9-gke.13",
              "1.12.9-gke.10",
              "1.12.9-gke.7",
              "1.12.9-gke.3",
              "1.12.8-gke.12",
              "1.12.8-gke.10",
              "1.12.8-gke.7",
              "1.12.8-gke.6",
              "1.12.7-gke.26",
              "1.12.7-gke.25",
              "1.12.7-gke.24",
              "1.12.7-gke.22",
              "1.12.7-gke.21",
              "1.12.7-gke.17",
              "1.12.7-gke.10",
              "1.12.7-gke.7",
              "1.12.6-gke.11",
              "1.12.6-gke.10",
              "1.12.6-gke.7",
              "1.12.5-gke.10",
              "1.12.5-gke.5",
              "1.11.10-gke.6",
              "1.11.10-gke.5"
            ],
            "version_prefix": null
          },
          "sensitive_attributes": []
        }
      ]
    },
    {
      "module": "module.private_gke_cluster",
      "mode": "managed",
      "type": "google_container_cluster",
      "name": "cluster",
      "provider": "provider[\"registry.terraform.io/hashicorp/google-beta\"]",
      "instances": [
        {
          "schema_version": 1,
          "attributes": {
            "addons_config": [
              {
                "cloudrun_config": [],
                "config_connector_config": [],
                "dns_cache_config": [],
                "gce_persistent_disk_csi_driver_config": [
                  {
                    "enabled": true
                  }
                ],
                "horizontal_pod_autoscaling": [
                  {
                    "disabled": false
                  }
                ],
                "http_load_balancing": [
                  {
                    "disabled": false
                  }
                ],
                "istio_config": [],
                "kalm_config": [],
                "network_policy_config": [
                  {
                    "disabled": false
                  }
                ]
              }
            ],
            "authenticator_groups_config": [],
            "cluster_autoscaling": [
              {
                "auto_provisioning_defaults": [],
                "autoscaling_profile": "BALANCED",
                "enabled": false,
                "resource_limits": []
              }
            ],
            "cluster_ipv4_cidr": "10.6.0.0/20",
            "cluster_telemetry": [
              {
                "type": "ENABLED"
              }
            ],
            "confidential_nodes": [],
            "database_encryption": [
              {
                "key_name": "",
                "state": "DECRYPTED"
              }
            ],
            "datapath_provider": "",
            "default_max_pods_per_node": 110,
            "default_snat_status": [
              {
                "disabled": false
              }
            ],
            "description": "",
            "dns_config": [],
            "enable_autopilot": false,
            "enable_binary_authorization": false,
            "enable_intranode_visibility": false,
            "enable_kubernetes_alpha": false,
            "enable_l4_ilb_subsetting": false,
            "enable_legacy_abac": false,
            "enable_shielded_nodes": false,
            "enable_tpu": false,
            "endpoint": "35.243.197.91",
            "id": "projects/deimos-internal-playground/locations/us-east1/clusters/terraform-team-test-private-gke",
            "initial_node_count": 1,
            "instance_group_urls": [
              "https://www.googleapis.com/compute/beta/projects/deimos-internal-playground/zones/us-east1-b/instanceGroups/gke-terraform-team-t-terraform-team-t-1f95f9b3-grp",
              "https://www.googleapis.com/compute/beta/projects/deimos-internal-playground/zones/us-east1-c/instanceGroups/gke-terraform-team-t-terraform-team-t-c26ddca0-grp",
              "https://www.googleapis.com/compute/beta/projects/deimos-internal-playground/zones/us-east1-d/instanceGroups/gke-terraform-team-t-terraform-team-t-06c8a2b7-grp",
              "https://www.googleapis.com/compute/beta/projects/deimos-internal-playground/zones/us-east1-c/instanceGroups/gke-terraform-team-t-terraform-team-t-8c397222-grp"
            ],
            "ip_allocation_policy": [
              {
                "cluster_ipv4_cidr_block": "10.6.0.0/20",
                "cluster_secondary_range_name": "public-cluster",
                "services_ipv4_cidr_block": "10.230.128.0/20",
                "services_secondary_range_name": "gke-terraform-team-test-private-gke-services-9be3f3f6"
              }
            ],
            "label_fingerprint": "a9dc16a7",
            "location": "us-east1",
            "logging_config": [
              {
                "enable_components": [
                  "SYSTEM_COMPONENTS",
                  "WORKLOADS"
                ]
              }
            ],
            "logging_service": "logging.googleapis.com/kubernetes",
            "maintenance_policy": [
              {
                "daily_maintenance_window": [
                  {
                    "duration": "PT4H0M0S",
                    "start_time": "05:00"
                  }
                ],
                "maintenance_exclusion": [],
                "recurring_window": []
              }
            ],
            "master_auth": [
              {
                "client_certificate": "",
                "client_certificate_config": [
                  {
                    "issue_client_certificate": false
                  }
                ],
                "client_key": "",
                "cluster_ca_certificate": "LS0tLS1CRUdJTiBDRVJUSUZJQ0FURS0tLS0tCk1JSUVMRENDQXBTZ0F3SUJBZ0lRV1VnajUxWmlqM05vQ1R0UzVMOFc0REFOQmdrcWhraUc5dzBCQVFzRkFEQXYKTVMwd0t3WURWUVFERXlRek16WXlaR016WmkweE5qYzVMVFJpWldRdFlXSmpZaTB3WkRoallUTTJZVEkxTkRBdwpJQmNOTWpFeE1qRTFNVFUwTmpRNFdoZ1BNakExTVRFeU1EZ3hOalEyTkRoYU1DOHhMVEFyQmdOVkJBTVRKRE16Ck5qSmtZek5tTFRFMk56a3ROR0psWkMxaFltTmlMVEJrT0dOaE16WmhNalUwTURDQ0FhSXdEUVlKS29aSWh2Y04KQVFFQkJRQURnZ0dQQURDQ0FZb0NnZ0dCQUt3elgzVGw0dGgyZlkrdS8zUVVsMW01RjFpeDMzdU1VeDhTTWp4dApkREpQL1JST0Z1L2hzMC9IbHl1RWl5cElNYWdxU2lDcHY4UnFkK0ZhbjRjdGg0dTJxMEwyTzdVbldpQ3QrT3pNClRFNFR3NmwxcGNvQ0xITlFSNVZYRUd6US9qcmdmZlc3OUlBUEhnTEpnMmNYeEJvZU00dTVzczU0R0kyZlkwTEgKOUYrNTErcUI4TUN0dFhQWm9GeG9LbTBFempMVVlRSnd5REdSUzNwU2NvQ2RlMFFReXNDRjgzYXJrMmJsU1pCZwpud1lWSmZKOGRodWJWcWRxcHlNN284eUJQVkFrcFNLMlAxbkNtaWhvek5VK0szbFVwVndlWmhUSmNQQmRyaU1lCkxZK0RtKytJeThaTlV6TjFEWnVjb3pYai9LMnRtS2lQTnY3d3BIM1pHSW9lbktqR09rTlRaYU9kc2Q0NS9hSlMKQlBFMXgxSkk3K0Jvck8vL0JrdzY0L2lDbFZPYW5aK1JsR28vODV0eUZibE82d0xob1hvTEgyWUNJQjV3YzlCSApTT0x4UHFxTndvQVFaY1M1bjIzU0JvSUxkMXhyQlNHd1gxdUkyVjRhMWNhdGhLZHJ1YlRQOGxlaHd5SUxMNEVNClkyWjRyNGR1UWd4VlBiZXl2NSsyWk41YndRSURBUUFCbzBJd1FEQU9CZ05WSFE4QkFmOEVCQU1DQWdRd0R3WUQKVlIwVEFRSC9CQVV3QXdFQi96QWRCZ05WSFE0RUZnUVU3KzB6TDVOUDVYbThLdElGa0lxWU5Cc2J0YW93RFFZSgpLb1pJaHZjTkFRRUxCUUFEZ2dHQkFKL1E3U2J0UkRMYi9wRDZkV0VBOS9ZQitDN1AyRi9YMEIxR0trWnZFck1yCmZhWEhXK3lmb1N5Z3dNZzlON0dJanlpWG9YWlErLzRRS1ZuR2p1UnlNZ2Y4OUE5MW9jaER4OUxlOEMzb3REelMKOXpkdGpJb1NIL1hTTWlKNGZUTzI0eHpvSzFiZWZ4WXJHRWlseW14Mm9laU9yeFVrOUtrdWlXdlRndkUrZStKaApNMUtQTldHS1JzYXAxMXl4cjRFa21wYTczSDJEWlQ1djNQNXl4TVRsMDJsV3REL3ZubWhJRFkwNTRRU0dHNVZQCk1xbHh6c2c5RXk2eXJZQ0h5UzV0TGdDVjZsNlJveCt3TW81SFUwVmVEUGxRYlFXdUk1bVNhSnM2SnhZV2Noc1cKaWR0SVhnL3NpRytUMlhPU2dER3VRZ2x6MTJ6ZjNOaG1FUGRVYk1iWUxpM1lnTVUvcTJ1NUo3WDNoTGxtY1pzTQpkSFI4ZzkxekVJRFBOZEE4TFdhdWVOU1h2TlZLb3BWSXZpM1ViSFlnY3ZDcy8welZNUDVoeVlNU09Zck1MbzN0CkNjRFEyNFBnZGFpbDF1RmtZQ3VINTFpOTFGL200M1FuTWtWeHo3OVNFQW5oQ1cycURIT0FaUlhHTWR5Q3EyRHkKTkNLbDkrQTA4SXZmdG1NMzdCK0xhUT09Ci0tLS0tRU5EIENFUlRJRklDQVRFLS0tLS0K",
                "password": "",
                "username": ""
              }
            ],
            "master_authorized_networks_config": [
              {
                "cidr_blocks": [
                  {
                    "cidr_block": "10.8.0.0/16",
                    "display_name": "private_vpc_cidr_block"
                  }
                ]
              }
            ],
            "master_version": "1.20.11-gke.1300",
            "min_master_version": null,
            "monitoring_config": [
              {
                "enable_components": [
                  "SYSTEM_COMPONENTS"
                ]
              }
            ],
            "monitoring_service": "monitoring.googleapis.com/kubernetes",
            "name": "terraform-team-test-private-gke",
            "network": "projects/deimos-internal-playground/global/networks/terraform-team-test-private-vpc-network",
            "network_policy": [
              {
                "enabled": true,
                "provider": "CALICO"
              }
            ],
            "networking_mode": "VPC_NATIVE",
            "node_config": [
              {
                "boot_disk_kms_key": "",
                "disk_size_gb": 30,
                "disk_type": "pd-ssd",
                "ephemeral_storage_config": [],
                "guest_accelerator": [],
                "image_type": "COS",
                "kubelet_config": [],
                "labels": {
                  "all-pools": "true",
                  "gitlab-runner": "true"
                },
                "linux_node_config": [],
                "local_ssd_count": 0,
                "machine_type": "n2-standard-4",
                "metadata": {
                  "disable-legacy-endpoints": "true"
                },
                "min_cpu_platform": "",
                "oauth_scopes": [
                  "https://www.googleapis.com/auth/cloud-platform",
                  "https://www.googleapis.com/auth/devstorage.full_control",
                  "https://www.googleapis.com/auth/devstorage.read_write",
                  "https://www.googleapis.com/auth/ndev.clouddns.readwrite",
                  "https://www.googleapis.com/auth/service.management.readonly",
                  "https://www.googleapis.com/auth/servicecontrol"
                ],
                "preemptible": false,
                "sandbox_config": [],
                "service_account": "default",
                "shielded_instance_config": [
                  {
                    "enable_integrity_monitoring": true,
                    "enable_secure_boot": false
                  }
                ],
                "tags": [
                  "public",
                  "public-pool",
                  "test-private"
                ],
                "taint": [],
                "workload_metadata_config": [
                  {
                    "mode": "GKE_METADATA",
                    "node_metadata": "GKE_METADATA_SERVER"
                  }
                ]
              }
            ],
            "node_locations": [
              "us-east1-b",
              "us-east1-c",
              "us-east1-d"
            ],
            "node_pool": [
              {
                "autoscaling": [
                  {
                    "max_node_count": 6,
                    "min_node_count": 1
                  }
                ],
                "initial_node_count": 1,
                "instance_group_urls": [
                  "https://www.googleapis.com/compute/v1/projects/deimos-internal-playground/zones/us-east1-b/instanceGroupManagers/gke-terraform-team-t-terraform-team-t-1f95f9b3-grp",
                  "https://www.googleapis.com/compute/v1/projects/deimos-internal-playground/zones/us-east1-c/instanceGroupManagers/gke-terraform-team-t-terraform-team-t-c26ddca0-grp",
                  "https://www.googleapis.com/compute/v1/projects/deimos-internal-playground/zones/us-east1-d/instanceGroupManagers/gke-terraform-team-t-terraform-team-t-06c8a2b7-grp"
                ],
                "management": [
                  {
                    "auto_repair": true,
                    "auto_upgrade": true
                  }
                ],
                "max_pods_per_node": 110,
                "name": "terraform-team-test-gke-nodepool",
                "name_prefix": "",
                "network_config": [
                  {
                    "create_pod_range": false,
                    "pod_ipv4_cidr_block": "10.6.0.0/20",
                    "pod_range": "public-cluster"
                  }
                ],
                "node_config": [
                  {
                    "boot_disk_kms_key": "",
                    "disk_size_gb": 30,
                    "disk_type": "pd-ssd",
                    "ephemeral_storage_config": [],
                    "guest_accelerator": [],
                    "image_type": "COS",
                    "kubelet_config": [],
                    "labels": {
                      "all-pools": "true",
                      "gitlab-runner": "true"
                    },
                    "linux_node_config": [],
                    "local_ssd_count": 0,
                    "machine_type": "n2-standard-4",
                    "metadata": {
                      "disable-legacy-endpoints": "true"
                    },
                    "min_cpu_platform": "",
                    "oauth_scopes": [
                      "https://www.googleapis.com/auth/cloud-platform",
                      "https://www.googleapis.com/auth/devstorage.full_control",
                      "https://www.googleapis.com/auth/devstorage.read_write",
                      "https://www.googleapis.com/auth/ndev.clouddns.readwrite",
                      "https://www.googleapis.com/auth/service.management.readonly",
                      "https://www.googleapis.com/auth/servicecontrol"
                    ],
                    "preemptible": false,
                    "sandbox_config": [],
                    "service_account": "default",
                    "shielded_instance_config": [
                      {
                        "enable_integrity_monitoring": true,
                        "enable_secure_boot": false
                      }
                    ],
                    "tags": [
                      "public",
                      "public-pool",
                      "test-private"
                    ],
                    "taint": [],
                    "workload_metadata_config": [
                      {
                        "mode": "GKE_METADATA",
                        "node_metadata": "GKE_METADATA_SERVER"
                      }
                    ]
                  }
                ],
                "node_count": 1,
                "node_locations": [
                  "us-east1-b",
                  "us-east1-c",
                  "us-east1-d"
                ],
                "upgrade_settings": [
                  {
                    "max_surge": 1,
                    "max_unavailable": 0
                  }
                ],
                "version": "1.20.11-gke.1300"
              },
              {
                "autoscaling": [
                  {
                    "max_node_count": 2,
                    "min_node_count": 1
                  }
                ],
                "initial_node_count": 1,
                "instance_group_urls": [
                  "https://www.googleapis.com/compute/v1/projects/deimos-internal-playground/zones/us-east1-c/instanceGroupManagers/gke-terraform-team-t-terraform-team-t-8c397222-grp"
                ],
                "management": [
                  {
                    "auto_repair": true,
                    "auto_upgrade": true
                  }
                ],
                "max_pods_per_node": 110,
                "name": "terraform-team-test-gke-nodepool-gitlab",
                "name_prefix": "",
                "network_config": [
                  {
                    "create_pod_range": false,
                    "pod_ipv4_cidr_block": "10.6.0.0/20",
                    "pod_range": "public-cluster"
                  }
                ],
                "node_config": [
                  {
                    "boot_disk_kms_key": "",
                    "disk_size_gb": 30,
                    "disk_type": "pd-ssd",
                    "ephemeral_storage_config": [],
                    "guest_accelerator": [],
                    "image_type": "COS",
                    "kubelet_config": [],
                    "labels": {
                      "all-pools": "true",
                      "gitlab-runner": "true",
                      "managed_by": "terraform",
                      "project": "terraform-team-test"
                    },
                    "linux_node_config": [],
                    "local_ssd_count": 0,
                    "machine_type": "n2-standard-4",
                    "metadata": {
                      "disable-legacy-endpoints": "true"
                    },
                    "min_cpu_platform": "",
                    "oauth_scopes": [
                      "https://www.googleapis.com/auth/cloud-platform",
                      "https://www.googleapis.com/auth/devstorage.full_control",
                      "https://www.googleapis.com/auth/devstorage.read_write",
                      "https://www.googleapis.com/auth/ndev.clouddns.readwrite",
                      "https://www.googleapis.com/auth/service.management.readonly",
                      "https://www.googleapis.com/auth/servicecontrol"
                    ],
                    "preemptible": false,
                    "sandbox_config": [],
                    "service_account": "terraform-team-test-gke-sa@deimos-internal-playground.iam.gserviceaccount.com",
                    "shielded_instance_config": [
                      {
                        "enable_integrity_monitoring": true,
                        "enable_secure_boot": false
                      }
                    ],
                    "tags": [
                      "public",
                      "public-pool",
                      "test-private"
                    ],
                    "taint": [],
                    "workload_metadata_config": [
                      {
                        "mode": "GKE_METADATA",
                        "node_metadata": "GKE_METADATA_SERVER"
                      }
                    ]
                  }
                ],
                "node_count": 1,
                "node_locations": [
                  "us-east1-c"
                ],
                "upgrade_settings": [
                  {
                    "max_surge": 1,
                    "max_unavailable": 0
                  }
                ],
                "version": "1.20.11-gke.1300"
              }
            ],
            "node_version": "1.20.11-gke.1300",
            "notification_config": [
              {
                "pubsub": [
                  {
                    "enabled": false,
                    "topic": ""
                  }
                ]
              }
            ],
            "operation": null,
            "pod_security_policy_config": [
              {
                "enabled": false
              }
            ],
            "private_cluster_config": [
              {
                "enable_private_endpoint": false,
                "enable_private_nodes": true,
                "master_global_access_config": [
                  {
                    "enabled": false
                  }
                ],
                "master_ipv4_cidr_block": "10.5.0.0/28",
                "peering_name": "gke-na4b51f6330c6f826709-8cde-fea0-peer",
                "private_endpoint": "10.5.0.2",
                "public_endpoint": "35.243.197.91"
              }
            ],
            "private_ipv6_google_access": "",
            "project": "deimos-internal-playground",
            "release_channel": [
              {
                "channel": "STABLE"
              }
            ],
            "remove_default_node_pool": true,
            "resource_labels": {},
            "resource_usage_export_config": [],
            "self_link": "https://container.googleapis.com/v1beta1/projects/deimos-internal-playground/locations/us-east1/clusters/terraform-team-test-private-gke",
            "services_ipv4_cidr": "10.230.128.0/20",
            "subnetwork": "projects/deimos-internal-playground/regions/us-east1/subnetworks/terraform-team-test-private-vpc-subnetwork-public",
            "timeouts": null,
            "tpu_ipv4_cidr_block": "",
            "vertical_pod_autoscaling": [
              {
                "enabled": true
              }
            ],
            "workload_identity_config": [
              {
                "identity_namespace": "deimos-internal-playground.svc.id.goog",
                "workload_pool": ""
              }
            ]
          },
          "sensitive_attributes": [],
          "private": "eyJlMmJmYjczMC1lY2FhLTExZTYtOGY4OC0zNDM2M2JjN2M0YzAiOnsiY3JlYXRlIjoyNDAwMDAwMDAwMDAwLCJkZWxldGUiOjI0MDAwMDAwMDAwMDAsInJlYWQiOjI0MDAwMDAwMDAwMDAsInVwZGF0ZSI6MzYwMDAwMDAwMDAwMH0sInNjaGVtYV92ZXJzaW9uIjoiMSJ9",
          "dependencies": [
            "module.private_gke_cluster.data.google_container_engine_versions.location",
            "module.private_vpc.google_compute_network.vpc",
            "module.private_vpc.google_compute_subnetwork.vpc_subnetwork_public"
          ]
        }
      ]
    },
    {
      "module": "module.private_gke_node_pool",
      "mode": "managed",
      "type": "google_container_node_pool",
      "name": "node_pool",
      "provider": "provider[\"registry.terraform.io/hashicorp/google\"]",
      "instances": [
        {
          "schema_version": 1,
          "attributes": {
            "autoscaling": [
              {
                "max_node_count": 6,
                "min_node_count": 1
              }
            ],
            "cluster": "terraform-team-test-private-gke",
            "id": "projects/deimos-internal-playground/locations/us-east1/clusters/terraform-team-test-private-gke/nodePools/terraform-team-test-gke-nodepool",
            "initial_node_count": 1,
            "instance_group_urls": [
              "https://www.googleapis.com/compute/v1/projects/deimos-internal-playground/zones/us-east1-b/instanceGroupManagers/gke-terraform-team-t-terraform-team-t-1f95f9b3-grp",
              "https://www.googleapis.com/compute/v1/projects/deimos-internal-playground/zones/us-east1-c/instanceGroupManagers/gke-terraform-team-t-terraform-team-t-c26ddca0-grp",
              "https://www.googleapis.com/compute/v1/projects/deimos-internal-playground/zones/us-east1-d/instanceGroupManagers/gke-terraform-team-t-terraform-team-t-06c8a2b7-grp"
            ],
            "location": "us-east1",
            "management": [
              {
                "auto_repair": true,
                "auto_upgrade": true
              }
            ],
            "max_pods_per_node": 110,
            "name": "terraform-team-test-gke-nodepool",
            "name_prefix": "",
            "node_config": [
              {
                "disk_size_gb": 30,
                "disk_type": "pd-ssd",
                "guest_accelerator": [],
                "image_type": "COS",
                "labels": {
                  "all-pools": "true",
                  "gitlab-runner": "true"
                },
                "local_ssd_count": 0,
                "machine_type": "n2-standard-4",
                "metadata": {
                  "disable-legacy-endpoints": "true"
                },
                "min_cpu_platform": "",
                "oauth_scopes": [
                  "https://www.googleapis.com/auth/cloud-platform",
                  "https://www.googleapis.com/auth/devstorage.full_control",
                  "https://www.googleapis.com/auth/devstorage.read_write",
                  "https://www.googleapis.com/auth/ndev.clouddns.readwrite",
                  "https://www.googleapis.com/auth/service.management.readonly",
                  "https://www.googleapis.com/auth/servicecontrol"
                ],
                "preemptible": false,
                "service_account": "default",
                "shielded_instance_config": [
                  {
                    "enable_integrity_monitoring": true,
                    "enable_secure_boot": false
                  }
                ],
                "tags": [
                  "public",
                  "public-pool",
                  "test-private"
                ],
                "taint": [],
                "workload_metadata_config": [
                  {
                    "mode": "GKE_METADATA",
                    "node_metadata": "GKE_METADATA_SERVER"
                  }
                ]
              }
            ],
            "node_count": 1,
            "node_locations": [
              "us-east1-b",
              "us-east1-c",
              "us-east1-d"
            ],
            "operation": null,
            "project": "deimos-internal-playground",
            "timeouts": {
              "create": "30m",
              "delete": "30m",
              "update": "30m"
            },
            "upgrade_settings": [
              {
                "max_surge": 1,
                "max_unavailable": 0
              }
            ],
            "version": "1.20.11-gke.1300"
          },
          "sensitive_attributes": [],
          "private": "eyJlMmJmYjczMC1lY2FhLTExZTYtOGY4OC0zNDM2M2JjN2M0YzAiOnsiY3JlYXRlIjoxODAwMDAwMDAwMDAwLCJkZWxldGUiOjE4MDAwMDAwMDAwMDAsInVwZGF0ZSI6MTgwMDAwMDAwMDAwMH0sInNjaGVtYV92ZXJzaW9uIjoiMSJ9",
          "dependencies": [
            "module.private_gke_cluster.data.google_container_engine_versions.location",
            "module.private_gke_cluster.google_container_cluster.cluster",
            "module.private_vpc.google_compute_network.vpc",
            "module.private_vpc.google_compute_subnetwork.vpc_subnetwork_public"
          ]
        }
      ]
    },
    {
      "module": "module.private_gke_node_pool_gitlab",
      "mode": "managed",
      "type": "google_container_node_pool",
      "name": "node_pool",
      "provider": "provider[\"registry.terraform.io/hashicorp/google\"]",
      "instances": [
        {
          "schema_version": 1,
          "attributes": {
            "autoscaling": [
              {
                "max_node_count": 2,
                "min_node_count": 1
              }
            ],
            "cluster": "terraform-team-test-private-gke",
            "id": "projects/deimos-internal-playground/locations/us-east1/clusters/terraform-team-test-private-gke/nodePools/terraform-team-test-gke-nodepool-gitlab",
            "initial_node_count": 1,
            "instance_group_urls": [
              "https://www.googleapis.com/compute/v1/projects/deimos-internal-playground/zones/us-east1-c/instanceGroupManagers/gke-terraform-team-t-terraform-team-t-8c397222-grp"
            ],
            "location": "us-east1",
            "management": [
              {
                "auto_repair": true,
                "auto_upgrade": true
              }
            ],
            "max_pods_per_node": 110,
            "name": "terraform-team-test-gke-nodepool-gitlab",
            "name_prefix": "",
            "node_config": [
              {
                "disk_size_gb": 30,
                "disk_type": "pd-ssd",
                "guest_accelerator": [],
                "image_type": "COS",
                "labels": {
                  "all-pools": "true",
                  "gitlab-runner": "true",
                  "managed_by": "terraform",
                  "project": "terraform-team-test"
                },
                "local_ssd_count": 0,
                "machine_type": "n2-standard-4",
                "metadata": {
                  "disable-legacy-endpoints": "true"
                },
                "min_cpu_platform": "",
                "oauth_scopes": [
                  "https://www.googleapis.com/auth/cloud-platform",
                  "https://www.googleapis.com/auth/devstorage.full_control",
                  "https://www.googleapis.com/auth/devstorage.read_write",
                  "https://www.googleapis.com/auth/ndev.clouddns.readwrite",
                  "https://www.googleapis.com/auth/service.management.readonly",
                  "https://www.googleapis.com/auth/servicecontrol"
                ],
                "preemptible": false,
                "service_account": "terraform-team-test-gke-sa@deimos-internal-playground.iam.gserviceaccount.com",
                "shielded_instance_config": [
                  {
                    "enable_integrity_monitoring": true,
                    "enable_secure_boot": false
                  }
                ],
                "tags": [
                  "public",
                  "public-pool",
                  "test-private"
                ],
                "taint": [],
                "workload_metadata_config": [
                  {
                    "mode": "GKE_METADATA",
                    "node_metadata": "GKE_METADATA_SERVER"
                  }
                ]
              }
            ],
            "node_count": 1,
            "node_locations": [
              "us-east1-c"
            ],
            "operation": null,
            "project": "deimos-internal-playground",
            "timeouts": {
              "create": "30m",
              "delete": "30m",
              "update": "30m"
            },
            "upgrade_settings": [
              {
                "max_surge": 1,
                "max_unavailable": 0
              }
            ],
            "version": "1.20.11-gke.1300"
          },
          "sensitive_attributes": [],
          "private": "eyJlMmJmYjczMC1lY2FhLTExZTYtOGY4OC0zNDM2M2JjN2M0YzAiOnsiY3JlYXRlIjoxODAwMDAwMDAwMDAwLCJkZWxldGUiOjE4MDAwMDAwMDAwMDAsInVwZGF0ZSI6MTgwMDAwMDAwMDAwMH0sInNjaGVtYV92ZXJzaW9uIjoiMSJ9",
          "dependencies": [
            "module.private_gke_cluster.data.google_container_engine_versions.location",
            "module.private_gke_cluster.google_container_cluster.cluster",
            "module.private_vpc.google_compute_network.vpc",
            "module.private_vpc.google_compute_subnetwork.vpc_subnetwork_public"
          ]
        }
      ]
    },
    {
      "module": "module.private_gke_service_account",
      "mode": "managed",
      "type": "google_service_account",
      "name": "service_account",
      "provider": "provider[\"registry.terraform.io/hashicorp/google\"]",
      "instances": [
        {
          "schema_version": 0,
          "attributes": {
            "account_id": "terraform-team-test-gke-sa",
            "description": "",
            "disabled": false,
            "display_name": "Example GKE Cluster Service Account managed by Terraform",
            "email": "terraform-team-test-gke-sa@deimos-internal-playground.iam.gserviceaccount.com",
            "id": "projects/deimos-internal-playground/serviceAccounts/terraform-team-test-gke-sa@deimos-internal-playground.iam.gserviceaccount.com",
            "name": "projects/deimos-internal-playground/serviceAccounts/terraform-team-test-gke-sa@deimos-internal-playground.iam.gserviceaccount.com",
            "project": "deimos-internal-playground",
            "timeouts": null,
            "unique_id": "116941460993985354299"
          },
          "sensitive_attributes": [],
          "private": "eyJlMmJmYjczMC1lY2FhLTExZTYtOGY4OC0zNDM2M2JjN2M0YzAiOnsiY3JlYXRlIjozMDAwMDAwMDAwMDB9fQ=="
        }
      ]
    },
    {
      "module": "module.private_openvpn",
      "mode": "managed",
      "type": "google_compute_address",
      "name": "default",
      "provider": "provider[\"registry.terraform.io/hashicorp/google\"]",
      "instances": [
        {
          "schema_version": 0,
          "attributes": {
            "address": "35.211.184.251",
            "address_type": "EXTERNAL",
            "creation_timestamp": "2021-12-16T01:13:37.331-08:00",
            "description": "",
            "id": "projects/deimos-internal-playground/regions/us-east1/addresses/global-openvpn-ip-terraform-team-test-private-vpc-network",
            "name": "global-openvpn-ip-terraform-team-test-private-vpc-network",
            "network": "",
            "network_tier": "STANDARD",
            "prefix_length": 0,
            "project": "deimos-internal-playground",
            "purpose": "",
            "region": "us-east1",
            "self_link": "https://www.googleapis.com/compute/v1/projects/deimos-internal-playground/regions/us-east1/addresses/global-openvpn-ip-terraform-team-test-private-vpc-network",
            "subnetwork": "",
            "timeouts": null,
            "users": []
          },
          "sensitive_attributes": [],
          "private": "eyJlMmJmYjczMC1lY2FhLTExZTYtOGY4OC0zNDM2M2JjN2M0YzAiOnsiY3JlYXRlIjoyNDAwMDAwMDAwMDAsImRlbGV0ZSI6MjQwMDAwMDAwMDAwfX0=",
          "dependencies": [
            "module.private_vpc.google_compute_network.vpc"
          ]
        }
      ]
    },
    {
      "module": "module.private_openvpn",
      "mode": "managed",
      "type": "google_compute_firewall",
      "name": "allow-external-ssh",
      "provider": "provider[\"registry.terraform.io/hashicorp/google\"]",
      "instances": [
        {
          "schema_version": 1,
          "attributes": {
            "allow": [
              {
                "ports": [
                  "22"
                ],
                "protocol": "tcp"
              }
            ],
            "creation_timestamp": "2021-12-16T01:13:37.307-08:00",
            "deny": [],
            "description": "",
            "destination_ranges": [],
            "direction": "INGRESS",
            "disabled": false,
            "enable_logging": null,
            "id": "projects/deimos-internal-playground/global/firewalls/allow-external-ssh-terraform-team-test-private-vpc-network",
            "log_config": [],
            "name": "allow-external-ssh-terraform-team-test-private-vpc-network",
            "network": "https://www.googleapis.com/compute/v1/projects/deimos-internal-playground/global/networks/terraform-team-test-private-vpc-network",
            "priority": 1000,
            "project": "deimos-internal-playground",
            "self_link": "https://www.googleapis.com/compute/v1/projects/deimos-internal-playground/global/firewalls/allow-external-ssh-terraform-team-test-private-vpc-network",
            "source_ranges": [
              "0.0.0.0/0"
            ],
            "source_service_accounts": null,
            "source_tags": null,
            "target_service_accounts": null,
            "target_tags": [
              "allow-ssh"
            ],
            "timeouts": null
          },
          "sensitive_attributes": [],
          "private": "eyJlMmJmYjczMC1lY2FhLTExZTYtOGY4OC0zNDM2M2JjN2M0YzAiOnsiY3JlYXRlIjoyNDAwMDAwMDAwMDAsImRlbGV0ZSI6MjQwMDAwMDAwMDAwLCJ1cGRhdGUiOjI0MDAwMDAwMDAwMH0sInNjaGVtYV92ZXJzaW9uIjoiMSJ9",
          "dependencies": [
            "module.private_vpc.google_compute_network.vpc"
          ]
        }
      ]
    },
    {
      "module": "module.private_openvpn",
      "mode": "managed",
      "type": "local_file",
      "name": "private_key",
      "provider": "provider[\"registry.terraform.io/hashicorp/local\"]",
      "instances": [
        {
          "schema_version": 0,
          "attributes": {
            "content": null,
            "content_base64": null,
            "directory_permission": "0777",
            "file_permission": "0400",
            "filename": "./openvpn/private-key.pem",
            "id": "69b19b499918385e05b3f15ab2e6a3bc00e42403",
            "sensitive_content": "-----BEGIN RSA PRIVATE KEY-----\nMIIEowIBAAKCAQEAqYdeEnGIj/yRH84o0MGBfrC9AYDLrMeGd+v1zWMXKTvT3IlK\nDYb4IyrRan+J54gv0tF4htw4o+mDS6qDxEiI3oSjb0UeyFOdJDgLCcAIDojlarNP\nKAhzAqwDJh1FQPq5ZIkjrNiOT2omlRx45jKuY+o2yQuhN05B2It9JAtQ3m+dLOZA\nK5SFGL2Lkm7eUiZB1Xiew36uRJ+rJR+5gofuhWty8rDSwNXBETeyWZoBr6VEpuIt\nerlO4QQF5PV0w/TU2+0pB3L4x+S5TA/c/3VplSiwVr/wwlOjr/QS0QfkJ7M+6+OJ\nlrGv/xllLq26Vf3qUQSRZt9u/hLyHaa6Y48L1QIDAQABAoIBAAe9Vl4hMMriDP4W\nu2ZMb00JZJec+a95rHntG9u0mmoXgSSgX/EeKFXyrnzeNb2MSiKlzYraovtYvdXG\ngx2C8jy2cX+y+CTNLG9q35YiXjvLpC2q4gJB4H5OvBYRYAgHak9cs3RArr6RahGE\nq0BXL/7/wmCLV2DfAcKRG7V5jseY3d6EgOeOAJ3LaYHJ5wZKFmC3+BsdpvddRG6A\nSY3inZpyWAmQnI0BDuPCWtmtMtdduW/yFe3K+OO082heB6XYVvsgxP/3WhOaA0wb\nGALD4XMGYmJfAiQO0LV6ZiZ2HF7A+oOH8q70ont6Krv3qdUdGP8odTrgiWCljArD\nTkn5tAECgYEA0Bq2KZGpBJ6UnzDLRXxVq9dyoBbB8MsaGd37xS1YIJkR7uKJMYOR\nnDIGr1S+uNMx6b4pgcnHywkL6qG2rsTzMtyD/SUUwL7cMaElXUROeWHmcr0BU6Wt\nrXJBWpEn9D+DoEsA6tKx5VerVumB3BFReyValtZzFQS9EZlPmWy0A/ECgYEA0IvT\nC/yUjobSDXn9MiUe5zTsmRsh3eatoLLi7EZ0o7xwk3jTmTq7mNLDnK9KeGKQCPgp\nyzAujCupdzbNJX5SrKch+Ss8gQXyCTKVRQxGEHcJpkNhIwKOSANAGV+uaVSQBkkP\nQ9Jujmi+S1mAP73rkbctBpmDQpmZPZTS7otkGiUCgYAGfy78sT1zlXfSWHWgH7eU\n+87qTIuVduHDuPhpOXcs3Vp/+LaLwy3CkJVA2AZ0QrOmNneZQ7FnF0s18gKABkoJ\nZnUAbC3vroW1TvCZrs48X+AP6PKnp956Mbz0lN+Icosrb+wBaL6BCHGi7vtM4YWH\nsKzZVKyXFWTJrd2cTpZ4IQKBgE57AC43nFRSqkPGD6HKVGngAdXQXxtZzyd1im4u\nSYDAzoDA7KhycNyfHFwfn1/Uf63QbjH37Nx1Je4mImektUoiD2fsfHV1nlMVxRTZ\n/Jf/pBL8slZxhMfW6U1jM4iR+S1UWzlDvLU897f1c40JVNheXcRpCvuKQB/rnMGG\nlWI9AoGBAKoCvBipQtGOR56rzSL0dyBH67YKvrZUdWLGmlfGcVcketryEMucumxW\nL1rQzYiazOfYRMIILrFI41RW5ni4UFI4VBzjRnADvLbpE76LI9J7URU7n6r1N/OE\n/4yNPKM3t6bvYG6JxCMAu154k/hJmj4MOgIIqpYMZJUVJaIJvlaj\n-----END RSA PRIVATE KEY-----\n",
            "source": null
          },
          "sensitive_attributes": [
            [
              {
                "type": "get_attr",
                "value": "sensitive_content"
              }
            ]
          ],
          "private": "bnVsbA==",
          "dependencies": [
            "module.private_openvpn.tls_private_key.ssh-key"
          ]
        }
      ]
    },
    {
      "module": "module.private_openvpn",
      "mode": "managed",
      "type": "null_resource",
      "name": "openvpn_download_configurations",
      "provider": "provider[\"registry.terraform.io/hashicorp/null\"]",
      "instances": [
        {
          "schema_version": 0,
          "attributes": {
            "id": "5271292040237013387",
            "triggers": {
              "users": "Oreoluwa, Mia, Labake, Iyanu, tominsin, Ross"
            }
          },
          "sensitive_attributes": [],
          "private": "bnVsbA==",
          "dependencies": [
            "module.private_openvpn.google_compute_address.default",
            "module.private_openvpn.local_file.private_key",
            "module.private_openvpn.module.instance_template.data.google_compute_image.image",
            "module.private_openvpn.module.instance_template.data.google_compute_image.image_family",
            "module.private_openvpn.module.instance_template.google_compute_instance_template.tpl",
            "module.private_openvpn.module.openvpn_vm.data.google_compute_zones.available",
            "module.private_openvpn.module.openvpn_vm.google_compute_instance_from_template.compute_instance",
            "module.private_openvpn.null_resource.openvpn_update_users_script",
            "module.private_openvpn.tls_private_key.ssh-key",
            "module.private_vpc.google_compute_network.vpc",
            "module.private_vpc.google_compute_subnetwork.vpc_subnetwork_public"
          ]
        }
      ]
    },
    {
      "module": "module.private_openvpn",
      "mode": "managed",
      "type": "null_resource",
      "name": "openvpn_update_users_script",
      "provider": "provider[\"registry.terraform.io/hashicorp/null\"]",
      "instances": [
        {
          "schema_version": 0,
          "attributes": {
            "id": "2821550352617361390",
            "triggers": {
              "users": "Oreoluwa, Mia, Labake, Iyanu, tominsin, Ross"
            }
          },
          "sensitive_attributes": [],
          "private": "bnVsbA==",
          "dependencies": [
            "module.private_openvpn.google_compute_address.default",
            "module.private_openvpn.local_file.private_key",
            "module.private_openvpn.module.instance_template.data.google_compute_image.image",
            "module.private_openvpn.module.instance_template.data.google_compute_image.image_family",
            "module.private_openvpn.module.instance_template.google_compute_instance_template.tpl",
            "module.private_openvpn.module.openvpn_vm.data.google_compute_zones.available",
            "module.private_openvpn.module.openvpn_vm.google_compute_instance_from_template.compute_instance",
            "module.private_openvpn.tls_private_key.ssh-key",
            "module.private_vpc.google_compute_network.vpc",
            "module.private_vpc.google_compute_subnetwork.vpc_subnetwork_public"
          ]
        }
      ]
    },
    {
      "module": "module.private_openvpn",
      "mode": "managed",
      "type": "random_id",
      "name": "password",
      "provider": "provider[\"registry.terraform.io/hashicorp/random\"]",
      "instances": [
        {
          "schema_version": 0,
          "attributes": {
            "b64_std": "WzltHxdKezhQjBohS1gHfQ==",
            "b64_url": "WzltHxdKezhQjBohS1gHfQ",
            "byte_length": 16,
            "dec": "121257921783291863209784879410297964413",
            "hex": "5b396d1f174a7b38508c1a214b58077d",
            "id": "WzltHxdKezhQjBohS1gHfQ",
            "keepers": null,
            "prefix": null
          },
          "sensitive_attributes": [],
          "private": "bnVsbA=="
        }
      ]
    },
    {
      "module": "module.private_openvpn",
      "mode": "managed",
      "type": "random_id",
      "name": "this",
      "provider": "provider[\"registry.terraform.io/hashicorp/random\"]",
      "instances": [
        {
          "schema_version": 0,
          "attributes": {
            "b64_std": "tAplqrkyQkg=",
            "b64_url": "tAplqrkyQkg",
            "byte_length": 8,
            "dec": "12973293460520059464",
            "hex": "b40a65aab9324248",
            "id": "tAplqrkyQkg",
            "keepers": null,
            "prefix": null
          },
          "sensitive_attributes": [],
          "private": "bnVsbA=="
        }
      ]
    },
    {
      "module": "module.private_openvpn",
      "mode": "managed",
      "type": "tls_private_key",
      "name": "ssh-key",
      "provider": "provider[\"registry.terraform.io/hashicorp/tls\"]",
      "instances": [
        {
          "schema_version": 0,
          "attributes": {
            "algorithm": "RSA",
            "ecdsa_curve": "P224",
            "id": "ed6fce76818b900f175266e70fce1010aae277ae",
            "private_key_pem": "-----BEGIN RSA PRIVATE KEY-----\nMIIEowIBAAKCAQEAqYdeEnGIj/yRH84o0MGBfrC9AYDLrMeGd+v1zWMXKTvT3IlK\nDYb4IyrRan+J54gv0tF4htw4o+mDS6qDxEiI3oSjb0UeyFOdJDgLCcAIDojlarNP\nKAhzAqwDJh1FQPq5ZIkjrNiOT2omlRx45jKuY+o2yQuhN05B2It9JAtQ3m+dLOZA\nK5SFGL2Lkm7eUiZB1Xiew36uRJ+rJR+5gofuhWty8rDSwNXBETeyWZoBr6VEpuIt\nerlO4QQF5PV0w/TU2+0pB3L4x+S5TA/c/3VplSiwVr/wwlOjr/QS0QfkJ7M+6+OJ\nlrGv/xllLq26Vf3qUQSRZt9u/hLyHaa6Y48L1QIDAQABAoIBAAe9Vl4hMMriDP4W\nu2ZMb00JZJec+a95rHntG9u0mmoXgSSgX/EeKFXyrnzeNb2MSiKlzYraovtYvdXG\ngx2C8jy2cX+y+CTNLG9q35YiXjvLpC2q4gJB4H5OvBYRYAgHak9cs3RArr6RahGE\nq0BXL/7/wmCLV2DfAcKRG7V5jseY3d6EgOeOAJ3LaYHJ5wZKFmC3+BsdpvddRG6A\nSY3inZpyWAmQnI0BDuPCWtmtMtdduW/yFe3K+OO082heB6XYVvsgxP/3WhOaA0wb\nGALD4XMGYmJfAiQO0LV6ZiZ2HF7A+oOH8q70ont6Krv3qdUdGP8odTrgiWCljArD\nTkn5tAECgYEA0Bq2KZGpBJ6UnzDLRXxVq9dyoBbB8MsaGd37xS1YIJkR7uKJMYOR\nnDIGr1S+uNMx6b4pgcnHywkL6qG2rsTzMtyD/SUUwL7cMaElXUROeWHmcr0BU6Wt\nrXJBWpEn9D+DoEsA6tKx5VerVumB3BFReyValtZzFQS9EZlPmWy0A/ECgYEA0IvT\nC/yUjobSDXn9MiUe5zTsmRsh3eatoLLi7EZ0o7xwk3jTmTq7mNLDnK9KeGKQCPgp\nyzAujCupdzbNJX5SrKch+Ss8gQXyCTKVRQxGEHcJpkNhIwKOSANAGV+uaVSQBkkP\nQ9Jujmi+S1mAP73rkbctBpmDQpmZPZTS7otkGiUCgYAGfy78sT1zlXfSWHWgH7eU\n+87qTIuVduHDuPhpOXcs3Vp/+LaLwy3CkJVA2AZ0QrOmNneZQ7FnF0s18gKABkoJ\nZnUAbC3vroW1TvCZrs48X+AP6PKnp956Mbz0lN+Icosrb+wBaL6BCHGi7vtM4YWH\nsKzZVKyXFWTJrd2cTpZ4IQKBgE57AC43nFRSqkPGD6HKVGngAdXQXxtZzyd1im4u\nSYDAzoDA7KhycNyfHFwfn1/Uf63QbjH37Nx1Je4mImektUoiD2fsfHV1nlMVxRTZ\n/Jf/pBL8slZxhMfW6U1jM4iR+S1UWzlDvLU897f1c40JVNheXcRpCvuKQB/rnMGG\nlWI9AoGBAKoCvBipQtGOR56rzSL0dyBH67YKvrZUdWLGmlfGcVcketryEMucumxW\nL1rQzYiazOfYRMIILrFI41RW5ni4UFI4VBzjRnADvLbpE76LI9J7URU7n6r1N/OE\n/4yNPKM3t6bvYG6JxCMAu154k/hJmj4MOgIIqpYMZJUVJaIJvlaj\n-----END RSA PRIVATE KEY-----\n",
            "public_key_fingerprint_md5": "1a:e9:1e:ab:7a:3b:c2:ef:0e:e8:5b:18:a9:f0:67:bb",
            "public_key_openssh": "ssh-rsa AAAAB3NzaC1yc2EAAAADAQABAAABAQCph14ScYiP/JEfzijQwYF+sL0BgMusx4Z36/XNYxcpO9PciUoNhvgjKtFqf4nniC/S0XiG3Dij6YNLqoPESIjehKNvRR7IU50kOAsJwAgOiOVqs08oCHMCrAMmHUVA+rlkiSOs2I5PaiaVHHjmMq5j6jbJC6E3TkHYi30kC1Deb50s5kArlIUYvYuSbt5SJkHVeJ7Dfq5En6slH7mCh+6Fa3LysNLA1cERN7JZmgGvpUSm4i16uU7hBAXk9XTD9NTb7SkHcvjH5LlMD9z/dWmVKLBWv/DCU6Ov9BLRB+Qnsz7r44mWsa//GWUurbpV/epRBJFm327+EvIdprpjjwvV\n",
            "public_key_pem": "-----BEGIN PUBLIC KEY-----\nMIIBIjANBgkqhkiG9w0BAQEFAAOCAQ8AMIIBCgKCAQEAqYdeEnGIj/yRH84o0MGB\nfrC9AYDLrMeGd+v1zWMXKTvT3IlKDYb4IyrRan+J54gv0tF4htw4o+mDS6qDxEiI\n3oSjb0UeyFOdJDgLCcAIDojlarNPKAhzAqwDJh1FQPq5ZIkjrNiOT2omlRx45jKu\nY+o2yQuhN05B2It9JAtQ3m+dLOZAK5SFGL2Lkm7eUiZB1Xiew36uRJ+rJR+5gofu\nhWty8rDSwNXBETeyWZoBr6VEpuIterlO4QQF5PV0w/TU2+0pB3L4x+S5TA/c/3Vp\nlSiwVr/wwlOjr/QS0QfkJ7M+6+OJlrGv/xllLq26Vf3qUQSRZt9u/hLyHaa6Y48L\n1QIDAQAB\n-----END PUBLIC KEY-----\n",
            "rsa_bits": 2048
          },
          "sensitive_attributes": [],
          "private": "bnVsbA==",
          "create_before_destroy": true
        }
      ]
    },
    {
      "module": "module.private_openvpn.module.instance_template",
      "mode": "data",
      "type": "google_compute_image",
      "name": "image",
      "provider": "provider[\"registry.terraform.io/hashicorp/google\"]",
      "instances": [
        {
          "schema_version": 0,
          "attributes": {
            "archive_size_bytes": 2331068352,
            "creation_timestamp": "2021-04-15T21:44:20.111-07:00",
            "description": "Canonical, Ubuntu, 20.04 LTS, amd64 focal image built on 2021-04-15, supports Shielded VM features",
            "disk_size_gb": 10,
            "family": "ubuntu-2004-lts",
            "filter": null,
            "id": "projects/ubuntu-os-cloud/global/images/ubuntu-2004-focal-v20210415",
            "image_encryption_key_sha256": "",
            "image_id": "885411419692247244",
            "label_fingerprint": "42WmSpB8rSM=",
            "labels": {},
            "licenses": [
              "https://www.googleapis.com/compute/v1/projects/ubuntu-os-cloud/global/licenses/ubuntu-2004-lts"
            ],
            "name": "ubuntu-2004-focal-v20210415",
            "project": "ubuntu-os-cloud",
            "self_link": "https://www.googleapis.com/compute/v1/projects/ubuntu-os-cloud/global/images/ubuntu-2004-focal-v20210415",
            "source_disk": "",
            "source_disk_encryption_key_sha256": "",
            "source_disk_id": "",
            "source_image_id": "",
            "status": "READY"
          },
          "sensitive_attributes": []
        }
      ]
    },
    {
      "module": "module.private_openvpn.module.instance_template",
      "mode": "data",
      "type": "google_compute_image",
      "name": "image_family",
      "provider": "provider[\"registry.terraform.io/hashicorp/google\"]",
      "instances": [
        {
          "schema_version": 0,
          "attributes": {
            "archive_size_bytes": 2654681856,
            "creation_timestamp": "2021-12-13T10:34:50.403-08:00",
            "description": "Canonical, Ubuntu, 20.04 LTS, amd64 focal image built on 2021-12-12, supports Shielded VM features",
            "disk_size_gb": 10,
            "family": "ubuntu-2004-lts",
            "filter": null,
            "id": "projects/ubuntu-os-cloud/global/images/ubuntu-2004-focal-v20211212",
            "image_encryption_key_sha256": "",
            "image_id": "4242499703840320677",
            "label_fingerprint": "42WmSpB8rSM=",
            "labels": {},
            "licenses": [
              "https://www.googleapis.com/compute/v1/projects/ubuntu-os-cloud/global/licenses/ubuntu-2004-lts"
            ],
            "name": "ubuntu-2004-focal-v20211212",
            "project": "ubuntu-os-cloud",
            "self_link": "https://www.googleapis.com/compute/v1/projects/ubuntu-os-cloud/global/images/ubuntu-2004-focal-v20211212",
            "source_disk": "",
            "source_disk_encryption_key_sha256": "",
            "source_disk_id": "",
            "source_image_id": "",
            "status": "READY"
          },
          "sensitive_attributes": []
        }
      ]
    },
    {
      "module": "module.private_openvpn.module.instance_template",
      "mode": "managed",
      "type": "google_compute_instance_template",
      "name": "tpl",
      "provider": "provider[\"registry.terraform.io/hashicorp/google\"]",
      "instances": [
        {
          "schema_version": 1,
          "attributes": {
            "advanced_machine_features": null,
            "can_ip_forward": false,
            "confidential_instance_config": null,
            "description": "",
            "disk": [
              {
                "auto_delete": true,
                "boot": true,
                "device_name": "persistent-disk-0",
                "disk_encryption_key": [],
                "disk_name": "",
                "disk_size_gb": 30,
                "disk_type": "pd-standard",
                "interface": "SCSI",
                "labels": null,
                "mode": "READ_WRITE",
                "resource_policies": null,
                "source": "",
                "source_image": "projects/ubuntu-os-cloud/global/images/ubuntu-2004-focal-v20210415",
                "type": "PERSISTENT"
              }
            ],
            "enable_display": null,
            "guest_accelerator": [],
            "id": "projects/deimos-internal-playground/global/instanceTemplates/default-instance-template-20211216091422541100000001",
            "instance_description": "",
            "labels": {
              "managed_by": "terraform",
              "project": "terraform-team-test"
            },
            "machine_type": "n1-standard-1",
            "metadata": {
              "sshKeys": "ubuntu:ssh-rsa AAAAB3NzaC1yc2EAAAADAQABAAABAQCph14ScYiP/JEfzijQwYF+sL0BgMusx4Z36/XNYxcpO9PciUoNhvgjKtFqf4nniC/S0XiG3Dij6YNLqoPESIjehKNvRR7IU50kOAsJwAgOiOVqs08oCHMCrAMmHUVA+rlkiSOs2I5PaiaVHHjmMq5j6jbJC6E3TkHYi30kC1Deb50s5kArlIUYvYuSbt5SJkHVeJ7Dfq5En6slH7mCh+6Fa3LysNLA1cERN7JZmgGvpUSm4i16uU7hBAXk9XTD9NTb7SkHcvjH5LlMD9z/dWmVKLBWv/DCU6Ov9BLRB+Qnsz7r44mWsa//GWUurbpV/epRBJFm327+EvIdprpjjwvV\n"
            },
            "metadata_fingerprint": "1YpSAekT1cE=",
            "metadata_startup_script": "    curl -O https://raw.githubusercontent.com/angristan/openvpn-install/master/openvpn-install.sh\n    chmod +x openvpn-install.sh\n    mv openvpn-install.sh /home/ubuntu/\n    export AUTO_INSTALL=y\n    export PASS=1\n    /home/ubuntu/openvpn-install.sh\n",
            "min_cpu_platform": "",
            "name": "default-instance-template-20211216091422541100000001",
            "name_prefix": "default-instance-template-",
            "network_interface": [
              {
                "access_config": [],
                "alias_ip_range": [],
                "ipv6_access_config": [],
                "ipv6_access_type": "",
                "name": "nic0",
                "network": "https://www.googleapis.com/compute/v1/projects/deimos-internal-playground/global/networks/terraform-team-test-private-vpc-network",
                "network_ip": "",
                "nic_type": "",
                "stack_type": "",
                "subnetwork": "https://www.googleapis.com/compute/v1/projects/deimos-internal-playground/regions/us-east1/subnetworks/terraform-team-test-private-vpc-subnetwork-public",
                "subnetwork_project": "deimos-internal-playground"
              }
            ],
            "project": "deimos-internal-playground",
            "region": "us-east1",
            "reservation_affinity": [],
            "scheduling": [
              {
                "automatic_restart": true,
                "min_node_cpus": 0,
                "node_affinities": [],
                "on_host_maintenance": "MIGRATE",
                "preemptible": false
              }
            ],
            "self_link": "https://www.googleapis.com/compute/beta/projects/deimos-internal-playground/global/instanceTemplates/default-instance-template-20211216091422541100000001",
            "service_account": [
              {
                "email": "default",
                "scopes": null
              }
            ],
            "shielded_instance_config": [],
            "tags": [
              "allow-ssh",
              "public"
            ],
            "tags_fingerprint": "",
            "timeouts": null
          },
          "sensitive_attributes": [],
          "private": "eyJlMmJmYjczMC1lY2FhLTExZTYtOGY4OC0zNDM2M2JjN2M0YzAiOnsiY3JlYXRlIjoyNDAwMDAwMDAwMDAsImRlbGV0ZSI6MjQwMDAwMDAwMDAwfSwic2NoZW1hX3ZlcnNpb24iOiIxIn0=",
          "dependencies": [
            "module.private_openvpn.module.instance_template.data.google_compute_image.image",
            "module.private_openvpn.module.instance_template.data.google_compute_image.image_family",
            "module.private_openvpn.tls_private_key.ssh-key",
            "module.private_vpc.google_compute_network.vpc",
            "module.private_vpc.google_compute_subnetwork.vpc_subnetwork_public"
          ],
          "create_before_destroy": true
        }
      ]
    },
    {
      "module": "module.private_openvpn.module.openvpn_vm",
      "mode": "data",
      "type": "google_compute_zones",
      "name": "available",
      "provider": "provider[\"registry.terraform.io/hashicorp/google\"]",
      "instances": [
        {
          "schema_version": 0,
          "attributes": {
            "id": "projects/deimos-internal-playground/regions/us-east1",
            "names": [
              "us-east1-b",
              "us-east1-c",
              "us-east1-d"
            ],
            "project": "deimos-internal-playground",
            "region": "us-east1",
            "status": null
          },
          "sensitive_attributes": []
        }
      ]
    },
    {
      "module": "module.private_openvpn.module.openvpn_vm",
      "mode": "managed",
      "type": "google_compute_instance_from_template",
      "name": "compute_instance",
      "provider": "provider[\"registry.terraform.io/hashicorp/google\"]",
      "instances": [
        {
          "index_key": 0,
          "schema_version": 0,
          "attributes": {
            "advanced_machine_features": [],
            "allow_stopping_for_update": null,
            "attached_disk": [],
            "boot_disk": [
              {
                "auto_delete": true,
                "device_name": "persistent-disk-0",
                "disk_encryption_key_raw": "",
                "disk_encryption_key_sha256": "",
                "initialize_params": [
                  {
                    "image": "https://www.googleapis.com/compute/v1/projects/ubuntu-os-cloud/global/images/ubuntu-2004-focal-v20210415",
                    "labels": {},
                    "size": 30,
                    "type": "pd-standard"
                  }
                ],
                "kms_key_self_link": "",
                "mode": "READ_WRITE",
                "source": "https://www.googleapis.com/compute/v1/projects/deimos-internal-playground/zones/us-east1-b/disks/terraform-team-test-private-openvpn-001"
              }
            ],
            "can_ip_forward": false,
            "confidential_instance_config": [],
            "cpu_platform": "Intel Haswell",
            "current_status": "RUNNING",
            "deletion_protection": false,
            "description": "",
            "desired_status": null,
            "enable_display": false,
            "guest_accelerator": [],
            "hostname": "",
            "id": "projects/deimos-internal-playground/zones/us-east1-b/instances/terraform-team-test-private-openvpn-001",
            "instance_id": "6311381108111359377",
            "label_fingerprint": "dP0MOYVVj9A=",
            "labels": {
              "managed_by": "terraform",
              "project": "terraform-team-test"
            },
            "machine_type": "n1-standard-1",
            "metadata": {
              "sshKeys": "ubuntu:ssh-rsa AAAAB3NzaC1yc2EAAAADAQABAAABAQCph14ScYiP/JEfzijQwYF+sL0BgMusx4Z36/XNYxcpO9PciUoNhvgjKtFqf4nniC/S0XiG3Dij6YNLqoPESIjehKNvRR7IU50kOAsJwAgOiOVqs08oCHMCrAMmHUVA+rlkiSOs2I5PaiaVHHjmMq5j6jbJC6E3TkHYi30kC1Deb50s5kArlIUYvYuSbt5SJkHVeJ7Dfq5En6slH7mCh+6Fa3LysNLA1cERN7JZmgGvpUSm4i16uU7hBAXk9XTD9NTb7SkHcvjH5LlMD9z/dWmVKLBWv/DCU6Ov9BLRB+Qnsz7r44mWsa//GWUurbpV/epRBJFm327+EvIdprpjjwvV\n"
            },
            "metadata_fingerprint": "1YpSAekT1cE=",
            "metadata_startup_script": "    curl -O https://raw.githubusercontent.com/angristan/openvpn-install/master/openvpn-install.sh\n    chmod +x openvpn-install.sh\n    mv openvpn-install.sh /home/ubuntu/\n    export AUTO_INSTALL=y\n    export PASS=1\n    /home/ubuntu/openvpn-install.sh\n",
            "min_cpu_platform": "",
            "name": "terraform-team-test-private-openvpn-001",
            "network_interface": [
              {
                "access_config": [
                  {
                    "nat_ip": "35.211.184.251",
                    "network_tier": "STANDARD",
                    "public_ptr_domain_name": ""
                  }
                ],
                "alias_ip_range": [],
                "ipv6_access_config": [],
                "ipv6_access_type": "",
                "name": "nic0",
                "network": "https://www.googleapis.com/compute/v1/projects/deimos-internal-playground/global/networks/terraform-team-test-private-vpc-network",
                "network_ip": "10.8.0.9",
                "nic_type": "",
                "stack_type": "IPV4_ONLY",
                "subnetwork": "https://www.googleapis.com/compute/v1/projects/deimos-internal-playground/regions/us-east1/subnetworks/terraform-team-test-private-vpc-subnetwork-public",
                "subnetwork_project": "deimos-internal-playground"
              }
            ],
            "project": "deimos-internal-playground",
            "reservation_affinity": [],
            "resource_policies": [],
            "scheduling": [
              {
                "automatic_restart": true,
                "min_node_cpus": 0,
                "node_affinities": [],
                "on_host_maintenance": "MIGRATE",
                "preemptible": false
              }
            ],
            "scratch_disk": [],
            "self_link": "https://www.googleapis.com/compute/v1/projects/deimos-internal-playground/zones/us-east1-b/instances/terraform-team-test-private-openvpn-001",
            "service_account": [
              {
                "email": "1078903377667-compute@developer.gserviceaccount.com",
                "scopes": []
              }
            ],
            "shielded_instance_config": [
              {
                "enable_integrity_monitoring": true,
                "enable_secure_boot": false,
                "enable_vtpm": true
              }
            ],
            "source_instance_template": "https://www.googleapis.com/compute/beta/projects/deimos-internal-playground/global/instanceTemplates/default-instance-template-20211216091422541100000001",
            "tags": [
              "allow-ssh",
              "public"
            ],
            "tags_fingerprint": "YVeAPHYk5IY=",
            "timeouts": null,
            "zone": "us-east1-b"
          },
          "sensitive_attributes": [],
          "private": "eyJlMmJmYjczMC1lY2FhLTExZTYtOGY4OC0zNDM2M2JjN2M0YzAiOnsiY3JlYXRlIjoxMjAwMDAwMDAwMDAwLCJkZWxldGUiOjEyMDAwMDAwMDAwMDAsInVwZGF0ZSI6MTIwMDAwMDAwMDAwMH19",
          "dependencies": [
            "module.private_openvpn.google_compute_address.default",
            "module.private_openvpn.module.instance_template.data.google_compute_image.image",
            "module.private_openvpn.module.instance_template.data.google_compute_image.image_family",
            "module.private_openvpn.module.instance_template.google_compute_instance_template.tpl",
            "module.private_openvpn.module.openvpn_vm.data.google_compute_zones.available",
            "module.private_openvpn.tls_private_key.ssh-key",
            "module.private_vpc.google_compute_network.vpc",
            "module.private_vpc.google_compute_subnetwork.vpc_subnetwork_public"
          ]
        }
      ]
    },
    {
      "module": "module.private_vpc",
      "mode": "managed",
      "type": "google_compute_network",
      "name": "vpc",
      "provider": "provider[\"registry.terraform.io/hashicorp/google\"]",
      "instances": [
        {
          "schema_version": 0,
          "attributes": {
            "auto_create_subnetworks": false,
            "delete_default_routes_on_create": false,
            "description": "",
            "gateway_ipv4": "",
            "id": "projects/deimos-internal-playground/global/networks/terraform-team-test-private-vpc-network",
            "mtu": 0,
            "name": "terraform-team-test-private-vpc-network",
            "project": "deimos-internal-playground",
            "routing_mode": "REGIONAL",
            "self_link": "https://www.googleapis.com/compute/v1/projects/deimos-internal-playground/global/networks/terraform-team-test-private-vpc-network",
            "timeouts": null
          },
          "sensitive_attributes": [],
          "private": "eyJlMmJmYjczMC1lY2FhLTExZTYtOGY4OC0zNDM2M2JjN2M0YzAiOnsiY3JlYXRlIjoyNDAwMDAwMDAwMDAsImRlbGV0ZSI6MjQwMDAwMDAwMDAwLCJ1cGRhdGUiOjI0MDAwMDAwMDAwMH19"
        }
      ]
    },
    {
      "module": "module.private_vpc",
      "mode": "managed",
      "type": "google_compute_router",
      "name": "vpc_router",
      "provider": "provider[\"registry.terraform.io/hashicorp/google\"]",
      "instances": [
        {
          "schema_version": 0,
          "attributes": {
            "bgp": [],
            "creation_timestamp": "2021-12-15T05:36:01.722-08:00",
            "description": "",
            "id": "projects/deimos-internal-playground/regions/us-east1/routers/terraform-team-test-private-vpc-router",
            "name": "terraform-team-test-private-vpc-router",
            "network": "https://www.googleapis.com/compute/v1/projects/deimos-internal-playground/global/networks/terraform-team-test-private-vpc-network",
            "project": "deimos-internal-playground",
            "region": "us-east1",
            "self_link": "https://www.googleapis.com/compute/v1/projects/deimos-internal-playground/regions/us-east1/routers/terraform-team-test-private-vpc-router",
            "timeouts": null
          },
          "sensitive_attributes": [],
          "private": "eyJlMmJmYjczMC1lY2FhLTExZTYtOGY4OC0zNDM2M2JjN2M0YzAiOnsiY3JlYXRlIjoyNDAwMDAwMDAwMDAsImRlbGV0ZSI6MjQwMDAwMDAwMDAwLCJ1cGRhdGUiOjI0MDAwMDAwMDAwMH19",
          "dependencies": [
            "module.private_vpc.google_compute_network.vpc"
          ]
        }
      ]
    },
    {
      "module": "module.private_vpc",
      "mode": "managed",
      "type": "google_compute_router_nat",
      "name": "vpc_nat",
      "provider": "provider[\"registry.terraform.io/hashicorp/google\"]",
      "instances": [
        {
          "schema_version": 0,
          "attributes": {
            "drain_nat_ips": null,
            "enable_endpoint_independent_mapping": true,
            "icmp_idle_timeout_sec": 30,
            "id": "deimos-internal-playground/us-east1/terraform-team-test-private-vpc-router/terraform-team-test-private-vpc-nat",
            "log_config": [],
            "min_ports_per_vm": 0,
            "name": "terraform-team-test-private-vpc-nat",
            "nat_ip_allocate_option": "AUTO_ONLY",
            "nat_ips": null,
            "project": "deimos-internal-playground",
            "region": "us-east1",
            "router": "terraform-team-test-private-vpc-router",
            "source_subnetwork_ip_ranges_to_nat": "LIST_OF_SUBNETWORKS",
            "subnetwork": [
              {
                "name": "https://www.googleapis.com/compute/v1/projects/deimos-internal-playground/regions/us-east1/subnetworks/terraform-team-test-private-vpc-subnetwork-public",
                "secondary_ip_range_names": [],
                "source_ip_ranges_to_nat": [
                  "ALL_IP_RANGES"
                ]
              }
            ],
            "tcp_established_idle_timeout_sec": 1200,
            "tcp_transitory_idle_timeout_sec": 30,
            "timeouts": null,
            "udp_idle_timeout_sec": 30
          },
          "sensitive_attributes": [],
          "private": "eyJlMmJmYjczMC1lY2FhLTExZTYtOGY4OC0zNDM2M2JjN2M0YzAiOnsiY3JlYXRlIjo2MDAwMDAwMDAwMDAsImRlbGV0ZSI6NjAwMDAwMDAwMDAwLCJ1cGRhdGUiOjYwMDAwMDAwMDAwMH19",
          "dependencies": [
            "module.private_vpc.google_compute_network.vpc",
            "module.private_vpc.google_compute_router.vpc_router",
            "module.private_vpc.google_compute_subnetwork.vpc_subnetwork_public"
          ]
        }
      ]
    },
    {
      "module": "module.private_vpc",
      "mode": "managed",
      "type": "google_compute_subnetwork",
      "name": "vpc_subnetwork_private",
      "provider": "provider[\"registry.terraform.io/hashicorp/google\"]",
      "instances": [
        {
          "schema_version": 0,
          "attributes": {
            "creation_timestamp": "2021-12-15T05:36:03.525-08:00",
            "description": "",
            "external_ipv6_prefix": "",
            "fingerprint": null,
            "gateway_address": "10.8.16.1",
            "id": "projects/deimos-internal-playground/regions/us-east1/subnetworks/terraform-team-test-private-vpc-subnetwork-private",
            "ip_cidr_range": "10.8.16.0/20",
            "ipv6_access_type": "",
            "ipv6_cidr_range": "",
            "log_config": [
              {
                "aggregation_interval": "INTERVAL_10_MIN",
                "filter_expr": "true",
                "flow_sampling": 0.5,
                "metadata": "INCLUDE_ALL_METADATA",
                "metadata_fields": null
              }
            ],
            "name": "terraform-team-test-private-vpc-subnetwork-private",
            "network": "https://www.googleapis.com/compute/v1/projects/deimos-internal-playground/global/networks/terraform-team-test-private-vpc-network",
            "private_ip_google_access": true,
            "private_ipv6_google_access": "DISABLE_GOOGLE_ACCESS",
            "project": "deimos-internal-playground",
            "purpose": "PRIVATE",
            "region": "us-east1",
            "role": "",
            "secondary_ip_range": [
              {
                "ip_cidr_range": "10.6.16.0/20",
                "range_name": "private-services"
              }
            ],
            "self_link": "https://www.googleapis.com/compute/v1/projects/deimos-internal-playground/regions/us-east1/subnetworks/terraform-team-test-private-vpc-subnetwork-private",
            "stack_type": "IPV4_ONLY",
            "timeouts": null
          },
          "sensitive_attributes": [],
          "private": "eyJlMmJmYjczMC1lY2FhLTExZTYtOGY4OC0zNDM2M2JjN2M0YzAiOnsiY3JlYXRlIjozNjAwMDAwMDAwMDAsImRlbGV0ZSI6MzYwMDAwMDAwMDAwLCJ1cGRhdGUiOjM2MDAwMDAwMDAwMH19",
          "dependencies": [
            "module.private_vpc.google_compute_network.vpc"
          ]
        }
      ]
    },
    {
      "module": "module.private_vpc",
      "mode": "managed",
      "type": "google_compute_subnetwork",
      "name": "vpc_subnetwork_public",
      "provider": "provider[\"registry.terraform.io/hashicorp/google\"]",
      "instances": [
        {
          "schema_version": 0,
          "attributes": {
            "creation_timestamp": "2021-12-15T05:36:01.736-08:00",
            "description": "",
            "external_ipv6_prefix": "",
            "fingerprint": null,
            "gateway_address": "10.8.0.1",
            "id": "projects/deimos-internal-playground/regions/us-east1/subnetworks/terraform-team-test-private-vpc-subnetwork-public",
            "ip_cidr_range": "10.8.0.0/20",
            "ipv6_access_type": "",
            "ipv6_cidr_range": "",
            "log_config": [
              {
                "aggregation_interval": "INTERVAL_10_MIN",
                "filter_expr": "true",
                "flow_sampling": 0.5,
                "metadata": "INCLUDE_ALL_METADATA",
                "metadata_fields": []
              }
            ],
            "name": "terraform-team-test-private-vpc-subnetwork-public",
            "network": "https://www.googleapis.com/compute/v1/projects/deimos-internal-playground/global/networks/terraform-team-test-private-vpc-network",
            "private_ip_google_access": true,
            "private_ipv6_google_access": "DISABLE_GOOGLE_ACCESS",
            "project": "deimos-internal-playground",
            "purpose": "PRIVATE",
            "region": "us-east1",
            "role": "",
            "secondary_ip_range": [
              {
                "ip_cidr_range": "10.6.0.0/20",
                "range_name": "public-cluster"
              },
              {
                "ip_cidr_range": "10.6.32.0/20",
                "range_name": "public-services"
              }
            ],
            "self_link": "https://www.googleapis.com/compute/v1/projects/deimos-internal-playground/regions/us-east1/subnetworks/terraform-team-test-private-vpc-subnetwork-public",
            "stack_type": "IPV4_ONLY",
            "timeouts": null
          },
          "sensitive_attributes": [],
          "private": "eyJlMmJmYjczMC1lY2FhLTExZTYtOGY4OC0zNDM2M2JjN2M0YzAiOnsiY3JlYXRlIjozNjAwMDAwMDAwMDAsImRlbGV0ZSI6MzYwMDAwMDAwMDAwLCJ1cGRhdGUiOjM2MDAwMDAwMDAwMH19",
          "dependencies": [
            "module.private_vpc.google_compute_network.vpc"
          ]
        }
      ]
    },
    {
      "module": "module.private_vpc.module.network_firewall",
      "mode": "data",
      "type": "google_compute_subnetwork",
      "name": "private_subnetwork",
      "provider": "provider[\"registry.terraform.io/hashicorp/google\"]",
      "instances": [
        {
          "schema_version": 0,
          "attributes": {
            "description": "",
            "gateway_address": "10.8.16.1",
            "id": "projects/deimos-internal-playground/regions/us-east1/subnetworks/terraform-team-test-private-vpc-subnetwork-private",
            "ip_cidr_range": "10.8.16.0/20",
            "name": "terraform-team-test-private-vpc-subnetwork-private",
            "network": "https://www.googleapis.com/compute/v1/projects/deimos-internal-playground/global/networks/terraform-team-test-private-vpc-network",
            "private_ip_google_access": true,
            "project": "deimos-internal-playground",
            "region": "us-east1",
            "secondary_ip_range": [
              {
                "ip_cidr_range": "10.6.16.0/20",
                "range_name": "private-services"
              }
            ],
            "self_link": "https://www.googleapis.com/compute/v1/projects/deimos-internal-playground/regions/us-east1/subnetworks/terraform-team-test-private-vpc-subnetwork-private"
          },
          "sensitive_attributes": []
        }
      ]
    },
    {
      "module": "module.private_vpc.module.network_firewall",
      "mode": "data",
      "type": "google_compute_subnetwork",
      "name": "public_subnetwork",
      "provider": "provider[\"registry.terraform.io/hashicorp/google\"]",
      "instances": [
        {
          "schema_version": 0,
          "attributes": {
            "description": "",
            "gateway_address": "10.8.0.1",
            "id": "projects/deimos-internal-playground/regions/us-east1/subnetworks/terraform-team-test-private-vpc-subnetwork-public",
            "ip_cidr_range": "10.8.0.0/20",
            "name": "terraform-team-test-private-vpc-subnetwork-public",
            "network": "https://www.googleapis.com/compute/v1/projects/deimos-internal-playground/global/networks/terraform-team-test-private-vpc-network",
            "private_ip_google_access": true,
            "project": "deimos-internal-playground",
            "region": "us-east1",
            "secondary_ip_range": [
              {
                "ip_cidr_range": "10.6.0.0/20",
                "range_name": "public-cluster"
              },
              {
                "ip_cidr_range": "10.6.32.0/20",
                "range_name": "public-services"
              }
            ],
            "self_link": "https://www.googleapis.com/compute/v1/projects/deimos-internal-playground/regions/us-east1/subnetworks/terraform-team-test-private-vpc-subnetwork-public"
          },
          "sensitive_attributes": []
        }
      ]
    },
    {
      "module": "module.private_vpc.module.network_firewall",
      "mode": "managed",
      "type": "google_compute_firewall",
      "name": "private_allow_all_network_inbound",
      "provider": "provider[\"registry.terraform.io/hashicorp/google\"]",
      "instances": [
        {
          "schema_version": 1,
          "attributes": {
            "allow": [
              {
                "ports": [],
                "protocol": "all"
              }
            ],
            "creation_timestamp": "2021-12-15T05:36:36.827-08:00",
            "deny": [],
            "description": "",
            "destination_ranges": [],
            "direction": "INGRESS",
            "disabled": false,
            "enable_logging": null,
            "id": "projects/deimos-internal-playground/global/firewalls/terraform-team-test-private-vpc-private-allow-ingress",
            "log_config": [],
            "name": "terraform-team-test-private-vpc-private-allow-ingress",
            "network": "https://www.googleapis.com/compute/v1/projects/deimos-internal-playground/global/networks/terraform-team-test-private-vpc-network",
            "priority": 1000,
            "project": "deimos-internal-playground",
            "self_link": "https://www.googleapis.com/compute/v1/projects/deimos-internal-playground/global/firewalls/terraform-team-test-private-vpc-private-allow-ingress",
            "source_ranges": [
              "10.6.0.0/20",
              "10.6.16.0/20",
              "10.6.32.0/20",
              "10.8.0.0/20",
              "10.8.16.0/20"
            ],
            "source_service_accounts": null,
            "source_tags": null,
            "target_service_accounts": null,
            "target_tags": [
              "private"
            ],
            "timeouts": null
          },
          "sensitive_attributes": [],
          "private": "eyJlMmJmYjczMC1lY2FhLTExZTYtOGY4OC0zNDM2M2JjN2M0YzAiOnsiY3JlYXRlIjoyNDAwMDAwMDAwMDAsImRlbGV0ZSI6MjQwMDAwMDAwMDAwLCJ1cGRhdGUiOjI0MDAwMDAwMDAwMH0sInNjaGVtYV92ZXJzaW9uIjoiMSJ9",
          "dependencies": [
            "module.private_vpc.google_compute_network.vpc",
            "module.private_vpc.google_compute_subnetwork.vpc_subnetwork_private",
            "module.private_vpc.google_compute_subnetwork.vpc_subnetwork_public",
            "module.private_vpc.module.network_firewall.data.google_compute_subnetwork.private_subnetwork",
            "module.private_vpc.module.network_firewall.data.google_compute_subnetwork.public_subnetwork"
          ]
        }
      ]
    },
    {
      "module": "module.private_vpc.module.network_firewall",
      "mode": "managed",
      "type": "google_compute_firewall",
      "name": "private_allow_restricted_network_inbound",
      "provider": "provider[\"registry.terraform.io/hashicorp/google\"]",
      "instances": [
        {
          "schema_version": 1,
          "attributes": {
            "allow": [
              {
                "ports": [],
                "protocol": "all"
              }
            ],
            "creation_timestamp": "2021-12-15T05:36:02.076-08:00",
            "deny": [],
            "description": "",
            "destination_ranges": [],
            "direction": "INGRESS",
            "disabled": false,
            "enable_logging": null,
            "id": "projects/deimos-internal-playground/global/firewalls/terraform-team-test-private-vpc-allow-restricted-inbound",
            "log_config": [],
            "name": "terraform-team-test-private-vpc-allow-restricted-inbound",
            "network": "https://www.googleapis.com/compute/v1/projects/deimos-internal-playground/global/networks/terraform-team-test-private-vpc-network",
            "priority": 1000,
            "project": "deimos-internal-playground",
            "self_link": "https://www.googleapis.com/compute/v1/projects/deimos-internal-playground/global/firewalls/terraform-team-test-private-vpc-allow-restricted-inbound",
            "source_ranges": [],
            "source_service_accounts": null,
            "source_tags": [
              "private",
              "private-persistence"
            ],
            "target_service_accounts": null,
            "target_tags": [
              "private-persistence"
            ],
            "timeouts": null
          },
          "sensitive_attributes": [],
          "private": "eyJlMmJmYjczMC1lY2FhLTExZTYtOGY4OC0zNDM2M2JjN2M0YzAiOnsiY3JlYXRlIjoyNDAwMDAwMDAwMDAsImRlbGV0ZSI6MjQwMDAwMDAwMDAwLCJ1cGRhdGUiOjI0MDAwMDAwMDAwMH0sInNjaGVtYV92ZXJzaW9uIjoiMSJ9",
          "dependencies": [
            "module.private_vpc.google_compute_network.vpc"
          ]
        }
      ]
    },
    {
      "module": "module.private_vpc.module.network_firewall",
      "mode": "managed",
      "type": "google_compute_firewall",
      "name": "public_allow_all_inbound",
      "provider": "provider[\"registry.terraform.io/hashicorp/google\"]",
      "instances": [
        {
          "schema_version": 1,
          "attributes": {
            "allow": [
              {
                "ports": [],
                "protocol": "all"
              }
            ],
            "creation_timestamp": "2021-12-15T05:36:01.514-08:00",
            "deny": [],
            "description": "",
            "destination_ranges": [],
            "direction": "INGRESS",
            "disabled": false,
            "enable_logging": null,
            "id": "projects/deimos-internal-playground/global/firewalls/terraform-team-test-private-vpc-public-allow-ingress",
            "log_config": [],
            "name": "terraform-team-test-private-vpc-public-allow-ingress",
            "network": "https://www.googleapis.com/compute/v1/projects/deimos-internal-playground/global/networks/terraform-team-test-private-vpc-network",
            "priority": 1000,
            "project": "deimos-internal-playground",
            "self_link": "https://www.googleapis.com/compute/v1/projects/deimos-internal-playground/global/firewalls/terraform-team-test-private-vpc-public-allow-ingress",
            "source_ranges": [
              "0.0.0.0/0"
            ],
            "source_service_accounts": null,
            "source_tags": null,
            "target_service_accounts": null,
            "target_tags": [
              "public"
            ],
            "timeouts": null
          },
          "sensitive_attributes": [],
          "private": "eyJlMmJmYjczMC1lY2FhLTExZTYtOGY4OC0zNDM2M2JjN2M0YzAiOnsiY3JlYXRlIjoyNDAwMDAwMDAwMDAsImRlbGV0ZSI6MjQwMDAwMDAwMDAwLCJ1cGRhdGUiOjI0MDAwMDAwMDAwMH0sInNjaGVtYV92ZXJzaW9uIjoiMSJ9",
          "dependencies": [
            "module.private_vpc.google_compute_network.vpc"
          ]
        }
      ]
    }
  ]
}
