{
  "version": 4,
  "terraform_version": "1.0.11",
  "serial": 26,
  "lineage": "5fc16df8-d7fd-a064-21e3-2ded6220703f",
  "outputs": {},
  "resources": [
    {
      "mode": "data",
      "type": "google_secret_manager_secret_version",
      "name": "private_gke_runner_registration_token",
      "provider": "provider[\"registry.terraform.io/hashicorp/google\"]",
      "instances": [
        {
          "schema_version": 0,
          "attributes": {
            "create_time": "2021-12-20T12:32:14.815363Z",
            "destroy_time": null,
            "enabled": true,
            "id": "projects/1078903377667/secrets/private_gke_runner_registration_token/versions/1",
            "name": "projects/1078903377667/secrets/private_gke_runner_registration_token/versions/1",
            "project": "deimos-internal-playground",
            "secret": "private_gke_runner_registration_token",
            "secret_data": "qm1useaEhiWRymnrgduX",
            "version": "1"
          },
          "sensitive_attributes": []
        }
      ]
    },
    {
      "mode": "data",
      "type": "google_secret_manager_secret_version",
      "name": "registry_server",
      "provider": "provider[\"registry.terraform.io/hashicorp/google\"]",
      "instances": [
        {
          "schema_version": 0,
          "attributes": {
            "create_time": "2021-12-23T12:53:18.448306Z",
            "destroy_time": null,
            "enabled": true,
            "id": "projects/1078903377667/secrets/DEV_AUTH_REGISTERY_SERVER/versions/1",
            "name": "projects/1078903377667/secrets/DEV_AUTH_REGISTERY_SERVER/versions/1",
            "project": "deimos-internal-playground",
            "secret": "DEV_AUTH_REGISTERY_SERVER",
            "secret_data": "https://us.gcr.io/",
            "version": "1"
          },
          "sensitive_attributes": []
        }
      ]
    },
    {
      "mode": "data",
      "type": "google_secret_manager_secret_version",
      "name": "registry_username",
      "provider": "provider[\"registry.terraform.io/hashicorp/google\"]",
      "instances": [
        {
          "schema_version": 0,
          "attributes": {
            "create_time": "2021-12-23T12:56:04.726497Z",
            "destroy_time": null,
            "enabled": true,
            "id": "projects/1078903377667/secrets/DEV_AUTH_REGISTERY_USERNAME/versions/1",
            "name": "projects/1078903377667/secrets/DEV_AUTH_REGISTERY_USERNAME/versions/1",
            "project": "deimos-internal-playground",
            "secret": "DEV_AUTH_REGISTERY_USERNAME",
            "secret_data": " _json_key",
            "version": "1"
          },
          "sensitive_attributes": []
        }
      ]
    },
    {
      "module": "module.gcr_reader_service_account",
      "mode": "data",
      "type": "template_file",
      "name": "keys",
      "provider": "provider[\"registry.terraform.io/hashicorp/template\"]",
      "instances": [
        {
          "index_key": "gcr-reader",
          "schema_version": 0,
          "attributes": {
            "filename": null,
            "id": "965b76414664e68328b64b1c657b74cd346b24297894d3c40076f7634442ccf5",
            "rendered": "{\n  \"type\": \"service_account\",\n  \"project_id\": \"deimos-internal-playground\",\n  \"private_key_id\": \"bf178395737b55b32ed1be37db79db5bf7b03a77\",\n  \"private_key\": \"-----BEGIN PRIVATE KEY-----\\nMIIEvQIBADANBgkqhkiG9w0BAQEFAASCBKcwggSjAgEAAoIBAQCmnB17qEtvJJJO\\nVJlR+8tg4pKqEPIEsaiFqsYITVzQbwhbVLSKbvN/zY4ycRcSYuw98KuqVxR1FPxI\\nHgKz/B/emaA+nFXudv8Los1YK2jk7P69kv8j6xmhEBoc29HaXMbiNqtbPEmShYQy\\nuCS0xU5+KZaF2PvpdMGhh1vRboYpj2PNSpPVOc7RI9sEyoVlxw7gJrY4+KWsAgqS\\n+XICNzCp7LuMSFvhDHYXU/zjw/v6oeDN7151Jcc1V0SsKuUCzuMFHLvl5UiqpLFb\\nN8W1I/X4wxEEN3R7JUMlq5Fzr3caQiHWehz0RiGYwEw/i3+d9jGmMKGW3BubO/3D\\nyTNcAAlfAgMBAAECggEALcXUH8Xzu3wrqdN6L9jiXiLBMnHnW7zHVLm/IEbIygbH\\nH/hchW/H/AOoHlmNgiKlTrsRHoI//46dZN7B1VreEpTYPntK7HHKzhKTIbcDYWlu\\n7vw0llSfvO0kj2sg80Hr7fghCba9a8C8ugZ3JybR0r1wOiOLye6mx87dPeOEfmQR\\n+mGkFKf5UA7tRb1EAeWsyiBtSi2fklbVMES5fmL3L/HVi8XorTunfPR2QkfEgCLN\\naFuC4L6BKMD/qCodtDjaJGXvsASMuRzifHOUGqAMsX0iayUdtwHrYyDV0goJ45+A\\nsrW063ItBJhkX1kRG/hLiWzhciJLMYkajtqREAxoCQKBgQDU4EcgvC6T0JUJqFwE\\nNErMCCFX74ENhAi3tHgUQXO9V5lcxKm/jLG7/Zcal34KCZxaMWUagrewqQRjRCuY\\n6thOIGHfwfSSVy5dCLljacKvOPK6kd1VKVU4zUs2hxtyEBcoMCbgp1zBi/leKYyb\\nyXP5g/a2JoNmrw7G8Jyr7sOKgwKBgQDIXHnWraqstIsotWqKltobLXviyuz/ialz\\nwSydTpzW9uqEiOy70irNFmWxyfK6iMTW1CYfbktPwkBcykNRv2dl/4B22Z41Duvn\\n7ns/f9uBnpaR9d0L0xcj7/uQBFbEtPPC1dKYCNjuqZWmYwnJ88weX8kSMpmqVRbK\\nZZ7REZB+9QKBgExJa3QBvDdgomhpm0AudTeVGk3nGLp9PJqI5BduNUn/YIhsOeDZ\\nTMBv6nyvGY4DT7LKzM6pVabLizT/sxgD4SxuUmTbnwfqkkTo4XcM6aXdpK7Toxvn\\nyhCnEXMjC+Tee039o5ESqRz7SoxCG4+grB0Y+4rfVmuwBH2qsJq04AJ9AoGBAKHk\\nZuYZqSCnORIJlC6rOUxgcguMX/cSaoMHgV8R2BSxqkiwwmf4p3DTOhRv0tr6C+Jx\\nxOP8oImvsYXIQKDbAVcfHdPqfrTse50JyzhBvUF8vLjvak5VoAr/q8pwVxPWCmhR\\nkTobW/1rtWmd+Jjfjvyz9KnpjNResG2Vsr/Ha3PJAoGAUf5c1W9vE87GiCQp4F32\\nGcQTVssBd2g1LqTZRAdvkgqt6z0ml08E4mpjluq31nGX/qdDsuUVy4bNk3+e6n+4\\nYRO91HLpxtbqQ7S1QLTKZZ0AfGC9HVL12gkxqhVJFSL7Lm3A+tvDAdA3928o8Cyn\\n24550tS9zRh7E04jf9PQGnM=\\n-----END PRIVATE KEY-----\\n\",\n  \"client_email\": \"gcr-reader@deimos-internal-playground.iam.gserviceaccount.com\",\n  \"client_id\": \"112781304333328468656\",\n  \"auth_uri\": \"https://accounts.google.com/o/oauth2/auth\",\n  \"token_uri\": \"https://oauth2.googleapis.com/token\",\n  \"auth_provider_x509_cert_url\": \"https://www.googleapis.com/oauth2/v1/certs\",\n  \"client_x509_cert_url\": \"https://www.googleapis.com/robot/v1/metadata/x509/gcr-reader%40deimos-internal-playground.iam.gserviceaccount.com\"\n}\n",
            "template": "${key}",
            "vars": {
              "key": "{\n  \"type\": \"service_account\",\n  \"project_id\": \"deimos-internal-playground\",\n  \"private_key_id\": \"bf178395737b55b32ed1be37db79db5bf7b03a77\",\n  \"private_key\": \"-----BEGIN PRIVATE KEY-----\\nMIIEvQIBADANBgkqhkiG9w0BAQEFAASCBKcwggSjAgEAAoIBAQCmnB17qEtvJJJO\\nVJlR+8tg4pKqEPIEsaiFqsYITVzQbwhbVLSKbvN/zY4ycRcSYuw98KuqVxR1FPxI\\nHgKz/B/emaA+nFXudv8Los1YK2jk7P69kv8j6xmhEBoc29HaXMbiNqtbPEmShYQy\\nuCS0xU5+KZaF2PvpdMGhh1vRboYpj2PNSpPVOc7RI9sEyoVlxw7gJrY4+KWsAgqS\\n+XICNzCp7LuMSFvhDHYXU/zjw/v6oeDN7151Jcc1V0SsKuUCzuMFHLvl5UiqpLFb\\nN8W1I/X4wxEEN3R7JUMlq5Fzr3caQiHWehz0RiGYwEw/i3+d9jGmMKGW3BubO/3D\\nyTNcAAlfAgMBAAECggEALcXUH8Xzu3wrqdN6L9jiXiLBMnHnW7zHVLm/IEbIygbH\\nH/hchW/H/AOoHlmNgiKlTrsRHoI//46dZN7B1VreEpTYPntK7HHKzhKTIbcDYWlu\\n7vw0llSfvO0kj2sg80Hr7fghCba9a8C8ugZ3JybR0r1wOiOLye6mx87dPeOEfmQR\\n+mGkFKf5UA7tRb1EAeWsyiBtSi2fklbVMES5fmL3L/HVi8XorTunfPR2QkfEgCLN\\naFuC4L6BKMD/qCodtDjaJGXvsASMuRzifHOUGqAMsX0iayUdtwHrYyDV0goJ45+A\\nsrW063ItBJhkX1kRG/hLiWzhciJLMYkajtqREAxoCQKBgQDU4EcgvC6T0JUJqFwE\\nNErMCCFX74ENhAi3tHgUQXO9V5lcxKm/jLG7/Zcal34KCZxaMWUagrewqQRjRCuY\\n6thOIGHfwfSSVy5dCLljacKvOPK6kd1VKVU4zUs2hxtyEBcoMCbgp1zBi/leKYyb\\nyXP5g/a2JoNmrw7G8Jyr7sOKgwKBgQDIXHnWraqstIsotWqKltobLXviyuz/ialz\\nwSydTpzW9uqEiOy70irNFmWxyfK6iMTW1CYfbktPwkBcykNRv2dl/4B22Z41Duvn\\n7ns/f9uBnpaR9d0L0xcj7/uQBFbEtPPC1dKYCNjuqZWmYwnJ88weX8kSMpmqVRbK\\nZZ7REZB+9QKBgExJa3QBvDdgomhpm0AudTeVGk3nGLp9PJqI5BduNUn/YIhsOeDZ\\nTMBv6nyvGY4DT7LKzM6pVabLizT/sxgD4SxuUmTbnwfqkkTo4XcM6aXdpK7Toxvn\\nyhCnEXMjC+Tee039o5ESqRz7SoxCG4+grB0Y+4rfVmuwBH2qsJq04AJ9AoGBAKHk\\nZuYZqSCnORIJlC6rOUxgcguMX/cSaoMHgV8R2BSxqkiwwmf4p3DTOhRv0tr6C+Jx\\nxOP8oImvsYXIQKDbAVcfHdPqfrTse50JyzhBvUF8vLjvak5VoAr/q8pwVxPWCmhR\\nkTobW/1rtWmd+Jjfjvyz9KnpjNResG2Vsr/Ha3PJAoGAUf5c1W9vE87GiCQp4F32\\nGcQTVssBd2g1LqTZRAdvkgqt6z0ml08E4mpjluq31nGX/qdDsuUVy4bNk3+e6n+4\\nYRO91HLpxtbqQ7S1QLTKZZ0AfGC9HVL12gkxqhVJFSL7Lm3A+tvDAdA3928o8Cyn\\n24550tS9zRh7E04jf9PQGnM=\\n-----END PRIVATE KEY-----\\n\",\n  \"client_email\": \"gcr-reader@deimos-internal-playground.iam.gserviceaccount.com\",\n  \"client_id\": \"112781304333328468656\",\n  \"auth_uri\": \"https://accounts.google.com/o/oauth2/auth\",\n  \"token_uri\": \"https://oauth2.googleapis.com/token\",\n  \"auth_provider_x509_cert_url\": \"https://www.googleapis.com/oauth2/v1/certs\",\n  \"client_x509_cert_url\": \"https://www.googleapis.com/robot/v1/metadata/x509/gcr-reader%40deimos-internal-playground.iam.gserviceaccount.com\"\n}\n"
            }
          },
          "sensitive_attributes": [
            [
              {
                "type": "get_attr",
                "value": "vars"
              },
              {
                "type": "index",
                "value": {
                  "value": "key",
                  "type": "string"
                }
              }
            ]
          ]
        }
      ]
    },
    {
      "module": "module.gcr_reader_service_account",
      "mode": "managed",
      "type": "google_project_iam_member",
      "name": "project-roles",
      "provider": "provider[\"registry.terraform.io/hashicorp/google\"]",
      "instances": [
        {
          "index_key": "gcr-reader-deimos-internal-playground=\u003eroles/storage.objectViewer",
          "schema_version": 0,
          "attributes": {
            "condition": [],
            "etag": "BwXTz1gwjuc=",
            "id": "deimos-internal-playground/roles/storage.objectViewer/serviceAccount:gcr-reader@deimos-internal-playground.iam.gserviceaccount.com",
            "member": "serviceAccount:gcr-reader@deimos-internal-playground.iam.gserviceaccount.com",
            "project": "deimos-internal-playground",
            "role": "roles/storage.objectViewer"
          },
          "sensitive_attributes": [],
          "private": "bnVsbA==",
          "dependencies": [
            "module.gcr_reader_service_account.google_service_account.service_accounts"
          ]
        }
      ]
    },
    {
      "module": "module.gcr_reader_service_account",
      "mode": "managed",
      "type": "google_service_account",
      "name": "service_accounts",
      "provider": "provider[\"registry.terraform.io/hashicorp/google\"]",
      "instances": [
        {
          "index_key": "gcr-reader",
          "schema_version": 0,
          "attributes": {
            "account_id": "gcr-reader",
            "description": "Service Account Used by Kubernetes for Read Registry Access (Managed By Terraform)",
            "disabled": false,
            "display_name": "Terraform Managed GCR Reader Service Account",
            "email": "gcr-reader@deimos-internal-playground.iam.gserviceaccount.com",
            "id": "projects/deimos-internal-playground/serviceAccounts/gcr-reader@deimos-internal-playground.iam.gserviceaccount.com",
            "name": "projects/deimos-internal-playground/serviceAccounts/gcr-reader@deimos-internal-playground.iam.gserviceaccount.com",
            "project": "deimos-internal-playground",
            "timeouts": null,
            "unique_id": "112781304333328468656"
          },
          "sensitive_attributes": [],
          "private": "eyJlMmJmYjczMC1lY2FhLTExZTYtOGY4OC0zNDM2M2JjN2M0YzAiOnsiY3JlYXRlIjozMDAwMDAwMDAwMDB9fQ=="
        }
      ]
    },
    {
      "module": "module.gcr_reader_service_account",
      "mode": "managed",
      "type": "google_service_account_key",
      "name": "keys",
      "provider": "provider[\"registry.terraform.io/hashicorp/google\"]",
      "instances": [
        {
          "index_key": "gcr-reader",
          "schema_version": 0,
          "attributes": {
            "id": "projects/deimos-internal-playground/serviceAccounts/gcr-reader@deimos-internal-playground.iam.gserviceaccount.com/keys/bf178395737b55b32ed1be37db79db5bf7b03a77",
            "keepers": null,
            "key_algorithm": "KEY_ALG_RSA_2048",
            "name": "projects/deimos-internal-playground/serviceAccounts/gcr-reader@deimos-internal-playground.iam.gserviceaccount.com/keys/bf178395737b55b32ed1be37db79db5bf7b03a77",
            "private_key": "ewogICJ0eXBlIjogInNlcnZpY2VfYWNjb3VudCIsCiAgInByb2plY3RfaWQiOiAiZGVpbW9zLWludGVybmFsLXBsYXlncm91bmQiLAogICJwcml2YXRlX2tleV9pZCI6ICJiZjE3ODM5NTczN2I1NWIzMmVkMWJlMzdkYjc5ZGI1YmY3YjAzYTc3IiwKICAicHJpdmF0ZV9rZXkiOiAiLS0tLS1CRUdJTiBQUklWQVRFIEtFWS0tLS0tXG5NSUlFdlFJQkFEQU5CZ2txaGtpRzl3MEJBUUVGQUFTQ0JLY3dnZ1NqQWdFQUFvSUJBUUNtbkIxN3FFdHZKSkpPXG5WSmxSKzh0ZzRwS3FFUElFc2FpRnFzWUlUVnpRYndoYlZMU0tidk4velk0eWNSY1NZdXc5OEt1cVZ4UjFGUHhJXG5IZ0t6L0IvZW1hQStuRlh1ZHY4TG9zMVlLMmprN1A2OWt2OGo2eG1oRUJvYzI5SGFYTWJpTnF0YlBFbVNoWVF5XG51Q1MweFU1K0taYUYyUHZwZE1HaGgxdlJib1lwajJQTlNwUFZPYzdSSTlzRXlvVmx4dzdnSnJZNCtLV3NBZ3FTXG4rWElDTnpDcDdMdU1TRnZoREhZWFUvemp3L3Y2b2VETjcxNTFKY2MxVjBTc0t1VUN6dU1GSEx2bDVVaXFwTEZiXG5OOFcxSS9YNHd4RUVOM1I3SlVNbHE1RnpyM2NhUWlIV2VoejBSaUdZd0V3L2kzK2Q5akdtTUtHVzNCdWJPLzNEXG55VE5jQUFsZkFnTUJBQUVDZ2dFQUxjWFVIOFh6dTN3cnFkTjZMOWppWGlMQk1uSG5XN3pIVkxtL0lFYkl5Z2JIXG5IL2hjaFcvSC9BT29IbG1OZ2lLbFRyc1JIb0kvLzQ2ZFpON0IxVnJlRXBUWVBudEs3SEhLemhLVEliY0RZV2x1XG43dncwbGxTZnZPMGtqMnNnODBIcjdmZ2hDYmE5YThDOHVnWjNKeWJSMHIxd09pT0x5ZTZteDg3ZFBlT0VmbVFSXG4rbUdrRktmNVVBN3RSYjFFQWVXc3lpQnRTaTJma2xiVk1FUzVmbUwzTC9IVmk4WG9yVHVuZlBSMlFrZkVnQ0xOXG5hRnVDNEw2QktNRC9xQ29kdERqYUpHWHZzQVNNdVJ6aWZIT1VHcUFNc1gwaWF5VWR0d0hyWXlEVjBnb0o0NStBXG5zclcwNjNJdEJKaGtYMWtSRy9oTGlXemhjaUpMTVlrYWp0cVJFQXhvQ1FLQmdRRFU0RWNndkM2VDBKVUpxRndFXG5ORXJNQ0NGWDc0RU5oQWkzdEhnVVFYTzlWNWxjeEttL2pMRzcvWmNhbDM0S0NaeGFNV1VhZ3Jld3FRUmpSQ3VZXG42dGhPSUdIZndmU1NWeTVkQ0xsamFjS3ZPUEs2a2QxVktWVTR6VXMyaHh0eUVCY29NQ2JncDF6QmkvbGVLWXliXG55WFA1Zy9hMkpvTm1ydzdHOEp5cjdzT0tnd0tCZ1FESVhIbldyYXFzdElzb3RXcUtsdG9iTFh2aXl1ei9pYWx6XG53U3lkVHB6Vzl1cUVpT3k3MGlyTkZtV3h5Zks2aU1UVzFDWWZia3RQd2tCY3lrTlJ2MmRsLzRCMjJaNDFEdXZuXG43bnMvZjl1Qm5wYVI5ZDBMMHhjajcvdVFCRmJFdFBQQzFkS1lDTmp1cVpXbVl3bko4OHdlWDhrU01wbXFWUmJLXG5aWjdSRVpCKzlRS0JnRXhKYTNRQnZEZGdvbWhwbTBBdWRUZVZHazNuR0xwOVBKcUk1QmR1TlVuL1lJaHNPZURaXG5UTUJ2Nm55dkdZNERUN0xLek02cFZhYkxpelQvc3hnRDRTeHVVbVRibndmcWtrVG80WGNNNmFYZHBLN1RveHZuXG55aENuRVhNakMrVGVlMDM5bzVFU3FSejdTb3hDRzQrZ3JCMFkrNHJmVm11d0JIMnFzSnEwNEFKOUFvR0JBS0hrXG5adVlacVNDbk9SSUpsQzZyT1V4Z2NndU1YL2NTYW9NSGdWOFIyQlN4cWtpd3dtZjRwM0RUT2hSdjB0cjZDK0p4XG54T1A4b0ltdnNZWElRS0RiQVZjZkhkUHFmclRzZTUwSnl6aEJ2VUY4dkxqdmFrNVZvQXIvcThwd1Z4UFdDbWhSXG5rVG9iVy8xcnRXbWQrSmpmanZ5ejlLbnBqTlJlc0cyVnNyL0hhM1BKQW9HQVVmNWMxVzl2RTg3R2lDUXA0RjMyXG5HY1FUVnNzQmQyZzFMcVRaUkFkdmtncXQ2ejBtbDA4RTRtcGpsdXEzMW5HWC9xZERzdVVWeTRiTmszK2U2bis0XG5ZUk85MUhMcHh0YnFRN1MxUUxUS1paMEFmR0M5SFZMMTJna3hxaFZKRlNMN0xtM0ErdHZEQWRBMzkyOG84Q3luXG4yNDU1MHRTOXpSaDdFMDRqZjlQUUduTT1cbi0tLS0tRU5EIFBSSVZBVEUgS0VZLS0tLS1cbiIsCiAgImNsaWVudF9lbWFpbCI6ICJnY3ItcmVhZGVyQGRlaW1vcy1pbnRlcm5hbC1wbGF5Z3JvdW5kLmlhbS5nc2VydmljZWFjY291bnQuY29tIiwKICAiY2xpZW50X2lkIjogIjExMjc4MTMwNDMzMzMyODQ2ODY1NiIsCiAgImF1dGhfdXJpIjogImh0dHBzOi8vYWNjb3VudHMuZ29vZ2xlLmNvbS9vL29hdXRoMi9hdXRoIiwKICAidG9rZW5fdXJpIjogImh0dHBzOi8vb2F1dGgyLmdvb2dsZWFwaXMuY29tL3Rva2VuIiwKICAiYXV0aF9wcm92aWRlcl94NTA5X2NlcnRfdXJsIjogImh0dHBzOi8vd3d3Lmdvb2dsZWFwaXMuY29tL29hdXRoMi92MS9jZXJ0cyIsCiAgImNsaWVudF94NTA5X2NlcnRfdXJsIjogImh0dHBzOi8vd3d3Lmdvb2dsZWFwaXMuY29tL3JvYm90L3YxL21ldGFkYXRhL3g1MDkvZ2NyLXJlYWRlciU0MGRlaW1vcy1pbnRlcm5hbC1wbGF5Z3JvdW5kLmlhbS5nc2VydmljZWFjY291bnQuY29tIgp9Cg==",
            "private_key_type": "TYPE_GOOGLE_CREDENTIALS_FILE",
            "public_key": "LS0tLS1CRUdJTiBDRVJUSUZJQ0FURS0tLS0tCk1JSUMvRENDQWVTZ0F3SUJBZ0lJR1dRU3ZsZXF4MUV3RFFZSktvWklodmNOQVFFRkJRQXdJREVlTUJ3R0ExVUUKQXhNVk1URXlOemd4TXpBME16TXpNekk0TkRZNE5qVTJNQ0FYRFRJeE1USXlOREV3TXpneE5sb1lEems1T1RreApNak14TWpNMU9UVTVXakFnTVI0d0hBWURWUVFERXhVeE1USTNPREV6TURRek16TXpNamcwTmpnMk5UWXdnZ0VpCk1BMEdDU3FHU0liM0RRRUJBUVVBQTRJQkR3QXdnZ0VLQW9JQkFRQ21uQjE3cUV0dkpKSk9WSmxSKzh0ZzRwS3EKRVBJRXNhaUZxc1lJVFZ6UWJ3aGJWTFNLYnZOL3pZNHljUmNTWXV3OThLdXFWeFIxRlB4SUhnS3ovQi9lbWFBKwpuRlh1ZHY4TG9zMVlLMmprN1A2OWt2OGo2eG1oRUJvYzI5SGFYTWJpTnF0YlBFbVNoWVF5dUNTMHhVNStLWmFGCjJQdnBkTUdoaDF2UmJvWXBqMlBOU3BQVk9jN1JJOXNFeW9WbHh3N2dKclk0K0tXc0FncVMrWElDTnpDcDdMdU0KU0Z2aERIWVhVL3pqdy92Nm9lRE43MTUxSmNjMVYwU3NLdVVDenVNRkhMdmw1VWlxcExGYk44VzFJL1g0d3hFRQpOM1I3SlVNbHE1RnpyM2NhUWlIV2VoejBSaUdZd0V3L2kzK2Q5akdtTUtHVzNCdWJPLzNEeVROY0FBbGZBZ01CCkFBR2pPREEyTUF3R0ExVWRFd0VCL3dRQ01BQXdEZ1lEVlIwUEFRSC9CQVFEQWdlQU1CWUdBMVVkSlFFQi93UU0KTUFvR0NDc0dBUVVGQndNQ01BMEdDU3FHU0liM0RRRUJCUVVBQTRJQkFRQ0RDdWVBZkdLemFzNWtIbmxhSU8zVwpuRWFJdHFEUmdXdHZRb2FLOU5CRGFCd1planJaV0pMSURwRjFYR0FlRXBXeVcyUmdYem54WlJnUS9XQjhXNXo2CmRlVFprb09yRlpxOHhSSUFvclZCYnJ5WDNycjNIaGVCZVhTeEV2ejNoMU94OTRLR3pGVWlJcFNaKzZaM0hDd1kKTWplVko3Y0pDWllpQW9sb1lRN1NlUkZJRGpqbE9EUmdGWHNSVWhmZ0VpWWZ5dHdHOTd5WjVvRElDSDRmMDk0UQpENXJ1d2R0R0VQZjVENjd2cnN3UHUvL3JPVDJuMjBEQmF3RzNWQ3ZIN2FMRHdZQVpOaGFNZW45M1pLUFNYRG9ECnhRV2NNWFdKUDhjYWJyTkFQZktGc1BuVWVwY29CQjI0eGxtOTNvRkZWblo5TzdYNEVQSS9IM1hvdUkzYjd1bzcKLS0tLS1FTkQgQ0VSVElGSUNBVEUtLS0tLQo=",
            "public_key_data": null,
            "public_key_type": "TYPE_X509_PEM_FILE",
            "service_account_id": "gcr-reader@deimos-internal-playground.iam.gserviceaccount.com",
            "valid_after": "2021-12-24T10:38:16Z",
            "valid_before": "9999-12-31T23:59:59Z"
          },
          "sensitive_attributes": [],
          "private": "bnVsbA==",
          "dependencies": [
            "module.gcr_reader_service_account.google_service_account.service_accounts"
          ]
        }
      ]
    },
    {
      "module": "module.private_gitlab_runner",
      "mode": "managed",
      "type": "helm_release",
      "name": "gitlab_runner",
      "provider": "provider[\"registry.terraform.io/hashicorp/helm\"]",
      "instances": [
        {
          "schema_version": 0,
          "attributes": {
            "atomic": false,
            "chart": "gitlab-runner",
            "cleanup_on_fail": false,
            "create_namespace": true,
            "dependency_update": false,
            "description": null,
            "devel": null,
            "disable_crd_hooks": false,
            "disable_openapi_validation": false,
            "disable_webhooks": false,
            "force_update": false,
            "id": "terraform-team-test-runner",
            "keyring": null,
            "lint": false,
            "max_history": 0,
            "metadata": [
              {
                "app_version": "13.11.0-rc1",
                "chart": "gitlab-runner",
                "name": "terraform-team-test-runner",
                "namespace": "gitlab-runner",
                "revision": 1,
                "values": "{\"concurrent\":10,\"gitlabUrl\":\"http://34.139.41.59\",\"image\":\"gitlab/gitlab-runner:alpine-v13.11.0-rc1\",\"rbac\":{\"clusterWideAccess\":false,\"create\":true,\"serviceAccountAnnotations\":{},\"serviceAccountName\":\"gitlab-runner\",\"tolerations\":{\"effect\":\"NO_EXECUTE\",\"key\":\"gitlab-runner\",\"operator\":\"Equal\",\"value\":true}},\"runnerRegistrationToken\":\"qm1useaEhiWRymnrgduX\",\"runners\":{\"config\":\"  [[runners]]\\n      [runners.kubernetes]\\n      image = \\\"ubuntu-os-cloud/ubuntu-1804-lts\\\"\\n      priviledged = false\\n      image_pull_secrets = [\\\"dev-gcr-key\\\"]\\n      [runners.kubernetes.affinity]\\n      [runners.kubernetes.pod_labels]\\n      [runners.kubernetes.pod_security_context]\\n        fs_group = 412\\n      [runners.kubernetes.volumes]\\n        [[runners.kubernetes.volumes.host_path]]\\n          name = \\\"docker-socket\\\"\\n          mount_path = \\\"/var/run/docker.sock\\\"\\n          read_only = true\\n          host_path = \\\"/var/run/docker.sock\\\"\\n\",\"locked\":\"true\",\"runUntagged\":false,\"tags\":\"runner-private\"}}",
                "version": "0.28.0-rc1"
              }
            ],
            "name": "terraform-team-test-runner",
            "namespace": "gitlab-runner",
            "postrender": [],
            "recreate_pods": false,
            "render_subchart_notes": true,
            "replace": false,
            "repository": "https://charts.gitlab.io",
            "repository_ca_file": null,
            "repository_cert_file": null,
            "repository_key_file": null,
            "repository_password": null,
            "repository_username": null,
            "reset_values": false,
            "reuse_values": false,
            "set": [
              {
                "name": "concurrent",
                "type": "",
                "value": "10"
              },
              {
                "name": "gitlabUrl",
                "type": "string",
                "value": "http://34.139.41.59"
              },
              {
                "name": "image",
                "type": "",
                "value": "gitlab/gitlab-runner:alpine-v13.11.0-rc1"
              },
              {
                "name": "runnerRegistrationToken",
                "type": "",
                "value": "qm1useaEhiWRymnrgduX"
              },
              {
                "name": "runners.config",
                "type": "string",
                "value": "  [[runners]]\n      [runners.kubernetes]\n      image = \"ubuntu-os-cloud/ubuntu-1804-lts\"\n      priviledged = false\n      image_pull_secrets = [\"dev-gcr-key\"]\n      [runners.kubernetes.affinity]\n      [runners.kubernetes.pod_labels]\n      [runners.kubernetes.pod_security_context]\n        fs_group = 412\n      [runners.kubernetes.volumes]\n        [[runners.kubernetes.volumes.host_path]]\n          name = \"docker-socket\"\n          mount_path = \"/var/run/docker.sock\"\n          read_only = true\n          host_path = \"/var/run/docker.sock\"\n"
              },
              {
                "name": "runners.locked",
                "type": "string",
                "value": "true"
              },
              {
                "name": "runners.runUntagged",
                "type": "",
                "value": "false"
              },
              {
                "name": "runners.tags",
                "type": "string",
                "value": "runner-private"
              }
            ],
            "set_sensitive": [],
            "set_string": [],
            "skip_crds": false,
            "status": "deployed",
            "timeout": 300,
            "values": [
              "\"rbac\":\n  \"clusterWideAccess\": false\n  \"create\": true\n  \"serviceAccountAnnotations\": {}\n  \"serviceAccountName\": \"gitlab-runner\"\n  \"tolerations\":\n    \"effect\": \"NO_EXECUTE\"\n    \"key\": \"gitlab-runner\"\n    \"operator\": \"Equal\"\n    \"value\": true\n",
              ""
            ],
            "verify": false,
            "version": "0.28.0-rc1",
            "wait": true
          },
          "sensitive_attributes": [
            [
              {
                "type": "get_attr",
                "value": "set"
              }
            ]
          ],
          "private": "bnVsbA==",
          "dependencies": [
            "data.google_secret_manager_secret_version.private_gke_runner_registration_token"
          ]
        }
      ]
    },
    {
      "module": "module.private_gke_cluster",
      "mode": "data",
      "type": "google_container_engine_versions",
      "name": "location",
      "provider": "provider[\"registry.terraform.io/hashicorp/google\"]",
      "instances": [
        {
          "schema_version": 0,
          "attributes": {
            "default_cluster_version": "1.21.5-gke.1302",
            "id": "2021-12-22 06:13:43.607773 +0000 UTC",
            "latest_master_version": "1.21.6-gke.1500",
            "latest_node_version": "1.21.6-gke.1500",
            "location": "us-east1",
            "project": "deimos-internal-playground",
            "release_channel_default_version": {
              "RAPID": "1.22.3-gke.700",
              "REGULAR": "1.21.5-gke.1302",
              "STABLE": "1.20.11-gke.1300"
            },
            "valid_master_versions": [
              "1.21.6-gke.1500",
              "1.21.5-gke.1802",
              "1.21.5-gke.1302",
              "1.20.12-gke.1500",
              "1.20.11-gke.1801",
              "1.20.11-gke.1300",
              "1.20.10-gke.2100",
              "1.20.10-gke.1600",
              "1.19.16-gke.1500",
              "1.19.15-gke.1801",
              "1.19.15-gke.1300"
            ],
            "valid_node_versions": [
              "1.21.6-gke.1500",
              "1.21.5-gke.1802",
              "1.21.5-gke.1302",
              "1.21.5-gke.1300",
              "1.21.4-gke.2302",
              "1.21.4-gke.2300",
              "1.21.3-gke.2003",
              "1.21.3-gke.2001",
              "1.20.12-gke.1500",
              "1.20.11-gke.1801",
              "1.20.11-gke.1300",
              "1.20.10-gke.2100",
              "1.20.10-gke.1600",
              "1.20.10-gke.301",
              "1.20.9-gke.2100",
              "1.20.9-gke.1001",
              "1.20.9-gke.1000",
              "1.20.9-gke.701",
              "1.20.9-gke.700",
              "1.20.8-gke.2101",
              "1.20.8-gke.2100",
              "1.20.8-gke.900",
              "1.20.8-gke.700",
              "1.20.7-gke.2200",
              "1.20.7-gke.1800",
              "1.20.6-gke.1400",
              "1.20.6-gke.1000",
              "1.19.16-gke.1500",
              "1.19.15-gke.1801",
              "1.19.15-gke.1300",
              "1.19.15-gke.500",
              "1.19.14-gke.2300",
              "1.19.14-gke.1900",
              "1.19.14-gke.301",
              "1.19.14-gke.300",
              "1.19.13-gke.1900",
              "1.19.13-gke.1200",
              "1.19.13-gke.701",
              "1.19.13-gke.700",
              "1.19.12-gke.2101",
              "1.19.12-gke.2100",
              "1.19.12-gke.1100",
              "1.19.12-gke.900",
              "1.19.12-gke.700",
              "1.19.11-gke.2101",
              "1.19.11-gke.2100",
              "1.19.11-gke.1701",
              "1.19.11-gke.1700",
              "1.19.10-gke.1701",
              "1.19.10-gke.1700",
              "1.19.10-gke.1601",
              "1.19.10-gke.1600",
              "1.19.10-gke.1001",
              "1.19.10-gke.1000",
              "1.19.9-gke.1900",
              "1.19.9-gke.1400",
              "1.19.9-gke.700",
              "1.19.9-gke.100",
              "1.19.8-gke.2000",
              "1.19.8-gke.1600",
              "1.19.8-gke.1000",
              "1.19.7-gke.2503",
              "1.19.7-gke.1500",
              "1.19.7-gke.1302",
              "1.19.7-gke.800",
              "1.19.6-gke.1700",
              "1.19.6-gke.1100",
              "1.19.6-gke.600",
              "1.18.20-gke.6000",
              "1.18.20-gke.4501",
              "1.18.20-gke.4500",
              "1.18.20-gke.4100",
              "1.18.20-gke.3300",
              "1.18.20-gke.3001",
              "1.18.20-gke.3000",
              "1.18.20-gke.2300",
              "1.18.20-gke.901",
              "1.18.20-gke.900",
              "1.18.20-gke.501",
              "1.18.19-gke.2101",
              "1.18.19-gke.2100",
              "1.18.19-gke.1701",
              "1.18.19-gke.1700",
              "1.18.18-gke.1701",
              "1.18.18-gke.1700",
              "1.18.18-gke.1101",
              "1.18.18-gke.1100",
              "1.18.17-gke.1901",
              "1.18.17-gke.1900",
              "1.18.17-gke.1201",
              "1.18.17-gke.1200",
              "1.18.17-gke.700",
              "1.18.17-gke.100",
              "1.18.16-gke.2100",
              "1.18.16-gke.1201",
              "1.18.16-gke.1200",
              "1.18.16-gke.502",
              "1.18.16-gke.500",
              "1.18.16-gke.302",
              "1.18.16-gke.300",
              "1.18.15-gke.2500",
              "1.18.15-gke.1502",
              "1.18.15-gke.1501",
              "1.18.15-gke.1500",
              "1.18.15-gke.1102",
              "1.18.15-gke.1100",
              "1.18.15-gke.800",
              "1.18.14-gke.1600",
              "1.18.14-gke.1200",
              "1.18.12-gke.1210",
              "1.18.12-gke.1206",
              "1.18.12-gke.1205",
              "1.18.12-gke.1201",
              "1.18.12-gke.1200",
              "1.18.12-gke.300",
              "1.18.10-gke.2701",
              "1.18.10-gke.2101",
              "1.18.10-gke.1500",
              "1.18.10-gke.601",
              "1.18.9-gke.2501",
              "1.18.9-gke.1501",
              "1.18.9-gke.801",
              "1.18.6-gke.4801",
              "1.18.6-gke.3504",
              "1.18.6-gke.3503",
              "1.17.17-gke.9100",
              "1.17.17-gke.8500",
              "1.17.17-gke.8200",
              "1.17.17-gke.7800",
              "1.17.17-gke.7200",
              "1.17.17-gke.6700",
              "1.17.17-gke.6000",
              "1.17.17-gke.5400",
              "1.17.17-gke.4900",
              "1.17.17-gke.4400",
              "1.17.17-gke.3700",
              "1.17.17-gke.3000",
              "1.17.17-gke.2800",
              "1.17.17-gke.2500",
              "1.17.17-gke.1500",
              "1.17.17-gke.1101",
              "1.17.17-gke.1100",
              "1.17.17-gke.600",
              "1.17.16-gke.1600",
              "1.17.16-gke.1300",
              "1.17.15-gke.800",
              "1.17.15-gke.300",
              "1.17.14-gke.1600",
              "1.17.14-gke.1200",
              "1.17.14-gke.400",
              "1.17.13-gke.2600",
              "1.17.13-gke.2001",
              "1.17.13-gke.1401",
              "1.17.13-gke.1400",
              "1.17.13-gke.600",
              "1.17.12-gke.2502",
              "1.17.12-gke.1504",
              "1.17.12-gke.1501",
              "1.17.12-gke.500",
              "1.17.9-gke.6300",
              "1.17.9-gke.1504",
              "1.16.15-gke.14800",
              "1.16.15-gke.12500",
              "1.16.15-gke.11800",
              "1.16.15-gke.10600",
              "1.16.15-gke.7801",
              "1.16.15-gke.7800",
              "1.16.15-gke.7300",
              "1.16.15-gke.6900",
              "1.16.15-gke.6000",
              "1.16.15-gke.5500",
              "1.16.15-gke.4901",
              "1.16.15-gke.4301",
              "1.16.15-gke.4300",
              "1.16.15-gke.3500",
              "1.16.15-gke.2601",
              "1.16.15-gke.1600",
              "1.16.15-gke.500",
              "1.16.13-gke.404",
              "1.16.13-gke.403",
              "1.16.13-gke.401",
              "1.16.13-gke.400",
              "1.16.13-gke.1",
              "1.16.11-gke.5",
              "1.16.10-gke.8",
              "1.16.9-gke.6",
              "1.16.9-gke.2",
              "1.16.8-gke.15",
              "1.16.8-gke.12",
              "1.16.8-gke.9",
              "1.15.12-gke.6002",
              "1.15.12-gke.6001",
              "1.15.12-gke.5000",
              "1.15.12-gke.4002",
              "1.15.12-gke.4000",
              "1.15.12-gke.20",
              "1.15.12-gke.17",
              "1.15.12-gke.16",
              "1.15.12-gke.13",
              "1.15.12-gke.9",
              "1.15.12-gke.6",
              "1.15.12-gke.3",
              "1.15.12-gke.2",
              "1.15.11-gke.17",
              "1.15.11-gke.15",
              "1.15.11-gke.13",
              "1.15.11-gke.12",
              "1.15.11-gke.11",
              "1.15.11-gke.9",
              "1.15.11-gke.5",
              "1.15.11-gke.3",
              "1.15.11-gke.1",
              "1.15.9-gke.26",
              "1.15.9-gke.24",
              "1.15.9-gke.22",
              "1.15.9-gke.12",
              "1.15.9-gke.9",
              "1.15.9-gke.8",
              "1.15.8-gke.3",
              "1.15.8-gke.2",
              "1.15.7-gke.23",
              "1.15.7-gke.2",
              "1.15.4-gke.22",
              "1.14.10-gke.1504",
              "1.14.10-gke.902",
              "1.14.10-gke.50",
              "1.14.10-gke.46",
              "1.14.10-gke.45",
              "1.14.10-gke.42",
              "1.14.10-gke.41",
              "1.14.10-gke.40",
              "1.14.10-gke.37",
              "1.14.10-gke.36",
              "1.14.10-gke.34",
              "1.14.10-gke.32",
              "1.14.10-gke.31",
              "1.14.10-gke.27",
              "1.14.10-gke.24",
              "1.14.10-gke.22",
              "1.14.10-gke.21",
              "1.14.10-gke.17",
              "1.14.10-gke.0",
              "1.14.9-gke.23",
              "1.14.9-gke.2",
              "1.14.9-gke.0",
              "1.14.8-gke.33",
              "1.14.8-gke.21",
              "1.14.8-gke.18",
              "1.14.8-gke.17",
              "1.14.8-gke.14",
              "1.14.8-gke.12",
              "1.14.8-gke.7",
              "1.14.8-gke.2",
              "1.14.7-gke.40",
              "1.14.7-gke.25",
              "1.14.7-gke.23",
              "1.14.7-gke.17",
              "1.14.7-gke.14",
              "1.14.7-gke.10",
              "1.14.6-gke.13",
              "1.14.6-gke.2",
              "1.14.6-gke.1",
              "1.14.3-gke.11",
              "1.14.3-gke.10",
              "1.14.3-gke.9",
              "1.14.2-gke.9",
              "1.14.1-gke.5",
              "1.13.12-gke.30",
              "1.13.12-gke.25",
              "1.13.12-gke.17",
              "1.13.12-gke.16",
              "1.13.12-gke.14",
              "1.13.12-gke.13",
              "1.13.12-gke.10",
              "1.13.12-gke.8",
              "1.13.12-gke.4",
              "1.13.12-gke.2",
              "1.13.11-gke.23",
              "1.13.11-gke.15",
              "1.13.11-gke.14",
              "1.13.11-gke.12",
              "1.13.11-gke.11",
              "1.13.11-gke.9",
              "1.13.11-gke.5",
              "1.13.10-gke.7",
              "1.13.10-gke.0",
              "1.13.9-gke.11",
              "1.13.9-gke.3",
              "1.13.7-gke.24",
              "1.13.7-gke.19",
              "1.13.7-gke.15",
              "1.13.7-gke.8",
              "1.13.7-gke.0",
              "1.13.6-gke.13",
              "1.13.6-gke.6",
              "1.13.6-gke.5",
              "1.13.6-gke.0",
              "1.13.5-gke.10",
              "1.12.10-gke.22",
              "1.12.10-gke.20",
              "1.12.10-gke.19",
              "1.12.10-gke.18",
              "1.12.10-gke.17",
              "1.12.10-gke.15",
              "1.12.10-gke.13",
              "1.12.10-gke.11",
              "1.12.10-gke.5",
              "1.12.9-gke.16",
              "1.12.9-gke.15",
              "1.12.9-gke.13",
              "1.12.9-gke.10",
              "1.12.9-gke.7",
              "1.12.9-gke.3",
              "1.12.8-gke.12",
              "1.12.8-gke.10",
              "1.12.8-gke.7",
              "1.12.8-gke.6",
              "1.12.7-gke.26",
              "1.12.7-gke.25",
              "1.12.7-gke.24",
              "1.12.7-gke.22",
              "1.12.7-gke.21",
              "1.12.7-gke.17",
              "1.12.7-gke.10",
              "1.12.7-gke.7",
              "1.12.6-gke.11",
              "1.12.6-gke.10",
              "1.12.6-gke.7",
              "1.12.5-gke.10",
              "1.12.5-gke.5",
              "1.11.10-gke.6",
              "1.11.10-gke.5"
            ],
            "version_prefix": null
          },
          "sensitive_attributes": []
        }
      ]
    },
    {
      "module": "module.private_gke_cluster",
      "mode": "managed",
      "type": "google_container_cluster",
      "name": "cluster",
      "provider": "provider[\"registry.terraform.io/hashicorp/google-beta\"]",
      "instances": []
    },
    {
      "module": "module.private_gke_imagepullsecret",
      "mode": "data",
      "type": "google_secret_manager_secret_version",
      "name": "registry_password",
      "provider": "provider[\"registry.terraform.io/hashicorp/google\"]",
      "instances": [
        {
          "schema_version": 0,
          "attributes": {
            "create_time": "2021-12-23T12:58:47.134819Z",
            "destroy_time": null,
            "enabled": true,
            "id": "projects/1078903377667/secrets/DEV_AUTH_REGISTERY_PASSWORD/versions/1",
            "name": "projects/1078903377667/secrets/DEV_AUTH_REGISTERY_PASSWORD/versions/1",
            "project": "deimos-internal-playground",
            "secret": "DEV_AUTH_REGISTERY_PASSWORD",
            "secret_data": "{\n  \"type\": \"service_account\",\n  \"project_id\": \"deimos-internal-playground\",\n  \"private_key_id\": \"d020058d8c244b6234aac593388815fd4fa24401\",\n  \"private_key\": \"-----BEGIN PRIVATE KEY-----\\nMIIEvQIBADANBgkqhkiG9w0BAQEFAASCBKcwggSjAgEAAoIBAQDtU1suGMhpIqjF\\n6OsP4OOQvwW9uXQ5NGou6GBjzsjzD564q8QcHbOvTQuGBe4NXj7kQoY1CKQmaKUU\\n4OdW4Q0XCLRATL0kzzTuz00Qq/1PKQZfAaSZeTMjIzVc+d2RluXQCcPpij3h1QDq\\ns2ZLbPDun2lrtjQ47dOKmSs5SQQGPSacmdWHeRSwhq04DIaYJqzYkpg4U1PyaBB3\\nMli8tJ/PKL2quESVQAQwcWgO7IlgrRyX+PfcVHbTBXNHq0BAQpU3pYCES5+XcZHF\\no2OW4/fg2pZSs5zrc5olgeHLi7qzbdyqoZCLictlk7STb0CaBVvIBgwwigc1M3KG\\nASLmZuK1AgMBAAECggEAGfFOuk9DORrs0BWR/H5c4em/uumW5tnv8Yi9YKuuE8PV\\nWeKM4XXtum/1noTvbM6smU8cVJfJOdmekhWztC+NusLc0VqSIn/0DVbj2bqzSf/2\\nDlSjpZM2H9UtdChsLAoOvRsUK2dNNG6QVxedSwlxnOQYJgoY01BMG456xxxQME4x\\nEGoNNQTHfUo5PiRBR6m6ClFeYqPB52txOlsz+QrkH85zTtfIttEOXCOAxXP5ahn+\\nvIGTEDRPGch468XJw0pyYnEvF8/+UgczP0mn6zzsCOvq1MFNgiD43h2iocrg9vJ5\\nZnFBpKYaV8kQmOVmQpT4dTL6VbFqGHFWW+M55koGAQKBgQD7IamEEDS2A87m+Rdj\\nT131xAV7SpD57YEJa6u0ZBpoFJOr7X0I2d8dMH7c5UnRBI/aC220/3Yp2TMqjkf+\\nGKHQLmChnzGcp2akVMvjZxfCKZr1buJwcan/lqTC0upU4ovgY2V1TLvqjFS59l3p\\nctXN2BqtLQugOXrX3JwniUJpFQKBgQDx7S1LWlKlNil2MC556DG2gcaxAtZX541i\\nCBR+vrMwoOeTVjTRJqkvtkSzJpt4iSkYAeJTPKiUzGH7YvT/yyPtBtrBsz/QRAkG\\nFHjnpB5IFrtrsX+earDEwc2Dnoa2gpLJN49K6w1g2kSKMe/HybuGJByO36AkmB1G\\nSP+TZQG7IQKBgBEBiI8u4cLpoxs1BwZsm3pHGe/tbr/d+3z905TVqowdyJo97Neq\\nmVdKr2yaAlOrMWqcl4NIQWI4GSTqmal1VY/ZdCW9uAhZtbOvIld15b/6PUodhiwD\\nJnXuZ53h1oiFBt/dG0PEPH13n00wh8+FPUFBPx03DbB98/mmMNTkkKC5AoGAWnwb\\nNNPTlXdsiof62h2+ekSPzCUDhl1UxBXBlKY+3zFPbAwSNSgAn5fMmjUWcT7b397U\\nh81oQD8xZpTcjc+s4DpwF4Kzm3HW7i86CWmY6d2Wu/DnipjdBLp344KnYBv2Ssw9\\nDAheOJtqh0WmKVOKj+FxzP5XJ1i9mkwzSy28OAECgYEA0plju4R5jR0574F2Qqry\\nptIec3Bn1eOGf+o0eQo7UiPgWwzkHfwn0LzYgjSPqVKLHQYe9+kQ8ue4mLLnQIpd\\nV05kpWq9PcadITlR/TeEII7VqQw31iUt4fqqE9/RuBr0Ns2YDyhoG/PsNhrRfEws\\ndEkqj/MwsMxsCGO2rdvYuMs=\\n-----END PRIVATE KEY-----\\n\",\n  \"client_email\": \"terraform-team-test-gke-sa@deimos-internal-playground.iam.gserviceaccount.com\",\n  \"client_id\": \"116941460993985354299\",\n  \"auth_uri\": \"https://accounts.google.com/o/oauth2/auth\",\n  \"token_uri\": \"https://oauth2.googleapis.com/token\",\n  \"auth_provider_x509_cert_url\": \"https://www.googleapis.com/oauth2/v1/certs\",\n  \"client_x509_cert_url\": \"https://www.googleapis.com/robot/v1/metadata/x509/terraform-team-test-gke-sa%40deimos-internal-playground.iam.gserviceaccount.com\"\n}\n",
            "version": "1"
          },
          "sensitive_attributes": []
        }
      ]
    },
    {
      "module": "module.private_gke_imagepullsecret",
      "mode": "data",
      "type": "google_secret_manager_secret_version",
      "name": "registry_server",
      "provider": "provider[\"registry.terraform.io/hashicorp/google\"]",
      "instances": [
        {
          "schema_version": 0,
          "attributes": {
            "create_time": "2021-12-23T12:53:18.448306Z",
            "destroy_time": null,
            "enabled": true,
            "id": "projects/1078903377667/secrets/DEV_AUTH_REGISTERY_SERVER/versions/1",
            "name": "projects/1078903377667/secrets/DEV_AUTH_REGISTERY_SERVER/versions/1",
            "project": "deimos-internal-playground",
            "secret": "DEV_AUTH_REGISTERY_SERVER",
            "secret_data": "https://us.gcr.io/",
            "version": "1"
          },
          "sensitive_attributes": []
        }
      ]
    },
    {
      "module": "module.private_gke_imagepullsecret",
      "mode": "data",
      "type": "google_secret_manager_secret_version",
      "name": "registry_username",
      "provider": "provider[\"registry.terraform.io/hashicorp/google\"]",
      "instances": [
        {
          "schema_version": 0,
          "attributes": {
            "create_time": "2021-12-23T12:56:04.726497Z",
            "destroy_time": null,
            "enabled": true,
            "id": "projects/1078903377667/secrets/DEV_AUTH_REGISTERY_USERNAME/versions/1",
            "name": "projects/1078903377667/secrets/DEV_AUTH_REGISTERY_USERNAME/versions/1",
            "project": "deimos-internal-playground",
            "secret": "DEV_AUTH_REGISTERY_USERNAME",
            "secret_data": " _json_key",
            "version": "1"
          },
          "sensitive_attributes": []
        }
      ]
    },
    {
      "module": "module.private_vpc",
      "mode": "managed",
      "type": "google_compute_subnetwork",
      "name": "vpc_subnetwork_public",
      "provider": "provider[\"registry.terraform.io/hashicorp/google\"]",
      "instances": []
    }
  ]
}
