{
  "version": 4,
  "terraform_version": "1.0.11",
  "serial": 233,
  "lineage": "fb95a9d8-059c-9a8f-2ba1-cdad2b663766",
  "outputs": {},
  "resources": [
    {
      "mode": "data",
      "type": "google_secret_manager_secret_version",
      "name": "private_gke_runner_registration_token",
      "provider": "provider[\"registry.terraform.io/hashicorp/google\"]",
      "instances": [
        {
          "schema_version": 0,
          "attributes": {
            "create_time": "2022-01-09T15:36:27.257307Z",
            "destroy_time": null,
            "enabled": true,
            "id": "projects/1078903377667/secrets/private_gke_runner_registration_token/versions/1",
            "name": "projects/1078903377667/secrets/private_gke_runner_registration_token/versions/1",
            "project": "deimos-internal-playground",
            "secret": "private_gke_runner_registration_token",
            "secret_data": "6MmY9HWVTmAted8oqDJd",
            "version": "1"
          },
          "sensitive_attributes": []
        }
      ]
    },
    {
      "mode": "data",
      "type": "google_secret_manager_secret_version",
      "name": "registry_password",
      "provider": "provider[\"registry.terraform.io/hashicorp/google\"]",
      "instances": [
        {
          "schema_version": 0,
          "attributes": {
            "create_time": "2021-12-23T12:58:47.134819Z",
            "destroy_time": null,
            "enabled": true,
            "id": "projects/1078903377667/secrets/DEV_AUTH_REGISTERY_PASSWORD/versions/1",
            "name": "projects/1078903377667/secrets/DEV_AUTH_REGISTERY_PASSWORD/versions/1",
            "project": "deimos-internal-playground",
            "secret": "DEV_AUTH_REGISTERY_PASSWORD",
            "secret_data": "{\n  \"type\": \"service_account\",\n  \"project_id\": \"deimos-internal-playground\",\n  \"private_key_id\": \"d020058d8c244b6234aac593388815fd4fa24401\",\n  \"private_key\": \"-----BEGIN PRIVATE KEY-----\\nMIIEvQIBADANBgkqhkiG9w0BAQEFAASCBKcwggSjAgEAAoIBAQDtU1suGMhpIqjF\\n6OsP4OOQvwW9uXQ5NGou6GBjzsjzD564q8QcHbOvTQuGBe4NXj7kQoY1CKQmaKUU\\n4OdW4Q0XCLRATL0kzzTuz00Qq/1PKQZfAaSZeTMjIzVc+d2RluXQCcPpij3h1QDq\\ns2ZLbPDun2lrtjQ47dOKmSs5SQQGPSacmdWHeRSwhq04DIaYJqzYkpg4U1PyaBB3\\nMli8tJ/PKL2quESVQAQwcWgO7IlgrRyX+PfcVHbTBXNHq0BAQpU3pYCES5+XcZHF\\no2OW4/fg2pZSs5zrc5olgeHLi7qzbdyqoZCLictlk7STb0CaBVvIBgwwigc1M3KG\\nASLmZuK1AgMBAAECggEAGfFOuk9DORrs0BWR/H5c4em/uumW5tnv8Yi9YKuuE8PV\\nWeKM4XXtum/1noTvbM6smU8cVJfJOdmekhWztC+NusLc0VqSIn/0DVbj2bqzSf/2\\nDlSjpZM2H9UtdChsLAoOvRsUK2dNNG6QVxedSwlxnOQYJgoY01BMG456xxxQME4x\\nEGoNNQTHfUo5PiRBR6m6ClFeYqPB52txOlsz+QrkH85zTtfIttEOXCOAxXP5ahn+\\nvIGTEDRPGch468XJw0pyYnEvF8/+UgczP0mn6zzsCOvq1MFNgiD43h2iocrg9vJ5\\nZnFBpKYaV8kQmOVmQpT4dTL6VbFqGHFWW+M55koGAQKBgQD7IamEEDS2A87m+Rdj\\nT131xAV7SpD57YEJa6u0ZBpoFJOr7X0I2d8dMH7c5UnRBI/aC220/3Yp2TMqjkf+\\nGKHQLmChnzGcp2akVMvjZxfCKZr1buJwcan/lqTC0upU4ovgY2V1TLvqjFS59l3p\\nctXN2BqtLQugOXrX3JwniUJpFQKBgQDx7S1LWlKlNil2MC556DG2gcaxAtZX541i\\nCBR+vrMwoOeTVjTRJqkvtkSzJpt4iSkYAeJTPKiUzGH7YvT/yyPtBtrBsz/QRAkG\\nFHjnpB5IFrtrsX+earDEwc2Dnoa2gpLJN49K6w1g2kSKMe/HybuGJByO36AkmB1G\\nSP+TZQG7IQKBgBEBiI8u4cLpoxs1BwZsm3pHGe/tbr/d+3z905TVqowdyJo97Neq\\nmVdKr2yaAlOrMWqcl4NIQWI4GSTqmal1VY/ZdCW9uAhZtbOvIld15b/6PUodhiwD\\nJnXuZ53h1oiFBt/dG0PEPH13n00wh8+FPUFBPx03DbB98/mmMNTkkKC5AoGAWnwb\\nNNPTlXdsiof62h2+ekSPzCUDhl1UxBXBlKY+3zFPbAwSNSgAn5fMmjUWcT7b397U\\nh81oQD8xZpTcjc+s4DpwF4Kzm3HW7i86CWmY6d2Wu/DnipjdBLp344KnYBv2Ssw9\\nDAheOJtqh0WmKVOKj+FxzP5XJ1i9mkwzSy28OAECgYEA0plju4R5jR0574F2Qqry\\nptIec3Bn1eOGf+o0eQo7UiPgWwzkHfwn0LzYgjSPqVKLHQYe9+kQ8ue4mLLnQIpd\\nV05kpWq9PcadITlR/TeEII7VqQw31iUt4fqqE9/RuBr0Ns2YDyhoG/PsNhrRfEws\\ndEkqj/MwsMxsCGO2rdvYuMs=\\n-----END PRIVATE KEY-----\\n\",\n  \"client_email\": \"terraform-team-test-gke-sa@deimos-internal-playground.iam.gserviceaccount.com\",\n  \"client_id\": \"116941460993985354299\",\n  \"auth_uri\": \"https://accounts.google.com/o/oauth2/auth\",\n  \"token_uri\": \"https://oauth2.googleapis.com/token\",\n  \"auth_provider_x509_cert_url\": \"https://www.googleapis.com/oauth2/v1/certs\",\n  \"client_x509_cert_url\": \"https://www.googleapis.com/robot/v1/metadata/x509/terraform-team-test-gke-sa%40deimos-internal-playground.iam.gserviceaccount.com\"\n}\n",
            "version": "1"
          },
          "sensitive_attributes": []
        }
      ]
    },
    {
      "mode": "data",
      "type": "google_secret_manager_secret_version",
      "name": "registry_server",
      "provider": "provider[\"registry.terraform.io/hashicorp/google\"]",
      "instances": [
        {
          "schema_version": 0,
          "attributes": {
            "create_time": "2021-12-23T12:53:18.448306Z",
            "destroy_time": null,
            "enabled": true,
            "id": "projects/1078903377667/secrets/DEV_AUTH_REGISTERY_SERVER/versions/1",
            "name": "projects/1078903377667/secrets/DEV_AUTH_REGISTERY_SERVER/versions/1",
            "project": "deimos-internal-playground",
            "secret": "DEV_AUTH_REGISTERY_SERVER",
            "secret_data": "https://us.gcr.io/",
            "version": "1"
          },
          "sensitive_attributes": []
        }
      ]
    },
    {
      "mode": "data",
      "type": "google_secret_manager_secret_version",
      "name": "registry_username",
      "provider": "provider[\"registry.terraform.io/hashicorp/google\"]",
      "instances": [
        {
          "schema_version": 0,
          "attributes": {
            "create_time": "2021-12-23T12:56:04.726497Z",
            "destroy_time": null,
            "enabled": true,
            "id": "projects/1078903377667/secrets/DEV_AUTH_REGISTERY_USERNAME/versions/1",
            "name": "projects/1078903377667/secrets/DEV_AUTH_REGISTERY_USERNAME/versions/1",
            "project": "deimos-internal-playground",
            "secret": "DEV_AUTH_REGISTERY_USERNAME",
            "secret_data": " _json_key",
            "version": "1"
          },
          "sensitive_attributes": []
        }
      ]
    },
    {
      "mode": "managed",
      "type": "random_id",
      "name": "this",
      "provider": "provider[\"registry.terraform.io/hashicorp/random\"]",
      "instances": [
        {
          "schema_version": 0,
          "attributes": {
            "b64_std": "VMN/6vQDTdI=",
            "b64_url": "VMN_6vQDTdI",
            "byte_length": 8,
            "dec": "6107866166737456594",
            "hex": "54c37feaf4034dd2",
            "id": "VMN_6vQDTdI",
            "keepers": null,
            "prefix": null
          },
          "sensitive_attributes": [],
          "private": "bnVsbA=="
        }
      ]
    },
    {
      "module": "module.gcr_reader_service_account",
      "mode": "data",
      "type": "template_file",
      "name": "keys",
      "provider": "provider[\"registry.terraform.io/hashicorp/template\"]",
      "instances": [
        {
          "index_key": "gcr-reader",
          "schema_version": 0,
          "attributes": {
            "filename": null,
            "id": "bea7c3b25074698b3526dc831ea4caba609752d895aafda1be2f05d8ebc15651",
            "rendered": "{\n  \"type\": \"service_account\",\n  \"project_id\": \"deimos-internal-playground\",\n  \"private_key_id\": \"eb6c53e6d988dc56a88cc53f7e9a3243d0c5c8da\",\n  \"private_key\": \"-----BEGIN PRIVATE KEY-----\\nMIIEvQIBADANBgkqhkiG9w0BAQEFAASCBKcwggSjAgEAAoIBAQC0IZDiUpber75k\\nFGW4azDA9BtFraPKVMjbDa2e1zEPwNSccoiJylVcXyHpkfpnBwIsfIlxBSSg+zt1\\nb0gVS9wgz4vuUwcDZ4g465x5yhr/UVcL4yBCCoFULGXtn3T/HM9mUj5bNAfYPmJB\\nQoffuSNONESfKFtzgHOlfzgIeVQri4iVSpMRyG7p1g1GgHbkx6mFj4U7KAlQ+imX\\nPgQM4jU4qpmK490g28uCqqNsiwVb+i1ssBj04s3o/R+Dj+7S6KO1i5Lm4oksncze\\nXhTActGS+daQ2sdSnSChURafJhizBgN/a+GAEoc61snoQqHObKmB79KmvP3P4Vyd\\nwiRMbYDbAgMBAAECggEATzoIOJMsymsv6WLTTqbOvb9gE2iJBt/9q+M7PwbVDGG6\\n4ci6Zyh4HPW2u726DgCWIyzvYqdpceiuQTudz8ga3M+Mc1lPV179GlP+8c5Dy5Ji\\nH9dZA9MNCRGyDy64TdDFI/L+fCzJWoItwxhZHLyYW7g/imU8u/N+agcnhQqgS7oJ\\nc4vEizmbrY4uoHxYWeENpJyc63Whk5VtdO4qOP96CKj11SG2iZmeM1sQP6j4woAF\\nEWwiWpEtjPHvaNJs0OtVdkEOf5a+AEfpN6Tnncumk4INCvtrgyoB+CkIGNXW8fwR\\nxG+JSrL4yUDdlunjTnpTTFlXk07P9hgvog4+vNqbCQKBgQDcpAFkv4E2NX0T2J9M\\nP0KMr3RoYmMPtyo7SqKjE5Prh/VYaR5V6lwuIjz5DzRTzTlatioOLeElwc05kioB\\num9bM3unFP1flVDznoHBq4SNuBoNen/0UzJfeMKLo7emmmwoKvDEzAIa0bmgSr9B\\nVxhVmffEwRtI9kXVJbn/2/B5DQKBgQDQ/54+fDa64iPhirMA8ETuvvofjgwT0PAL\\nesiXbopA1+jby/4IflG39VGqqP7WVJVcyOWfk0cbS+XIGHD3+xo08kxFXzpmFuNT\\nsHkQ7/lIhmreZuBW55oZUgXlEKz/bsipq7xdVGKGkpMI88fd1GF7lxLQXw08xLe6\\ntgzXolOXhwKBgQDBINmLa0lZvuYVuhZtsi25YVbei8g0GFrh/UlwvxFKJ/6sfY6t\\nG2/Gffeq9hESjV93tF4JfUVHPGU70GHuk1cnmF/S9z91LAjoxcTEVjK3rf837xMT\\nNMOx5806V3rIXQDxA+0uBXiOKyd1VBgmxGqrexLyaSlN6ytjEBvIBqdt/QKBgCt2\\njTUXZdZVgvq7emBelydDRgbb5n0UfWcVwLNlRJEZlY5oDMs9Yccs2C/ydxShgHJM\\nQRx/Z1Ew5ndHRe78JEYQgXYHyMBEUEAuOe8gyKmhcoYPxOWtwmkzmpA5eJCiPE60\\nrTaHfvnXb4Z0FAN40FEAaOQ2cC1MB51nkKIjWtjvAoGAUlUEEUnhgVWNvUSy0qGo\\nhKALPh08Cxgnmxy/bclMkcrKcHIZqtnkWIABiDGOJBFwyCRa0VGoSm6DAs2eLovn\\nSUTehA+vbmAJ+sv1Yb9t3iVawj8UApQG+N8PsAYL8iKLHDJTPBDhO3O3BGs7ceKW\\nb2dfbXTb/VvXNtmjY9GtT7o=\\n-----END PRIVATE KEY-----\\n\",\n  \"client_email\": \"team-test-sa-gcr-reader@deimos-internal-playground.iam.gserviceaccount.com\",\n  \"client_id\": \"104070380383000832243\",\n  \"auth_uri\": \"https://accounts.google.com/o/oauth2/auth\",\n  \"token_uri\": \"https://oauth2.googleapis.com/token\",\n  \"auth_provider_x509_cert_url\": \"https://www.googleapis.com/oauth2/v1/certs\",\n  \"client_x509_cert_url\": \"https://www.googleapis.com/robot/v1/metadata/x509/team-test-sa-gcr-reader%40deimos-internal-playground.iam.gserviceaccount.com\"\n}\n",
            "template": "${key}",
            "vars": {
              "key": "{\n  \"type\": \"service_account\",\n  \"project_id\": \"deimos-internal-playground\",\n  \"private_key_id\": \"eb6c53e6d988dc56a88cc53f7e9a3243d0c5c8da\",\n  \"private_key\": \"-----BEGIN PRIVATE KEY-----\\nMIIEvQIBADANBgkqhkiG9w0BAQEFAASCBKcwggSjAgEAAoIBAQC0IZDiUpber75k\\nFGW4azDA9BtFraPKVMjbDa2e1zEPwNSccoiJylVcXyHpkfpnBwIsfIlxBSSg+zt1\\nb0gVS9wgz4vuUwcDZ4g465x5yhr/UVcL4yBCCoFULGXtn3T/HM9mUj5bNAfYPmJB\\nQoffuSNONESfKFtzgHOlfzgIeVQri4iVSpMRyG7p1g1GgHbkx6mFj4U7KAlQ+imX\\nPgQM4jU4qpmK490g28uCqqNsiwVb+i1ssBj04s3o/R+Dj+7S6KO1i5Lm4oksncze\\nXhTActGS+daQ2sdSnSChURafJhizBgN/a+GAEoc61snoQqHObKmB79KmvP3P4Vyd\\nwiRMbYDbAgMBAAECggEATzoIOJMsymsv6WLTTqbOvb9gE2iJBt/9q+M7PwbVDGG6\\n4ci6Zyh4HPW2u726DgCWIyzvYqdpceiuQTudz8ga3M+Mc1lPV179GlP+8c5Dy5Ji\\nH9dZA9MNCRGyDy64TdDFI/L+fCzJWoItwxhZHLyYW7g/imU8u/N+agcnhQqgS7oJ\\nc4vEizmbrY4uoHxYWeENpJyc63Whk5VtdO4qOP96CKj11SG2iZmeM1sQP6j4woAF\\nEWwiWpEtjPHvaNJs0OtVdkEOf5a+AEfpN6Tnncumk4INCvtrgyoB+CkIGNXW8fwR\\nxG+JSrL4yUDdlunjTnpTTFlXk07P9hgvog4+vNqbCQKBgQDcpAFkv4E2NX0T2J9M\\nP0KMr3RoYmMPtyo7SqKjE5Prh/VYaR5V6lwuIjz5DzRTzTlatioOLeElwc05kioB\\num9bM3unFP1flVDznoHBq4SNuBoNen/0UzJfeMKLo7emmmwoKvDEzAIa0bmgSr9B\\nVxhVmffEwRtI9kXVJbn/2/B5DQKBgQDQ/54+fDa64iPhirMA8ETuvvofjgwT0PAL\\nesiXbopA1+jby/4IflG39VGqqP7WVJVcyOWfk0cbS+XIGHD3+xo08kxFXzpmFuNT\\nsHkQ7/lIhmreZuBW55oZUgXlEKz/bsipq7xdVGKGkpMI88fd1GF7lxLQXw08xLe6\\ntgzXolOXhwKBgQDBINmLa0lZvuYVuhZtsi25YVbei8g0GFrh/UlwvxFKJ/6sfY6t\\nG2/Gffeq9hESjV93tF4JfUVHPGU70GHuk1cnmF/S9z91LAjoxcTEVjK3rf837xMT\\nNMOx5806V3rIXQDxA+0uBXiOKyd1VBgmxGqrexLyaSlN6ytjEBvIBqdt/QKBgCt2\\njTUXZdZVgvq7emBelydDRgbb5n0UfWcVwLNlRJEZlY5oDMs9Yccs2C/ydxShgHJM\\nQRx/Z1Ew5ndHRe78JEYQgXYHyMBEUEAuOe8gyKmhcoYPxOWtwmkzmpA5eJCiPE60\\nrTaHfvnXb4Z0FAN40FEAaOQ2cC1MB51nkKIjWtjvAoGAUlUEEUnhgVWNvUSy0qGo\\nhKALPh08Cxgnmxy/bclMkcrKcHIZqtnkWIABiDGOJBFwyCRa0VGoSm6DAs2eLovn\\nSUTehA+vbmAJ+sv1Yb9t3iVawj8UApQG+N8PsAYL8iKLHDJTPBDhO3O3BGs7ceKW\\nb2dfbXTb/VvXNtmjY9GtT7o=\\n-----END PRIVATE KEY-----\\n\",\n  \"client_email\": \"team-test-sa-gcr-reader@deimos-internal-playground.iam.gserviceaccount.com\",\n  \"client_id\": \"104070380383000832243\",\n  \"auth_uri\": \"https://accounts.google.com/o/oauth2/auth\",\n  \"token_uri\": \"https://oauth2.googleapis.com/token\",\n  \"auth_provider_x509_cert_url\": \"https://www.googleapis.com/oauth2/v1/certs\",\n  \"client_x509_cert_url\": \"https://www.googleapis.com/robot/v1/metadata/x509/team-test-sa-gcr-reader%40deimos-internal-playground.iam.gserviceaccount.com\"\n}\n"
            }
          },
          "sensitive_attributes": [
            [
              {
                "type": "get_attr",
                "value": "vars"
              },
              {
                "type": "index",
                "value": {
                  "value": "key",
                  "type": "string"
                }
              }
            ]
          ]
        }
      ]
    },
    {
      "module": "module.gcr_reader_service_account",
      "mode": "managed",
      "type": "google_project_iam_member",
      "name": "project-roles",
      "provider": "provider[\"registry.terraform.io/hashicorp/google\"]",
      "instances": [
        {
          "index_key": "gcr-reader-deimos-internal-playground=\u003eroles/storage.objectViewer",
          "schema_version": 0,
          "attributes": {
            "condition": [],
            "etag": "BwXU/tiNTII=",
            "id": "deimos-internal-playground/roles/storage.objectViewer/serviceAccount:team-test-sa-gcr-reader@deimos-internal-playground.iam.gserviceaccount.com",
            "member": "serviceAccount:team-test-sa-gcr-reader@deimos-internal-playground.iam.gserviceaccount.com",
            "project": "deimos-internal-playground",
            "role": "roles/storage.objectViewer"
          },
          "sensitive_attributes": [],
          "private": "bnVsbA==",
          "dependencies": [
            "module.gcr_reader_service_account.google_service_account.service_accounts"
          ]
        }
      ]
    },
    {
      "module": "module.gcr_reader_service_account",
      "mode": "managed",
      "type": "google_service_account",
      "name": "service_accounts",
      "provider": "provider[\"registry.terraform.io/hashicorp/google\"]",
      "instances": [
        {
          "index_key": "gcr-reader",
          "schema_version": 0,
          "attributes": {
            "account_id": "team-test-sa-gcr-reader",
            "description": "Service Account Used by Kubernetes for Read Registry Access (Managed By Terraform)",
            "disabled": false,
            "display_name": "Terraform Managed GCR Reader Service Account",
            "email": "team-test-sa-gcr-reader@deimos-internal-playground.iam.gserviceaccount.com",
            "id": "projects/deimos-internal-playground/serviceAccounts/team-test-sa-gcr-reader@deimos-internal-playground.iam.gserviceaccount.com",
            "name": "projects/deimos-internal-playground/serviceAccounts/team-test-sa-gcr-reader@deimos-internal-playground.iam.gserviceaccount.com",
            "project": "deimos-internal-playground",
            "timeouts": null,
            "unique_id": "104070380383000832243"
          },
          "sensitive_attributes": [],
          "private": "eyJlMmJmYjczMC1lY2FhLTExZTYtOGY4OC0zNDM2M2JjN2M0YzAiOnsiY3JlYXRlIjozMDAwMDAwMDAwMDB9fQ=="
        }
      ]
    },
    {
      "module": "module.gcr_reader_service_account",
      "mode": "managed",
      "type": "google_service_account_key",
      "name": "keys",
      "provider": "provider[\"registry.terraform.io/hashicorp/google\"]",
      "instances": [
        {
          "index_key": "gcr-reader",
          "schema_version": 0,
          "attributes": {
            "id": "projects/deimos-internal-playground/serviceAccounts/team-test-sa-gcr-reader@deimos-internal-playground.iam.gserviceaccount.com/keys/eb6c53e6d988dc56a88cc53f7e9a3243d0c5c8da",
            "keepers": null,
            "key_algorithm": "KEY_ALG_RSA_2048",
            "name": "projects/deimos-internal-playground/serviceAccounts/team-test-sa-gcr-reader@deimos-internal-playground.iam.gserviceaccount.com/keys/eb6c53e6d988dc56a88cc53f7e9a3243d0c5c8da",
            "private_key": "ewogICJ0eXBlIjogInNlcnZpY2VfYWNjb3VudCIsCiAgInByb2plY3RfaWQiOiAiZGVpbW9zLWludGVybmFsLXBsYXlncm91bmQiLAogICJwcml2YXRlX2tleV9pZCI6ICJlYjZjNTNlNmQ5ODhkYzU2YTg4Y2M1M2Y3ZTlhMzI0M2QwYzVjOGRhIiwKICAicHJpdmF0ZV9rZXkiOiAiLS0tLS1CRUdJTiBQUklWQVRFIEtFWS0tLS0tXG5NSUlFdlFJQkFEQU5CZ2txaGtpRzl3MEJBUUVGQUFTQ0JLY3dnZ1NqQWdFQUFvSUJBUUMwSVpEaVVwYmVyNzVrXG5GR1c0YXpEQTlCdEZyYVBLVk1qYkRhMmUxekVQd05TY2NvaUp5bFZjWHlIcGtmcG5Cd0lzZklseEJTU2crenQxXG5iMGdWUzl3Z3o0dnVVd2NEWjRnNDY1eDV5aHIvVVZjTDR5QkNDb0ZVTEdYdG4zVC9ITTltVWo1Yk5BZllQbUpCXG5Rb2ZmdVNOT05FU2ZLRnR6Z0hPbGZ6Z0llVlFyaTRpVlNwTVJ5RzdwMWcxR2dIYmt4Nm1GajRVN0tBbFEraW1YXG5QZ1FNNGpVNHFwbUs0OTBnMjh1Q3FxTnNpd1ZiK2kxc3NCajA0czNvL1IrRGorN1M2S08xaTVMbTRva3NuY3plXG5YaFRBY3RHUytkYVEyc2RTblNDaFVSYWZKaGl6QmdOL2ErR0FFb2M2MXNub1FxSE9iS21CNzlLbXZQM1A0VnlkXG53aVJNYllEYkFnTUJBQUVDZ2dFQVR6b0lPSk1zeW1zdjZXTFRUcWJPdmI5Z0UyaUpCdC85cStNN1B3YlZER0c2XG40Y2k2WnloNEhQVzJ1NzI2RGdDV0l5enZZcWRwY2VpdVFUdWR6OGdhM00rTWMxbFBWMTc5R2xQKzhjNUR5NUppXG5IOWRaQTlNTkNSR3lEeTY0VGRERkkvTCtmQ3pKV29JdHd4aFpITHlZVzdnL2ltVTh1L04rYWdjbmhRcWdTN29KXG5jNHZFaXptYnJZNHVvSHhZV2VFTnBKeWM2M1doazVWdGRPNHFPUDk2Q0tqMTFTRzJpWm1lTTFzUVA2ajR3b0FGXG5FV3dpV3BFdGpQSHZhTkpzME90VmRrRU9mNWErQUVmcE42VG5uY3VtazRJTkN2dHJneW9CK0NrSUdOWFc4ZndSXG54RytKU3JMNHlVRGRsdW5qVG5wVFRGbFhrMDdQOWhndm9nNCt2TnFiQ1FLQmdRRGNwQUZrdjRFMk5YMFQySjlNXG5QMEtNcjNSb1ltTVB0eW83U3FLakU1UHJoL1ZZYVI1VjZsd3VJano1RHpSVHpUbGF0aW9PTGVFbHdjMDVraW9CXG51bTliTTN1bkZQMWZsVkR6bm9IQnE0U051Qm9OZW4vMFV6SmZlTUtMbzdlbW1td29LdkRFekFJYTBibWdTcjlCXG5WeGhWbWZmRXdSdEk5a1hWSmJuLzIvQjVEUUtCZ1FEUS81NCtmRGE2NGlQaGlyTUE4RVR1dnZvZmpnd1QwUEFMXG5lc2lYYm9wQTEramJ5LzRJZmxHMzlWR3FxUDdXVkpWY3lPV2ZrMGNiUytYSUdIRDMreG8wOGt4Rlh6cG1GdU5UXG5zSGtRNy9sSWhtcmVadUJXNTVvWlVnWGxFS3ovYnNpcHE3eGRWR0tHa3BNSTg4ZmQxR0Y3bHhMUVh3MDh4TGU2XG50Z3pYb2xPWGh3S0JnUURCSU5tTGEwbFp2dVlWdWhadHNpMjVZVmJlaThnMEdGcmgvVWx3dnhGS0ovNnNmWTZ0XG5HMi9HZmZlcTloRVNqVjkzdEY0SmZVVkhQR1U3MEdIdWsxY25tRi9TOXo5MUxBam94Y1RFVmpLM3JmODM3eE1UXG5OTU94NTgwNlYzcklYUUR4QSswdUJYaU9LeWQxVkJnbXhHcXJleEx5YVNsTjZ5dGpFQnZJQnFkdC9RS0JnQ3QyXG5qVFVYWmRaVmd2cTdlbUJlbHlkRFJnYmI1bjBVZldjVndMTmxSSkVabFk1b0RNczlZY2NzMkMveWR4U2hnSEpNXG5RUngvWjFFdzVuZEhSZTc4SkVZUWdYWUh5TUJFVUVBdU9lOGd5S21oY29ZUHhPV3R3bWt6bXBBNWVKQ2lQRTYwXG5yVGFIZnZuWGI0WjBGQU40MEZFQWFPUTJjQzFNQjUxbmtLSWpXdGp2QW9HQVVsVUVFVW5oZ1ZXTnZVU3kwcUdvXG5oS0FMUGgwOEN4Z25teHkvYmNsTWtjcktjSElacXRua1dJQUJpREdPSkJGd3lDUmEwVkdvU202REFzMmVMb3ZuXG5TVVRlaEErdmJtQUorc3YxWWI5dDNpVmF3ajhVQXBRRytOOFBzQVlMOGlLTEhESlRQQkRoTzNPM0JHczdjZUtXXG5iMmRmYlhUYi9WdlhOdG1qWTlHdFQ3bz1cbi0tLS0tRU5EIFBSSVZBVEUgS0VZLS0tLS1cbiIsCiAgImNsaWVudF9lbWFpbCI6ICJ0ZWFtLXRlc3Qtc2EtZ2NyLXJlYWRlckBkZWltb3MtaW50ZXJuYWwtcGxheWdyb3VuZC5pYW0uZ3NlcnZpY2VhY2NvdW50LmNvbSIsCiAgImNsaWVudF9pZCI6ICIxMDQwNzAzODAzODMwMDA4MzIyNDMiLAogICJhdXRoX3VyaSI6ICJodHRwczovL2FjY291bnRzLmdvb2dsZS5jb20vby9vYXV0aDIvYXV0aCIsCiAgInRva2VuX3VyaSI6ICJodHRwczovL29hdXRoMi5nb29nbGVhcGlzLmNvbS90b2tlbiIsCiAgImF1dGhfcHJvdmlkZXJfeDUwOV9jZXJ0X3VybCI6ICJodHRwczovL3d3dy5nb29nbGVhcGlzLmNvbS9vYXV0aDIvdjEvY2VydHMiLAogICJjbGllbnRfeDUwOV9jZXJ0X3VybCI6ICJodHRwczovL3d3dy5nb29nbGVhcGlzLmNvbS9yb2JvdC92MS9tZXRhZGF0YS94NTA5L3RlYW0tdGVzdC1zYS1nY3ItcmVhZGVyJTQwZGVpbW9zLWludGVybmFsLXBsYXlncm91bmQuaWFtLmdzZXJ2aWNlYWNjb3VudC5jb20iCn0K",
            "private_key_type": "TYPE_GOOGLE_CREDENTIALS_FILE",
            "public_key": "LS0tLS1CRUdJTiBDRVJUSUZJQ0FURS0tLS0tCk1JSUMvRENDQWVTZ0F3SUJBZ0lJSkk2TnNDQStsV2d3RFFZSktvWklodmNOQVFFRkJRQXdJREVlTUJ3R0ExVUUKQXhNVk1UQTBNRGN3TXpnd016Z3pNREF3T0RNeU1qUXpNQ0FYRFRJeU1ERXdOekUwTWpBME1Gb1lEems1T1RreApNak14TWpNMU9UVTVXakFnTVI0d0hBWURWUVFERXhVeE1EUXdOekF6T0RBek9ETXdNREE0TXpJeU5ETXdnZ0VpCk1BMEdDU3FHU0liM0RRRUJBUVVBQTRJQkR3QXdnZ0VLQW9JQkFRQzBJWkRpVXBiZXI3NWtGR1c0YXpEQTlCdEYKcmFQS1ZNamJEYTJlMXpFUHdOU2Njb2lKeWxWY1h5SHBrZnBuQndJc2ZJbHhCU1NnK3p0MWIwZ1ZTOXdnejR2dQpVd2NEWjRnNDY1eDV5aHIvVVZjTDR5QkNDb0ZVTEdYdG4zVC9ITTltVWo1Yk5BZllQbUpCUW9mZnVTTk9ORVNmCktGdHpnSE9sZnpnSWVWUXJpNGlWU3BNUnlHN3AxZzFHZ0hia3g2bUZqNFU3S0FsUStpbVhQZ1FNNGpVNHFwbUsKNDkwZzI4dUNxcU5zaXdWYitpMXNzQmowNHMzby9SK0RqKzdTNktPMWk1TG00b2tzbmN6ZVhoVEFjdEdTK2RhUQoyc2RTblNDaFVSYWZKaGl6QmdOL2ErR0FFb2M2MXNub1FxSE9iS21CNzlLbXZQM1A0Vnlkd2lSTWJZRGJBZ01CCkFBR2pPREEyTUF3R0ExVWRFd0VCL3dRQ01BQXdEZ1lEVlIwUEFRSC9CQVFEQWdlQU1CWUdBMVVkSlFFQi93UU0KTUFvR0NDc0dBUVVGQndNQ01BMEdDU3FHU0liM0RRRUJCUVVBQTRJQkFRQml1aER5djhUOGNqeHRSa3pNZi9jaQowbzhJMGF0NzZRdFl5S24vbEdxdHZrbll0NC9ZaEg4TzRZcVhhclZTcDNscWxUNDlqV2ZiYnM1M3hQd1FwUkRICmhGMHdJdlNlb2RDTC9SR01XSm9kWkcveFd1Zi9nSlJWOVp0aWtZQjZBK0hDZFYwWjJ3WlNMUEdNb3g2eC93My8KNm4zNGwzcGlvek4wME5SbVpzUU5SaVg0WHdSU1RNVUdqbnZ2YUY1aTZwRjBaOWtMcHpPclcwTXhNcVVXaFlYRApjSk44T2pCeG1mUXQ0STcyQWlMNUR5dW85Ym00MHNvTTJBZkRHN1N2MDU2S3BQeHl5Ky9FUGpqb3V3L3JrYUlPCnNET1FNQllsWU51Sm1lenVDOE0vOFpUd1RVSEtKK2VlZ3NOVzVTRzZpbUF1ZE5Td2o5NzNRL0MwaUVkbHUyWEoKLS0tLS1FTkQgQ0VSVElGSUNBVEUtLS0tLQo=",
            "public_key_data": null,
            "public_key_type": "TYPE_X509_PEM_FILE",
            "service_account_id": "team-test-sa-gcr-reader@deimos-internal-playground.iam.gserviceaccount.com",
            "valid_after": "2022-01-07T14:20:40Z",
            "valid_before": "9999-12-31T23:59:59Z"
          },
          "sensitive_attributes": [],
          "private": "bnVsbA==",
          "dependencies": [
            "module.gcr_reader_service_account.google_service_account.service_accounts"
          ]
        }
      ]
    },
    {
      "module": "module.gitlab_runner",
      "mode": "managed",
      "type": "helm_release",
      "name": "gitlab_runner",
      "provider": "provider[\"registry.terraform.io/hashicorp/helm\"]",
      "instances": [
        {
          "schema_version": 0,
          "attributes": {
            "atomic": false,
            "chart": "gitlab-runner",
            "cleanup_on_fail": false,
            "create_namespace": true,
            "dependency_update": false,
            "description": null,
            "devel": null,
            "disable_crd_hooks": false,
            "disable_openapi_validation": false,
            "disable_webhooks": false,
            "force_update": false,
            "id": "gitlab-runner",
            "keyring": null,
            "lint": false,
            "max_history": 0,
            "metadata": [
              {
                "app_version": "13.11.0-rc1",
                "chart": "gitlab-runner",
                "name": "gitlab-runner",
                "namespace": "gitlab-runner",
                "revision": 1,
                "values": "{\"concurrent\":10,\"gitlabUrl\":\"https://gitlab.patriciadev.com/\",\"image\":\"gitlab/gitlab-runner:alpine-v13.11.0-rc1\",\"rbac\":{\"clusterWideAccess\":true,\"create\":true,\"serviceAccountAnnotations\":{},\"serviceAccountName\":\"gitlab-runner\",\"tolerations\":{\"k8s.gitlab.ci/dedicated=true\":\"NoSchedule\"}},\"runnerRegistrationToken\":\"6MmY9HWVTmAted8oqDJd\",\"runners\":{\"config\":\"  [[runners]]\\n      cache_dir = \\\"/tmp/gitlab/cache\\\"\\n      [runners.kubernetes]\\n      image = \\\"ubuntu-os-cloud/ubuntu-1804-lts\\\"\\n      priviledged = false\\n      image_pull_secrets = [\\\"dev-gcr-key\\\"]\\n      [runners.kubernetes.affinity]\\n      [runners.kubernetes.node_selector]\\n      \\\"node-kind\\\" = \\\"gitlab-runner\\\"\\n      [runners.kubernetes.pod_labels]\\n      [runners.kubernetes.pod_security_context]\\n        fs_group = 412\\n      [runners.kubernetes.volumes]\\n        [[runners.kubernetes.volumes.host_path]]\\n          name = \\\"docker-socket\\\"\\n          mount_path = \\\"/var/run/docker.sock\\\"\\n          read_only = true\\n          host_path = \\\"/var/run/docker.sock\\\"\\n        [[runners.kubernetes.volumes.host_path]]\\n          name = \\\"cache\\\"\\n          mount_path = \\\"/tmp/gitlab/cache\\\"\\n          host_path = \\\"/tmp/gitlab/cache\\\"\\n\",\"locked\":\"true\",\"runUntagged\":false,\"tags\":\"runner-private\"}}",
                "version": "0.28.0-rc1"
              }
            ],
            "name": "gitlab-runner",
            "namespace": "gitlab-runner",
            "postrender": [],
            "recreate_pods": false,
            "render_subchart_notes": true,
            "replace": false,
            "repository": "https://charts.gitlab.io",
            "repository_ca_file": null,
            "repository_cert_file": null,
            "repository_key_file": null,
            "repository_password": null,
            "repository_username": null,
            "reset_values": false,
            "reuse_values": false,
            "set": [
              {
                "name": "concurrent",
                "type": "",
                "value": "10"
              },
              {
                "name": "gitlabUrl",
                "type": "string",
                "value": "https://gitlab.patriciadev.com/"
              },
              {
                "name": "image",
                "type": "",
                "value": "gitlab/gitlab-runner:alpine-v13.11.0-rc1"
              },
              {
                "name": "runnerRegistrationToken",
                "type": "",
                "value": "6MmY9HWVTmAted8oqDJd"
              },
              {
                "name": "runners.config",
                "type": "string",
                "value": "  [[runners]]\n      cache_dir = \"/tmp/gitlab/cache\"\n      [runners.kubernetes]\n      image = \"ubuntu-os-cloud/ubuntu-1804-lts\"\n      priviledged = false\n      image_pull_secrets = [\"dev-gcr-key\"]\n      [runners.kubernetes.affinity]\n      [runners.kubernetes.node_selector]\n      \"node-kind\" = \"gitlab-runner\"\n      [runners.kubernetes.pod_labels]\n      [runners.kubernetes.pod_security_context]\n        fs_group = 412\n      [runners.kubernetes.volumes]\n        [[runners.kubernetes.volumes.host_path]]\n          name = \"docker-socket\"\n          mount_path = \"/var/run/docker.sock\"\n          read_only = true\n          host_path = \"/var/run/docker.sock\"\n        [[runners.kubernetes.volumes.host_path]]\n          name = \"cache\"\n          mount_path = \"/tmp/gitlab/cache\"\n          host_path = \"/tmp/gitlab/cache\"\n"
              },
              {
                "name": "runners.locked",
                "type": "string",
                "value": "true"
              },
              {
                "name": "runners.runUntagged",
                "type": "",
                "value": "false"
              },
              {
                "name": "runners.tags",
                "type": "string",
                "value": "runner-private"
              }
            ],
            "set_sensitive": [],
            "set_string": [],
            "skip_crds": false,
            "status": "deployed",
            "timeout": 300,
            "values": [
              "\"rbac\":\n  \"clusterWideAccess\": true\n  \"create\": true\n  \"serviceAccountAnnotations\": {}\n  \"serviceAccountName\": \"gitlab-runner\"\n  \"tolerations\":\n    \"k8s.gitlab.ci/dedicated=true\": \"NoSchedule\"\n",
              ""
            ],
            "verify": false,
            "version": "0.28.0-rc1",
            "wait": true
          },
          "sensitive_attributes": [
            [
              {
                "type": "get_attr",
                "value": "set"
              }
            ]
          ],
          "private": "bnVsbA==",
          "dependencies": [
            "data.google_secret_manager_secret_version.private_gke_runner_registration_token",
            "module.private_gke_cluster.data.google_container_engine_versions.location",
            "module.private_gke_cluster.google_container_cluster.cluster",
            "module.private_vpc.google_compute_network.vpc",
            "module.private_vpc.google_compute_subnetwork.vpc_subnetwork_public"
          ]
        }
      ]
    },
    {
      "module": "module.gitlab_server",
      "mode": "managed",
      "type": "google_compute_address",
      "name": "static",
      "provider": "provider[\"registry.terraform.io/hashicorp/google\"]",
      "instances": [
        {
          "schema_version": 0,
          "attributes": {
            "address": "34.73.22.111",
            "address_type": "EXTERNAL",
            "creation_timestamp": "2021-12-18T06:36:27.186-08:00",
            "description": "",
            "id": "projects/deimos-internal-playground/regions/us-east1/addresses/gitlab-server",
            "name": "gitlab-server",
            "network": "",
            "network_tier": "PREMIUM",
            "prefix_length": 0,
            "project": "deimos-internal-playground",
            "purpose": "",
            "region": "us-east1",
            "self_link": "https://www.googleapis.com/compute/v1/projects/deimos-internal-playground/regions/us-east1/addresses/gitlab-server",
            "subnetwork": "",
            "timeouts": {
              "create": null,
              "delete": null
            },
            "users": []
          },
          "sensitive_attributes": [],
          "private": "eyJlMmJmYjczMC1lY2FhLTExZTYtOGY4OC0zNDM2M2JjN2M0YzAiOnsiY3JlYXRlIjoyNDAwMDAwMDAwMDAsImRlbGV0ZSI6MjQwMDAwMDAwMDAwfSwic2NoZW1hX3ZlcnNpb24iOiIwIn0="
        }
      ]
    },
    {
      "module": "module.gitlab_server",
      "mode": "managed",
      "type": "google_compute_firewall",
      "name": "rules",
      "provider": "provider[\"registry.terraform.io/hashicorp/google\"]",
      "instances": [
        {
          "schema_version": 1,
          "attributes": {
            "allow": [
              {
                "ports": [
                  "80",
                  "22"
                ],
                "protocol": "tcp"
              }
            ],
            "creation_timestamp": "2022-01-01T13:13:27.824-08:00",
            "deny": [],
            "description": "Creates firewall rule targeting tagged instances",
            "destination_ranges": [],
            "direction": "INGRESS",
            "disabled": false,
            "enable_logging": null,
            "id": "projects/deimos-internal-playground/global/firewalls/my-firewall-rule",
            "log_config": [],
            "name": "my-firewall-rule",
            "network": "https://www.googleapis.com/compute/v1/projects/deimos-internal-playground/global/networks/terraform-team-test-private-vpc-network",
            "priority": 1000,
            "project": "deimos-internal-playground",
            "self_link": "https://www.googleapis.com/compute/v1/projects/deimos-internal-playground/global/firewalls/my-firewall-rule",
            "source_ranges": [
              "0.0.0.0/0"
            ],
            "source_service_accounts": [],
            "source_tags": [],
            "target_service_accounts": [],
            "target_tags": [],
            "timeouts": {
              "create": null,
              "delete": null,
              "update": null
            }
          },
          "sensitive_attributes": [],
          "private": "eyJlMmJmYjczMC1lY2FhLTExZTYtOGY4OC0zNDM2M2JjN2M0YzAiOnsiY3JlYXRlIjoyNDAwMDAwMDAwMDAsImRlbGV0ZSI6MjQwMDAwMDAwMDAwLCJ1cGRhdGUiOjI0MDAwMDAwMDAwMH0sInNjaGVtYV92ZXJzaW9uIjoiMSJ9",
          "dependencies": [
            "module.private_vpc.google_compute_network.vpc"
          ]
        }
      ]
    },
    {
      "module": "module.gitlab_server",
      "mode": "managed",
      "type": "google_compute_instance",
      "name": "gitlab-server",
      "provider": "provider[\"registry.terraform.io/hashicorp/google\"]",
      "instances": [
        {
          "schema_version": 6,
          "attributes": {
            "advanced_machine_features": [],
            "allow_stopping_for_update": null,
            "attached_disk": [],
            "boot_disk": [
              {
                "auto_delete": true,
                "device_name": "persistent-disk-0",
                "disk_encryption_key_raw": "",
                "disk_encryption_key_sha256": "",
                "initialize_params": [
                  {
                    "image": "https://www.googleapis.com/compute/v1/projects/ubuntu-os-cloud/global/images/ubuntu-1804-bionic-v20211214",
                    "labels": {},
                    "size": 10,
                    "type": "pd-standard"
                  }
                ],
                "kms_key_self_link": "",
                "mode": "READ_WRITE",
                "source": "https://www.googleapis.com/compute/v1/projects/deimos-internal-playground/zones/us-east1-c/disks/test-gitlab-server"
              }
            ],
            "can_ip_forward": false,
            "confidential_instance_config": [],
            "cpu_platform": "Intel Cascade Lake",
            "current_status": "RUNNING",
            "deletion_protection": false,
            "description": "",
            "desired_status": null,
            "enable_display": false,
            "guest_accelerator": [],
            "hostname": "",
            "id": "projects/deimos-internal-playground/zones/us-east1-c/instances/test-gitlab-server",
            "instance_id": "3010041246073088658",
            "label_fingerprint": "42WmSpB8rSM=",
            "labels": {},
            "machine_type": "n2-standard-4",
            "metadata": {
              "foo": "bar"
            },
            "metadata_fingerprint": "cQWK5VBBWMY=",
            "metadata_startup_script": "#install and configure the neccessary dependencies\nsudo apt-get update\nsudo apt-get install -y curl openssh-server ca-certificates tzdata perl\n\n#add GitLab package repository\ncurl https://packages.gitlab.com/install/repositories/gitlab/gitlab-ce/script.deb.sh | sudo bash\n\n\n#reconfigure the gitlab-ctl\nsudo gitlab-ctl reconfigure\n\n#get the latest version of paostgres\nsudo gitlab-ctl pg-upgrade\n\n#restart gitlab-ctl\nsudo gitlab-ctl restart\n\n#the URL at which you want to access your GitLab instance\n#sudo EXTERNAL_URL=\"http://34.138.145.66\" apt-get install gitlab-ce\n  \n    \n  \n\n",
            "min_cpu_platform": "",
            "name": "test-gitlab-server",
            "network_interface": [
              {
                "access_config": [
                  {
                    "nat_ip": "34.139.186.114",
                    "network_tier": "PREMIUM",
                    "public_ptr_domain_name": ""
                  }
                ],
                "alias_ip_range": [],
                "ipv6_access_config": [],
                "ipv6_access_type": "",
                "name": "nic0",
                "network": "https://www.googleapis.com/compute/v1/projects/deimos-internal-playground/global/networks/terraform-team-test-private-vpc-network",
                "network_ip": "10.8.0.17",
                "nic_type": "",
                "stack_type": "IPV4_ONLY",
                "subnetwork": "https://www.googleapis.com/compute/v1/projects/deimos-internal-playground/regions/us-east1/subnetworks/terraform-team-test-private-vpc-subnetwork-public",
                "subnetwork_project": "deimos-internal-playground"
              }
            ],
            "project": "deimos-internal-playground",
            "reservation_affinity": [],
            "resource_policies": [],
            "scheduling": [
              {
                "automatic_restart": true,
                "min_node_cpus": 0,
                "node_affinities": [],
                "on_host_maintenance": "MIGRATE",
                "preemptible": false
              }
            ],
            "scratch_disk": [
              {
                "interface": "SCSI"
              }
            ],
            "self_link": "https://www.googleapis.com/compute/v1/projects/deimos-internal-playground/zones/us-east1-c/instances/test-gitlab-server",
            "service_account": [],
            "shielded_instance_config": [
              {
                "enable_integrity_monitoring": true,
                "enable_secure_boot": false,
                "enable_vtpm": true
              }
            ],
            "tags": [
              "bar",
              "foo"
            ],
            "tags_fingerprint": "1gqCRgrww4E=",
            "timeouts": null,
            "zone": "us-east1-c"
          },
          "sensitive_attributes": [],
          "private": "eyJlMmJmYjczMC1lY2FhLTExZTYtOGY4OC0zNDM2M2JjN2M0YzAiOnsiY3JlYXRlIjoxMjAwMDAwMDAwMDAwLCJkZWxldGUiOjEyMDAwMDAwMDAwMDAsInVwZGF0ZSI6MTIwMDAwMDAwMDAwMH0sInNjaGVtYV92ZXJzaW9uIjoiNiJ9",
          "dependencies": [
            "module.private_vpc.google_compute_network.vpc",
            "module.private_vpc.google_compute_subnetwork.vpc_subnetwork_public"
          ]
        }
      ]
    },
    {
      "module": "module.gitlab_server",
      "mode": "managed",
      "type": "random_id",
      "name": "this",
      "provider": "provider[\"registry.terraform.io/hashicorp/random\"]",
      "instances": [
        {
          "schema_version": 0,
          "attributes": {
            "b64_std": "6QaioeYg6OE=",
            "b64_url": "6QaioeYg6OE",
            "byte_length": 8,
            "dec": "16791287076931823841",
            "hex": "e906a2a1e620e8e1",
            "id": "6QaioeYg6OE",
            "keepers": null,
            "prefix": null
          },
          "sensitive_attributes": [],
          "private": "bnVsbA=="
        }
      ]
    },
    {
      "module": "module.private_gke_cluster",
      "mode": "data",
      "type": "google_container_engine_versions",
      "name": "location",
      "provider": "provider[\"registry.terraform.io/hashicorp/google\"]",
      "instances": [
        {
          "schema_version": 0,
          "attributes": {
            "default_cluster_version": "1.21.5-gke.1302",
            "id": "2022-01-09 17:02:41.844286 +0000 UTC",
            "latest_master_version": "1.21.6-gke.1500",
            "latest_node_version": "1.21.6-gke.1500",
            "location": "us-east1",
            "project": "deimos-internal-playground",
            "release_channel_default_version": {
              "RAPID": "1.22.3-gke.700",
              "REGULAR": "1.21.5-gke.1302",
              "STABLE": "1.20.11-gke.1300"
            },
            "valid_master_versions": [
              "1.21.6-gke.1500",
              "1.21.5-gke.1802",
              "1.21.5-gke.1302",
              "1.20.12-gke.1500",
              "1.20.11-gke.1801",
              "1.20.11-gke.1300",
              "1.20.10-gke.2100",
              "1.20.10-gke.1600",
              "1.19.16-gke.1500",
              "1.19.15-gke.1801",
              "1.19.15-gke.1300"
            ],
            "valid_node_versions": [
              "1.21.6-gke.1500",
              "1.21.5-gke.1802",
              "1.21.5-gke.1302",
              "1.21.5-gke.1300",
              "1.21.4-gke.2302",
              "1.21.4-gke.2300",
              "1.21.3-gke.2003",
              "1.21.3-gke.2001",
              "1.20.12-gke.1500",
              "1.20.11-gke.1801",
              "1.20.11-gke.1300",
              "1.20.10-gke.2100",
              "1.20.10-gke.1600",
              "1.20.10-gke.301",
              "1.20.9-gke.2100",
              "1.20.9-gke.1001",
              "1.20.9-gke.1000",
              "1.20.9-gke.701",
              "1.20.9-gke.700",
              "1.20.8-gke.2101",
              "1.20.8-gke.2100",
              "1.20.8-gke.900",
              "1.20.8-gke.700",
              "1.20.7-gke.2200",
              "1.20.7-gke.1800",
              "1.20.6-gke.1400",
              "1.20.6-gke.1000",
              "1.19.16-gke.1500",
              "1.19.15-gke.1801",
              "1.19.15-gke.1300",
              "1.19.15-gke.500",
              "1.19.14-gke.2300",
              "1.19.14-gke.1900",
              "1.19.14-gke.301",
              "1.19.14-gke.300",
              "1.19.13-gke.1900",
              "1.19.13-gke.1200",
              "1.19.13-gke.701",
              "1.19.13-gke.700",
              "1.19.12-gke.2101",
              "1.19.12-gke.2100",
              "1.19.12-gke.1100",
              "1.19.12-gke.900",
              "1.19.12-gke.700",
              "1.19.11-gke.2101",
              "1.19.11-gke.2100",
              "1.19.11-gke.1701",
              "1.19.11-gke.1700",
              "1.19.10-gke.1701",
              "1.19.10-gke.1700",
              "1.19.10-gke.1601",
              "1.19.10-gke.1600",
              "1.19.10-gke.1001",
              "1.19.10-gke.1000",
              "1.19.9-gke.1900",
              "1.19.9-gke.1400",
              "1.19.9-gke.700",
              "1.19.9-gke.100",
              "1.19.8-gke.2000",
              "1.19.8-gke.1600",
              "1.19.8-gke.1000",
              "1.19.7-gke.2503",
              "1.19.7-gke.1500",
              "1.19.7-gke.1302",
              "1.19.7-gke.800",
              "1.19.6-gke.1700",
              "1.19.6-gke.1100",
              "1.19.6-gke.600",
              "1.18.20-gke.6000",
              "1.18.20-gke.4501",
              "1.18.20-gke.4500",
              "1.18.20-gke.4100",
              "1.18.20-gke.3300",
              "1.18.20-gke.3001",
              "1.18.20-gke.3000",
              "1.18.20-gke.2300",
              "1.18.20-gke.901",
              "1.18.20-gke.900",
              "1.18.20-gke.501",
              "1.18.19-gke.2101",
              "1.18.19-gke.2100",
              "1.18.19-gke.1701",
              "1.18.19-gke.1700",
              "1.18.18-gke.1701",
              "1.18.18-gke.1700",
              "1.18.18-gke.1101",
              "1.18.18-gke.1100",
              "1.18.17-gke.1901",
              "1.18.17-gke.1900",
              "1.18.17-gke.1201",
              "1.18.17-gke.1200",
              "1.18.17-gke.700",
              "1.18.17-gke.100",
              "1.18.16-gke.2100",
              "1.18.16-gke.1201",
              "1.18.16-gke.1200",
              "1.18.16-gke.502",
              "1.18.16-gke.500",
              "1.18.16-gke.302",
              "1.18.16-gke.300",
              "1.18.15-gke.2500",
              "1.18.15-gke.1502",
              "1.18.15-gke.1501",
              "1.18.15-gke.1500",
              "1.18.15-gke.1102",
              "1.18.15-gke.1100",
              "1.18.15-gke.800",
              "1.18.14-gke.1600",
              "1.18.14-gke.1200",
              "1.18.12-gke.1210",
              "1.18.12-gke.1206",
              "1.18.12-gke.1205",
              "1.18.12-gke.1201",
              "1.18.12-gke.1200",
              "1.18.12-gke.300",
              "1.18.10-gke.2701",
              "1.18.10-gke.2101",
              "1.18.10-gke.1500",
              "1.18.10-gke.601",
              "1.18.9-gke.2501",
              "1.18.9-gke.1501",
              "1.18.9-gke.801",
              "1.18.6-gke.4801",
              "1.18.6-gke.3504",
              "1.18.6-gke.3503",
              "1.17.17-gke.9100",
              "1.17.17-gke.8500",
              "1.17.17-gke.8200",
              "1.17.17-gke.7800",
              "1.17.17-gke.7200",
              "1.17.17-gke.6700",
              "1.17.17-gke.6000",
              "1.17.17-gke.5400",
              "1.17.17-gke.4900",
              "1.17.17-gke.4400",
              "1.17.17-gke.3700",
              "1.17.17-gke.3000",
              "1.17.17-gke.2800",
              "1.17.17-gke.2500",
              "1.17.17-gke.1500",
              "1.17.17-gke.1101",
              "1.17.17-gke.1100",
              "1.17.17-gke.600",
              "1.17.16-gke.1600",
              "1.17.16-gke.1300",
              "1.17.15-gke.800",
              "1.17.15-gke.300",
              "1.17.14-gke.1600",
              "1.17.14-gke.1200",
              "1.17.14-gke.400",
              "1.17.13-gke.2600",
              "1.17.13-gke.2001",
              "1.17.13-gke.1401",
              "1.17.13-gke.1400",
              "1.17.13-gke.600",
              "1.17.12-gke.2502",
              "1.17.12-gke.1504",
              "1.17.12-gke.1501",
              "1.17.12-gke.500",
              "1.17.9-gke.6300",
              "1.17.9-gke.1504",
              "1.16.15-gke.14800",
              "1.16.15-gke.12500",
              "1.16.15-gke.11800",
              "1.16.15-gke.10600",
              "1.16.15-gke.7801",
              "1.16.15-gke.7800",
              "1.16.15-gke.7300",
              "1.16.15-gke.6900",
              "1.16.15-gke.6000",
              "1.16.15-gke.5500",
              "1.16.15-gke.4901",
              "1.16.15-gke.4301",
              "1.16.15-gke.4300",
              "1.16.15-gke.3500",
              "1.16.15-gke.2601",
              "1.16.15-gke.1600",
              "1.16.15-gke.500",
              "1.16.13-gke.404",
              "1.16.13-gke.403",
              "1.16.13-gke.401",
              "1.16.13-gke.400",
              "1.16.13-gke.1",
              "1.16.11-gke.5",
              "1.16.10-gke.8",
              "1.16.9-gke.6",
              "1.16.9-gke.2",
              "1.16.8-gke.15",
              "1.16.8-gke.12",
              "1.16.8-gke.9",
              "1.15.12-gke.6002",
              "1.15.12-gke.6001",
              "1.15.12-gke.5000",
              "1.15.12-gke.4002",
              "1.15.12-gke.4000",
              "1.15.12-gke.20",
              "1.15.12-gke.17",
              "1.15.12-gke.16",
              "1.15.12-gke.13",
              "1.15.12-gke.9",
              "1.15.12-gke.6",
              "1.15.12-gke.3",
              "1.15.12-gke.2",
              "1.15.11-gke.17",
              "1.15.11-gke.15",
              "1.15.11-gke.13",
              "1.15.11-gke.12",
              "1.15.11-gke.11",
              "1.15.11-gke.9",
              "1.15.11-gke.5",
              "1.15.11-gke.3",
              "1.15.11-gke.1",
              "1.15.9-gke.26",
              "1.15.9-gke.24",
              "1.15.9-gke.22",
              "1.15.9-gke.12",
              "1.15.9-gke.9",
              "1.15.9-gke.8",
              "1.15.8-gke.3",
              "1.15.8-gke.2",
              "1.15.7-gke.23",
              "1.15.7-gke.2",
              "1.15.4-gke.22",
              "1.14.10-gke.1504",
              "1.14.10-gke.902",
              "1.14.10-gke.50",
              "1.14.10-gke.46",
              "1.14.10-gke.45",
              "1.14.10-gke.42",
              "1.14.10-gke.41",
              "1.14.10-gke.40",
              "1.14.10-gke.37",
              "1.14.10-gke.36",
              "1.14.10-gke.34",
              "1.14.10-gke.32",
              "1.14.10-gke.31",
              "1.14.10-gke.27",
              "1.14.10-gke.24",
              "1.14.10-gke.22",
              "1.14.10-gke.21",
              "1.14.10-gke.17",
              "1.14.10-gke.0",
              "1.14.9-gke.23",
              "1.14.9-gke.2",
              "1.14.9-gke.0",
              "1.14.8-gke.33",
              "1.14.8-gke.21",
              "1.14.8-gke.18",
              "1.14.8-gke.17",
              "1.14.8-gke.14",
              "1.14.8-gke.12",
              "1.14.8-gke.7",
              "1.14.8-gke.2",
              "1.14.7-gke.40",
              "1.14.7-gke.25",
              "1.14.7-gke.23",
              "1.14.7-gke.17",
              "1.14.7-gke.14",
              "1.14.7-gke.10",
              "1.14.6-gke.13",
              "1.14.6-gke.2",
              "1.14.6-gke.1",
              "1.14.3-gke.11",
              "1.14.3-gke.10",
              "1.14.3-gke.9",
              "1.14.2-gke.9",
              "1.14.1-gke.5",
              "1.13.12-gke.30",
              "1.13.12-gke.25",
              "1.13.12-gke.17",
              "1.13.12-gke.16",
              "1.13.12-gke.14",
              "1.13.12-gke.13",
              "1.13.12-gke.10",
              "1.13.12-gke.8",
              "1.13.12-gke.4",
              "1.13.12-gke.2",
              "1.13.11-gke.23",
              "1.13.11-gke.15",
              "1.13.11-gke.14",
              "1.13.11-gke.12",
              "1.13.11-gke.11",
              "1.13.11-gke.9",
              "1.13.11-gke.5",
              "1.13.10-gke.7",
              "1.13.10-gke.0",
              "1.13.9-gke.11",
              "1.13.9-gke.3",
              "1.13.7-gke.24",
              "1.13.7-gke.19",
              "1.13.7-gke.15",
              "1.13.7-gke.8",
              "1.13.7-gke.0",
              "1.13.6-gke.13",
              "1.13.6-gke.6",
              "1.13.6-gke.5",
              "1.13.6-gke.0",
              "1.13.5-gke.10",
              "1.12.10-gke.22",
              "1.12.10-gke.20",
              "1.12.10-gke.19",
              "1.12.10-gke.18",
              "1.12.10-gke.17",
              "1.12.10-gke.15",
              "1.12.10-gke.13",
              "1.12.10-gke.11",
              "1.12.10-gke.5",
              "1.12.9-gke.16",
              "1.12.9-gke.15",
              "1.12.9-gke.13",
              "1.12.9-gke.10",
              "1.12.9-gke.7",
              "1.12.9-gke.3",
              "1.12.8-gke.12",
              "1.12.8-gke.10",
              "1.12.8-gke.7",
              "1.12.8-gke.6",
              "1.12.7-gke.26",
              "1.12.7-gke.25",
              "1.12.7-gke.24",
              "1.12.7-gke.22",
              "1.12.7-gke.21",
              "1.12.7-gke.17",
              "1.12.7-gke.10",
              "1.12.7-gke.7",
              "1.12.6-gke.11",
              "1.12.6-gke.10",
              "1.12.6-gke.7",
              "1.12.5-gke.10",
              "1.12.5-gke.5",
              "1.11.10-gke.6",
              "1.11.10-gke.5"
            ],
            "version_prefix": null
          },
          "sensitive_attributes": []
        }
      ]
    },
    {
      "module": "module.private_gke_cluster",
      "mode": "managed",
      "type": "google_container_cluster",
      "name": "cluster",
      "provider": "provider[\"registry.terraform.io/hashicorp/google-beta\"]",
      "instances": [
        {
          "schema_version": 1,
          "attributes": {
            "addons_config": [
              {
                "cloudrun_config": [],
                "config_connector_config": [],
                "dns_cache_config": [],
                "gce_persistent_disk_csi_driver_config": [
                  {
                    "enabled": true
                  }
                ],
                "horizontal_pod_autoscaling": [
                  {
                    "disabled": false
                  }
                ],
                "http_load_balancing": [
                  {
                    "disabled": false
                  }
                ],
                "istio_config": [],
                "kalm_config": [],
                "network_policy_config": [
                  {
                    "disabled": false
                  }
                ]
              }
            ],
            "authenticator_groups_config": [],
            "cluster_autoscaling": [
              {
                "auto_provisioning_defaults": [],
                "autoscaling_profile": "BALANCED",
                "enabled": false,
                "resource_limits": []
              }
            ],
            "cluster_ipv4_cidr": "10.6.0.0/20",
            "cluster_telemetry": [
              {
                "type": "ENABLED"
              }
            ],
            "confidential_nodes": [],
            "database_encryption": [
              {
                "key_name": "",
                "state": "DECRYPTED"
              }
            ],
            "datapath_provider": "",
            "default_max_pods_per_node": 110,
            "default_snat_status": [
              {
                "disabled": false
              }
            ],
            "description": "",
            "dns_config": [],
            "enable_autopilot": false,
            "enable_binary_authorization": false,
            "enable_intranode_visibility": false,
            "enable_kubernetes_alpha": false,
            "enable_l4_ilb_subsetting": false,
            "enable_legacy_abac": false,
            "enable_shielded_nodes": false,
            "enable_tpu": false,
            "endpoint": "35.196.225.167",
            "id": "projects/deimos-internal-playground/locations/us-east1/clusters/terraform-team-test-private-gke",
            "initial_node_count": 1,
            "instance_group_urls": [
              "https://www.googleapis.com/compute/beta/projects/deimos-internal-playground/zones/us-east1-b/instanceGroups/gke-terraform-team-t-terraform-team-t-50a3c616-grp",
              "https://www.googleapis.com/compute/beta/projects/deimos-internal-playground/zones/us-east1-d/instanceGroups/gke-terraform-team-t-terraform-team-t-0eac47d2-grp",
              "https://www.googleapis.com/compute/beta/projects/deimos-internal-playground/zones/us-east1-c/instanceGroups/gke-terraform-team-t-terraform-team-t-6beadbf2-grp",
              "https://www.googleapis.com/compute/beta/projects/deimos-internal-playground/zones/us-east1-b/instanceGroups/gke-terraform-team-t-terraform-team-t-fe96fa77-grp",
              "https://www.googleapis.com/compute/beta/projects/deimos-internal-playground/zones/us-east1-d/instanceGroups/gke-terraform-team-t-terraform-team-t-40564e8e-grp",
              "https://www.googleapis.com/compute/beta/projects/deimos-internal-playground/zones/us-east1-c/instanceGroups/gke-terraform-team-t-terraform-team-t-69fe7f28-grp"
            ],
            "ip_allocation_policy": [
              {
                "cluster_ipv4_cidr_block": "10.6.0.0/20",
                "cluster_secondary_range_name": "public-cluster",
                "services_ipv4_cidr_block": "10.230.128.0/20",
                "services_secondary_range_name": "gke-terraform-team-test-private-gke-services-159daf96"
              }
            ],
            "label_fingerprint": "a9dc16a7",
            "location": "us-east1",
            "logging_config": [
              {
                "enable_components": [
                  "SYSTEM_COMPONENTS",
                  "WORKLOADS"
                ]
              }
            ],
            "logging_service": "logging.googleapis.com/kubernetes",
            "maintenance_policy": [
              {
                "daily_maintenance_window": [
                  {
                    "duration": "PT4H0M0S",
                    "start_time": "05:00"
                  }
                ],
                "maintenance_exclusion": [],
                "recurring_window": []
              }
            ],
            "master_auth": [
              {
                "client_certificate": "",
                "client_certificate_config": [
                  {
                    "issue_client_certificate": false
                  }
                ],
                "client_key": "",
                "cluster_ca_certificate": "LS0tLS1CRUdJTiBDRVJUSUZJQ0FURS0tLS0tCk1JSUVMVENDQXBXZ0F3SUJBZ0lSQUlqUzdMc1ZHZm96ZUxXRTN4Rmw0VXd3RFFZSktvWklodmNOQVFFTEJRQXcKTHpFdE1Dc0dBMVVFQXhNa05HRTFZMlEwWWpJdE16RXlPQzAwTVRrMkxUbG1ZVFF0TURsa1l6TTBPR0l5WWpjMgpNQ0FYRFRJeE1USXpNVEV6TlRJek4xb1lEekl3TlRFeE1qSTBNVFExTWpNM1dqQXZNUzB3S3dZRFZRUURFeVEwCllUVmpaRFJpTWkwek1USTRMVFF4T1RZdE9XWmhOQzB3T1dSak16UTRZakppTnpZd2dnR2lNQTBHQ1NxR1NJYjMKRFFFQkFRVUFBNElCandBd2dnR0tBb0lCZ1FDeHcxTWlXbmdoS3d1M2pxM2NSclZKejR3RG5KWEs5azN0TWc4NApRY3VSMFpHU1RiMEVuNSthMjlaYXRPZk5XbGUxM05XUFIybzBpT3hxdUdzdkxhMEIvNWxvd3pBeGJBQnpoV1VjCjVsSEhhRkxHV3NkRnBCbHAxd0dIeHp1REFhUU9tSXdOZG5ob3pUaitZRjJqclpJSGNNYUhiYi8zK21ZVU05SFAKQzMwQTJkSitYQnBrMkVodHRwcFViOThnWDl0eUhSdlpHZERFVjhIM3JnNGhQQkxvdERjQm1MZU5kdGQ1UFMyawpzQ1pnbHdlWGQ0alB4SG00VlltMGd3bUNtdmZJYStsajYycXNJOHVUQld5TUJrTG5OZG0wWHZlenc5cnFRQ2VMCnFJZThXL3VHQUF2M2twNTJTajc4aXFVQ0xFdGpGMWVvNFRkMnBGNklyVDRWVk53QVVhZzhIM3VNNjMwNGZMVzgKMTB2aEJFZmR4eXl4VW0ybFlqajRhajQ3eGJiY3R1OUpuZ3pQcFZxQ29nOFdzeUlCaEJhYWIvajJPWVJ4UTY4MgpVVnlNQ0grbkt3VDlIN0NXSmdGWVJQRjdrOUtvR3hhekJjaXc4V0Z0YmFJeVZxN3pvdE1uMm1DaFFzQ1NzbDc5CmRLeS92cUVBUVZoQlBCczJ0NG1USXlLbzFPc0NBd0VBQWFOQ01FQXdEZ1lEVlIwUEFRSC9CQVFEQWdJRU1BOEcKQTFVZEV3RUIvd1FGTUFNQkFmOHdIUVlEVlIwT0JCWUVGQ1V5Zld6K2ZCUXJBbVVkemJ3SlEwa1ovS09QTUEwRwpDU3FHU0liM0RRRUJDd1VBQTRJQmdRQ3RJdFNkUml1czhNdnlhR3VENW9pTHFvbzRiRTVwMUNEU2t2bVVyeTB0CnNSeXpkVElZd3hUTTQ0UjlST3U1aXVJSnMxdURKVDFpczhpSVdDNmIxeThOWkhTRFU2K0huUjY1V3NGdlp3OWQKWnZERDhTUk9xeGdXam1FOUdtYy9Fcm1EOVRtNTYvZ0ZUTitWK29ZN2pJSFBEZk5YRWtLZ2NmaENVZHY3OE5zaQp2dmhReVBuTG5yUlV0N215WCtSOTAxK2hLVlEzcC9lSmMwK1YvZk5VMWVmNnFqWSsrb2VtazIyajNWNDhaN1ZuCm9nbm9jMS9wVUh1MTYxdDFjZzJsL09rbnI5cFp1YkUvdlpFSWlxUFdsLytjUVB6T09jYkxIN2haZGFIY3lITjEKZktNRk9LT1dqN3NoY1IrYmFjTDFrZGE5bVY4bk1ZK2tXZjg2NUFhb0JlemZYOUdrNUE3SEVranRLYk9IT2NKaApnRHlhVDA0Z3gzM1pnN2ZuSDZKV0VXU2hYM1FubEJNbmxwRlJNY1NrcjZXRC90S283djdzMlo1ekMyRkNzSnk2CkgyVHJ0SFVGWXZ6Wk1QNGh5T0ZwZzJYMTlJUmsycDhQOFNPa1dlQWl5RnlhZ1hlN0MyMXpSNmR2VGhrbWFuRWQKS1Y3UzNFdDBuTW1WSUpXSmJoMlN2OVU9Ci0tLS0tRU5EIENFUlRJRklDQVRFLS0tLS0K",
                "password": "",
                "username": ""
              }
            ],
            "master_authorized_networks_config": [
              {
                "cidr_blocks": [
                  {
                    "cidr_block": "10.8.0.0/16",
                    "display_name": "private_vpc_cidr_block"
                  },
                  {
                    "cidr_block": "35.211.184.251/32",
                    "display_name": "openvpn"
                  }
                ]
              }
            ],
            "master_version": "1.20.11-gke.1300",
            "min_master_version": null,
            "monitoring_config": [
              {
                "enable_components": [
                  "SYSTEM_COMPONENTS"
                ]
              }
            ],
            "monitoring_service": "monitoring.googleapis.com/kubernetes",
            "name": "terraform-team-test-private-gke",
            "network": "projects/deimos-internal-playground/global/networks/terraform-team-test-private-vpc-network",
            "network_policy": [
              {
                "enabled": true,
                "provider": "CALICO"
              }
            ],
            "networking_mode": "VPC_NATIVE",
            "node_config": [
              {
                "boot_disk_kms_key": "",
                "disk_size_gb": 30,
                "disk_type": "pd-ssd",
                "ephemeral_storage_config": [],
                "guest_accelerator": [],
                "image_type": "COS",
                "kubelet_config": [],
                "labels": {
                  "all-pools": "true",
                  "gitlab-runner": "true",
                  "managed_by": "terraform",
                  "node-kind": "gitlab-runner",
                  "project": "terraform-team-test"
                },
                "linux_node_config": [],
                "local_ssd_count": 0,
                "machine_type": "n2-standard-4",
                "metadata": {
                  "disable-legacy-endpoints": "true"
                },
                "min_cpu_platform": "",
                "oauth_scopes": [
                  "https://www.googleapis.com/auth/cloud-platform",
                  "https://www.googleapis.com/auth/devstorage.full_control",
                  "https://www.googleapis.com/auth/devstorage.read_write",
                  "https://www.googleapis.com/auth/ndev.clouddns.readwrite",
                  "https://www.googleapis.com/auth/service.management.readonly",
                  "https://www.googleapis.com/auth/servicecontrol"
                ],
                "preemptible": false,
                "sandbox_config": [],
                "service_account": "terraform-team-test-gke-sa@deimos-internal-playground.iam.gserviceaccount.com",
                "shielded_instance_config": [
                  {
                    "enable_integrity_monitoring": true,
                    "enable_secure_boot": false
                  }
                ],
                "tags": [
                  "public",
                  "public-pool",
                  "test-private"
                ],
                "taint": [
                  {
                    "effect": "NO_SCHEDULE",
                    "key": "gitlab-runner",
                    "value": "true"
                  }
                ],
                "workload_metadata_config": [
                  {
                    "mode": "GKE_METADATA",
                    "node_metadata": "GKE_METADATA_SERVER"
                  }
                ]
              }
            ],
            "node_locations": [
              "us-east1-b",
              "us-east1-c",
              "us-east1-d"
            ],
            "node_pool": [
              {
                "autoscaling": [
                  {
                    "max_node_count": 2,
                    "min_node_count": 1
                  }
                ],
                "initial_node_count": 0,
                "instance_group_urls": [
                  "https://www.googleapis.com/compute/v1/projects/deimos-internal-playground/zones/us-east1-b/instanceGroupManagers/gke-terraform-team-t-terraform-team-t-50a3c616-grp",
                  "https://www.googleapis.com/compute/v1/projects/deimos-internal-playground/zones/us-east1-d/instanceGroupManagers/gke-terraform-team-t-terraform-team-t-0eac47d2-grp",
                  "https://www.googleapis.com/compute/v1/projects/deimos-internal-playground/zones/us-east1-c/instanceGroupManagers/gke-terraform-team-t-terraform-team-t-6beadbf2-grp"
                ],
                "management": [
                  {
                    "auto_repair": true,
                    "auto_upgrade": true
                  }
                ],
                "max_pods_per_node": 110,
                "name": "terraform-team-test-gke-nodepool-gitlab",
                "name_prefix": "",
                "network_config": [
                  {
                    "create_pod_range": false,
                    "pod_ipv4_cidr_block": "10.6.0.0/20",
                    "pod_range": "public-cluster"
                  }
                ],
                "node_config": [
                  {
                    "boot_disk_kms_key": "",
                    "disk_size_gb": 30,
                    "disk_type": "pd-ssd",
                    "ephemeral_storage_config": [],
                    "guest_accelerator": [],
                    "image_type": "COS",
                    "kubelet_config": [],
                    "labels": {
                      "all-pools": "true",
                      "gitlab-runner": "true",
                      "managed_by": "terraform",
                      "node-kind": "gitlab-runner",
                      "project": "terraform-team-test"
                    },
                    "linux_node_config": [],
                    "local_ssd_count": 0,
                    "machine_type": "n2-standard-4",
                    "metadata": {
                      "disable-legacy-endpoints": "true"
                    },
                    "min_cpu_platform": "",
                    "oauth_scopes": [
                      "https://www.googleapis.com/auth/cloud-platform",
                      "https://www.googleapis.com/auth/devstorage.full_control",
                      "https://www.googleapis.com/auth/devstorage.read_write",
                      "https://www.googleapis.com/auth/ndev.clouddns.readwrite",
                      "https://www.googleapis.com/auth/service.management.readonly",
                      "https://www.googleapis.com/auth/servicecontrol"
                    ],
                    "preemptible": false,
                    "sandbox_config": [],
                    "service_account": "terraform-team-test-gke-sa@deimos-internal-playground.iam.gserviceaccount.com",
                    "shielded_instance_config": [
                      {
                        "enable_integrity_monitoring": true,
                        "enable_secure_boot": false
                      }
                    ],
                    "tags": [
                      "public",
                      "public-pool",
                      "test-private"
                    ],
                    "taint": [
                      {
                        "effect": "NO_SCHEDULE",
                        "key": "gitlab-runner",
                        "value": "true"
                      }
                    ],
                    "workload_metadata_config": [
                      {
                        "mode": "GKE_METADATA",
                        "node_metadata": "GKE_METADATA_SERVER"
                      }
                    ]
                  }
                ],
                "node_count": 0,
                "node_locations": [
                  "us-east1-b",
                  "us-east1-c",
                  "us-east1-d"
                ],
                "upgrade_settings": [
                  {
                    "max_surge": 1,
                    "max_unavailable": 0
                  }
                ],
                "version": "1.20.11-gke.1300"
              },
              {
                "autoscaling": [
                  {
                    "max_node_count": 2,
                    "min_node_count": 1
                  }
                ],
                "initial_node_count": 1,
                "instance_group_urls": [
                  "https://www.googleapis.com/compute/v1/projects/deimos-internal-playground/zones/us-east1-b/instanceGroupManagers/gke-terraform-team-t-terraform-team-t-fe96fa77-grp",
                  "https://www.googleapis.com/compute/v1/projects/deimos-internal-playground/zones/us-east1-d/instanceGroupManagers/gke-terraform-team-t-terraform-team-t-40564e8e-grp",
                  "https://www.googleapis.com/compute/v1/projects/deimos-internal-playground/zones/us-east1-c/instanceGroupManagers/gke-terraform-team-t-terraform-team-t-69fe7f28-grp"
                ],
                "management": [
                  {
                    "auto_repair": true,
                    "auto_upgrade": true
                  }
                ],
                "max_pods_per_node": 110,
                "name": "terraform-team-test-gke-nodepool",
                "name_prefix": "",
                "network_config": [
                  {
                    "create_pod_range": false,
                    "pod_ipv4_cidr_block": "10.6.0.0/20",
                    "pod_range": "public-cluster"
                  }
                ],
                "node_config": [
                  {
                    "boot_disk_kms_key": "",
                    "disk_size_gb": 30,
                    "disk_type": "pd-ssd",
                    "ephemeral_storage_config": [],
                    "guest_accelerator": [],
                    "image_type": "COS",
                    "kubelet_config": [],
                    "labels": {},
                    "linux_node_config": [],
                    "local_ssd_count": 0,
                    "machine_type": "n2-standard-4",
                    "metadata": {
                      "disable-legacy-endpoints": "true"
                    },
                    "min_cpu_platform": "",
                    "oauth_scopes": [
                      "https://www.googleapis.com/auth/cloud-platform",
                      "https://www.googleapis.com/auth/devstorage.full_control",
                      "https://www.googleapis.com/auth/devstorage.read_write",
                      "https://www.googleapis.com/auth/ndev.clouddns.readwrite",
                      "https://www.googleapis.com/auth/service.management.readonly",
                      "https://www.googleapis.com/auth/servicecontrol"
                    ],
                    "preemptible": false,
                    "sandbox_config": [],
                    "service_account": "default",
                    "shielded_instance_config": [
                      {
                        "enable_integrity_monitoring": true,
                        "enable_secure_boot": false
                      }
                    ],
                    "tags": [
                      "public",
                      "public-pool",
                      "test-private"
                    ],
                    "taint": [],
                    "workload_metadata_config": [
                      {
                        "mode": "GKE_METADATA",
                        "node_metadata": "GKE_METADATA_SERVER"
                      }
                    ]
                  }
                ],
                "node_count": 1,
                "node_locations": [
                  "us-east1-b",
                  "us-east1-c",
                  "us-east1-d"
                ],
                "upgrade_settings": [
                  {
                    "max_surge": 1,
                    "max_unavailable": 0
                  }
                ],
                "version": "1.20.11-gke.1300"
              }
            ],
            "node_version": "1.20.11-gke.1300",
            "notification_config": [
              {
                "pubsub": [
                  {
                    "enabled": false,
                    "topic": ""
                  }
                ]
              }
            ],
            "operation": null,
            "pod_security_policy_config": [
              {
                "enabled": false
              }
            ],
            "private_cluster_config": [
              {
                "enable_private_endpoint": false,
                "enable_private_nodes": true,
                "master_global_access_config": [
                  {
                    "enabled": false
                  }
                ],
                "master_ipv4_cidr_block": "10.5.0.0/28",
                "peering_name": "gke-na4b51f6330c6f826709-5b57-7a99-peer",
                "private_endpoint": "10.5.0.2",
                "public_endpoint": "35.196.225.167"
              }
            ],
            "private_ipv6_google_access": "",
            "project": "deimos-internal-playground",
            "release_channel": [
              {
                "channel": "STABLE"
              }
            ],
            "remove_default_node_pool": true,
            "resource_labels": {},
            "resource_usage_export_config": [],
            "self_link": "https://container.googleapis.com/v1beta1/projects/deimos-internal-playground/locations/us-east1/clusters/terraform-team-test-private-gke",
            "services_ipv4_cidr": "10.230.128.0/20",
            "subnetwork": "projects/deimos-internal-playground/regions/us-east1/subnetworks/terraform-team-test-private-vpc-subnetwork-public",
            "timeouts": {
              "create": null,
              "delete": null,
              "read": null,
              "update": null
            },
            "tpu_ipv4_cidr_block": "",
            "vertical_pod_autoscaling": [
              {
                "enabled": true
              }
            ],
            "workload_identity_config": [
              {
                "identity_namespace": "deimos-internal-playground.svc.id.goog",
                "workload_pool": ""
              }
            ]
          },
          "sensitive_attributes": [],
          "private": "eyJlMmJmYjczMC1lY2FhLTExZTYtOGY4OC0zNDM2M2JjN2M0YzAiOnsiY3JlYXRlIjoyNDAwMDAwMDAwMDAwLCJkZWxldGUiOjI0MDAwMDAwMDAwMDAsInJlYWQiOjI0MDAwMDAwMDAwMDAsInVwZGF0ZSI6MzYwMDAwMDAwMDAwMH0sInNjaGVtYV92ZXJzaW9uIjoiMSJ9",
          "dependencies": [
            "module.private_vpc.google_compute_network.vpc",
            "module.private_vpc.google_compute_subnetwork.vpc_subnetwork_public",
            "module.private_gke_cluster.data.google_container_engine_versions.location"
          ]
        }
      ]
    },
    {
      "module": "module.private_gke_imagepullsecret",
      "mode": "data",
      "type": "google_secret_manager_secret_version",
      "name": "registry_password",
      "provider": "provider[\"registry.terraform.io/hashicorp/google\"]",
      "instances": [
        {
          "schema_version": 0,
          "attributes": {
            "create_time": "2021-12-23T12:58:47.134819Z",
            "destroy_time": null,
            "enabled": true,
            "id": "projects/1078903377667/secrets/DEV_AUTH_REGISTERY_PASSWORD/versions/1",
            "name": "projects/1078903377667/secrets/DEV_AUTH_REGISTERY_PASSWORD/versions/1",
            "project": "deimos-internal-playground",
            "secret": "DEV_AUTH_REGISTERY_PASSWORD",
            "secret_data": "{\n  \"type\": \"service_account\",\n  \"project_id\": \"deimos-internal-playground\",\n  \"private_key_id\": \"d020058d8c244b6234aac593388815fd4fa24401\",\n  \"private_key\": \"-----BEGIN PRIVATE KEY-----\\nMIIEvQIBADANBgkqhkiG9w0BAQEFAASCBKcwggSjAgEAAoIBAQDtU1suGMhpIqjF\\n6OsP4OOQvwW9uXQ5NGou6GBjzsjzD564q8QcHbOvTQuGBe4NXj7kQoY1CKQmaKUU\\n4OdW4Q0XCLRATL0kzzTuz00Qq/1PKQZfAaSZeTMjIzVc+d2RluXQCcPpij3h1QDq\\ns2ZLbPDun2lrtjQ47dOKmSs5SQQGPSacmdWHeRSwhq04DIaYJqzYkpg4U1PyaBB3\\nMli8tJ/PKL2quESVQAQwcWgO7IlgrRyX+PfcVHbTBXNHq0BAQpU3pYCES5+XcZHF\\no2OW4/fg2pZSs5zrc5olgeHLi7qzbdyqoZCLictlk7STb0CaBVvIBgwwigc1M3KG\\nASLmZuK1AgMBAAECggEAGfFOuk9DORrs0BWR/H5c4em/uumW5tnv8Yi9YKuuE8PV\\nWeKM4XXtum/1noTvbM6smU8cVJfJOdmekhWztC+NusLc0VqSIn/0DVbj2bqzSf/2\\nDlSjpZM2H9UtdChsLAoOvRsUK2dNNG6QVxedSwlxnOQYJgoY01BMG456xxxQME4x\\nEGoNNQTHfUo5PiRBR6m6ClFeYqPB52txOlsz+QrkH85zTtfIttEOXCOAxXP5ahn+\\nvIGTEDRPGch468XJw0pyYnEvF8/+UgczP0mn6zzsCOvq1MFNgiD43h2iocrg9vJ5\\nZnFBpKYaV8kQmOVmQpT4dTL6VbFqGHFWW+M55koGAQKBgQD7IamEEDS2A87m+Rdj\\nT131xAV7SpD57YEJa6u0ZBpoFJOr7X0I2d8dMH7c5UnRBI/aC220/3Yp2TMqjkf+\\nGKHQLmChnzGcp2akVMvjZxfCKZr1buJwcan/lqTC0upU4ovgY2V1TLvqjFS59l3p\\nctXN2BqtLQugOXrX3JwniUJpFQKBgQDx7S1LWlKlNil2MC556DG2gcaxAtZX541i\\nCBR+vrMwoOeTVjTRJqkvtkSzJpt4iSkYAeJTPKiUzGH7YvT/yyPtBtrBsz/QRAkG\\nFHjnpB5IFrtrsX+earDEwc2Dnoa2gpLJN49K6w1g2kSKMe/HybuGJByO36AkmB1G\\nSP+TZQG7IQKBgBEBiI8u4cLpoxs1BwZsm3pHGe/tbr/d+3z905TVqowdyJo97Neq\\nmVdKr2yaAlOrMWqcl4NIQWI4GSTqmal1VY/ZdCW9uAhZtbOvIld15b/6PUodhiwD\\nJnXuZ53h1oiFBt/dG0PEPH13n00wh8+FPUFBPx03DbB98/mmMNTkkKC5AoGAWnwb\\nNNPTlXdsiof62h2+ekSPzCUDhl1UxBXBlKY+3zFPbAwSNSgAn5fMmjUWcT7b397U\\nh81oQD8xZpTcjc+s4DpwF4Kzm3HW7i86CWmY6d2Wu/DnipjdBLp344KnYBv2Ssw9\\nDAheOJtqh0WmKVOKj+FxzP5XJ1i9mkwzSy28OAECgYEA0plju4R5jR0574F2Qqry\\nptIec3Bn1eOGf+o0eQo7UiPgWwzkHfwn0LzYgjSPqVKLHQYe9+kQ8ue4mLLnQIpd\\nV05kpWq9PcadITlR/TeEII7VqQw31iUt4fqqE9/RuBr0Ns2YDyhoG/PsNhrRfEws\\ndEkqj/MwsMxsCGO2rdvYuMs=\\n-----END PRIVATE KEY-----\\n\",\n  \"client_email\": \"terraform-team-test-gke-sa@deimos-internal-playground.iam.gserviceaccount.com\",\n  \"client_id\": \"116941460993985354299\",\n  \"auth_uri\": \"https://accounts.google.com/o/oauth2/auth\",\n  \"token_uri\": \"https://oauth2.googleapis.com/token\",\n  \"auth_provider_x509_cert_url\": \"https://www.googleapis.com/oauth2/v1/certs\",\n  \"client_x509_cert_url\": \"https://www.googleapis.com/robot/v1/metadata/x509/terraform-team-test-gke-sa%40deimos-internal-playground.iam.gserviceaccount.com\"\n}\n",
            "version": "1"
          },
          "sensitive_attributes": []
        }
      ]
    },
    {
      "module": "module.private_gke_imagepullsecret",
      "mode": "data",
      "type": "google_secret_manager_secret_version",
      "name": "registry_server",
      "provider": "provider[\"registry.terraform.io/hashicorp/google\"]",
      "instances": [
        {
          "schema_version": 0,
          "attributes": {
            "create_time": "2021-12-23T12:53:18.448306Z",
            "destroy_time": null,
            "enabled": true,
            "id": "projects/1078903377667/secrets/DEV_AUTH_REGISTERY_SERVER/versions/1",
            "name": "projects/1078903377667/secrets/DEV_AUTH_REGISTERY_SERVER/versions/1",
            "project": "deimos-internal-playground",
            "secret": "DEV_AUTH_REGISTERY_SERVER",
            "secret_data": "https://us.gcr.io/",
            "version": "1"
          },
          "sensitive_attributes": []
        }
      ]
    },
    {
      "module": "module.private_gke_imagepullsecret",
      "mode": "data",
      "type": "google_secret_manager_secret_version",
      "name": "registry_username",
      "provider": "provider[\"registry.terraform.io/hashicorp/google\"]",
      "instances": [
        {
          "schema_version": 0,
          "attributes": {
            "create_time": "2021-12-23T12:56:04.726497Z",
            "destroy_time": null,
            "enabled": true,
            "id": "projects/1078903377667/secrets/DEV_AUTH_REGISTERY_USERNAME/versions/1",
            "name": "projects/1078903377667/secrets/DEV_AUTH_REGISTERY_USERNAME/versions/1",
            "project": "deimos-internal-playground",
            "secret": "DEV_AUTH_REGISTERY_USERNAME",
            "secret_data": " _json_key",
            "version": "1"
          },
          "sensitive_attributes": []
        }
      ]
    },
    {
      "module": "module.private_gke_imagepullsecret",
      "mode": "managed",
      "type": "kubernetes_secret",
      "name": "image-pull-secret",
      "provider": "provider[\"registry.terraform.io/hashicorp/kubernetes\"]",
      "instances": [
        {
          "schema_version": 0,
          "attributes": {
            "data": {
              ".dockerconfigjson": "          {\n            \"auths\": {\n              \"https://us.gcr.io/\": {\n                \"auth\": \"IF9qc29uX2tleTp7CiAgInR5cGUiOiAic2VydmljZV9hY2NvdW50IiwKICAicHJvamVjdF9pZCI6ICJkZWltb3MtaW50ZXJuYWwtcGxheWdyb3VuZCIsCiAgInByaXZhdGVfa2V5X2lkIjogImViNmM1M2U2ZDk4OGRjNTZhODhjYzUzZjdlOWEzMjQzZDBjNWM4ZGEiLAogICJwcml2YXRlX2tleSI6ICItLS0tLUJFR0lOIFBSSVZBVEUgS0VZLS0tLS1cbk1JSUV2UUlCQURBTkJna3Foa2lHOXcwQkFRRUZBQVNDQktjd2dnU2pBZ0VBQW9JQkFRQzBJWkRpVXBiZXI3NWtcbkZHVzRhekRBOUJ0RnJhUEtWTWpiRGEyZTF6RVB3TlNjY29pSnlsVmNYeUhwa2ZwbkJ3SXNmSWx4QlNTZyt6dDFcbmIwZ1ZTOXdnejR2dVV3Y0RaNGc0NjV4NXloci9VVmNMNHlCQ0NvRlVMR1h0bjNUL0hNOW1VajViTkFmWVBtSkJcblFvZmZ1U05PTkVTZktGdHpnSE9sZnpnSWVWUXJpNGlWU3BNUnlHN3AxZzFHZ0hia3g2bUZqNFU3S0FsUStpbVhcblBnUU00alU0cXBtSzQ5MGcyOHVDcXFOc2l3VmIraTFzc0JqMDRzM28vUitEais3UzZLTzFpNUxtNG9rc25jemVcblhoVEFjdEdTK2RhUTJzZFNuU0NoVVJhZkpoaXpCZ04vYStHQUVvYzYxc25vUXFIT2JLbUI3OUttdlAzUDRWeWRcbndpUk1iWURiQWdNQkFBRUNnZ0VBVHpvSU9KTXN5bXN2NldMVFRxYk92YjlnRTJpSkJ0LzlxK003UHdiVkRHRzZcbjRjaTZaeWg0SFBXMnU3MjZEZ0NXSXl6dllxZHBjZWl1UVR1ZHo4Z2EzTStNYzFsUFYxNzlHbFArOGM1RHk1Smlcbkg5ZFpBOU1OQ1JHeUR5NjRUZERGSS9MK2ZDekpXb0l0d3hoWkhMeVlXN2cvaW1VOHUvTithZ2NuaFFxZ1M3b0pcbmM0dkVpem1iclk0dW9IeFlXZUVOcEp5YzYzV2hrNVZ0ZE80cU9QOTZDS2oxMVNHMmlabWVNMXNRUDZqNHdvQUZcbkVXd2lXcEV0alBIdmFOSnMwT3RWZGtFT2Y1YStBRWZwTjZUbm5jdW1rNElOQ3Z0cmd5b0IrQ2tJR05YVzhmd1JcbnhHK0pTckw0eVVEZGx1bmpUbnBUVEZsWGswN1A5aGd2b2c0K3ZOcWJDUUtCZ1FEY3BBRmt2NEUyTlgwVDJKOU1cblAwS01yM1JvWW1NUHR5bzdTcUtqRTVQcmgvVllhUjVWNmx3dUlqejVEelJUelRsYXRpb09MZUVsd2MwNWtpb0JcbnVtOWJNM3VuRlAxZmxWRHpub0hCcTRTTnVCb05lbi8wVXpKZmVNS0xvN2VtbW13b0t2REV6QUlhMGJtZ1NyOUJcblZ4aFZtZmZFd1J0STlrWFZKYm4vMi9CNURRS0JnUURRLzU0K2ZEYTY0aVBoaXJNQThFVHV2dm9mamd3VDBQQUxcbmVzaVhib3BBMStqYnkvNElmbEczOVZHcXFQN1dWSlZjeU9XZmswY2JTK1hJR0hEMyt4bzA4a3hGWHpwbUZ1TlRcbnNIa1E3L2xJaG1yZVp1Qlc1NW9aVWdYbEVLei9ic2lwcTd4ZFZHS0drcE1JODhmZDFHRjdseExRWHcwOHhMZTZcbnRnelhvbE9YaHdLQmdRREJJTm1MYTBsWnZ1WVZ1aFp0c2kyNVlWYmVpOGcwR0ZyaC9VbHd2eEZLSi82c2ZZNnRcbkcyL0dmZmVxOWhFU2pWOTN0RjRKZlVWSFBHVTcwR0h1azFjbm1GL1M5ejkxTEFqb3hjVEVWakszcmY4Mzd4TVRcbk5NT3g1ODA2VjNySVhRRHhBKzB1QlhpT0t5ZDFWQmdteEdxcmV4THlhU2xONnl0akVCdklCcWR0L1FLQmdDdDJcbmpUVVhaZFpWZ3ZxN2VtQmVseWREUmdiYjVuMFVmV2NWd0xObFJKRVpsWTVvRE1zOVljY3MyQy95ZHhTaGdISk1cblFSeC9aMUV3NW5kSFJlNzhKRVlRZ1hZSHlNQkVVRUF1T2U4Z3lLbWhjb1lQeE9XdHdta3ptcEE1ZUpDaVBFNjBcbnJUYUhmdm5YYjRaMEZBTjQwRkVBYU9RMmNDMU1CNTFua0tJald0anZBb0dBVWxVRUVVbmhnVldOdlVTeTBxR29cbmhLQUxQaDA4Q3hnbm14eS9iY2xNa2NyS2NISVpxdG5rV0lBQmlER09KQkZ3eUNSYTBWR29TbTZEQXMyZUxvdm5cblNVVGVoQSt2Ym1BSitzdjFZYjl0M2lWYXdqOFVBcFFHK044UHNBWUw4aUtMSERKVFBCRGhPM08zQkdzN2NlS1dcbmIyZGZiWFRiL1Z2WE50bWpZOUd0VDdvPVxuLS0tLS1FTkQgUFJJVkFURSBLRVktLS0tLVxuIiwKICAiY2xpZW50X2VtYWlsIjogInRlYW0tdGVzdC1zYS1nY3ItcmVhZGVyQGRlaW1vcy1pbnRlcm5hbC1wbGF5Z3JvdW5kLmlhbS5nc2VydmljZWFjY291bnQuY29tIiwKICAiY2xpZW50X2lkIjogIjEwNDA3MDM4MDM4MzAwMDgzMjI0MyIsCiAgImF1dGhfdXJpIjogImh0dHBzOi8vYWNjb3VudHMuZ29vZ2xlLmNvbS9vL29hdXRoMi9hdXRoIiwKICAidG9rZW5fdXJpIjogImh0dHBzOi8vb2F1dGgyLmdvb2dsZWFwaXMuY29tL3Rva2VuIiwKICAiYXV0aF9wcm92aWRlcl94NTA5X2NlcnRfdXJsIjogImh0dHBzOi8vd3d3Lmdvb2dsZWFwaXMuY29tL29hdXRoMi92MS9jZXJ0cyIsCiAgImNsaWVudF94NTA5X2NlcnRfdXJsIjogImh0dHBzOi8vd3d3Lmdvb2dsZWFwaXMuY29tL3JvYm90L3YxL21ldGFkYXRhL3g1MDkvdGVhbS10ZXN0LXNhLWdjci1yZWFkZXIlNDBkZWltb3MtaW50ZXJuYWwtcGxheWdyb3VuZC5pYW0uZ3NlcnZpY2VhY2NvdW50LmNvbSIKfQo=\"\n              }\n            }\n          }\n"
            },
            "id": "default/dev-gcr-key",
            "metadata": [
              {
                "annotations": null,
                "generate_name": "",
                "generation": 0,
                "labels": null,
                "name": "dev-gcr-key",
                "namespace": "default",
                "resource_version": "4771978",
                "self_link": "",
                "uid": "10b79dbb-f3aa-4014-bcea-58cc3fcc6a1d"
              }
            ],
            "type": "kubernetes.io/dockerconfigjson"
          },
          "sensitive_attributes": [
            [
              {
                "type": "get_attr",
                "value": "data"
              },
              {
                "type": "index",
                "value": {
                  "value": ".dockerconfigjson",
                  "type": "string"
                }
              }
            ]
          ],
          "private": "bnVsbA==",
          "dependencies": [
            "data.google_secret_manager_secret_version.registry_server",
            "data.google_secret_manager_secret_version.registry_username",
            "module.gcr_reader_service_account.data.template_file.keys"
          ]
        }
      ]
    },
    {
      "module": "module.private_gke_node_pool",
      "mode": "managed",
      "type": "google_container_node_pool",
      "name": "node_pool",
      "provider": "provider[\"registry.terraform.io/hashicorp/google\"]",
      "instances": [
        {
          "schema_version": 1,
          "attributes": {
            "autoscaling": [
              {
                "max_node_count": 2,
                "min_node_count": 1
              }
            ],
            "cluster": "terraform-team-test-private-gke",
            "id": "projects/deimos-internal-playground/locations/us-east1/clusters/terraform-team-test-private-gke/nodePools/terraform-team-test-gke-nodepool",
            "initial_node_count": 1,
            "instance_group_urls": [
              "https://www.googleapis.com/compute/v1/projects/deimos-internal-playground/zones/us-east1-b/instanceGroupManagers/gke-terraform-team-t-terraform-team-t-fe96fa77-grp",
              "https://www.googleapis.com/compute/v1/projects/deimos-internal-playground/zones/us-east1-d/instanceGroupManagers/gke-terraform-team-t-terraform-team-t-40564e8e-grp",
              "https://www.googleapis.com/compute/v1/projects/deimos-internal-playground/zones/us-east1-c/instanceGroupManagers/gke-terraform-team-t-terraform-team-t-69fe7f28-grp"
            ],
            "location": "us-east1",
            "management": [
              {
                "auto_repair": true,
                "auto_upgrade": true
              }
            ],
            "max_pods_per_node": 110,
            "name": "terraform-team-test-gke-nodepool",
            "name_prefix": "",
            "node_config": [
              {
                "disk_size_gb": 30,
                "disk_type": "pd-ssd",
                "guest_accelerator": [],
                "image_type": "COS",
                "labels": {},
                "local_ssd_count": 0,
                "machine_type": "n2-standard-4",
                "metadata": {
                  "disable-legacy-endpoints": "true"
                },
                "min_cpu_platform": "",
                "oauth_scopes": [
                  "https://www.googleapis.com/auth/cloud-platform",
                  "https://www.googleapis.com/auth/devstorage.full_control",
                  "https://www.googleapis.com/auth/devstorage.read_write",
                  "https://www.googleapis.com/auth/ndev.clouddns.readwrite",
                  "https://www.googleapis.com/auth/service.management.readonly",
                  "https://www.googleapis.com/auth/servicecontrol"
                ],
                "preemptible": false,
                "service_account": "default",
                "shielded_instance_config": [
                  {
                    "enable_integrity_monitoring": true,
                    "enable_secure_boot": false
                  }
                ],
                "tags": [
                  "public",
                  "public-pool",
                  "test-private"
                ],
                "taint": [],
                "workload_metadata_config": [
                  {
                    "mode": "GKE_METADATA",
                    "node_metadata": "GKE_METADATA_SERVER"
                  }
                ]
              }
            ],
            "node_count": 1,
            "node_locations": [
              "us-east1-b",
              "us-east1-c",
              "us-east1-d"
            ],
            "operation": null,
            "project": "deimos-internal-playground",
            "timeouts": {
              "create": "30m",
              "delete": "30m",
              "update": "30m"
            },
            "upgrade_settings": [
              {
                "max_surge": 1,
                "max_unavailable": 0
              }
            ],
            "version": "1.20.11-gke.1300"
          },
          "sensitive_attributes": [],
          "private": "eyJlMmJmYjczMC1lY2FhLTExZTYtOGY4OC0zNDM2M2JjN2M0YzAiOnsiY3JlYXRlIjoxODAwMDAwMDAwMDAwLCJkZWxldGUiOjE4MDAwMDAwMDAwMDAsInVwZGF0ZSI6MTgwMDAwMDAwMDAwMH0sInNjaGVtYV92ZXJzaW9uIjoiMSJ9",
          "dependencies": [
            "module.private_gke_cluster.data.google_container_engine_versions.location",
            "module.private_gke_cluster.google_container_cluster.cluster",
            "module.private_vpc.google_compute_network.vpc",
            "module.private_vpc.google_compute_subnetwork.vpc_subnetwork_public"
          ]
        }
      ]
    },
    {
      "module": "module.private_gke_node_pool_gitlab",
      "mode": "managed",
      "type": "google_container_node_pool",
      "name": "node_pool",
      "provider": "provider[\"registry.terraform.io/hashicorp/google\"]",
      "instances": [
        {
          "schema_version": 1,
          "attributes": {
            "autoscaling": [
              {
                "max_node_count": 2,
                "min_node_count": 1
              }
            ],
            "cluster": "terraform-team-test-private-gke",
            "id": "projects/deimos-internal-playground/locations/us-east1/clusters/terraform-team-test-private-gke/nodePools/terraform-team-test-gke-nodepool-gitlab",
            "initial_node_count": 0,
            "instance_group_urls": [
              "https://www.googleapis.com/compute/v1/projects/deimos-internal-playground/zones/us-east1-b/instanceGroupManagers/gke-terraform-team-t-terraform-team-t-50a3c616-grp",
              "https://www.googleapis.com/compute/v1/projects/deimos-internal-playground/zones/us-east1-d/instanceGroupManagers/gke-terraform-team-t-terraform-team-t-0eac47d2-grp",
              "https://www.googleapis.com/compute/v1/projects/deimos-internal-playground/zones/us-east1-c/instanceGroupManagers/gke-terraform-team-t-terraform-team-t-6beadbf2-grp"
            ],
            "location": "us-east1",
            "management": [
              {
                "auto_repair": true,
                "auto_upgrade": true
              }
            ],
            "max_pods_per_node": 110,
            "name": "terraform-team-test-gke-nodepool-gitlab",
            "name_prefix": "",
            "node_config": [
              {
                "disk_size_gb": 30,
                "disk_type": "pd-ssd",
                "guest_accelerator": [],
                "image_type": "COS",
                "labels": {
                  "all-pools": "true",
                  "gitlab-runner": "true",
                  "managed_by": "terraform",
                  "node-kind": "gitlab-runner",
                  "project": "terraform-team-test"
                },
                "local_ssd_count": 0,
                "machine_type": "n2-standard-4",
                "metadata": {
                  "disable-legacy-endpoints": "true"
                },
                "min_cpu_platform": "",
                "oauth_scopes": [
                  "https://www.googleapis.com/auth/cloud-platform",
                  "https://www.googleapis.com/auth/devstorage.full_control",
                  "https://www.googleapis.com/auth/devstorage.read_write",
                  "https://www.googleapis.com/auth/ndev.clouddns.readwrite",
                  "https://www.googleapis.com/auth/service.management.readonly",
                  "https://www.googleapis.com/auth/servicecontrol"
                ],
                "preemptible": false,
                "service_account": "terraform-team-test-gke-sa@deimos-internal-playground.iam.gserviceaccount.com",
                "shielded_instance_config": [
                  {
                    "enable_integrity_monitoring": true,
                    "enable_secure_boot": false
                  }
                ],
                "tags": [
                  "public",
                  "public-pool",
                  "test-private"
                ],
                "taint": [
                  {
                    "effect": "NO_SCHEDULE",
                    "key": "gitlab-runner",
                    "value": "true"
                  }
                ],
                "workload_metadata_config": [
                  {
                    "mode": "GKE_METADATA",
                    "node_metadata": "GKE_METADATA_SERVER"
                  }
                ]
              }
            ],
            "node_count": 0,
            "node_locations": [
              "us-east1-b",
              "us-east1-c",
              "us-east1-d"
            ],
            "operation": null,
            "project": "deimos-internal-playground",
            "timeouts": {
              "create": "30m",
              "delete": "30m",
              "update": "30m"
            },
            "upgrade_settings": [
              {
                "max_surge": 1,
                "max_unavailable": 0
              }
            ],
            "version": "1.20.11-gke.1300"
          },
          "sensitive_attributes": [],
          "private": "eyJlMmJmYjczMC1lY2FhLTExZTYtOGY4OC0zNDM2M2JjN2M0YzAiOnsiY3JlYXRlIjoxODAwMDAwMDAwMDAwLCJkZWxldGUiOjE4MDAwMDAwMDAwMDAsInVwZGF0ZSI6MTgwMDAwMDAwMDAwMH0sInNjaGVtYV92ZXJzaW9uIjoiMSJ9",
          "dependencies": [
            "module.private_gke_cluster.google_container_cluster.cluster",
            "module.private_gke_service_account.google_service_account.service_account"
          ]
        }
      ]
    },
    {
      "module": "module.private_gke_service_account",
      "mode": "managed",
      "type": "google_project_iam_member",
      "name": "service_account-roles",
      "provider": "provider[\"registry.terraform.io/hashicorp/google\"]",
      "instances": [
        {
          "index_key": "roles/dns.admin",
          "schema_version": 0,
          "attributes": {
            "condition": [],
            "etag": "BwXU/tiNTII=",
            "id": "deimos-internal-playground/roles/dns.admin/serviceAccount:terraform-team-test-gke-sa@deimos-internal-playground.iam.gserviceaccount.com",
            "member": "serviceAccount:terraform-team-test-gke-sa@deimos-internal-playground.iam.gserviceaccount.com",
            "project": "deimos-internal-playground",
            "role": "roles/dns.admin"
          },
          "sensitive_attributes": [],
          "private": "bnVsbA==",
          "dependencies": [
            "module.private_gke_service_account.google_service_account.service_account"
          ]
        },
        {
          "index_key": "roles/logging.logWriter",
          "schema_version": 0,
          "attributes": {
            "condition": [],
            "etag": "BwXU/tiNTII=",
            "id": "deimos-internal-playground/roles/logging.logWriter/serviceAccount:terraform-team-test-gke-sa@deimos-internal-playground.iam.gserviceaccount.com",
            "member": "serviceAccount:terraform-team-test-gke-sa@deimos-internal-playground.iam.gserviceaccount.com",
            "project": "deimos-internal-playground",
            "role": "roles/logging.logWriter"
          },
          "sensitive_attributes": [],
          "private": "bnVsbA==",
          "dependencies": [
            "module.private_gke_service_account.google_service_account.service_account"
          ]
        },
        {
          "index_key": "roles/monitoring.metricWriter",
          "schema_version": 0,
          "attributes": {
            "condition": [],
            "etag": "BwXU/tiNTII=",
            "id": "deimos-internal-playground/roles/monitoring.metricWriter/serviceAccount:terraform-team-test-gke-sa@deimos-internal-playground.iam.gserviceaccount.com",
            "member": "serviceAccount:terraform-team-test-gke-sa@deimos-internal-playground.iam.gserviceaccount.com",
            "project": "deimos-internal-playground",
            "role": "roles/monitoring.metricWriter"
          },
          "sensitive_attributes": [],
          "private": "bnVsbA==",
          "dependencies": [
            "module.private_gke_service_account.google_service_account.service_account"
          ]
        },
        {
          "index_key": "roles/monitoring.viewer",
          "schema_version": 0,
          "attributes": {
            "condition": [],
            "etag": "BwXU/tiNTII=",
            "id": "deimos-internal-playground/roles/monitoring.viewer/serviceAccount:terraform-team-test-gke-sa@deimos-internal-playground.iam.gserviceaccount.com",
            "member": "serviceAccount:terraform-team-test-gke-sa@deimos-internal-playground.iam.gserviceaccount.com",
            "project": "deimos-internal-playground",
            "role": "roles/monitoring.viewer"
          },
          "sensitive_attributes": [],
          "private": "bnVsbA==",
          "dependencies": [
            "module.private_gke_service_account.google_service_account.service_account"
          ]
        },
        {
          "index_key": "roles/stackdriver.resourceMetadata.writer",
          "schema_version": 0,
          "attributes": {
            "condition": [],
            "etag": "BwXU/tiNTII=",
            "id": "deimos-internal-playground/roles/stackdriver.resourceMetadata.writer/serviceAccount:terraform-team-test-gke-sa@deimos-internal-playground.iam.gserviceaccount.com",
            "member": "serviceAccount:terraform-team-test-gke-sa@deimos-internal-playground.iam.gserviceaccount.com",
            "project": "deimos-internal-playground",
            "role": "roles/stackdriver.resourceMetadata.writer"
          },
          "sensitive_attributes": [],
          "private": "bnVsbA==",
          "dependencies": [
            "module.private_gke_service_account.google_service_account.service_account"
          ]
        }
      ]
    },
    {
      "module": "module.private_gke_service_account",
      "mode": "managed",
      "type": "google_service_account",
      "name": "service_account",
      "provider": "provider[\"registry.terraform.io/hashicorp/google\"]",
      "instances": [
        {
          "schema_version": 0,
          "attributes": {
            "account_id": "terraform-team-test-gke-sa",
            "description": "",
            "disabled": false,
            "display_name": "Example GKE Cluster Service Account managed by Terraform",
            "email": "terraform-team-test-gke-sa@deimos-internal-playground.iam.gserviceaccount.com",
            "id": "projects/deimos-internal-playground/serviceAccounts/terraform-team-test-gke-sa@deimos-internal-playground.iam.gserviceaccount.com",
            "name": "projects/deimos-internal-playground/serviceAccounts/terraform-team-test-gke-sa@deimos-internal-playground.iam.gserviceaccount.com",
            "project": "deimos-internal-playground",
            "timeouts": {
              "create": null
            },
            "unique_id": "116941460993985354299"
          },
          "sensitive_attributes": [],
          "private": "eyJlMmJmYjczMC1lY2FhLTExZTYtOGY4OC0zNDM2M2JjN2M0YzAiOnsiY3JlYXRlIjozMDAwMDAwMDAwMDB9LCJzY2hlbWFfdmVyc2lvbiI6IjAifQ=="
        }
      ]
    },
    {
      "module": "module.private_openvpn",
      "mode": "managed",
      "type": "google_compute_address",
      "name": "default",
      "provider": "provider[\"registry.terraform.io/hashicorp/google\"]",
      "instances": [
        {
          "schema_version": 0,
          "attributes": {
            "address": "35.211.184.251",
            "address_type": "EXTERNAL",
            "creation_timestamp": "2022-01-05T02:28:05.725-08:00",
            "description": "",
            "id": "projects/deimos-internal-playground/regions/us-east1/addresses/global-openvpn-ip-terraform-team-test-private-vpc-network",
            "name": "global-openvpn-ip-terraform-team-test-private-vpc-network",
            "network": "",
            "network_tier": "STANDARD",
            "prefix_length": 0,
            "project": "deimos-internal-playground",
            "purpose": "",
            "region": "us-east1",
            "self_link": "https://www.googleapis.com/compute/v1/projects/deimos-internal-playground/regions/us-east1/addresses/global-openvpn-ip-terraform-team-test-private-vpc-network",
            "subnetwork": "",
            "timeouts": {
              "create": null,
              "delete": null
            },
            "users": [
              "https://www.googleapis.com/compute/v1/projects/deimos-internal-playground/zones/us-east1-b/instances/terraform-team-test-private-openvpn-001"
            ]
          },
          "sensitive_attributes": [],
          "private": "eyJlMmJmYjczMC1lY2FhLTExZTYtOGY4OC0zNDM2M2JjN2M0YzAiOnsiY3JlYXRlIjoyNDAwMDAwMDAwMDAsImRlbGV0ZSI6MjQwMDAwMDAwMDAwfSwic2NoZW1hX3ZlcnNpb24iOiIwIn0=",
          "dependencies": [
            "module.private_vpc.google_compute_network.vpc"
          ]
        }
      ]
    },
    {
      "module": "module.private_openvpn",
      "mode": "managed",
      "type": "google_compute_firewall",
      "name": "allow-external-ssh",
      "provider": "provider[\"registry.terraform.io/hashicorp/google\"]",
      "instances": [
        {
          "schema_version": 1,
          "attributes": {
            "allow": [
              {
                "ports": [
                  "22",
                  "1194"
                ],
                "protocol": "tcp"
              }
            ],
            "creation_timestamp": "2022-01-05T02:28:05.742-08:00",
            "deny": [],
            "description": "",
            "destination_ranges": [],
            "direction": "INGRESS",
            "disabled": false,
            "enable_logging": null,
            "id": "projects/deimos-internal-playground/global/firewalls/allow-external-ssh-terraform-team-test-private-vpc-network",
            "log_config": [],
            "name": "allow-external-ssh-terraform-team-test-private-vpc-network",
            "network": "https://www.googleapis.com/compute/v1/projects/deimos-internal-playground/global/networks/terraform-team-test-private-vpc-network",
            "priority": 1000,
            "project": "deimos-internal-playground",
            "self_link": "https://www.googleapis.com/compute/v1/projects/deimos-internal-playground/global/firewalls/allow-external-ssh-terraform-team-test-private-vpc-network",
            "source_ranges": [
              "0.0.0.0/0"
            ],
            "source_service_accounts": [],
            "source_tags": [],
            "target_service_accounts": [],
            "target_tags": [
              "allow-ssh"
            ],
            "timeouts": {
              "create": null,
              "delete": null,
              "update": null
            }
          },
          "sensitive_attributes": [],
          "private": "eyJlMmJmYjczMC1lY2FhLTExZTYtOGY4OC0zNDM2M2JjN2M0YzAiOnsiY3JlYXRlIjoyNDAwMDAwMDAwMDAsImRlbGV0ZSI6MjQwMDAwMDAwMDAwLCJ1cGRhdGUiOjI0MDAwMDAwMDAwMH0sInNjaGVtYV92ZXJzaW9uIjoiMSJ9",
          "dependencies": [
            "module.private_vpc.google_compute_network.vpc"
          ]
        }
      ]
    },
    {
      "module": "module.private_openvpn",
      "mode": "managed",
      "type": "local_file",
      "name": "private_key",
      "provider": "provider[\"registry.terraform.io/hashicorp/local\"]",
      "instances": [
        {
          "schema_version": 0,
          "attributes": {
            "content": null,
            "content_base64": null,
            "directory_permission": "0777",
            "file_permission": "0400",
            "filename": "./openvpn/private-key.pem",
            "id": "d730b9f3ce2f5eecf1920f1ac1f1e92e11756a38",
            "sensitive_content": "-----BEGIN RSA PRIVATE KEY-----\nMIIEpQIBAAKCAQEA9jADX8eyq+6XFmLFiQMEjBUAZtqDvmDdBm0RqwEqZhtAeb6a\n51I4j6E1YhQvjpkP/Lm3XUdH3KIVDRAhCMh1SqxMhY6vS8zmNmHj2HaIpY3Mlw/O\nws9HtqTVTka9cpNgFf4i++dW3EKCUjGDbjYmm1UL2AFVq5atvtd8LbeiaKrg86vu\nBBawsu83GApxftbbxH8gDsqS7gX4uAUv5m16QetGvMolD5iBfJT9I20jr8NcODKN\nADfW5Vguq5OC7U0mds1exFr7cAz/0dj/Z2NVA7HKwwlwTLGB0z2+aeSISQBhOg5t\nWiEHUz9s2RzTFoYkM5iyejhD4Awq5JGjrSqccwIDAQABAoIBAQDWeMGXwZuQWUza\nvbWlRTHC79DnydoYEr67CG3p8hwD1B35cen1OBX6WtDs3vUHX6Uj4I8z/hNGzRVV\nygVdZ3V3Vl9bwxBIEvtDyUf7nlgxEjV4LNdNs9Kf9T228b29gVKmFj5YAhQT0wVB\noc0ESLydehvVVGRUFfLLXWLbWS1tzCqq1miFYQXQddsTC5ySBT4sRpYYASGwd3uk\n+1K+cY+nD4v2tHvlkiK79YTtLIGMzWIlx45OTOtAzNThRUFeIOz5Utk5ES1X0ltV\nGllYnbNHynl8uRaAmjx6fiAkp50XpModT9aBDwpc77jHiATJ6DWF6E2iddK6yXLZ\nSkc6ApkBAoGBAP/ftFdc4YH7LRAj0thv44rB5MEvF2k7bZrKD2uOGJjYwoHwqtBE\nMNmdCov4XwbY5rCfZTToIgfM/2QvpC1x0c6GaeTdu6Vs5pht1MQ5jQiZH7CtH6j+\nF9G1QsgEWrjp0ZaBUMsnVpXHY2aQ7HLu8qBt0dyslWjl6j/PqMw7S2rBAoGBAPZP\nFg31v6Wav94UI5VyMkumUDceFRmjaqiAqGLeF4hCqiZPhgtQMGL7sGzVbOgYNtO0\nPEz5jcMyPr3Gx0gNMjUNvZSyVtAH53tGQRe8CF/Z/HGYf284Efv/jOGrOibBjwHP\nP/PanR+gdTPZnTJiSsM6LYRbAUCvhUyzTOaG8lgzAoGAeL5JzcgIqluq4ijlgDkc\neQgSOI9OTtw6VobvS+Pb+5SeBM9a67iiDK6soWxs+0AzbDlretHn7SJxigdpRACn\n7vtC0TtJJ0ECd/+sHYTC5sHLUIYBoK928gDFKLnVTdkYjBst0xAXLcrPP0E4MuxL\nFiV8mNPgFYYZSk9l6io45oECgYEA9X1XhuxjacP17Xr3CFF8LYgCtRynfRkyCeXJ\nblja7XU8LtjdydLPlygx7Bc/54eSxagC3dlwYJdojy9amcaFPvmF9XlWKxtlrKkV\n4XkIg7g48mNCx/ADhL1shdNqLwyF4xDUNdCy/72mcto24euzhicrDJrDgdwuqIag\nY7cmPZ8CgYEAubCyrXGfib2kxfrHD6LaBKzcsskKoHoqjifB3PYgRmvzRVlf+IWD\nXtpnRm+RfKqkrqds2Rusm6b2N4SdUp86+bvF6AwgXQLcH4usie8vnZvb0DbPlZWD\n7gfzD/tJvDYTArdfb/A+kFP05Dn2g9xgtGbPVnrXV7+oo7BE4O0m640=\n-----END RSA PRIVATE KEY-----\n",
            "source": null
          },
          "sensitive_attributes": [
            [
              {
                "type": "get_attr",
                "value": "sensitive_content"
              }
            ]
          ],
          "private": "bnVsbA==",
          "dependencies": [
            "module.private_openvpn.tls_private_key.ssh-key"
          ]
        }
      ]
    },
    {
      "module": "module.private_openvpn",
      "mode": "managed",
      "type": "null_resource",
      "name": "openvpn_download_configurations",
      "provider": "provider[\"registry.terraform.io/hashicorp/null\"]",
      "instances": [
        {
          "schema_version": 0,
          "attributes": {
            "id": "891292000465300083",
            "triggers": {
              "users": "Oreoluwa, Mia, Labake, Iyanu, tominsin, Ross"
            }
          },
          "sensitive_attributes": [],
          "private": "bnVsbA==",
          "dependencies": [
            "module.private_openvpn.google_compute_address.default",
            "module.private_openvpn.local_file.private_key",
            "module.private_openvpn.module.instance_template.data.google_compute_image.image",
            "module.private_openvpn.module.openvpn_vm.data.google_compute_zones.available",
            "module.private_openvpn.tls_private_key.ssh-key",
            "module.private_vpc.google_compute_network.vpc",
            "module.private_vpc.google_compute_subnetwork.vpc_subnetwork_public",
            "module.private_openvpn.module.instance_template.data.google_compute_image.image_family",
            "module.private_openvpn.module.instance_template.google_compute_instance_template.tpl",
            "module.private_openvpn.module.openvpn_vm.google_compute_instance_from_template.compute_instance",
            "module.private_openvpn.null_resource.openvpn_update_users_script"
          ]
        }
      ]
    },
    {
      "module": "module.private_openvpn",
      "mode": "managed",
      "type": "null_resource",
      "name": "openvpn_update_users_script",
      "provider": "provider[\"registry.terraform.io/hashicorp/null\"]",
      "instances": [
        {
          "schema_version": 0,
          "attributes": {
            "id": "5904323523935686662",
            "triggers": {
              "users": "Oreoluwa, Mia, Labake, Iyanu, tominsin, Ross"
            }
          },
          "sensitive_attributes": [],
          "private": "bnVsbA==",
          "dependencies": [
            "module.private_vpc.google_compute_network.vpc",
            "module.private_openvpn.google_compute_address.default",
            "module.private_openvpn.module.instance_template.data.google_compute_image.image",
            "module.private_openvpn.module.openvpn_vm.data.google_compute_zones.available",
            "module.private_openvpn.module.openvpn_vm.google_compute_instance_from_template.compute_instance",
            "module.private_vpc.google_compute_subnetwork.vpc_subnetwork_public",
            "module.private_openvpn.local_file.private_key",
            "module.private_openvpn.module.instance_template.data.google_compute_image.image_family",
            "module.private_openvpn.module.instance_template.google_compute_instance_template.tpl",
            "module.private_openvpn.tls_private_key.ssh-key"
          ]
        }
      ]
    },
    {
      "module": "module.private_openvpn",
      "mode": "managed",
      "type": "random_id",
      "name": "password",
      "provider": "provider[\"registry.terraform.io/hashicorp/random\"]",
      "instances": [
        {
          "schema_version": 0,
          "attributes": {
            "b64_std": "rnNYNoh2tzERtsHC6cU9xA==",
            "b64_url": "rnNYNoh2tzERtsHC6cU9xA",
            "byte_length": 16,
            "dec": "231884574577906243860465673909450390980",
            "hex": "ae7358368876b73111b6c1c2e9c53dc4",
            "id": "rnNYNoh2tzERtsHC6cU9xA",
            "keepers": null,
            "prefix": null
          },
          "sensitive_attributes": [],
          "private": "bnVsbA=="
        }
      ]
    },
    {
      "module": "module.private_openvpn",
      "mode": "managed",
      "type": "random_id",
      "name": "this",
      "provider": "provider[\"registry.terraform.io/hashicorp/random\"]",
      "instances": [
        {
          "schema_version": 0,
          "attributes": {
            "b64_std": "TxF+4++K7AI=",
            "b64_url": "TxF-4--K7AI",
            "byte_length": 8,
            "dec": "5697474521041923074",
            "hex": "4f117ee3ef8aec02",
            "id": "TxF-4--K7AI",
            "keepers": null,
            "prefix": null
          },
          "sensitive_attributes": [],
          "private": "bnVsbA=="
        }
      ]
    },
    {
      "module": "module.private_openvpn",
      "mode": "managed",
      "type": "tls_private_key",
      "name": "ssh-key",
      "provider": "provider[\"registry.terraform.io/hashicorp/tls\"]",
      "instances": [
        {
          "schema_version": 0,
          "attributes": {
            "algorithm": "RSA",
            "ecdsa_curve": "P224",
            "id": "48716eabcb8f05eff91bacde7d4c665fb7f82fc1",
            "private_key_pem": "-----BEGIN RSA PRIVATE KEY-----\nMIIEpQIBAAKCAQEA9jADX8eyq+6XFmLFiQMEjBUAZtqDvmDdBm0RqwEqZhtAeb6a\n51I4j6E1YhQvjpkP/Lm3XUdH3KIVDRAhCMh1SqxMhY6vS8zmNmHj2HaIpY3Mlw/O\nws9HtqTVTka9cpNgFf4i++dW3EKCUjGDbjYmm1UL2AFVq5atvtd8LbeiaKrg86vu\nBBawsu83GApxftbbxH8gDsqS7gX4uAUv5m16QetGvMolD5iBfJT9I20jr8NcODKN\nADfW5Vguq5OC7U0mds1exFr7cAz/0dj/Z2NVA7HKwwlwTLGB0z2+aeSISQBhOg5t\nWiEHUz9s2RzTFoYkM5iyejhD4Awq5JGjrSqccwIDAQABAoIBAQDWeMGXwZuQWUza\nvbWlRTHC79DnydoYEr67CG3p8hwD1B35cen1OBX6WtDs3vUHX6Uj4I8z/hNGzRVV\nygVdZ3V3Vl9bwxBIEvtDyUf7nlgxEjV4LNdNs9Kf9T228b29gVKmFj5YAhQT0wVB\noc0ESLydehvVVGRUFfLLXWLbWS1tzCqq1miFYQXQddsTC5ySBT4sRpYYASGwd3uk\n+1K+cY+nD4v2tHvlkiK79YTtLIGMzWIlx45OTOtAzNThRUFeIOz5Utk5ES1X0ltV\nGllYnbNHynl8uRaAmjx6fiAkp50XpModT9aBDwpc77jHiATJ6DWF6E2iddK6yXLZ\nSkc6ApkBAoGBAP/ftFdc4YH7LRAj0thv44rB5MEvF2k7bZrKD2uOGJjYwoHwqtBE\nMNmdCov4XwbY5rCfZTToIgfM/2QvpC1x0c6GaeTdu6Vs5pht1MQ5jQiZH7CtH6j+\nF9G1QsgEWrjp0ZaBUMsnVpXHY2aQ7HLu8qBt0dyslWjl6j/PqMw7S2rBAoGBAPZP\nFg31v6Wav94UI5VyMkumUDceFRmjaqiAqGLeF4hCqiZPhgtQMGL7sGzVbOgYNtO0\nPEz5jcMyPr3Gx0gNMjUNvZSyVtAH53tGQRe8CF/Z/HGYf284Efv/jOGrOibBjwHP\nP/PanR+gdTPZnTJiSsM6LYRbAUCvhUyzTOaG8lgzAoGAeL5JzcgIqluq4ijlgDkc\neQgSOI9OTtw6VobvS+Pb+5SeBM9a67iiDK6soWxs+0AzbDlretHn7SJxigdpRACn\n7vtC0TtJJ0ECd/+sHYTC5sHLUIYBoK928gDFKLnVTdkYjBst0xAXLcrPP0E4MuxL\nFiV8mNPgFYYZSk9l6io45oECgYEA9X1XhuxjacP17Xr3CFF8LYgCtRynfRkyCeXJ\nblja7XU8LtjdydLPlygx7Bc/54eSxagC3dlwYJdojy9amcaFPvmF9XlWKxtlrKkV\n4XkIg7g48mNCx/ADhL1shdNqLwyF4xDUNdCy/72mcto24euzhicrDJrDgdwuqIag\nY7cmPZ8CgYEAubCyrXGfib2kxfrHD6LaBKzcsskKoHoqjifB3PYgRmvzRVlf+IWD\nXtpnRm+RfKqkrqds2Rusm6b2N4SdUp86+bvF6AwgXQLcH4usie8vnZvb0DbPlZWD\n7gfzD/tJvDYTArdfb/A+kFP05Dn2g9xgtGbPVnrXV7+oo7BE4O0m640=\n-----END RSA PRIVATE KEY-----\n",
            "public_key_fingerprint_md5": "08:29:15:d3:18:9e:55:14:1a:e9:80:08:d8:46:6c:76",
            "public_key_openssh": "ssh-rsa AAAAB3NzaC1yc2EAAAADAQABAAABAQD2MANfx7Kr7pcWYsWJAwSMFQBm2oO+YN0GbRGrASpmG0B5vprnUjiPoTViFC+OmQ/8ubddR0fcohUNECEIyHVKrEyFjq9LzOY2YePYdoiljcyXD87Cz0e2pNVORr1yk2AV/iL751bcQoJSMYNuNiabVQvYAVWrlq2+13wtt6JoquDzq+4EFrCy7zcYCnF+1tvEfyAOypLuBfi4BS/mbXpB60a8yiUPmIF8lP0jbSOvw1w4Mo0AN9blWC6rk4LtTSZ2zV7EWvtwDP/R2P9nY1UDscrDCXBMsYHTPb5p5IhJAGE6Dm1aIQdTP2zZHNMWhiQzmLJ6OEPgDCrkkaOtKpxz\n",
            "public_key_pem": "-----BEGIN PUBLIC KEY-----\nMIIBIjANBgkqhkiG9w0BAQEFAAOCAQ8AMIIBCgKCAQEA9jADX8eyq+6XFmLFiQME\njBUAZtqDvmDdBm0RqwEqZhtAeb6a51I4j6E1YhQvjpkP/Lm3XUdH3KIVDRAhCMh1\nSqxMhY6vS8zmNmHj2HaIpY3Mlw/Ows9HtqTVTka9cpNgFf4i++dW3EKCUjGDbjYm\nm1UL2AFVq5atvtd8LbeiaKrg86vuBBawsu83GApxftbbxH8gDsqS7gX4uAUv5m16\nQetGvMolD5iBfJT9I20jr8NcODKNADfW5Vguq5OC7U0mds1exFr7cAz/0dj/Z2NV\nA7HKwwlwTLGB0z2+aeSISQBhOg5tWiEHUz9s2RzTFoYkM5iyejhD4Awq5JGjrSqc\ncwIDAQAB\n-----END PUBLIC KEY-----\n",
            "rsa_bits": 2048
          },
          "sensitive_attributes": [],
          "private": "bnVsbA==",
          "create_before_destroy": true
        }
      ]
    },
    {
      "module": "module.private_openvpn.module.instance_template",
      "mode": "data",
      "type": "google_compute_image",
      "name": "image",
      "provider": "provider[\"registry.terraform.io/hashicorp/google\"]",
      "instances": [
        {
          "schema_version": 0,
          "attributes": {
            "archive_size_bytes": 2331068352,
            "creation_timestamp": "2021-04-15T21:44:20.111-07:00",
            "description": "Canonical, Ubuntu, 20.04 LTS, amd64 focal image built on 2021-04-15, supports Shielded VM features",
            "disk_size_gb": 10,
            "family": "ubuntu-2004-lts",
            "filter": null,
            "id": "projects/ubuntu-os-cloud/global/images/ubuntu-2004-focal-v20210415",
            "image_encryption_key_sha256": "",
            "image_id": "885411419692247244",
            "label_fingerprint": "42WmSpB8rSM=",
            "labels": {},
            "licenses": [
              "https://www.googleapis.com/compute/v1/projects/ubuntu-os-cloud/global/licenses/ubuntu-2004-lts"
            ],
            "name": "ubuntu-2004-focal-v20210415",
            "project": "ubuntu-os-cloud",
            "self_link": "https://www.googleapis.com/compute/v1/projects/ubuntu-os-cloud/global/images/ubuntu-2004-focal-v20210415",
            "source_disk": "",
            "source_disk_encryption_key_sha256": "",
            "source_disk_id": "",
            "source_image_id": "",
            "status": "READY"
          },
          "sensitive_attributes": []
        }
      ]
    },
    {
      "module": "module.private_openvpn.module.instance_template",
      "mode": "data",
      "type": "google_compute_image",
      "name": "image_family",
      "provider": "provider[\"registry.terraform.io/hashicorp/google\"]",
      "instances": [
        {
          "schema_version": 0,
          "attributes": {
            "archive_size_bytes": 2654681856,
            "creation_timestamp": "2021-12-13T10:34:50.403-08:00",
            "description": "Canonical, Ubuntu, 20.04 LTS, amd64 focal image built on 2021-12-12, supports Shielded VM features",
            "disk_size_gb": 10,
            "family": "ubuntu-2004-lts",
            "filter": null,
            "id": "projects/ubuntu-os-cloud/global/images/ubuntu-2004-focal-v20211212",
            "image_encryption_key_sha256": "",
            "image_id": "4242499703840320677",
            "label_fingerprint": "42WmSpB8rSM=",
            "labels": {},
            "licenses": [
              "https://www.googleapis.com/compute/v1/projects/ubuntu-os-cloud/global/licenses/ubuntu-2004-lts"
            ],
            "name": "ubuntu-2004-focal-v20211212",
            "project": "ubuntu-os-cloud",
            "self_link": "https://www.googleapis.com/compute/v1/projects/ubuntu-os-cloud/global/images/ubuntu-2004-focal-v20211212",
            "source_disk": "",
            "source_disk_encryption_key_sha256": "",
            "source_disk_id": "",
            "source_image_id": "",
            "status": "READY"
          },
          "sensitive_attributes": []
        }
      ]
    },
    {
      "module": "module.private_openvpn.module.instance_template",
      "mode": "managed",
      "type": "google_compute_instance_template",
      "name": "tpl",
      "provider": "provider[\"registry.terraform.io/hashicorp/google\"]",
      "instances": [
        {
          "schema_version": 1,
          "attributes": {
            "advanced_machine_features": [],
            "can_ip_forward": false,
            "confidential_instance_config": [],
            "description": "",
            "disk": [
              {
                "auto_delete": true,
                "boot": true,
                "device_name": "persistent-disk-0",
                "disk_encryption_key": [],
                "disk_name": "",
                "disk_size_gb": 30,
                "disk_type": "pd-standard",
                "interface": "SCSI",
                "labels": {},
                "mode": "READ_WRITE",
                "resource_policies": [],
                "source": "",
                "source_image": "projects/ubuntu-os-cloud/global/images/ubuntu-2004-focal-v20210415",
                "type": "PERSISTENT"
              }
            ],
            "enable_display": null,
            "guest_accelerator": [],
            "id": "projects/deimos-internal-playground/global/instanceTemplates/default-instance-template-20220107142036553200000001",
            "instance_description": "",
            "labels": {
              "managed_by": "terraform",
              "project": "terraform-team-test"
            },
            "machine_type": "n1-standard-1",
            "metadata": {
              "sshKeys": "ubuntu:ssh-rsa AAAAB3NzaC1yc2EAAAADAQABAAABAQD2MANfx7Kr7pcWYsWJAwSMFQBm2oO+YN0GbRGrASpmG0B5vprnUjiPoTViFC+OmQ/8ubddR0fcohUNECEIyHVKrEyFjq9LzOY2YePYdoiljcyXD87Cz0e2pNVORr1yk2AV/iL751bcQoJSMYNuNiabVQvYAVWrlq2+13wtt6JoquDzq+4EFrCy7zcYCnF+1tvEfyAOypLuBfi4BS/mbXpB60a8yiUPmIF8lP0jbSOvw1w4Mo0AN9blWC6rk4LtTSZ2zV7EWvtwDP/R2P9nY1UDscrDCXBMsYHTPb5p5IhJAGE6Dm1aIQdTP2zZHNMWhiQzmLJ6OEPgDCrkkaOtKpxz\n"
            },
            "metadata_fingerprint": "AQ9bKYFB7QI=",
            "metadata_startup_script": "    curl -O https://raw.githubusercontent.com/angristan/openvpn-install/master/openvpn-install.sh\n    chmod +x openvpn-install.sh\n    mv openvpn-install.sh /home/ubuntu/\n    export AUTO_INSTALL=y\n    export PASS=1\n    /home/ubuntu/openvpn-install.sh\n",
            "min_cpu_platform": "",
            "name": "default-instance-template-20220107142036553200000001",
            "name_prefix": "default-instance-template-",
            "network_interface": [
              {
                "access_config": [],
                "alias_ip_range": [],
                "ipv6_access_config": [],
                "ipv6_access_type": "",
                "name": "nic0",
                "network": "https://www.googleapis.com/compute/v1/projects/deimos-internal-playground/global/networks/terraform-team-test-private-vpc-network",
                "network_ip": "",
                "nic_type": "",
                "stack_type": "",
                "subnetwork": "https://www.googleapis.com/compute/v1/projects/deimos-internal-playground/regions/us-east1/subnetworks/terraform-team-test-private-vpc-subnetwork-public",
                "subnetwork_project": "deimos-internal-playground"
              }
            ],
            "project": "deimos-internal-playground",
            "region": "us-east1",
            "reservation_affinity": [],
            "scheduling": [
              {
                "automatic_restart": true,
                "min_node_cpus": 0,
                "node_affinities": [],
                "on_host_maintenance": "MIGRATE",
                "preemptible": false
              }
            ],
            "self_link": "https://www.googleapis.com/compute/beta/projects/deimos-internal-playground/global/instanceTemplates/default-instance-template-20220107142036553200000001",
            "service_account": [
              {
                "email": "default",
                "scopes": []
              }
            ],
            "shielded_instance_config": [],
            "tags": [
              "allow-ssh",
              "public"
            ],
            "tags_fingerprint": "",
            "timeouts": null
          },
          "sensitive_attributes": [],
          "private": "eyJlMmJmYjczMC1lY2FhLTExZTYtOGY4OC0zNDM2M2JjN2M0YzAiOnsiY3JlYXRlIjoyNDAwMDAwMDAwMDAsImRlbGV0ZSI6MjQwMDAwMDAwMDAwfSwic2NoZW1hX3ZlcnNpb24iOiIxIn0=",
          "dependencies": [
            "module.private_openvpn.module.instance_template.data.google_compute_image.image",
            "module.private_openvpn.module.instance_template.data.google_compute_image.image_family",
            "module.private_openvpn.tls_private_key.ssh-key",
            "module.private_vpc.google_compute_network.vpc",
            "module.private_vpc.google_compute_subnetwork.vpc_subnetwork_public"
          ],
          "create_before_destroy": true
        }
      ]
    },
    {
      "module": "module.private_openvpn.module.openvpn_vm",
      "mode": "data",
      "type": "google_compute_zones",
      "name": "available",
      "provider": "provider[\"registry.terraform.io/hashicorp/google\"]",
      "instances": [
        {
          "schema_version": 0,
          "attributes": {
            "id": "projects/deimos-internal-playground/regions/us-east1",
            "names": [
              "us-east1-b",
              "us-east1-c",
              "us-east1-d"
            ],
            "project": "deimos-internal-playground",
            "region": "us-east1",
            "status": null
          },
          "sensitive_attributes": []
        }
      ]
    },
    {
      "module": "module.private_openvpn.module.openvpn_vm",
      "mode": "managed",
      "type": "google_compute_instance_from_template",
      "name": "compute_instance",
      "provider": "provider[\"registry.terraform.io/hashicorp/google\"]",
      "instances": [
        {
          "index_key": 0,
          "schema_version": 0,
          "attributes": {
            "advanced_machine_features": [],
            "allow_stopping_for_update": null,
            "attached_disk": [],
            "boot_disk": [
              {
                "auto_delete": true,
                "device_name": "persistent-disk-0",
                "disk_encryption_key_raw": "",
                "disk_encryption_key_sha256": "",
                "initialize_params": [
                  {
                    "image": "https://www.googleapis.com/compute/v1/projects/ubuntu-os-cloud/global/images/ubuntu-2004-focal-v20210415",
                    "labels": {},
                    "size": 30,
                    "type": "pd-standard"
                  }
                ],
                "kms_key_self_link": "",
                "mode": "READ_WRITE",
                "source": "https://www.googleapis.com/compute/v1/projects/deimos-internal-playground/zones/us-east1-b/disks/terraform-team-test-private-openvpn-001"
              }
            ],
            "can_ip_forward": false,
            "confidential_instance_config": [],
            "cpu_platform": "Intel Haswell",
            "current_status": "RUNNING",
            "deletion_protection": false,
            "description": "",
            "desired_status": null,
            "enable_display": false,
            "guest_accelerator": [],
            "hostname": "",
            "id": "projects/deimos-internal-playground/zones/us-east1-b/instances/terraform-team-test-private-openvpn-001",
            "instance_id": "1400309081447920891",
            "label_fingerprint": "dP0MOYVVj9A=",
            "labels": {
              "managed_by": "terraform",
              "project": "terraform-team-test"
            },
            "machine_type": "n1-standard-1",
            "metadata": {
              "sshKeys": "seriki_ayodele:ssh-rsa AAAAB3NzaC1yc2EAAAADAQABAAABAQCrxC8DCHx6JqoSl5ksqZzNRo4JibvXaP3tQKIuVp+J9lnVP5Uzf9cnm4qCpjFLl9vIDxwSN6YVkkkKupzuY93armd5WKyogxEb+ySWOVcZit03Q6XF1l4h6Ox8YvpYrLHR9VF/Eke+ixJnYInb6Cvm9JqwtBylelzvx19RolaaJ7iEsWJOO3FlpOaFLl/yx0h19t1+4vVNIkIQX/wu93D/n0OoWE5udWuwwsz+Zyu0hAvNkLmofdBLT5NPZoI9hiKM6dEqvPJKbPLn5XWMR7B9TpsvwxptlHJJyg7kjWwSqt2Z2nlvSKODzFi+WpHrD37QrjPmRDV3OBEiS6189Zfn google-ssh {\"userName\":\"seriki.ayodele@deimos.co.za\",\"expireOn\":\"2022-01-08T09:27:33+0000\"}\nseriki_ayodele:ecdsa-sha2-nistp256 AAAAE2VjZHNhLXNoYTItbmlzdHAyNTYAAAAIbmlzdHAyNTYAAABBBNCiy1Yo56JMoM2bRUesQFB86t0aVo9tgmJype2qvMtG7LzXGaSDTwHwhjEluvKVUwykrV16aZH07vkFjNpC6XQ= google-ssh {\"userName\":\"seriki.ayodele@deimos.co.za\",\"expireOn\":\"2022-01-08T09:27:29+0000\"}\nubuntu:ssh-rsa AAAAB3NzaC1yc2EAAAADAQABAAABAQD2MANfx7Kr7pcWYsWJAwSMFQBm2oO+YN0GbRGrASpmG0B5vprnUjiPoTViFC+OmQ/8ubddR0fcohUNECEIyHVKrEyFjq9LzOY2YePYdoiljcyXD87Cz0e2pNVORr1yk2AV/iL751bcQoJSMYNuNiabVQvYAVWrlq2+13wtt6JoquDzq+4EFrCy7zcYCnF+1tvEfyAOypLuBfi4BS/mbXpB60a8yiUPmIF8lP0jbSOvw1w4Mo0AN9blWC6rk4LtTSZ2zV7EWvtwDP/R2P9nY1UDscrDCXBMsYHTPb5p5IhJAGE6Dm1aIQdTP2zZHNMWhiQzmLJ6OEPgDCrkkaOtKpxz\n"
            },
            "metadata_fingerprint": "a3WK5cc2Ufs=",
            "metadata_startup_script": "    curl -O https://raw.githubusercontent.com/angristan/openvpn-install/master/openvpn-install.sh\n    chmod +x openvpn-install.sh\n    mv openvpn-install.sh /home/ubuntu/\n    export AUTO_INSTALL=y\n    export PASS=1\n    /home/ubuntu/openvpn-install.sh\n",
            "min_cpu_platform": "",
            "name": "terraform-team-test-private-openvpn-001",
            "network_interface": [
              {
                "access_config": [
                  {
                    "nat_ip": "35.211.184.251",
                    "network_tier": "STANDARD",
                    "public_ptr_domain_name": ""
                  }
                ],
                "alias_ip_range": [],
                "ipv6_access_config": [],
                "ipv6_access_type": "",
                "name": "nic0",
                "network": "https://www.googleapis.com/compute/v1/projects/deimos-internal-playground/global/networks/terraform-team-test-private-vpc-network",
                "network_ip": "10.8.0.18",
                "nic_type": "",
                "stack_type": "IPV4_ONLY",
                "subnetwork": "https://www.googleapis.com/compute/v1/projects/deimos-internal-playground/regions/us-east1/subnetworks/terraform-team-test-private-vpc-subnetwork-public",
                "subnetwork_project": "deimos-internal-playground"
              }
            ],
            "project": "deimos-internal-playground",
            "reservation_affinity": [],
            "resource_policies": [],
            "scheduling": [
              {
                "automatic_restart": true,
                "min_node_cpus": 0,
                "node_affinities": [],
                "on_host_maintenance": "MIGRATE",
                "preemptible": false
              }
            ],
            "scratch_disk": [],
            "self_link": "https://www.googleapis.com/compute/v1/projects/deimos-internal-playground/zones/us-east1-b/instances/terraform-team-test-private-openvpn-001",
            "service_account": [
              {
                "email": "1078903377667-compute@developer.gserviceaccount.com",
                "scopes": []
              }
            ],
            "shielded_instance_config": [
              {
                "enable_integrity_monitoring": true,
                "enable_secure_boot": false,
                "enable_vtpm": true
              }
            ],
            "source_instance_template": "https://www.googleapis.com/compute/beta/projects/deimos-internal-playground/global/instanceTemplates/default-instance-template-20220107142036553200000001",
            "tags": [
              "allow-ssh",
              "public"
            ],
            "tags_fingerprint": "YVeAPHYk5IY=",
            "timeouts": null,
            "zone": "us-east1-b"
          },
          "sensitive_attributes": [],
          "private": "eyJlMmJmYjczMC1lY2FhLTExZTYtOGY4OC0zNDM2M2JjN2M0YzAiOnsiY3JlYXRlIjoxMjAwMDAwMDAwMDAwLCJkZWxldGUiOjEyMDAwMDAwMDAwMDAsInVwZGF0ZSI6MTIwMDAwMDAwMDAwMH19",
          "dependencies": [
            "module.private_openvpn.module.instance_template.data.google_compute_image.image_family",
            "module.private_openvpn.module.instance_template.google_compute_instance_template.tpl",
            "module.private_openvpn.module.openvpn_vm.data.google_compute_zones.available",
            "module.private_openvpn.tls_private_key.ssh-key",
            "module.private_vpc.google_compute_network.vpc",
            "module.private_vpc.google_compute_subnetwork.vpc_subnetwork_public",
            "module.private_openvpn.google_compute_address.default",
            "module.private_openvpn.module.instance_template.data.google_compute_image.image"
          ]
        }
      ]
    },
    {
      "module": "module.private_vpc",
      "mode": "managed",
      "type": "google_compute_network",
      "name": "vpc",
      "provider": "provider[\"registry.terraform.io/hashicorp/google\"]",
      "instances": [
        {
          "schema_version": 0,
          "attributes": {
            "auto_create_subnetworks": false,
            "delete_default_routes_on_create": false,
            "description": "",
            "gateway_ipv4": "",
            "id": "projects/deimos-internal-playground/global/networks/terraform-team-test-private-vpc-network",
            "mtu": 0,
            "name": "terraform-team-test-private-vpc-network",
            "project": "deimos-internal-playground",
            "routing_mode": "REGIONAL",
            "self_link": "https://www.googleapis.com/compute/v1/projects/deimos-internal-playground/global/networks/terraform-team-test-private-vpc-network",
            "timeouts": {
              "create": null,
              "delete": null,
              "update": null
            }
          },
          "sensitive_attributes": [],
          "private": "eyJlMmJmYjczMC1lY2FhLTExZTYtOGY4OC0zNDM2M2JjN2M0YzAiOnsiY3JlYXRlIjoyNDAwMDAwMDAwMDAsImRlbGV0ZSI6MjQwMDAwMDAwMDAwLCJ1cGRhdGUiOjI0MDAwMDAwMDAwMH0sInNjaGVtYV92ZXJzaW9uIjoiMCJ9"
        }
      ]
    },
    {
      "module": "module.private_vpc",
      "mode": "managed",
      "type": "google_compute_router",
      "name": "vpc_router",
      "provider": "provider[\"registry.terraform.io/hashicorp/google\"]",
      "instances": [
        {
          "schema_version": 0,
          "attributes": {
            "bgp": [],
            "creation_timestamp": "2021-12-31T04:10:53.559-08:00",
            "description": "",
            "id": "projects/deimos-internal-playground/regions/us-east1/routers/terraform-team-test-private-vpc-router",
            "name": "terraform-team-test-private-vpc-router",
            "network": "https://www.googleapis.com/compute/v1/projects/deimos-internal-playground/global/networks/terraform-team-test-private-vpc-network",
            "project": "deimos-internal-playground",
            "region": "us-east1",
            "self_link": "https://www.googleapis.com/compute/v1/projects/deimos-internal-playground/regions/us-east1/routers/terraform-team-test-private-vpc-router",
            "timeouts": {
              "create": null,
              "delete": null,
              "update": null
            }
          },
          "sensitive_attributes": [],
          "private": "eyJlMmJmYjczMC1lY2FhLTExZTYtOGY4OC0zNDM2M2JjN2M0YzAiOnsiY3JlYXRlIjoyNDAwMDAwMDAwMDAsImRlbGV0ZSI6MjQwMDAwMDAwMDAwLCJ1cGRhdGUiOjI0MDAwMDAwMDAwMH0sInNjaGVtYV92ZXJzaW9uIjoiMCJ9",
          "dependencies": [
            "module.private_vpc.google_compute_network.vpc"
          ]
        }
      ]
    },
    {
      "module": "module.private_vpc",
      "mode": "managed",
      "type": "google_compute_router_nat",
      "name": "vpc_nat",
      "provider": "provider[\"registry.terraform.io/hashicorp/google\"]",
      "instances": [
        {
          "schema_version": 0,
          "attributes": {
            "drain_nat_ips": [],
            "enable_endpoint_independent_mapping": true,
            "icmp_idle_timeout_sec": 30,
            "id": "deimos-internal-playground/us-east1/terraform-team-test-private-vpc-router/terraform-team-test-private-vpc-nat",
            "log_config": [],
            "min_ports_per_vm": 0,
            "name": "terraform-team-test-private-vpc-nat",
            "nat_ip_allocate_option": "AUTO_ONLY",
            "nat_ips": [],
            "project": "deimos-internal-playground",
            "region": "us-east1",
            "router": "terraform-team-test-private-vpc-router",
            "source_subnetwork_ip_ranges_to_nat": "LIST_OF_SUBNETWORKS",
            "subnetwork": [
              {
                "name": "https://www.googleapis.com/compute/v1/projects/deimos-internal-playground/regions/us-east1/subnetworks/terraform-team-test-private-vpc-subnetwork-public",
                "secondary_ip_range_names": [],
                "source_ip_ranges_to_nat": [
                  "ALL_IP_RANGES"
                ]
              }
            ],
            "tcp_established_idle_timeout_sec": 1200,
            "tcp_transitory_idle_timeout_sec": 30,
            "timeouts": {
              "create": null,
              "delete": null,
              "update": null
            },
            "udp_idle_timeout_sec": 30
          },
          "sensitive_attributes": [],
          "private": "eyJlMmJmYjczMC1lY2FhLTExZTYtOGY4OC0zNDM2M2JjN2M0YzAiOnsiY3JlYXRlIjo2MDAwMDAwMDAwMDAsImRlbGV0ZSI6NjAwMDAwMDAwMDAwLCJ1cGRhdGUiOjYwMDAwMDAwMDAwMH0sInNjaGVtYV92ZXJzaW9uIjoiMCJ9",
          "dependencies": [
            "module.private_vpc.google_compute_network.vpc",
            "module.private_vpc.google_compute_router.vpc_router",
            "module.private_vpc.google_compute_subnetwork.vpc_subnetwork_public"
          ]
        }
      ]
    },
    {
      "module": "module.private_vpc",
      "mode": "managed",
      "type": "google_compute_subnetwork",
      "name": "vpc_subnetwork_private",
      "provider": "provider[\"registry.terraform.io/hashicorp/google\"]",
      "instances": [
        {
          "schema_version": 0,
          "attributes": {
            "creation_timestamp": "2021-12-31T04:10:53.634-08:00",
            "description": "",
            "external_ipv6_prefix": "",
            "fingerprint": null,
            "gateway_address": "10.8.16.1",
            "id": "projects/deimos-internal-playground/regions/us-east1/subnetworks/terraform-team-test-private-vpc-subnetwork-private",
            "ip_cidr_range": "10.8.16.0/20",
            "ipv6_access_type": "",
            "ipv6_cidr_range": "",
            "log_config": [
              {
                "aggregation_interval": "INTERVAL_10_MIN",
                "filter_expr": "true",
                "flow_sampling": 0.5,
                "metadata": "INCLUDE_ALL_METADATA",
                "metadata_fields": []
              }
            ],
            "name": "terraform-team-test-private-vpc-subnetwork-private",
            "network": "https://www.googleapis.com/compute/v1/projects/deimos-internal-playground/global/networks/terraform-team-test-private-vpc-network",
            "private_ip_google_access": true,
            "private_ipv6_google_access": "DISABLE_GOOGLE_ACCESS",
            "project": "deimos-internal-playground",
            "purpose": "PRIVATE",
            "region": "us-east1",
            "role": "",
            "secondary_ip_range": [
              {
                "ip_cidr_range": "10.6.16.0/20",
                "range_name": "private-services"
              }
            ],
            "self_link": "https://www.googleapis.com/compute/v1/projects/deimos-internal-playground/regions/us-east1/subnetworks/terraform-team-test-private-vpc-subnetwork-private",
            "stack_type": "IPV4_ONLY",
            "timeouts": {
              "create": null,
              "delete": null,
              "update": null
            }
          },
          "sensitive_attributes": [],
          "private": "eyJlMmJmYjczMC1lY2FhLTExZTYtOGY4OC0zNDM2M2JjN2M0YzAiOnsiY3JlYXRlIjozNjAwMDAwMDAwMDAsImRlbGV0ZSI6MzYwMDAwMDAwMDAwLCJ1cGRhdGUiOjM2MDAwMDAwMDAwMH0sInNjaGVtYV92ZXJzaW9uIjoiMCJ9",
          "dependencies": [
            "module.private_vpc.google_compute_network.vpc"
          ]
        }
      ]
    },
    {
      "module": "module.private_vpc",
      "mode": "managed",
      "type": "google_compute_subnetwork",
      "name": "vpc_subnetwork_public",
      "provider": "provider[\"registry.terraform.io/hashicorp/google\"]",
      "instances": [
        {
          "schema_version": 0,
          "attributes": {
            "creation_timestamp": "2021-12-31T04:10:54.983-08:00",
            "description": "",
            "external_ipv6_prefix": "",
            "fingerprint": null,
            "gateway_address": "10.8.0.1",
            "id": "projects/deimos-internal-playground/regions/us-east1/subnetworks/terraform-team-test-private-vpc-subnetwork-public",
            "ip_cidr_range": "10.8.0.0/20",
            "ipv6_access_type": "",
            "ipv6_cidr_range": "",
            "log_config": [
              {
                "aggregation_interval": "INTERVAL_10_MIN",
                "filter_expr": "true",
                "flow_sampling": 0.5,
                "metadata": "INCLUDE_ALL_METADATA",
                "metadata_fields": []
              }
            ],
            "name": "terraform-team-test-private-vpc-subnetwork-public",
            "network": "https://www.googleapis.com/compute/v1/projects/deimos-internal-playground/global/networks/terraform-team-test-private-vpc-network",
            "private_ip_google_access": true,
            "private_ipv6_google_access": "DISABLE_GOOGLE_ACCESS",
            "project": "deimos-internal-playground",
            "purpose": "PRIVATE",
            "region": "us-east1",
            "role": "",
            "secondary_ip_range": [
              {
                "ip_cidr_range": "10.6.0.0/20",
                "range_name": "public-cluster"
              },
              {
                "ip_cidr_range": "10.6.32.0/20",
                "range_name": "public-services"
              }
            ],
            "self_link": "https://www.googleapis.com/compute/v1/projects/deimos-internal-playground/regions/us-east1/subnetworks/terraform-team-test-private-vpc-subnetwork-public",
            "stack_type": "IPV4_ONLY",
            "timeouts": {
              "create": null,
              "delete": null,
              "update": null
            }
          },
          "sensitive_attributes": [],
          "private": "eyJlMmJmYjczMC1lY2FhLTExZTYtOGY4OC0zNDM2M2JjN2M0YzAiOnsiY3JlYXRlIjozNjAwMDAwMDAwMDAsImRlbGV0ZSI6MzYwMDAwMDAwMDAwLCJ1cGRhdGUiOjM2MDAwMDAwMDAwMH0sInNjaGVtYV92ZXJzaW9uIjoiMCJ9",
          "dependencies": [
            "module.private_vpc.google_compute_network.vpc"
          ]
        }
      ]
    },
    {
      "module": "module.private_vpc.module.network_firewall",
      "mode": "data",
      "type": "google_compute_subnetwork",
      "name": "private_subnetwork",
      "provider": "provider[\"registry.terraform.io/hashicorp/google\"]",
      "instances": [
        {
          "schema_version": 0,
          "attributes": {
            "description": "",
            "gateway_address": "10.8.16.1",
            "id": "projects/deimos-internal-playground/regions/us-east1/subnetworks/terraform-team-test-private-vpc-subnetwork-private",
            "ip_cidr_range": "10.8.16.0/20",
            "name": "terraform-team-test-private-vpc-subnetwork-private",
            "network": "https://www.googleapis.com/compute/v1/projects/deimos-internal-playground/global/networks/terraform-team-test-private-vpc-network",
            "private_ip_google_access": true,
            "project": "deimos-internal-playground",
            "region": "us-east1",
            "secondary_ip_range": [
              {
                "ip_cidr_range": "10.6.16.0/20",
                "range_name": "private-services"
              }
            ],
            "self_link": "https://www.googleapis.com/compute/v1/projects/deimos-internal-playground/regions/us-east1/subnetworks/terraform-team-test-private-vpc-subnetwork-private"
          },
          "sensitive_attributes": []
        }
      ]
    },
    {
      "module": "module.private_vpc.module.network_firewall",
      "mode": "data",
      "type": "google_compute_subnetwork",
      "name": "public_subnetwork",
      "provider": "provider[\"registry.terraform.io/hashicorp/google\"]",
      "instances": [
        {
          "schema_version": 0,
          "attributes": {
            "description": "",
            "gateway_address": "10.8.0.1",
            "id": "projects/deimos-internal-playground/regions/us-east1/subnetworks/terraform-team-test-private-vpc-subnetwork-public",
            "ip_cidr_range": "10.8.0.0/20",
            "name": "terraform-team-test-private-vpc-subnetwork-public",
            "network": "https://www.googleapis.com/compute/v1/projects/deimos-internal-playground/global/networks/terraform-team-test-private-vpc-network",
            "private_ip_google_access": true,
            "project": "deimos-internal-playground",
            "region": "us-east1",
            "secondary_ip_range": [
              {
                "ip_cidr_range": "10.6.0.0/20",
                "range_name": "public-cluster"
              },
              {
                "ip_cidr_range": "10.6.32.0/20",
                "range_name": "public-services"
              }
            ],
            "self_link": "https://www.googleapis.com/compute/v1/projects/deimos-internal-playground/regions/us-east1/subnetworks/terraform-team-test-private-vpc-subnetwork-public"
          },
          "sensitive_attributes": []
        }
      ]
    },
    {
      "module": "module.private_vpc.module.network_firewall",
      "mode": "managed",
      "type": "google_compute_firewall",
      "name": "private_allow_all_network_inbound",
      "provider": "provider[\"registry.terraform.io/hashicorp/google\"]",
      "instances": [
        {
          "schema_version": 1,
          "attributes": {
            "allow": [
              {
                "ports": [],
                "protocol": "all"
              }
            ],
            "creation_timestamp": "2021-12-31T04:11:29.363-08:00",
            "deny": [],
            "description": "",
            "destination_ranges": [],
            "direction": "INGRESS",
            "disabled": false,
            "enable_logging": null,
            "id": "projects/deimos-internal-playground/global/firewalls/terraform-team-test-private-vpc-private-allow-ingress",
            "log_config": [],
            "name": "terraform-team-test-private-vpc-private-allow-ingress",
            "network": "https://www.googleapis.com/compute/v1/projects/deimos-internal-playground/global/networks/terraform-team-test-private-vpc-network",
            "priority": 1000,
            "project": "deimos-internal-playground",
            "self_link": "https://www.googleapis.com/compute/v1/projects/deimos-internal-playground/global/firewalls/terraform-team-test-private-vpc-private-allow-ingress",
            "source_ranges": [
              "10.6.0.0/20",
              "10.6.16.0/20",
              "10.6.32.0/20",
              "10.8.0.0/20",
              "10.8.16.0/20"
            ],
            "source_service_accounts": [],
            "source_tags": [],
            "target_service_accounts": [],
            "target_tags": [
              "private"
            ],
            "timeouts": {
              "create": null,
              "delete": null,
              "update": null
            }
          },
          "sensitive_attributes": [],
          "private": "eyJlMmJmYjczMC1lY2FhLTExZTYtOGY4OC0zNDM2M2JjN2M0YzAiOnsiY3JlYXRlIjoyNDAwMDAwMDAwMDAsImRlbGV0ZSI6MjQwMDAwMDAwMDAwLCJ1cGRhdGUiOjI0MDAwMDAwMDAwMH0sInNjaGVtYV92ZXJzaW9uIjoiMSJ9",
          "dependencies": [
            "module.private_vpc.google_compute_network.vpc",
            "module.private_vpc.google_compute_subnetwork.vpc_subnetwork_private",
            "module.private_vpc.google_compute_subnetwork.vpc_subnetwork_public",
            "module.private_vpc.module.network_firewall.data.google_compute_subnetwork.private_subnetwork",
            "module.private_vpc.module.network_firewall.data.google_compute_subnetwork.public_subnetwork"
          ]
        }
      ]
    },
    {
      "module": "module.private_vpc.module.network_firewall",
      "mode": "managed",
      "type": "google_compute_firewall",
      "name": "private_allow_restricted_network_inbound",
      "provider": "provider[\"registry.terraform.io/hashicorp/google\"]",
      "instances": [
        {
          "schema_version": 1,
          "attributes": {
            "allow": [
              {
                "ports": [],
                "protocol": "all"
              }
            ],
            "creation_timestamp": "2021-12-31T04:10:53.356-08:00",
            "deny": [],
            "description": "",
            "destination_ranges": [],
            "direction": "INGRESS",
            "disabled": false,
            "enable_logging": null,
            "id": "projects/deimos-internal-playground/global/firewalls/terraform-team-test-private-vpc-allow-restricted-inbound",
            "log_config": [],
            "name": "terraform-team-test-private-vpc-allow-restricted-inbound",
            "network": "https://www.googleapis.com/compute/v1/projects/deimos-internal-playground/global/networks/terraform-team-test-private-vpc-network",
            "priority": 1000,
            "project": "deimos-internal-playground",
            "self_link": "https://www.googleapis.com/compute/v1/projects/deimos-internal-playground/global/firewalls/terraform-team-test-private-vpc-allow-restricted-inbound",
            "source_ranges": [],
            "source_service_accounts": [],
            "source_tags": [
              "private",
              "private-persistence"
            ],
            "target_service_accounts": [],
            "target_tags": [
              "private-persistence"
            ],
            "timeouts": {
              "create": null,
              "delete": null,
              "update": null
            }
          },
          "sensitive_attributes": [],
          "private": "eyJlMmJmYjczMC1lY2FhLTExZTYtOGY4OC0zNDM2M2JjN2M0YzAiOnsiY3JlYXRlIjoyNDAwMDAwMDAwMDAsImRlbGV0ZSI6MjQwMDAwMDAwMDAwLCJ1cGRhdGUiOjI0MDAwMDAwMDAwMH0sInNjaGVtYV92ZXJzaW9uIjoiMSJ9",
          "dependencies": [
            "module.private_vpc.google_compute_network.vpc"
          ]
        }
      ]
    },
    {
      "module": "module.private_vpc.module.network_firewall",
      "mode": "managed",
      "type": "google_compute_firewall",
      "name": "public_allow_all_inbound",
      "provider": "provider[\"registry.terraform.io/hashicorp/google\"]",
      "instances": [
        {
          "schema_version": 1,
          "attributes": {
            "allow": [
              {
                "ports": [],
                "protocol": "all"
              }
            ],
            "creation_timestamp": "2021-12-31T04:10:53.457-08:00",
            "deny": [],
            "description": "",
            "destination_ranges": [],
            "direction": "INGRESS",
            "disabled": false,
            "enable_logging": null,
            "id": "projects/deimos-internal-playground/global/firewalls/terraform-team-test-private-vpc-public-allow-ingress",
            "log_config": [],
            "name": "terraform-team-test-private-vpc-public-allow-ingress",
            "network": "https://www.googleapis.com/compute/v1/projects/deimos-internal-playground/global/networks/terraform-team-test-private-vpc-network",
            "priority": 1000,
            "project": "deimos-internal-playground",
            "self_link": "https://www.googleapis.com/compute/v1/projects/deimos-internal-playground/global/firewalls/terraform-team-test-private-vpc-public-allow-ingress",
            "source_ranges": [
              "0.0.0.0/0"
            ],
            "source_service_accounts": [],
            "source_tags": [],
            "target_service_accounts": [],
            "target_tags": [
              "public"
            ],
            "timeouts": {
              "create": null,
              "delete": null,
              "update": null
            }
          },
          "sensitive_attributes": [],
          "private": "eyJlMmJmYjczMC1lY2FhLTExZTYtOGY4OC0zNDM2M2JjN2M0YzAiOnsiY3JlYXRlIjoyNDAwMDAwMDAwMDAsImRlbGV0ZSI6MjQwMDAwMDAwMDAwLCJ1cGRhdGUiOjI0MDAwMDAwMDAwMH0sInNjaGVtYV92ZXJzaW9uIjoiMSJ9",
          "dependencies": [
            "module.private_vpc.google_compute_network.vpc"
          ]
        }
      ]
    }
  ]
}
