{
  "version": 4,
  "terraform_version": "1.0.11",
  "serial": 3,
  "lineage": "fb95a9d8-059c-9a8f-2ba1-cdad2b663766",
  "outputs": {},
  "resources": [
    {
      "mode": "data",
      "type": "google_secret_manager_secret_version",
      "name": "private_gke_runner_registration_token",
      "provider": "provider[\"registry.terraform.io/hashicorp/google\"]",
      "instances": [
        {
          "schema_version": 0,
          "attributes": {
            "create_time": "2021-12-30T12:39:59.046018Z",
            "destroy_time": null,
            "enabled": true,
            "id": "projects/1078903377667/secrets/private_gke_runner_registration_token/versions/1",
            "name": "projects/1078903377667/secrets/private_gke_runner_registration_token/versions/1",
            "project": "deimos-internal-playground",
            "secret": "private_gke_runner_registration_token",
            "secret_data": "qm1useaEhiWRymnrgduX",
            "version": "1"
          },
          "sensitive_attributes": []
        }
      ]
    },
    {
      "module": "module.private_gitlab_runner",
      "mode": "managed",
      "type": "helm_release",
      "name": "gitlab_runner",
      "provider": "provider[\"registry.terraform.io/hashicorp/helm\"]",
      "instances": [
        {
          "schema_version": 0,
          "attributes": {
            "atomic": false,
            "chart": "gitlab-runner",
            "cleanup_on_fail": false,
            "create_namespace": false,
            "dependency_update": false,
            "description": null,
            "devel": null,
            "disable_crd_hooks": false,
            "disable_openapi_validation": false,
            "disable_webhooks": false,
            "force_update": false,
            "id": "terraform-team-test-runner",
            "keyring": null,
            "lint": false,
            "max_history": 0,
            "metadata": [
              {
                "app_version": "13.11.0-rc1",
                "chart": "gitlab-runner",
                "name": "terraform-team-test-runner",
                "namespace": "default",
                "revision": 1,
                "values": "{\"concurrent\":10,\"gitlabUrl\":\"https://gitlab.patriciadev.com/\",\"image\":\"gitlab/gitlab-runner:alpine-v13.11.0-rc1\",\"rbac\":{\"clusterWideAccess\":false,\"create\":true,\"node_selector\":[{\"key\":\"node-kind\",\"value\":\"private_gitlab_runner\"}],\"serviceAccountAnnotations\":{},\"serviceAccountName\":\"gitlab-runner\",\"tolerations\":[{\"effect\":\"NO_SCHEDULE\",\"key\":\"gitlab-runner\",\"value\":true}]},\"runnerRegistrationToken\":\"qm1useaEhiWRymnrgduX\",\"runners\":{\"config\":\"  [[runners]]\\n      [runners.kubernetes]\\n      image = \\\"ubuntu-os-cloud/ubuntu-1804-lts\\\"\\n      priviledged = false\\n      image_pull_secrets = [\\\"dev-gcr-key\\\"]\\n      [runners.kubernetes.affinity]\\n      [runners.kubernetes.pod_labels]\\n      [runners.kubernetes.pod_security_context]\\n        fs_group = 412\\n      [runners.kubernetes.volumes]\\n        [[runners.kubernetes.volumes.host_path]]\\n          name = \\\"docker-socket\\\"\\n          mount_path = \\\"/var/run/docker.sock\\\"\\n          read_only = true\\n          host_path = \\\"/var/run/docker.sock\\\"\\n\",\"locked\":\"true\",\"runUntagged\":false,\"tags\":\"runner-private\"}}",
                "version": "0.28.0-rc1"
              }
            ],
            "name": "terraform-team-test-runner",
            "namespace": "default",
            "postrender": [],
            "recreate_pods": false,
            "render_subchart_notes": true,
            "replace": false,
            "repository": "https://charts.gitlab.io",
            "repository_ca_file": null,
            "repository_cert_file": null,
            "repository_key_file": null,
            "repository_password": null,
            "repository_username": null,
            "reset_values": false,
            "reuse_values": false,
            "set": [
              {
                "name": "concurrent",
                "type": "",
                "value": "10"
              },
              {
                "name": "gitlabUrl",
                "type": "string",
                "value": "https://gitlab.patriciadev.com/"
              },
              {
                "name": "image",
                "type": "",
                "value": "gitlab/gitlab-runner:alpine-v13.11.0-rc1"
              },
              {
                "name": "runnerRegistrationToken",
                "type": "",
                "value": "qm1useaEhiWRymnrgduX"
              },
              {
                "name": "runners.config",
                "type": "string",
                "value": "  [[runners]]\n      [runners.kubernetes]\n      image = \"ubuntu-os-cloud/ubuntu-1804-lts\"\n      priviledged = false\n      image_pull_secrets = [\"dev-gcr-key\"]\n      [runners.kubernetes.affinity]\n      [runners.kubernetes.pod_labels]\n      [runners.kubernetes.pod_security_context]\n        fs_group = 412\n      [runners.kubernetes.volumes]\n        [[runners.kubernetes.volumes.host_path]]\n          name = \"docker-socket\"\n          mount_path = \"/var/run/docker.sock\"\n          read_only = true\n          host_path = \"/var/run/docker.sock\"\n"
              },
              {
                "name": "runners.locked",
                "type": "string",
                "value": "true"
              },
              {
                "name": "runners.runUntagged",
                "type": "",
                "value": "false"
              },
              {
                "name": "runners.tags",
                "type": "string",
                "value": "runner-private"
              }
            ],
            "set_sensitive": [],
            "set_string": [],
            "skip_crds": false,
            "status": "deployed",
            "timeout": 300,
            "values": [
              "\"rbac\":\n  \"clusterWideAccess\": false\n  \"create\": true\n  \"node_selector\":\n  - \"key\": \"node-kind\"\n    \"value\": \"private_gitlab_runner\"\n  \"serviceAccountAnnotations\": {}\n  \"serviceAccountName\": \"gitlab-runner\"\n  \"tolerations\":\n  - \"effect\": \"NO_SCHEDULE\"\n    \"key\": \"gitlab-runner\"\n    \"value\": true\n",
              ""
            ],
            "verify": false,
            "version": "0.28.0-rc1",
            "wait": true
          },
          "sensitive_attributes": [
            [
              {
                "type": "get_attr",
                "value": "set"
              }
            ]
          ],
          "private": "bnVsbA==",
          "dependencies": [
            "data.google_secret_manager_secret_version.private_gke_runner_registration_token"
          ]
        }
      ]
    }
  ]
}
