{
  "version": 4,
  "terraform_version": "1.0.11",
  "serial": 193,
  "lineage": "5fc16df8-d7fd-a064-21e3-2ded6220703f",
  "outputs": {},
  "resources": [
    {
      "mode": "data",
      "type": "google_secret_manager_secret_version",
      "name": "private_gke_runner_registration_token",
      "provider": "provider[\"registry.terraform.io/hashicorp/google\"]",
      "instances": [
        {
          "schema_version": 0,
          "attributes": {
            "create_time": "2021-12-20T12:32:14.815363Z",
            "destroy_time": null,
            "enabled": true,
            "id": "projects/1078903377667/secrets/private_gke_runner_registration_token/versions/1",
            "name": "projects/1078903377667/secrets/private_gke_runner_registration_token/versions/1",
            "project": "deimos-internal-playground",
            "secret": "private_gke_runner_registration_token",
            "secret_data": "qm1useaEhiWRymnrgduX",
            "version": "1"
          },
          "sensitive_attributes": []
        }
      ]
    },
    {
      "mode": "data",
      "type": "google_secret_manager_secret_version",
      "name": "registry_server",
      "provider": "provider[\"registry.terraform.io/hashicorp/google\"]",
      "instances": [
        {
          "schema_version": 0,
          "attributes": {
            "create_time": "2021-12-23T12:53:18.448306Z",
            "destroy_time": null,
            "enabled": true,
            "id": "projects/1078903377667/secrets/DEV_AUTH_REGISTERY_SERVER/versions/1",
            "name": "projects/1078903377667/secrets/DEV_AUTH_REGISTERY_SERVER/versions/1",
            "project": "deimos-internal-playground",
            "secret": "DEV_AUTH_REGISTERY_SERVER",
            "secret_data": "https://us.gcr.io/",
            "version": "1"
          },
          "sensitive_attributes": []
        }
      ]
    },
    {
      "mode": "data",
      "type": "google_secret_manager_secret_version",
      "name": "registry_username",
      "provider": "provider[\"registry.terraform.io/hashicorp/google\"]",
      "instances": [
        {
          "schema_version": 0,
          "attributes": {
            "create_time": "2021-12-23T12:56:04.726497Z",
            "destroy_time": null,
            "enabled": true,
            "id": "projects/1078903377667/secrets/DEV_AUTH_REGISTERY_USERNAME/versions/1",
            "name": "projects/1078903377667/secrets/DEV_AUTH_REGISTERY_USERNAME/versions/1",
            "project": "deimos-internal-playground",
            "secret": "DEV_AUTH_REGISTERY_USERNAME",
            "secret_data": " _json_key",
            "version": "1"
          },
          "sensitive_attributes": []
        }
      ]
    },
    {
      "module": "module.gcr_reader_service_account",
      "mode": "data",
      "type": "template_file",
      "name": "keys",
      "provider": "provider[\"registry.terraform.io/hashicorp/template\"]",
      "instances": [
        {
          "index_key": "gcr-reader",
          "schema_version": 0,
          "attributes": {
            "filename": null,
            "id": "965b76414664e68328b64b1c657b74cd346b24297894d3c40076f7634442ccf5",
            "rendered": "{\n  \"type\": \"service_account\",\n  \"project_id\": \"deimos-internal-playground\",\n  \"private_key_id\": \"bf178395737b55b32ed1be37db79db5bf7b03a77\",\n  \"private_key\": \"-----BEGIN PRIVATE KEY-----\\nMIIEvQIBADANBgkqhkiG9w0BAQEFAASCBKcwggSjAgEAAoIBAQCmnB17qEtvJJJO\\nVJlR+8tg4pKqEPIEsaiFqsYITVzQbwhbVLSKbvN/zY4ycRcSYuw98KuqVxR1FPxI\\nHgKz/B/emaA+nFXudv8Los1YK2jk7P69kv8j6xmhEBoc29HaXMbiNqtbPEmShYQy\\nuCS0xU5+KZaF2PvpdMGhh1vRboYpj2PNSpPVOc7RI9sEyoVlxw7gJrY4+KWsAgqS\\n+XICNzCp7LuMSFvhDHYXU/zjw/v6oeDN7151Jcc1V0SsKuUCzuMFHLvl5UiqpLFb\\nN8W1I/X4wxEEN3R7JUMlq5Fzr3caQiHWehz0RiGYwEw/i3+d9jGmMKGW3BubO/3D\\nyTNcAAlfAgMBAAECggEALcXUH8Xzu3wrqdN6L9jiXiLBMnHnW7zHVLm/IEbIygbH\\nH/hchW/H/AOoHlmNgiKlTrsRHoI//46dZN7B1VreEpTYPntK7HHKzhKTIbcDYWlu\\n7vw0llSfvO0kj2sg80Hr7fghCba9a8C8ugZ3JybR0r1wOiOLye6mx87dPeOEfmQR\\n+mGkFKf5UA7tRb1EAeWsyiBtSi2fklbVMES5fmL3L/HVi8XorTunfPR2QkfEgCLN\\naFuC4L6BKMD/qCodtDjaJGXvsASMuRzifHOUGqAMsX0iayUdtwHrYyDV0goJ45+A\\nsrW063ItBJhkX1kRG/hLiWzhciJLMYkajtqREAxoCQKBgQDU4EcgvC6T0JUJqFwE\\nNErMCCFX74ENhAi3tHgUQXO9V5lcxKm/jLG7/Zcal34KCZxaMWUagrewqQRjRCuY\\n6thOIGHfwfSSVy5dCLljacKvOPK6kd1VKVU4zUs2hxtyEBcoMCbgp1zBi/leKYyb\\nyXP5g/a2JoNmrw7G8Jyr7sOKgwKBgQDIXHnWraqstIsotWqKltobLXviyuz/ialz\\nwSydTpzW9uqEiOy70irNFmWxyfK6iMTW1CYfbktPwkBcykNRv2dl/4B22Z41Duvn\\n7ns/f9uBnpaR9d0L0xcj7/uQBFbEtPPC1dKYCNjuqZWmYwnJ88weX8kSMpmqVRbK\\nZZ7REZB+9QKBgExJa3QBvDdgomhpm0AudTeVGk3nGLp9PJqI5BduNUn/YIhsOeDZ\\nTMBv6nyvGY4DT7LKzM6pVabLizT/sxgD4SxuUmTbnwfqkkTo4XcM6aXdpK7Toxvn\\nyhCnEXMjC+Tee039o5ESqRz7SoxCG4+grB0Y+4rfVmuwBH2qsJq04AJ9AoGBAKHk\\nZuYZqSCnORIJlC6rOUxgcguMX/cSaoMHgV8R2BSxqkiwwmf4p3DTOhRv0tr6C+Jx\\nxOP8oImvsYXIQKDbAVcfHdPqfrTse50JyzhBvUF8vLjvak5VoAr/q8pwVxPWCmhR\\nkTobW/1rtWmd+Jjfjvyz9KnpjNResG2Vsr/Ha3PJAoGAUf5c1W9vE87GiCQp4F32\\nGcQTVssBd2g1LqTZRAdvkgqt6z0ml08E4mpjluq31nGX/qdDsuUVy4bNk3+e6n+4\\nYRO91HLpxtbqQ7S1QLTKZZ0AfGC9HVL12gkxqhVJFSL7Lm3A+tvDAdA3928o8Cyn\\n24550tS9zRh7E04jf9PQGnM=\\n-----END PRIVATE KEY-----\\n\",\n  \"client_email\": \"gcr-reader@deimos-internal-playground.iam.gserviceaccount.com\",\n  \"client_id\": \"112781304333328468656\",\n  \"auth_uri\": \"https://accounts.google.com/o/oauth2/auth\",\n  \"token_uri\": \"https://oauth2.googleapis.com/token\",\n  \"auth_provider_x509_cert_url\": \"https://www.googleapis.com/oauth2/v1/certs\",\n  \"client_x509_cert_url\": \"https://www.googleapis.com/robot/v1/metadata/x509/gcr-reader%40deimos-internal-playground.iam.gserviceaccount.com\"\n}\n",
            "template": "${key}",
            "vars": {
              "key": "{\n  \"type\": \"service_account\",\n  \"project_id\": \"deimos-internal-playground\",\n  \"private_key_id\": \"bf178395737b55b32ed1be37db79db5bf7b03a77\",\n  \"private_key\": \"-----BEGIN PRIVATE KEY-----\\nMIIEvQIBADANBgkqhkiG9w0BAQEFAASCBKcwggSjAgEAAoIBAQCmnB17qEtvJJJO\\nVJlR+8tg4pKqEPIEsaiFqsYITVzQbwhbVLSKbvN/zY4ycRcSYuw98KuqVxR1FPxI\\nHgKz/B/emaA+nFXudv8Los1YK2jk7P69kv8j6xmhEBoc29HaXMbiNqtbPEmShYQy\\nuCS0xU5+KZaF2PvpdMGhh1vRboYpj2PNSpPVOc7RI9sEyoVlxw7gJrY4+KWsAgqS\\n+XICNzCp7LuMSFvhDHYXU/zjw/v6oeDN7151Jcc1V0SsKuUCzuMFHLvl5UiqpLFb\\nN8W1I/X4wxEEN3R7JUMlq5Fzr3caQiHWehz0RiGYwEw/i3+d9jGmMKGW3BubO/3D\\nyTNcAAlfAgMBAAECggEALcXUH8Xzu3wrqdN6L9jiXiLBMnHnW7zHVLm/IEbIygbH\\nH/hchW/H/AOoHlmNgiKlTrsRHoI//46dZN7B1VreEpTYPntK7HHKzhKTIbcDYWlu\\n7vw0llSfvO0kj2sg80Hr7fghCba9a8C8ugZ3JybR0r1wOiOLye6mx87dPeOEfmQR\\n+mGkFKf5UA7tRb1EAeWsyiBtSi2fklbVMES5fmL3L/HVi8XorTunfPR2QkfEgCLN\\naFuC4L6BKMD/qCodtDjaJGXvsASMuRzifHOUGqAMsX0iayUdtwHrYyDV0goJ45+A\\nsrW063ItBJhkX1kRG/hLiWzhciJLMYkajtqREAxoCQKBgQDU4EcgvC6T0JUJqFwE\\nNErMCCFX74ENhAi3tHgUQXO9V5lcxKm/jLG7/Zcal34KCZxaMWUagrewqQRjRCuY\\n6thOIGHfwfSSVy5dCLljacKvOPK6kd1VKVU4zUs2hxtyEBcoMCbgp1zBi/leKYyb\\nyXP5g/a2JoNmrw7G8Jyr7sOKgwKBgQDIXHnWraqstIsotWqKltobLXviyuz/ialz\\nwSydTpzW9uqEiOy70irNFmWxyfK6iMTW1CYfbktPwkBcykNRv2dl/4B22Z41Duvn\\n7ns/f9uBnpaR9d0L0xcj7/uQBFbEtPPC1dKYCNjuqZWmYwnJ88weX8kSMpmqVRbK\\nZZ7REZB+9QKBgExJa3QBvDdgomhpm0AudTeVGk3nGLp9PJqI5BduNUn/YIhsOeDZ\\nTMBv6nyvGY4DT7LKzM6pVabLizT/sxgD4SxuUmTbnwfqkkTo4XcM6aXdpK7Toxvn\\nyhCnEXMjC+Tee039o5ESqRz7SoxCG4+grB0Y+4rfVmuwBH2qsJq04AJ9AoGBAKHk\\nZuYZqSCnORIJlC6rOUxgcguMX/cSaoMHgV8R2BSxqkiwwmf4p3DTOhRv0tr6C+Jx\\nxOP8oImvsYXIQKDbAVcfHdPqfrTse50JyzhBvUF8vLjvak5VoAr/q8pwVxPWCmhR\\nkTobW/1rtWmd+Jjfjvyz9KnpjNResG2Vsr/Ha3PJAoGAUf5c1W9vE87GiCQp4F32\\nGcQTVssBd2g1LqTZRAdvkgqt6z0ml08E4mpjluq31nGX/qdDsuUVy4bNk3+e6n+4\\nYRO91HLpxtbqQ7S1QLTKZZ0AfGC9HVL12gkxqhVJFSL7Lm3A+tvDAdA3928o8Cyn\\n24550tS9zRh7E04jf9PQGnM=\\n-----END PRIVATE KEY-----\\n\",\n  \"client_email\": \"gcr-reader@deimos-internal-playground.iam.gserviceaccount.com\",\n  \"client_id\": \"112781304333328468656\",\n  \"auth_uri\": \"https://accounts.google.com/o/oauth2/auth\",\n  \"token_uri\": \"https://oauth2.googleapis.com/token\",\n  \"auth_provider_x509_cert_url\": \"https://www.googleapis.com/oauth2/v1/certs\",\n  \"client_x509_cert_url\": \"https://www.googleapis.com/robot/v1/metadata/x509/gcr-reader%40deimos-internal-playground.iam.gserviceaccount.com\"\n}\n"
            }
          },
          "sensitive_attributes": [
            [
              {
                "type": "get_attr",
                "value": "vars"
              },
              {
                "type": "index",
                "value": {
                  "value": "key",
                  "type": "string"
                }
              }
            ]
          ]
        }
      ]
    },
    {
      "module": "module.gcr_reader_service_account",
      "mode": "managed",
      "type": "google_project_iam_member",
      "name": "project-roles",
      "provider": "provider[\"registry.terraform.io/hashicorp/google\"]",
      "instances": [
        {
          "index_key": "gcr-reader-deimos-internal-playground=\u003eroles/storage.objectViewer",
          "schema_version": 0,
          "attributes": {
            "condition": [],
            "etag": "BwXTz1gwjuc=",
            "id": "deimos-internal-playground/roles/storage.objectViewer/serviceAccount:gcr-reader@deimos-internal-playground.iam.gserviceaccount.com",
            "member": "serviceAccount:gcr-reader@deimos-internal-playground.iam.gserviceaccount.com",
            "project": "deimos-internal-playground",
            "role": "roles/storage.objectViewer"
          },
          "sensitive_attributes": [],
          "private": "bnVsbA==",
          "dependencies": [
            "module.gcr_reader_service_account.google_service_account.service_accounts"
          ]
        }
      ]
    },
    {
      "module": "module.gcr_reader_service_account",
      "mode": "managed",
      "type": "google_service_account",
      "name": "service_accounts",
      "provider": "provider[\"registry.terraform.io/hashicorp/google\"]",
      "instances": [
        {
          "index_key": "gcr-reader",
          "schema_version": 0,
          "attributes": {
            "account_id": "gcr-reader",
            "description": "Service Account Used by Kubernetes for Read Registry Access (Managed By Terraform)",
            "disabled": false,
            "display_name": "Terraform Managed GCR Reader Service Account",
            "email": "gcr-reader@deimos-internal-playground.iam.gserviceaccount.com",
            "id": "projects/deimos-internal-playground/serviceAccounts/gcr-reader@deimos-internal-playground.iam.gserviceaccount.com",
            "name": "projects/deimos-internal-playground/serviceAccounts/gcr-reader@deimos-internal-playground.iam.gserviceaccount.com",
            "project": "deimos-internal-playground",
            "timeouts": null,
            "unique_id": "112781304333328468656"
          },
          "sensitive_attributes": [],
          "private": "eyJlMmJmYjczMC1lY2FhLTExZTYtOGY4OC0zNDM2M2JjN2M0YzAiOnsiY3JlYXRlIjozMDAwMDAwMDAwMDB9fQ=="
        }
      ]
    },
    {
      "module": "module.gcr_reader_service_account",
      "mode": "managed",
      "type": "google_service_account_key",
      "name": "keys",
      "provider": "provider[\"registry.terraform.io/hashicorp/google\"]",
      "instances": [
        {
          "index_key": "gcr-reader",
          "schema_version": 0,
          "attributes": {
            "id": "projects/deimos-internal-playground/serviceAccounts/gcr-reader@deimos-internal-playground.iam.gserviceaccount.com/keys/bf178395737b55b32ed1be37db79db5bf7b03a77",
            "keepers": null,
            "key_algorithm": "KEY_ALG_RSA_2048",
            "name": "projects/deimos-internal-playground/serviceAccounts/gcr-reader@deimos-internal-playground.iam.gserviceaccount.com/keys/bf178395737b55b32ed1be37db79db5bf7b03a77",
            "private_key": "ewogICJ0eXBlIjogInNlcnZpY2VfYWNjb3VudCIsCiAgInByb2plY3RfaWQiOiAiZGVpbW9zLWludGVybmFsLXBsYXlncm91bmQiLAogICJwcml2YXRlX2tleV9pZCI6ICJiZjE3ODM5NTczN2I1NWIzMmVkMWJlMzdkYjc5ZGI1YmY3YjAzYTc3IiwKICAicHJpdmF0ZV9rZXkiOiAiLS0tLS1CRUdJTiBQUklWQVRFIEtFWS0tLS0tXG5NSUlFdlFJQkFEQU5CZ2txaGtpRzl3MEJBUUVGQUFTQ0JLY3dnZ1NqQWdFQUFvSUJBUUNtbkIxN3FFdHZKSkpPXG5WSmxSKzh0ZzRwS3FFUElFc2FpRnFzWUlUVnpRYndoYlZMU0tidk4velk0eWNSY1NZdXc5OEt1cVZ4UjFGUHhJXG5IZ0t6L0IvZW1hQStuRlh1ZHY4TG9zMVlLMmprN1A2OWt2OGo2eG1oRUJvYzI5SGFYTWJpTnF0YlBFbVNoWVF5XG51Q1MweFU1K0taYUYyUHZwZE1HaGgxdlJib1lwajJQTlNwUFZPYzdSSTlzRXlvVmx4dzdnSnJZNCtLV3NBZ3FTXG4rWElDTnpDcDdMdU1TRnZoREhZWFUvemp3L3Y2b2VETjcxNTFKY2MxVjBTc0t1VUN6dU1GSEx2bDVVaXFwTEZiXG5OOFcxSS9YNHd4RUVOM1I3SlVNbHE1RnpyM2NhUWlIV2VoejBSaUdZd0V3L2kzK2Q5akdtTUtHVzNCdWJPLzNEXG55VE5jQUFsZkFnTUJBQUVDZ2dFQUxjWFVIOFh6dTN3cnFkTjZMOWppWGlMQk1uSG5XN3pIVkxtL0lFYkl5Z2JIXG5IL2hjaFcvSC9BT29IbG1OZ2lLbFRyc1JIb0kvLzQ2ZFpON0IxVnJlRXBUWVBudEs3SEhLemhLVEliY0RZV2x1XG43dncwbGxTZnZPMGtqMnNnODBIcjdmZ2hDYmE5YThDOHVnWjNKeWJSMHIxd09pT0x5ZTZteDg3ZFBlT0VmbVFSXG4rbUdrRktmNVVBN3RSYjFFQWVXc3lpQnRTaTJma2xiVk1FUzVmbUwzTC9IVmk4WG9yVHVuZlBSMlFrZkVnQ0xOXG5hRnVDNEw2QktNRC9xQ29kdERqYUpHWHZzQVNNdVJ6aWZIT1VHcUFNc1gwaWF5VWR0d0hyWXlEVjBnb0o0NStBXG5zclcwNjNJdEJKaGtYMWtSRy9oTGlXemhjaUpMTVlrYWp0cVJFQXhvQ1FLQmdRRFU0RWNndkM2VDBKVUpxRndFXG5ORXJNQ0NGWDc0RU5oQWkzdEhnVVFYTzlWNWxjeEttL2pMRzcvWmNhbDM0S0NaeGFNV1VhZ3Jld3FRUmpSQ3VZXG42dGhPSUdIZndmU1NWeTVkQ0xsamFjS3ZPUEs2a2QxVktWVTR6VXMyaHh0eUVCY29NQ2JncDF6QmkvbGVLWXliXG55WFA1Zy9hMkpvTm1ydzdHOEp5cjdzT0tnd0tCZ1FESVhIbldyYXFzdElzb3RXcUtsdG9iTFh2aXl1ei9pYWx6XG53U3lkVHB6Vzl1cUVpT3k3MGlyTkZtV3h5Zks2aU1UVzFDWWZia3RQd2tCY3lrTlJ2MmRsLzRCMjJaNDFEdXZuXG43bnMvZjl1Qm5wYVI5ZDBMMHhjajcvdVFCRmJFdFBQQzFkS1lDTmp1cVpXbVl3bko4OHdlWDhrU01wbXFWUmJLXG5aWjdSRVpCKzlRS0JnRXhKYTNRQnZEZGdvbWhwbTBBdWRUZVZHazNuR0xwOVBKcUk1QmR1TlVuL1lJaHNPZURaXG5UTUJ2Nm55dkdZNERUN0xLek02cFZhYkxpelQvc3hnRDRTeHVVbVRibndmcWtrVG80WGNNNmFYZHBLN1RveHZuXG55aENuRVhNakMrVGVlMDM5bzVFU3FSejdTb3hDRzQrZ3JCMFkrNHJmVm11d0JIMnFzSnEwNEFKOUFvR0JBS0hrXG5adVlacVNDbk9SSUpsQzZyT1V4Z2NndU1YL2NTYW9NSGdWOFIyQlN4cWtpd3dtZjRwM0RUT2hSdjB0cjZDK0p4XG54T1A4b0ltdnNZWElRS0RiQVZjZkhkUHFmclRzZTUwSnl6aEJ2VUY4dkxqdmFrNVZvQXIvcThwd1Z4UFdDbWhSXG5rVG9iVy8xcnRXbWQrSmpmanZ5ejlLbnBqTlJlc0cyVnNyL0hhM1BKQW9HQVVmNWMxVzl2RTg3R2lDUXA0RjMyXG5HY1FUVnNzQmQyZzFMcVRaUkFkdmtncXQ2ejBtbDA4RTRtcGpsdXEzMW5HWC9xZERzdVVWeTRiTmszK2U2bis0XG5ZUk85MUhMcHh0YnFRN1MxUUxUS1paMEFmR0M5SFZMMTJna3hxaFZKRlNMN0xtM0ErdHZEQWRBMzkyOG84Q3luXG4yNDU1MHRTOXpSaDdFMDRqZjlQUUduTT1cbi0tLS0tRU5EIFBSSVZBVEUgS0VZLS0tLS1cbiIsCiAgImNsaWVudF9lbWFpbCI6ICJnY3ItcmVhZGVyQGRlaW1vcy1pbnRlcm5hbC1wbGF5Z3JvdW5kLmlhbS5nc2VydmljZWFjY291bnQuY29tIiwKICAiY2xpZW50X2lkIjogIjExMjc4MTMwNDMzMzMyODQ2ODY1NiIsCiAgImF1dGhfdXJpIjogImh0dHBzOi8vYWNjb3VudHMuZ29vZ2xlLmNvbS9vL29hdXRoMi9hdXRoIiwKICAidG9rZW5fdXJpIjogImh0dHBzOi8vb2F1dGgyLmdvb2dsZWFwaXMuY29tL3Rva2VuIiwKICAiYXV0aF9wcm92aWRlcl94NTA5X2NlcnRfdXJsIjogImh0dHBzOi8vd3d3Lmdvb2dsZWFwaXMuY29tL29hdXRoMi92MS9jZXJ0cyIsCiAgImNsaWVudF94NTA5X2NlcnRfdXJsIjogImh0dHBzOi8vd3d3Lmdvb2dsZWFwaXMuY29tL3JvYm90L3YxL21ldGFkYXRhL3g1MDkvZ2NyLXJlYWRlciU0MGRlaW1vcy1pbnRlcm5hbC1wbGF5Z3JvdW5kLmlhbS5nc2VydmljZWFjY291bnQuY29tIgp9Cg==",
            "private_key_type": "TYPE_GOOGLE_CREDENTIALS_FILE",
            "public_key": "LS0tLS1CRUdJTiBDRVJUSUZJQ0FURS0tLS0tCk1JSUMvRENDQWVTZ0F3SUJBZ0lJR1dRU3ZsZXF4MUV3RFFZSktvWklodmNOQVFFRkJRQXdJREVlTUJ3R0ExVUUKQXhNVk1URXlOemd4TXpBME16TXpNekk0TkRZNE5qVTJNQ0FYRFRJeE1USXlOREV3TXpneE5sb1lEems1T1RreApNak14TWpNMU9UVTVXakFnTVI0d0hBWURWUVFERXhVeE1USTNPREV6TURRek16TXpNamcwTmpnMk5UWXdnZ0VpCk1BMEdDU3FHU0liM0RRRUJBUVVBQTRJQkR3QXdnZ0VLQW9JQkFRQ21uQjE3cUV0dkpKSk9WSmxSKzh0ZzRwS3EKRVBJRXNhaUZxc1lJVFZ6UWJ3aGJWTFNLYnZOL3pZNHljUmNTWXV3OThLdXFWeFIxRlB4SUhnS3ovQi9lbWFBKwpuRlh1ZHY4TG9zMVlLMmprN1A2OWt2OGo2eG1oRUJvYzI5SGFYTWJpTnF0YlBFbVNoWVF5dUNTMHhVNStLWmFGCjJQdnBkTUdoaDF2UmJvWXBqMlBOU3BQVk9jN1JJOXNFeW9WbHh3N2dKclk0K0tXc0FncVMrWElDTnpDcDdMdU0KU0Z2aERIWVhVL3pqdy92Nm9lRE43MTUxSmNjMVYwU3NLdVVDenVNRkhMdmw1VWlxcExGYk44VzFJL1g0d3hFRQpOM1I3SlVNbHE1RnpyM2NhUWlIV2VoejBSaUdZd0V3L2kzK2Q5akdtTUtHVzNCdWJPLzNEeVROY0FBbGZBZ01CCkFBR2pPREEyTUF3R0ExVWRFd0VCL3dRQ01BQXdEZ1lEVlIwUEFRSC9CQVFEQWdlQU1CWUdBMVVkSlFFQi93UU0KTUFvR0NDc0dBUVVGQndNQ01BMEdDU3FHU0liM0RRRUJCUVVBQTRJQkFRQ0RDdWVBZkdLemFzNWtIbmxhSU8zVwpuRWFJdHFEUmdXdHZRb2FLOU5CRGFCd1planJaV0pMSURwRjFYR0FlRXBXeVcyUmdYem54WlJnUS9XQjhXNXo2CmRlVFprb09yRlpxOHhSSUFvclZCYnJ5WDNycjNIaGVCZVhTeEV2ejNoMU94OTRLR3pGVWlJcFNaKzZaM0hDd1kKTWplVko3Y0pDWllpQW9sb1lRN1NlUkZJRGpqbE9EUmdGWHNSVWhmZ0VpWWZ5dHdHOTd5WjVvRElDSDRmMDk0UQpENXJ1d2R0R0VQZjVENjd2cnN3UHUvL3JPVDJuMjBEQmF3RzNWQ3ZIN2FMRHdZQVpOaGFNZW45M1pLUFNYRG9ECnhRV2NNWFdKUDhjYWJyTkFQZktGc1BuVWVwY29CQjI0eGxtOTNvRkZWblo5TzdYNEVQSS9IM1hvdUkzYjd1bzcKLS0tLS1FTkQgQ0VSVElGSUNBVEUtLS0tLQo=",
            "public_key_data": null,
            "public_key_type": "TYPE_X509_PEM_FILE",
            "service_account_id": "gcr-reader@deimos-internal-playground.iam.gserviceaccount.com",
            "valid_after": "2021-12-24T10:38:16Z",
            "valid_before": "9999-12-31T23:59:59Z"
          },
          "sensitive_attributes": [],
          "private": "bnVsbA==",
          "dependencies": [
            "module.gcr_reader_service_account.google_service_account.service_accounts"
          ]
        }
      ]
    },
    {
      "module": "module.gitlab_server",
      "mode": "managed",
      "type": "random_id",
      "name": "this",
      "provider": "provider[\"registry.terraform.io/hashicorp/random\"]",
      "instances": [
        {
          "schema_version": 0,
          "attributes": {
            "b64_std": "MXjkOY7c09A=",
            "b64_url": "MXjkOY7c09A",
            "byte_length": 8,
            "dec": "3564850040924853200",
            "hex": "3178e4398edcd3d0",
            "id": "MXjkOY7c09A",
            "keepers": null,
            "prefix": null
          },
          "sensitive_attributes": [],
          "private": "bnVsbA=="
        }
      ]
    },
    {
      "module": "module.private_gitlab_runner",
      "mode": "managed",
      "type": "helm_release",
      "name": "gitlab_runner",
      "provider": "provider[\"registry.terraform.io/hashicorp/helm\"]",
      "instances": [
        {
          "schema_version": 0,
          "attributes": {
            "atomic": false,
            "chart": "gitlab-runner",
            "cleanup_on_fail": false,
            "create_namespace": true,
            "dependency_update": false,
            "description": null,
            "devel": null,
            "disable_crd_hooks": false,
            "disable_openapi_validation": false,
            "disable_webhooks": false,
            "force_update": false,
            "id": "terraform-team-test-runner",
            "keyring": null,
            "lint": false,
            "max_history": 0,
            "metadata": [
              {
                "app_version": "13.11.0-rc1",
                "chart": "gitlab-runner",
                "name": "terraform-team-test-runner",
                "namespace": "gitlab-runner",
                "revision": 1,
                "values": "{\"concurrent\":10,\"gitlabUrl\":\"http://34.139.41.59\",\"image\":\"gitlab/gitlab-runner:alpine-v13.11.0-rc1\",\"rbac\":{\"clusterWideAccess\":false,\"create\":true,\"serviceAccountAnnotations\":{},\"serviceAccountName\":\"gitlab-runner\",\"tolerations\":{\"effect\":\"NO_EXECUTE\",\"key\":\"gitlab-runner\",\"operator\":\"Equal\",\"value\":true}},\"runnerRegistrationToken\":\"qm1useaEhiWRymnrgduX\",\"runners\":{\"config\":\"  [[runners]]\\n      [runners.kubernetes]\\n      image = \\\"ubuntu-os-cloud/ubuntu-1804-lts\\\"\\n      priviledged = false\\n      image_pull_secrets = [\\\"dev-gcr-key\\\"]\\n      [runners.kubernetes.affinity]\\n      [runners.kubernetes.pod_labels]\\n      [runners.kubernetes.pod_security_context]\\n        fs_group = 412\\n      [runners.kubernetes.volumes]\\n        [[runners.kubernetes.volumes.host_path]]\\n          name = \\\"docker-socket\\\"\\n          mount_path = \\\"/var/run/docker.sock\\\"\\n          read_only = true\\n          host_path = \\\"/var/run/docker.sock\\\"\\n\",\"locked\":\"true\",\"runUntagged\":false,\"tags\":\"runner-private\"}}",
                "version": "0.28.0-rc1"
              }
            ],
            "name": "terraform-team-test-runner",
            "namespace": "gitlab-runner",
            "postrender": [],
            "recreate_pods": false,
            "render_subchart_notes": true,
            "replace": false,
            "repository": "https://charts.gitlab.io",
            "repository_ca_file": null,
            "repository_cert_file": null,
            "repository_key_file": null,
            "repository_password": null,
            "repository_username": null,
            "reset_values": false,
            "reuse_values": false,
            "set": [
              {
                "name": "concurrent",
                "type": "",
                "value": "10"
              },
              {
                "name": "gitlabUrl",
                "type": "string",
                "value": "http://34.139.41.59"
              },
              {
                "name": "image",
                "type": "",
                "value": "gitlab/gitlab-runner:alpine-v13.11.0-rc1"
              },
              {
                "name": "runnerRegistrationToken",
                "type": "",
                "value": "qm1useaEhiWRymnrgduX"
              },
              {
                "name": "runners.config",
                "type": "string",
                "value": "  [[runners]]\n      [runners.kubernetes]\n      image = \"ubuntu-os-cloud/ubuntu-1804-lts\"\n      priviledged = false\n      image_pull_secrets = [\"dev-gcr-key\"]\n      [runners.kubernetes.affinity]\n      [runners.kubernetes.pod_labels]\n      [runners.kubernetes.pod_security_context]\n        fs_group = 412\n      [runners.kubernetes.volumes]\n        [[runners.kubernetes.volumes.host_path]]\n          name = \"docker-socket\"\n          mount_path = \"/var/run/docker.sock\"\n          read_only = true\n          host_path = \"/var/run/docker.sock\"\n"
              },
              {
                "name": "runners.locked",
                "type": "string",
                "value": "true"
              },
              {
                "name": "runners.runUntagged",
                "type": "",
                "value": "false"
              },
              {
                "name": "runners.tags",
                "type": "string",
                "value": "runner-private"
              }
            ],
            "set_sensitive": [],
            "set_string": [],
            "skip_crds": false,
            "status": "deployed",
            "timeout": 300,
            "values": [
              "\"rbac\":\n  \"clusterWideAccess\": false\n  \"create\": true\n  \"serviceAccountAnnotations\": {}\n  \"serviceAccountName\": \"gitlab-runner\"\n  \"tolerations\":\n    \"effect\": \"NO_EXECUTE\"\n    \"key\": \"gitlab-runner\"\n    \"operator\": \"Equal\"\n    \"value\": true\n",
              ""
            ],
            "verify": false,
            "version": "0.28.0-rc1",
            "wait": true
          },
          "sensitive_attributes": [
            [
              {
                "type": "get_attr",
                "value": "set"
              }
            ]
          ],
          "private": "bnVsbA==",
          "dependencies": [
            "data.google_secret_manager_secret_version.private_gke_runner_registration_token"
          ]
        }
      ]
    },
    {
      "module": "module.private_gke_cluster",
      "mode": "data",
      "type": "google_container_engine_versions",
      "name": "location",
      "provider": "provider[\"registry.terraform.io/hashicorp/google\"]",
      "instances": [
        {
          "schema_version": 0,
          "attributes": {
            "default_cluster_version": "1.21.5-gke.1302",
            "id": "2021-12-31 15:51:39.936755 +0000 UTC",
            "latest_master_version": "1.21.6-gke.1500",
            "latest_node_version": "1.21.6-gke.1500",
            "location": "us-east1",
            "project": "deimos-internal-playground",
            "release_channel_default_version": {
              "RAPID": "1.22.3-gke.700",
              "REGULAR": "1.21.5-gke.1302",
              "STABLE": "1.20.11-gke.1300"
            },
            "valid_master_versions": [
              "1.21.6-gke.1500",
              "1.21.5-gke.1802",
              "1.21.5-gke.1302",
              "1.20.12-gke.1500",
              "1.20.11-gke.1801",
              "1.20.11-gke.1300",
              "1.20.10-gke.2100",
              "1.20.10-gke.1600",
              "1.19.16-gke.1500",
              "1.19.15-gke.1801",
              "1.19.15-gke.1300"
            ],
            "valid_node_versions": [
              "1.21.6-gke.1500",
              "1.21.5-gke.1802",
              "1.21.5-gke.1302",
              "1.21.5-gke.1300",
              "1.21.4-gke.2302",
              "1.21.4-gke.2300",
              "1.21.3-gke.2003",
              "1.21.3-gke.2001",
              "1.20.12-gke.1500",
              "1.20.11-gke.1801",
              "1.20.11-gke.1300",
              "1.20.10-gke.2100",
              "1.20.10-gke.1600",
              "1.20.10-gke.301",
              "1.20.9-gke.2100",
              "1.20.9-gke.1001",
              "1.20.9-gke.1000",
              "1.20.9-gke.701",
              "1.20.9-gke.700",
              "1.20.8-gke.2101",
              "1.20.8-gke.2100",
              "1.20.8-gke.900",
              "1.20.8-gke.700",
              "1.20.7-gke.2200",
              "1.20.7-gke.1800",
              "1.20.6-gke.1400",
              "1.20.6-gke.1000",
              "1.19.16-gke.1500",
              "1.19.15-gke.1801",
              "1.19.15-gke.1300",
              "1.19.15-gke.500",
              "1.19.14-gke.2300",
              "1.19.14-gke.1900",
              "1.19.14-gke.301",
              "1.19.14-gke.300",
              "1.19.13-gke.1900",
              "1.19.13-gke.1200",
              "1.19.13-gke.701",
              "1.19.13-gke.700",
              "1.19.12-gke.2101",
              "1.19.12-gke.2100",
              "1.19.12-gke.1100",
              "1.19.12-gke.900",
              "1.19.12-gke.700",
              "1.19.11-gke.2101",
              "1.19.11-gke.2100",
              "1.19.11-gke.1701",
              "1.19.11-gke.1700",
              "1.19.10-gke.1701",
              "1.19.10-gke.1700",
              "1.19.10-gke.1601",
              "1.19.10-gke.1600",
              "1.19.10-gke.1001",
              "1.19.10-gke.1000",
              "1.19.9-gke.1900",
              "1.19.9-gke.1400",
              "1.19.9-gke.700",
              "1.19.9-gke.100",
              "1.19.8-gke.2000",
              "1.19.8-gke.1600",
              "1.19.8-gke.1000",
              "1.19.7-gke.2503",
              "1.19.7-gke.1500",
              "1.19.7-gke.1302",
              "1.19.7-gke.800",
              "1.19.6-gke.1700",
              "1.19.6-gke.1100",
              "1.19.6-gke.600",
              "1.18.20-gke.6000",
              "1.18.20-gke.4501",
              "1.18.20-gke.4500",
              "1.18.20-gke.4100",
              "1.18.20-gke.3300",
              "1.18.20-gke.3001",
              "1.18.20-gke.3000",
              "1.18.20-gke.2300",
              "1.18.20-gke.901",
              "1.18.20-gke.900",
              "1.18.20-gke.501",
              "1.18.19-gke.2101",
              "1.18.19-gke.2100",
              "1.18.19-gke.1701",
              "1.18.19-gke.1700",
              "1.18.18-gke.1701",
              "1.18.18-gke.1700",
              "1.18.18-gke.1101",
              "1.18.18-gke.1100",
              "1.18.17-gke.1901",
              "1.18.17-gke.1900",
              "1.18.17-gke.1201",
              "1.18.17-gke.1200",
              "1.18.17-gke.700",
              "1.18.17-gke.100",
              "1.18.16-gke.2100",
              "1.18.16-gke.1201",
              "1.18.16-gke.1200",
              "1.18.16-gke.502",
              "1.18.16-gke.500",
              "1.18.16-gke.302",
              "1.18.16-gke.300",
              "1.18.15-gke.2500",
              "1.18.15-gke.1502",
              "1.18.15-gke.1501",
              "1.18.15-gke.1500",
              "1.18.15-gke.1102",
              "1.18.15-gke.1100",
              "1.18.15-gke.800",
              "1.18.14-gke.1600",
              "1.18.14-gke.1200",
              "1.18.12-gke.1210",
              "1.18.12-gke.1206",
              "1.18.12-gke.1205",
              "1.18.12-gke.1201",
              "1.18.12-gke.1200",
              "1.18.12-gke.300",
              "1.18.10-gke.2701",
              "1.18.10-gke.2101",
              "1.18.10-gke.1500",
              "1.18.10-gke.601",
              "1.18.9-gke.2501",
              "1.18.9-gke.1501",
              "1.18.9-gke.801",
              "1.18.6-gke.4801",
              "1.18.6-gke.3504",
              "1.18.6-gke.3503",
              "1.17.17-gke.9100",
              "1.17.17-gke.8500",
              "1.17.17-gke.8200",
              "1.17.17-gke.7800",
              "1.17.17-gke.7200",
              "1.17.17-gke.6700",
              "1.17.17-gke.6000",
              "1.17.17-gke.5400",
              "1.17.17-gke.4900",
              "1.17.17-gke.4400",
              "1.17.17-gke.3700",
              "1.17.17-gke.3000",
              "1.17.17-gke.2800",
              "1.17.17-gke.2500",
              "1.17.17-gke.1500",
              "1.17.17-gke.1101",
              "1.17.17-gke.1100",
              "1.17.17-gke.600",
              "1.17.16-gke.1600",
              "1.17.16-gke.1300",
              "1.17.15-gke.800",
              "1.17.15-gke.300",
              "1.17.14-gke.1600",
              "1.17.14-gke.1200",
              "1.17.14-gke.400",
              "1.17.13-gke.2600",
              "1.17.13-gke.2001",
              "1.17.13-gke.1401",
              "1.17.13-gke.1400",
              "1.17.13-gke.600",
              "1.17.12-gke.2502",
              "1.17.12-gke.1504",
              "1.17.12-gke.1501",
              "1.17.12-gke.500",
              "1.17.9-gke.6300",
              "1.17.9-gke.1504",
              "1.16.15-gke.14800",
              "1.16.15-gke.12500",
              "1.16.15-gke.11800",
              "1.16.15-gke.10600",
              "1.16.15-gke.7801",
              "1.16.15-gke.7800",
              "1.16.15-gke.7300",
              "1.16.15-gke.6900",
              "1.16.15-gke.6000",
              "1.16.15-gke.5500",
              "1.16.15-gke.4901",
              "1.16.15-gke.4301",
              "1.16.15-gke.4300",
              "1.16.15-gke.3500",
              "1.16.15-gke.2601",
              "1.16.15-gke.1600",
              "1.16.15-gke.500",
              "1.16.13-gke.404",
              "1.16.13-gke.403",
              "1.16.13-gke.401",
              "1.16.13-gke.400",
              "1.16.13-gke.1",
              "1.16.11-gke.5",
              "1.16.10-gke.8",
              "1.16.9-gke.6",
              "1.16.9-gke.2",
              "1.16.8-gke.15",
              "1.16.8-gke.12",
              "1.16.8-gke.9",
              "1.15.12-gke.6002",
              "1.15.12-gke.6001",
              "1.15.12-gke.5000",
              "1.15.12-gke.4002",
              "1.15.12-gke.4000",
              "1.15.12-gke.20",
              "1.15.12-gke.17",
              "1.15.12-gke.16",
              "1.15.12-gke.13",
              "1.15.12-gke.9",
              "1.15.12-gke.6",
              "1.15.12-gke.3",
              "1.15.12-gke.2",
              "1.15.11-gke.17",
              "1.15.11-gke.15",
              "1.15.11-gke.13",
              "1.15.11-gke.12",
              "1.15.11-gke.11",
              "1.15.11-gke.9",
              "1.15.11-gke.5",
              "1.15.11-gke.3",
              "1.15.11-gke.1",
              "1.15.9-gke.26",
              "1.15.9-gke.24",
              "1.15.9-gke.22",
              "1.15.9-gke.12",
              "1.15.9-gke.9",
              "1.15.9-gke.8",
              "1.15.8-gke.3",
              "1.15.8-gke.2",
              "1.15.7-gke.23",
              "1.15.7-gke.2",
              "1.15.4-gke.22",
              "1.14.10-gke.1504",
              "1.14.10-gke.902",
              "1.14.10-gke.50",
              "1.14.10-gke.46",
              "1.14.10-gke.45",
              "1.14.10-gke.42",
              "1.14.10-gke.41",
              "1.14.10-gke.40",
              "1.14.10-gke.37",
              "1.14.10-gke.36",
              "1.14.10-gke.34",
              "1.14.10-gke.32",
              "1.14.10-gke.31",
              "1.14.10-gke.27",
              "1.14.10-gke.24",
              "1.14.10-gke.22",
              "1.14.10-gke.21",
              "1.14.10-gke.17",
              "1.14.10-gke.0",
              "1.14.9-gke.23",
              "1.14.9-gke.2",
              "1.14.9-gke.0",
              "1.14.8-gke.33",
              "1.14.8-gke.21",
              "1.14.8-gke.18",
              "1.14.8-gke.17",
              "1.14.8-gke.14",
              "1.14.8-gke.12",
              "1.14.8-gke.7",
              "1.14.8-gke.2",
              "1.14.7-gke.40",
              "1.14.7-gke.25",
              "1.14.7-gke.23",
              "1.14.7-gke.17",
              "1.14.7-gke.14",
              "1.14.7-gke.10",
              "1.14.6-gke.13",
              "1.14.6-gke.2",
              "1.14.6-gke.1",
              "1.14.3-gke.11",
              "1.14.3-gke.10",
              "1.14.3-gke.9",
              "1.14.2-gke.9",
              "1.14.1-gke.5",
              "1.13.12-gke.30",
              "1.13.12-gke.25",
              "1.13.12-gke.17",
              "1.13.12-gke.16",
              "1.13.12-gke.14",
              "1.13.12-gke.13",
              "1.13.12-gke.10",
              "1.13.12-gke.8",
              "1.13.12-gke.4",
              "1.13.12-gke.2",
              "1.13.11-gke.23",
              "1.13.11-gke.15",
              "1.13.11-gke.14",
              "1.13.11-gke.12",
              "1.13.11-gke.11",
              "1.13.11-gke.9",
              "1.13.11-gke.5",
              "1.13.10-gke.7",
              "1.13.10-gke.0",
              "1.13.9-gke.11",
              "1.13.9-gke.3",
              "1.13.7-gke.24",
              "1.13.7-gke.19",
              "1.13.7-gke.15",
              "1.13.7-gke.8",
              "1.13.7-gke.0",
              "1.13.6-gke.13",
              "1.13.6-gke.6",
              "1.13.6-gke.5",
              "1.13.6-gke.0",
              "1.13.5-gke.10",
              "1.12.10-gke.22",
              "1.12.10-gke.20",
              "1.12.10-gke.19",
              "1.12.10-gke.18",
              "1.12.10-gke.17",
              "1.12.10-gke.15",
              "1.12.10-gke.13",
              "1.12.10-gke.11",
              "1.12.10-gke.5",
              "1.12.9-gke.16",
              "1.12.9-gke.15",
              "1.12.9-gke.13",
              "1.12.9-gke.10",
              "1.12.9-gke.7",
              "1.12.9-gke.3",
              "1.12.8-gke.12",
              "1.12.8-gke.10",
              "1.12.8-gke.7",
              "1.12.8-gke.6",
              "1.12.7-gke.26",
              "1.12.7-gke.25",
              "1.12.7-gke.24",
              "1.12.7-gke.22",
              "1.12.7-gke.21",
              "1.12.7-gke.17",
              "1.12.7-gke.10",
              "1.12.7-gke.7",
              "1.12.6-gke.11",
              "1.12.6-gke.10",
              "1.12.6-gke.7",
              "1.12.5-gke.10",
              "1.12.5-gke.5",
              "1.11.10-gke.6",
              "1.11.10-gke.5"
            ],
            "version_prefix": null
          },
          "sensitive_attributes": []
        }
      ]
    },
    {
      "module": "module.private_gke_cluster",
      "mode": "managed",
      "type": "google_container_cluster",
      "name": "cluster",
      "provider": "provider[\"registry.terraform.io/hashicorp/google-beta\"]",
      "instances": [
        {
          "schema_version": 1,
          "attributes": {
            "addons_config": [
              {
                "cloudrun_config": [],
                "config_connector_config": [],
                "dns_cache_config": [],
                "gce_persistent_disk_csi_driver_config": [
                  {
                    "enabled": true
                  }
                ],
                "horizontal_pod_autoscaling": [
                  {
                    "disabled": false
                  }
                ],
                "http_load_balancing": [
                  {
                    "disabled": false
                  }
                ],
                "istio_config": [],
                "kalm_config": [],
                "network_policy_config": [
                  {
                    "disabled": false
                  }
                ]
              }
            ],
            "authenticator_groups_config": [],
            "cluster_autoscaling": [
              {
                "auto_provisioning_defaults": [],
                "autoscaling_profile": "BALANCED",
                "enabled": false,
                "resource_limits": []
              }
            ],
            "cluster_ipv4_cidr": "10.6.0.0/20",
            "cluster_telemetry": [
              {
                "type": "ENABLED"
              }
            ],
            "confidential_nodes": [],
            "database_encryption": [
              {
                "key_name": "",
                "state": "DECRYPTED"
              }
            ],
            "datapath_provider": "",
            "default_max_pods_per_node": 110,
            "default_snat_status": [
              {
                "disabled": false
              }
            ],
            "description": "",
            "dns_config": [],
            "enable_autopilot": false,
            "enable_binary_authorization": false,
            "enable_intranode_visibility": false,
            "enable_kubernetes_alpha": false,
            "enable_l4_ilb_subsetting": false,
            "enable_legacy_abac": false,
            "enable_shielded_nodes": false,
            "enable_tpu": false,
            "endpoint": "35.196.225.167",
            "id": "projects/deimos-internal-playground/locations/us-east1/clusters/terraform-team-test-private-gke",
            "initial_node_count": 1,
            "instance_group_urls": [
              "https://www.googleapis.com/compute/beta/projects/deimos-internal-playground/zones/us-east1-b/instanceGroups/gke-terraform-team-t-terraform-team-t-ddecb215-grp",
              "https://www.googleapis.com/compute/beta/projects/deimos-internal-playground/zones/us-east1-d/instanceGroups/gke-terraform-team-t-terraform-team-t-fdeabe77-grp",
              "https://www.googleapis.com/compute/beta/projects/deimos-internal-playground/zones/us-east1-c/instanceGroups/gke-terraform-team-t-terraform-team-t-ff8df773-grp"
            ],
            "ip_allocation_policy": [
              {
                "cluster_ipv4_cidr_block": "10.6.0.0/20",
                "cluster_secondary_range_name": "public-cluster",
                "services_ipv4_cidr_block": "10.230.128.0/20",
                "services_secondary_range_name": "gke-terraform-team-test-private-gke-services-159daf96"
              }
            ],
            "label_fingerprint": "a9dc16a7",
            "location": "us-east1",
            "logging_config": [
              {
                "enable_components": [
                  "SYSTEM_COMPONENTS",
                  "WORKLOADS"
                ]
              }
            ],
            "logging_service": "logging.googleapis.com/kubernetes",
            "maintenance_policy": [
              {
                "daily_maintenance_window": [
                  {
                    "duration": "PT4H0M0S",
                    "start_time": "05:00"
                  }
                ],
                "maintenance_exclusion": [],
                "recurring_window": []
              }
            ],
            "master_auth": [
              {
                "client_certificate": "",
                "client_certificate_config": [
                  {
                    "issue_client_certificate": false
                  }
                ],
                "client_key": "",
                "cluster_ca_certificate": "LS0tLS1CRUdJTiBDRVJUSUZJQ0FURS0tLS0tCk1JSUVMVENDQXBXZ0F3SUJBZ0lSQUlqUzdMc1ZHZm96ZUxXRTN4Rmw0VXd3RFFZSktvWklodmNOQVFFTEJRQXcKTHpFdE1Dc0dBMVVFQXhNa05HRTFZMlEwWWpJdE16RXlPQzAwTVRrMkxUbG1ZVFF0TURsa1l6TTBPR0l5WWpjMgpNQ0FYRFRJeE1USXpNVEV6TlRJek4xb1lEekl3TlRFeE1qSTBNVFExTWpNM1dqQXZNUzB3S3dZRFZRUURFeVEwCllUVmpaRFJpTWkwek1USTRMVFF4T1RZdE9XWmhOQzB3T1dSak16UTRZakppTnpZd2dnR2lNQTBHQ1NxR1NJYjMKRFFFQkFRVUFBNElCandBd2dnR0tBb0lCZ1FDeHcxTWlXbmdoS3d1M2pxM2NSclZKejR3RG5KWEs5azN0TWc4NApRY3VSMFpHU1RiMEVuNSthMjlaYXRPZk5XbGUxM05XUFIybzBpT3hxdUdzdkxhMEIvNWxvd3pBeGJBQnpoV1VjCjVsSEhhRkxHV3NkRnBCbHAxd0dIeHp1REFhUU9tSXdOZG5ob3pUaitZRjJqclpJSGNNYUhiYi8zK21ZVU05SFAKQzMwQTJkSitYQnBrMkVodHRwcFViOThnWDl0eUhSdlpHZERFVjhIM3JnNGhQQkxvdERjQm1MZU5kdGQ1UFMyawpzQ1pnbHdlWGQ0alB4SG00VlltMGd3bUNtdmZJYStsajYycXNJOHVUQld5TUJrTG5OZG0wWHZlenc5cnFRQ2VMCnFJZThXL3VHQUF2M2twNTJTajc4aXFVQ0xFdGpGMWVvNFRkMnBGNklyVDRWVk53QVVhZzhIM3VNNjMwNGZMVzgKMTB2aEJFZmR4eXl4VW0ybFlqajRhajQ3eGJiY3R1OUpuZ3pQcFZxQ29nOFdzeUlCaEJhYWIvajJPWVJ4UTY4MgpVVnlNQ0grbkt3VDlIN0NXSmdGWVJQRjdrOUtvR3hhekJjaXc4V0Z0YmFJeVZxN3pvdE1uMm1DaFFzQ1NzbDc5CmRLeS92cUVBUVZoQlBCczJ0NG1USXlLbzFPc0NBd0VBQWFOQ01FQXdEZ1lEVlIwUEFRSC9CQVFEQWdJRU1BOEcKQTFVZEV3RUIvd1FGTUFNQkFmOHdIUVlEVlIwT0JCWUVGQ1V5Zld6K2ZCUXJBbVVkemJ3SlEwa1ovS09QTUEwRwpDU3FHU0liM0RRRUJDd1VBQTRJQmdRQ3RJdFNkUml1czhNdnlhR3VENW9pTHFvbzRiRTVwMUNEU2t2bVVyeTB0CnNSeXpkVElZd3hUTTQ0UjlST3U1aXVJSnMxdURKVDFpczhpSVdDNmIxeThOWkhTRFU2K0huUjY1V3NGdlp3OWQKWnZERDhTUk9xeGdXam1FOUdtYy9Fcm1EOVRtNTYvZ0ZUTitWK29ZN2pJSFBEZk5YRWtLZ2NmaENVZHY3OE5zaQp2dmhReVBuTG5yUlV0N215WCtSOTAxK2hLVlEzcC9lSmMwK1YvZk5VMWVmNnFqWSsrb2VtazIyajNWNDhaN1ZuCm9nbm9jMS9wVUh1MTYxdDFjZzJsL09rbnI5cFp1YkUvdlpFSWlxUFdsLytjUVB6T09jYkxIN2haZGFIY3lITjEKZktNRk9LT1dqN3NoY1IrYmFjTDFrZGE5bVY4bk1ZK2tXZjg2NUFhb0JlemZYOUdrNUE3SEVranRLYk9IT2NKaApnRHlhVDA0Z3gzM1pnN2ZuSDZKV0VXU2hYM1FubEJNbmxwRlJNY1NrcjZXRC90S283djdzMlo1ekMyRkNzSnk2CkgyVHJ0SFVGWXZ6Wk1QNGh5T0ZwZzJYMTlJUmsycDhQOFNPa1dlQWl5RnlhZ1hlN0MyMXpSNmR2VGhrbWFuRWQKS1Y3UzNFdDBuTW1WSUpXSmJoMlN2OVU9Ci0tLS0tRU5EIENFUlRJRklDQVRFLS0tLS0K",
                "password": "",
                "username": ""
              }
            ],
            "master_authorized_networks_config": [
              {
                "cidr_blocks": [
                  {
                    "cidr_block": "10.8.0.0/16",
                    "display_name": "private_vpc_cidr_block"
                  }
                ]
              }
            ],
            "master_version": "1.20.11-gke.1300",
            "min_master_version": null,
            "monitoring_config": [
              {
                "enable_components": [
                  "SYSTEM_COMPONENTS"
                ]
              }
            ],
            "monitoring_service": "monitoring.googleapis.com/kubernetes",
            "name": "terraform-team-test-private-gke",
            "network": "projects/deimos-internal-playground/global/networks/terraform-team-test-private-vpc-network",
            "network_policy": [
              {
                "enabled": true,
                "provider": "CALICO"
              }
            ],
            "networking_mode": "VPC_NATIVE",
            "node_config": [
              {
                "boot_disk_kms_key": "",
                "disk_size_gb": 30,
                "disk_type": "pd-ssd",
                "ephemeral_storage_config": [],
                "guest_accelerator": [],
                "image_type": "COS",
                "kubelet_config": [],
                "labels": {
                  "all-pools": "true",
                  "gitlab-runner": "false"
                },
                "linux_node_config": [],
                "local_ssd_count": 0,
                "machine_type": "n2-standard-4",
                "metadata": {
                  "disable-legacy-endpoints": "true"
                },
                "min_cpu_platform": "",
                "oauth_scopes": [
                  "https://www.googleapis.com/auth/cloud-platform",
                  "https://www.googleapis.com/auth/devstorage.full_control",
                  "https://www.googleapis.com/auth/devstorage.read_write",
                  "https://www.googleapis.com/auth/ndev.clouddns.readwrite",
                  "https://www.googleapis.com/auth/service.management.readonly",
                  "https://www.googleapis.com/auth/servicecontrol"
                ],
                "preemptible": false,
                "sandbox_config": [],
                "service_account": "default",
                "shielded_instance_config": [
                  {
                    "enable_integrity_monitoring": true,
                    "enable_secure_boot": false
                  }
                ],
                "tags": [
                  "public",
                  "public-pool",
                  "test-private"
                ],
                "taint": [],
                "workload_metadata_config": [
                  {
                    "mode": "GKE_METADATA",
                    "node_metadata": "GKE_METADATA_SERVER"
                  }
                ]
              }
            ],
            "node_locations": [
              "us-east1-b",
              "us-east1-c",
              "us-east1-d"
            ],
            "node_pool": [
              {
                "autoscaling": [
                  {
                    "max_node_count": 6,
                    "min_node_count": 1
                  }
                ],
                "initial_node_count": 1,
                "instance_group_urls": [
                  "https://www.googleapis.com/compute/v1/projects/deimos-internal-playground/zones/us-east1-b/instanceGroupManagers/gke-terraform-team-t-terraform-team-t-ddecb215-grp",
                  "https://www.googleapis.com/compute/v1/projects/deimos-internal-playground/zones/us-east1-d/instanceGroupManagers/gke-terraform-team-t-terraform-team-t-fdeabe77-grp",
                  "https://www.googleapis.com/compute/v1/projects/deimos-internal-playground/zones/us-east1-c/instanceGroupManagers/gke-terraform-team-t-terraform-team-t-ff8df773-grp"
                ],
                "management": [
                  {
                    "auto_repair": true,
                    "auto_upgrade": true
                  }
                ],
                "max_pods_per_node": 110,
                "name": "terraform-team-test-gke-nodepool",
                "name_prefix": "",
                "network_config": [
                  {
                    "create_pod_range": false,
                    "pod_ipv4_cidr_block": "10.6.0.0/20",
                    "pod_range": "public-cluster"
                  }
                ],
                "node_config": [
                  {
                    "boot_disk_kms_key": "",
                    "disk_size_gb": 30,
                    "disk_type": "pd-ssd",
                    "ephemeral_storage_config": [],
                    "guest_accelerator": [],
                    "image_type": "COS",
                    "kubelet_config": [],
                    "labels": {
                      "all-pools": "true",
                      "gitlab-runner": "false"
                    },
                    "linux_node_config": [],
                    "local_ssd_count": 0,
                    "machine_type": "n2-standard-4",
                    "metadata": {
                      "disable-legacy-endpoints": "true"
                    },
                    "min_cpu_platform": "",
                    "oauth_scopes": [
                      "https://www.googleapis.com/auth/cloud-platform",
                      "https://www.googleapis.com/auth/devstorage.full_control",
                      "https://www.googleapis.com/auth/devstorage.read_write",
                      "https://www.googleapis.com/auth/ndev.clouddns.readwrite",
                      "https://www.googleapis.com/auth/service.management.readonly",
                      "https://www.googleapis.com/auth/servicecontrol"
                    ],
                    "preemptible": false,
                    "sandbox_config": [],
                    "service_account": "default",
                    "shielded_instance_config": [
                      {
                        "enable_integrity_monitoring": true,
                        "enable_secure_boot": false
                      }
                    ],
                    "tags": [
                      "public",
                      "public-pool",
                      "test-private"
                    ],
                    "taint": [],
                    "workload_metadata_config": [
                      {
                        "mode": "GKE_METADATA",
                        "node_metadata": "GKE_METADATA_SERVER"
                      }
                    ]
                  }
                ],
                "node_count": 1,
                "node_locations": [
                  "us-east1-b",
                  "us-east1-c",
                  "us-east1-d"
                ],
                "upgrade_settings": [
                  {
                    "max_surge": 1,
                    "max_unavailable": 0
                  }
                ],
                "version": "1.20.11-gke.1300"
              }
            ],
            "node_version": "1.20.11-gke.1300",
            "notification_config": [
              {
                "pubsub": [
                  {
                    "enabled": false,
                    "topic": ""
                  }
                ]
              }
            ],
            "operation": null,
            "pod_security_policy_config": [
              {
                "enabled": false
              }
            ],
            "private_cluster_config": [
              {
                "enable_private_endpoint": false,
                "enable_private_nodes": true,
                "master_global_access_config": [
                  {
                    "enabled": false
                  }
                ],
                "master_ipv4_cidr_block": "10.5.0.0/28",
                "peering_name": "gke-na4b51f6330c6f826709-5b57-7a99-peer",
                "private_endpoint": "10.5.0.2",
                "public_endpoint": "35.196.225.167"
              }
            ],
            "private_ipv6_google_access": "",
            "project": "deimos-internal-playground",
            "release_channel": [
              {
                "channel": "STABLE"
              }
            ],
            "remove_default_node_pool": true,
            "resource_labels": {},
            "resource_usage_export_config": [],
            "self_link": "https://container.googleapis.com/v1beta1/projects/deimos-internal-playground/locations/us-east1/clusters/terraform-team-test-private-gke",
            "services_ipv4_cidr": "10.230.128.0/20",
            "subnetwork": "projects/deimos-internal-playground/regions/us-east1/subnetworks/terraform-team-test-private-vpc-subnetwork-public",
            "timeouts": null,
            "tpu_ipv4_cidr_block": "",
            "vertical_pod_autoscaling": [
              {
                "enabled": true
              }
            ],
            "workload_identity_config": [
              {
                "identity_namespace": "deimos-internal-playground.svc.id.goog",
                "workload_pool": ""
              }
            ]
          },
          "sensitive_attributes": [],
          "private": "eyJlMmJmYjczMC1lY2FhLTExZTYtOGY4OC0zNDM2M2JjN2M0YzAiOnsiY3JlYXRlIjoyNDAwMDAwMDAwMDAwLCJkZWxldGUiOjI0MDAwMDAwMDAwMDAsInJlYWQiOjI0MDAwMDAwMDAwMDAsInVwZGF0ZSI6MzYwMDAwMDAwMDAwMH0sInNjaGVtYV92ZXJzaW9uIjoiMSJ9",
          "dependencies": [
            "module.private_gke_cluster.data.google_container_engine_versions.location",
            "module.private_vpc.google_compute_network.vpc",
            "module.private_vpc.google_compute_subnetwork.vpc_subnetwork_public"
          ]
        }
      ]
    },
    {
      "module": "module.private_gke_imagepullsecret",
      "mode": "data",
      "type": "google_secret_manager_secret_version",
      "name": "registry_password",
      "provider": "provider[\"registry.terraform.io/hashicorp/google\"]",
      "instances": [
        {
          "schema_version": 0,
          "attributes": {
            "create_time": "2021-12-23T12:58:47.134819Z",
            "destroy_time": null,
            "enabled": true,
            "id": "projects/1078903377667/secrets/DEV_AUTH_REGISTERY_PASSWORD/versions/1",
            "name": "projects/1078903377667/secrets/DEV_AUTH_REGISTERY_PASSWORD/versions/1",
            "project": "deimos-internal-playground",
            "secret": "DEV_AUTH_REGISTERY_PASSWORD",
            "secret_data": "{\n  \"type\": \"service_account\",\n  \"project_id\": \"deimos-internal-playground\",\n  \"private_key_id\": \"d020058d8c244b6234aac593388815fd4fa24401\",\n  \"private_key\": \"-----BEGIN PRIVATE KEY-----\\nMIIEvQIBADANBgkqhkiG9w0BAQEFAASCBKcwggSjAgEAAoIBAQDtU1suGMhpIqjF\\n6OsP4OOQvwW9uXQ5NGou6GBjzsjzD564q8QcHbOvTQuGBe4NXj7kQoY1CKQmaKUU\\n4OdW4Q0XCLRATL0kzzTuz00Qq/1PKQZfAaSZeTMjIzVc+d2RluXQCcPpij3h1QDq\\ns2ZLbPDun2lrtjQ47dOKmSs5SQQGPSacmdWHeRSwhq04DIaYJqzYkpg4U1PyaBB3\\nMli8tJ/PKL2quESVQAQwcWgO7IlgrRyX+PfcVHbTBXNHq0BAQpU3pYCES5+XcZHF\\no2OW4/fg2pZSs5zrc5olgeHLi7qzbdyqoZCLictlk7STb0CaBVvIBgwwigc1M3KG\\nASLmZuK1AgMBAAECggEAGfFOuk9DORrs0BWR/H5c4em/uumW5tnv8Yi9YKuuE8PV\\nWeKM4XXtum/1noTvbM6smU8cVJfJOdmekhWztC+NusLc0VqSIn/0DVbj2bqzSf/2\\nDlSjpZM2H9UtdChsLAoOvRsUK2dNNG6QVxedSwlxnOQYJgoY01BMG456xxxQME4x\\nEGoNNQTHfUo5PiRBR6m6ClFeYqPB52txOlsz+QrkH85zTtfIttEOXCOAxXP5ahn+\\nvIGTEDRPGch468XJw0pyYnEvF8/+UgczP0mn6zzsCOvq1MFNgiD43h2iocrg9vJ5\\nZnFBpKYaV8kQmOVmQpT4dTL6VbFqGHFWW+M55koGAQKBgQD7IamEEDS2A87m+Rdj\\nT131xAV7SpD57YEJa6u0ZBpoFJOr7X0I2d8dMH7c5UnRBI/aC220/3Yp2TMqjkf+\\nGKHQLmChnzGcp2akVMvjZxfCKZr1buJwcan/lqTC0upU4ovgY2V1TLvqjFS59l3p\\nctXN2BqtLQugOXrX3JwniUJpFQKBgQDx7S1LWlKlNil2MC556DG2gcaxAtZX541i\\nCBR+vrMwoOeTVjTRJqkvtkSzJpt4iSkYAeJTPKiUzGH7YvT/yyPtBtrBsz/QRAkG\\nFHjnpB5IFrtrsX+earDEwc2Dnoa2gpLJN49K6w1g2kSKMe/HybuGJByO36AkmB1G\\nSP+TZQG7IQKBgBEBiI8u4cLpoxs1BwZsm3pHGe/tbr/d+3z905TVqowdyJo97Neq\\nmVdKr2yaAlOrMWqcl4NIQWI4GSTqmal1VY/ZdCW9uAhZtbOvIld15b/6PUodhiwD\\nJnXuZ53h1oiFBt/dG0PEPH13n00wh8+FPUFBPx03DbB98/mmMNTkkKC5AoGAWnwb\\nNNPTlXdsiof62h2+ekSPzCUDhl1UxBXBlKY+3zFPbAwSNSgAn5fMmjUWcT7b397U\\nh81oQD8xZpTcjc+s4DpwF4Kzm3HW7i86CWmY6d2Wu/DnipjdBLp344KnYBv2Ssw9\\nDAheOJtqh0WmKVOKj+FxzP5XJ1i9mkwzSy28OAECgYEA0plju4R5jR0574F2Qqry\\nptIec3Bn1eOGf+o0eQo7UiPgWwzkHfwn0LzYgjSPqVKLHQYe9+kQ8ue4mLLnQIpd\\nV05kpWq9PcadITlR/TeEII7VqQw31iUt4fqqE9/RuBr0Ns2YDyhoG/PsNhrRfEws\\ndEkqj/MwsMxsCGO2rdvYuMs=\\n-----END PRIVATE KEY-----\\n\",\n  \"client_email\": \"terraform-team-test-gke-sa@deimos-internal-playground.iam.gserviceaccount.com\",\n  \"client_id\": \"116941460993985354299\",\n  \"auth_uri\": \"https://accounts.google.com/o/oauth2/auth\",\n  \"token_uri\": \"https://oauth2.googleapis.com/token\",\n  \"auth_provider_x509_cert_url\": \"https://www.googleapis.com/oauth2/v1/certs\",\n  \"client_x509_cert_url\": \"https://www.googleapis.com/robot/v1/metadata/x509/terraform-team-test-gke-sa%40deimos-internal-playground.iam.gserviceaccount.com\"\n}\n",
            "version": "1"
          },
          "sensitive_attributes": []
        }
      ]
    },
    {
      "module": "module.private_gke_imagepullsecret",
      "mode": "data",
      "type": "google_secret_manager_secret_version",
      "name": "registry_server",
      "provider": "provider[\"registry.terraform.io/hashicorp/google\"]",
      "instances": [
        {
          "schema_version": 0,
          "attributes": {
            "create_time": "2021-12-23T12:53:18.448306Z",
            "destroy_time": null,
            "enabled": true,
            "id": "projects/1078903377667/secrets/DEV_AUTH_REGISTERY_SERVER/versions/1",
            "name": "projects/1078903377667/secrets/DEV_AUTH_REGISTERY_SERVER/versions/1",
            "project": "deimos-internal-playground",
            "secret": "DEV_AUTH_REGISTERY_SERVER",
            "secret_data": "https://us.gcr.io/",
            "version": "1"
          },
          "sensitive_attributes": []
        }
      ]
    },
    {
      "module": "module.private_gke_imagepullsecret",
      "mode": "data",
      "type": "google_secret_manager_secret_version",
      "name": "registry_username",
      "provider": "provider[\"registry.terraform.io/hashicorp/google\"]",
      "instances": [
        {
          "schema_version": 0,
          "attributes": {
            "create_time": "2021-12-23T12:56:04.726497Z",
            "destroy_time": null,
            "enabled": true,
            "id": "projects/1078903377667/secrets/DEV_AUTH_REGISTERY_USERNAME/versions/1",
            "name": "projects/1078903377667/secrets/DEV_AUTH_REGISTERY_USERNAME/versions/1",
            "project": "deimos-internal-playground",
            "secret": "DEV_AUTH_REGISTERY_USERNAME",
            "secret_data": " _json_key",
            "version": "1"
          },
          "sensitive_attributes": []
        }
      ]
    },
    {
      "module": "module.private_gke_imagepullsecret",
      "mode": "managed",
      "type": "kubernetes_secret",
      "name": "image-pull-secret",
      "provider": "provider[\"registry.terraform.io/hashicorp/kubernetes\"]",
      "instances": [
        {
          "schema_version": 0,
          "attributes": {
            "data": {
              ".dockerconfigjson": "          {\n            \"auths\": {\n              \"https://us.gcr.io/\": {\n                \"auth\": \"IF9qc29uX2tleTp7CiAgInR5cGUiOiAic2VydmljZV9hY2NvdW50IiwKICAicHJvamVjdF9pZCI6ICJkZWltb3MtaW50ZXJuYWwtcGxheWdyb3VuZCIsCiAgInByaXZhdGVfa2V5X2lkIjogImJmMTc4Mzk1NzM3YjU1YjMyZWQxYmUzN2RiNzlkYjViZjdiMDNhNzciLAogICJwcml2YXRlX2tleSI6ICItLS0tLUJFR0lOIFBSSVZBVEUgS0VZLS0tLS1cbk1JSUV2UUlCQURBTkJna3Foa2lHOXcwQkFRRUZBQVNDQktjd2dnU2pBZ0VBQW9JQkFRQ21uQjE3cUV0dkpKSk9cblZKbFIrOHRnNHBLcUVQSUVzYWlGcXNZSVRWelFid2hiVkxTS2J2Ti96WTR5Y1JjU1l1dzk4S3VxVnhSMUZQeElcbkhnS3ovQi9lbWFBK25GWHVkdjhMb3MxWUsyams3UDY5a3Y4ajZ4bWhFQm9jMjlIYVhNYmlOcXRiUEVtU2hZUXlcbnVDUzB4VTUrS1phRjJQdnBkTUdoaDF2UmJvWXBqMlBOU3BQVk9jN1JJOXNFeW9WbHh3N2dKclk0K0tXc0FncVNcbitYSUNOekNwN0x1TVNGdmhESFlYVS96ancvdjZvZURONzE1MUpjYzFWMFNzS3VVQ3p1TUZITHZsNVVpcXBMRmJcbk44VzFJL1g0d3hFRU4zUjdKVU1scTVGenIzY2FRaUhXZWh6MFJpR1l3RXcvaTMrZDlqR21NS0dXM0J1Yk8vM0RcbnlUTmNBQWxmQWdNQkFBRUNnZ0VBTGNYVUg4WHp1M3dycWRONkw5amlYaUxCTW5Iblc3ekhWTG0vSUViSXlnYkhcbkgvaGNoVy9IL0FPb0hsbU5naUtsVHJzUkhvSS8vNDZkWk43QjFWcmVFcFRZUG50SzdISEt6aEtUSWJjRFlXbHVcbjd2dzBsbFNmdk8wa2oyc2c4MEhyN2ZnaENiYTlhOEM4dWdaM0p5YlIwcjF3T2lPTHllNm14ODdkUGVPRWZtUVJcbittR2tGS2Y1VUE3dFJiMUVBZVdzeWlCdFNpMmZrbGJWTUVTNWZtTDNML0hWaThYb3JUdW5mUFIyUWtmRWdDTE5cbmFGdUM0TDZCS01EL3FDb2R0RGphSkdYdnNBU011UnppZkhPVUdxQU1zWDBpYXlVZHR3SHJZeURWMGdvSjQ1K0FcbnNyVzA2M0l0Qkpoa1gxa1JHL2hMaVd6aGNpSkxNWWthanRxUkVBeG9DUUtCZ1FEVTRFY2d2QzZUMEpVSnFGd0Vcbk5Fck1DQ0ZYNzRFTmhBaTN0SGdVUVhPOVY1bGN4S20vakxHNy9aY2FsMzRLQ1p4YU1XVWFncmV3cVFSalJDdVlcbjZ0aE9JR0hmd2ZTU1Z5NWRDTGxqYWNLdk9QSzZrZDFWS1ZVNHpVczJoeHR5RUJjb01DYmdwMXpCaS9sZUtZeWJcbnlYUDVnL2EySm9ObXJ3N0c4SnlyN3NPS2d3S0JnUURJWEhuV3JhcXN0SXNvdFdxS2x0b2JMWHZpeXV6L2lhbHpcbndTeWRUcHpXOXVxRWlPeTcwaXJORm1XeHlmSzZpTVRXMUNZZmJrdFB3a0JjeWtOUnYyZGwvNEIyMlo0MUR1dm5cbjducy9mOXVCbnBhUjlkMEwweGNqNy91UUJGYkV0UFBDMWRLWUNOanVxWldtWXduSjg4d2VYOGtTTXBtcVZSYktcblpaN1JFWkIrOVFLQmdFeEphM1FCdkRkZ29taHBtMEF1ZFRlVkdrM25HTHA5UEpxSTVCZHVOVW4vWUloc09lRFpcblRNQnY2bnl2R1k0RFQ3TEt6TTZwVmFiTGl6VC9zeGdENFN4dVVtVGJud2Zxa2tUbzRYY002YVhkcEs3VG94dm5cbnloQ25FWE1qQytUZWUwMzlvNUVTcVJ6N1NveENHNCtnckIwWSs0cmZWbXV3QkgycXNKcTA0QUo5QW9HQkFLSGtcblp1WVpxU0NuT1JJSmxDNnJPVXhnY2d1TVgvY1Nhb01IZ1Y4UjJCU3hxa2l3d21mNHAzRFRPaFJ2MHRyNkMrSnhcbnhPUDhvSW12c1lYSVFLRGJBVmNmSGRQcWZyVHNlNTBKeXpoQnZVRjh2TGp2YWs1Vm9Bci9xOHB3VnhQV0NtaFJcbmtUb2JXLzFydFdtZCtKamZqdnl6OUtucGpOUmVzRzJWc3IvSGEzUEpBb0dBVWY1YzFXOXZFODdHaUNRcDRGMzJcbkdjUVRWc3NCZDJnMUxxVFpSQWR2a2dxdDZ6MG1sMDhFNG1wamx1cTMxbkdYL3FkRHN1VVZ5NGJOazMrZTZuKzRcbllSTzkxSExweHRicVE3UzFRTFRLWlowQWZHQzlIVkwxMmdreHFoVkpGU0w3TG0zQSt0dkRBZEEzOTI4bzhDeW5cbjI0NTUwdFM5elJoN0UwNGpmOVBRR25NPVxuLS0tLS1FTkQgUFJJVkFURSBLRVktLS0tLVxuIiwKICAiY2xpZW50X2VtYWlsIjogImdjci1yZWFkZXJAZGVpbW9zLWludGVybmFsLXBsYXlncm91bmQuaWFtLmdzZXJ2aWNlYWNjb3VudC5jb20iLAogICJjbGllbnRfaWQiOiAiMTEyNzgxMzA0MzMzMzI4NDY4NjU2IiwKICAiYXV0aF91cmkiOiAiaHR0cHM6Ly9hY2NvdW50cy5nb29nbGUuY29tL28vb2F1dGgyL2F1dGgiLAogICJ0b2tlbl91cmkiOiAiaHR0cHM6Ly9vYXV0aDIuZ29vZ2xlYXBpcy5jb20vdG9rZW4iLAogICJhdXRoX3Byb3ZpZGVyX3g1MDlfY2VydF91cmwiOiAiaHR0cHM6Ly93d3cuZ29vZ2xlYXBpcy5jb20vb2F1dGgyL3YxL2NlcnRzIiwKICAiY2xpZW50X3g1MDlfY2VydF91cmwiOiAiaHR0cHM6Ly93d3cuZ29vZ2xlYXBpcy5jb20vcm9ib3QvdjEvbWV0YWRhdGEveDUwOS9nY3ItcmVhZGVyJTQwZGVpbW9zLWludGVybmFsLXBsYXlncm91bmQuaWFtLmdzZXJ2aWNlYWNjb3VudC5jb20iCn0K\"\n              }\n            }\n          }\n"
            },
            "id": "default/dev-gcr-key",
            "metadata": [
              {
                "annotations": null,
                "generate_name": "",
                "generation": 0,
                "labels": null,
                "name": "dev-gcr-key",
                "namespace": "default",
                "resource_version": "5368585",
                "self_link": "",
                "uid": "1dfcc13c-1096-45e1-9c3f-2de006093be3"
              }
            ],
            "type": "kubernetes.io/dockerconfigjson"
          },
          "sensitive_attributes": [
            [
              {
                "type": "get_attr",
                "value": "data"
              },
              {
                "type": "index",
                "value": {
                  "value": ".dockerconfigjson",
                  "type": "string"
                }
              }
            ]
          ],
          "private": "bnVsbA==",
          "dependencies": [
            "data.google_secret_manager_secret_version.registry_server",
            "data.google_secret_manager_secret_version.registry_username",
            "module.gcr_reader_service_account.data.template_file.keys"
          ]
        }
      ]
    },
    {
      "module": "module.private_gke_node_pool",
      "mode": "managed",
      "type": "google_container_node_pool",
      "name": "node_pool",
      "provider": "provider[\"registry.terraform.io/hashicorp/google\"]",
      "instances": [
        {
          "schema_version": 1,
          "attributes": {
            "autoscaling": [
              {
                "max_node_count": 6,
                "min_node_count": 1
              }
            ],
            "cluster": "terraform-team-test-private-gke",
            "id": "projects/deimos-internal-playground/locations/us-east1/clusters/terraform-team-test-private-gke/nodePools/terraform-team-test-gke-nodepool",
            "initial_node_count": 1,
            "instance_group_urls": [
              "https://www.googleapis.com/compute/v1/projects/deimos-internal-playground/zones/us-east1-b/instanceGroupManagers/gke-terraform-team-t-terraform-team-t-ddecb215-grp",
              "https://www.googleapis.com/compute/v1/projects/deimos-internal-playground/zones/us-east1-d/instanceGroupManagers/gke-terraform-team-t-terraform-team-t-fdeabe77-grp",
              "https://www.googleapis.com/compute/v1/projects/deimos-internal-playground/zones/us-east1-c/instanceGroupManagers/gke-terraform-team-t-terraform-team-t-ff8df773-grp"
            ],
            "location": "us-east1",
            "management": [
              {
                "auto_repair": true,
                "auto_upgrade": true
              }
            ],
            "max_pods_per_node": 110,
            "name": "terraform-team-test-gke-nodepool",
            "name_prefix": "",
            "node_config": [
              {
                "disk_size_gb": 30,
                "disk_type": "pd-ssd",
                "guest_accelerator": [],
                "image_type": "COS",
                "labels": {
                  "all-pools": "true",
                  "gitlab-runner": "false"
                },
                "local_ssd_count": 0,
                "machine_type": "n2-standard-4",
                "metadata": {
                  "disable-legacy-endpoints": "true"
                },
                "min_cpu_platform": "",
                "oauth_scopes": [
                  "https://www.googleapis.com/auth/cloud-platform",
                  "https://www.googleapis.com/auth/devstorage.full_control",
                  "https://www.googleapis.com/auth/devstorage.read_write",
                  "https://www.googleapis.com/auth/ndev.clouddns.readwrite",
                  "https://www.googleapis.com/auth/service.management.readonly",
                  "https://www.googleapis.com/auth/servicecontrol"
                ],
                "preemptible": false,
                "service_account": "default",
                "shielded_instance_config": [
                  {
                    "enable_integrity_monitoring": true,
                    "enable_secure_boot": false
                  }
                ],
                "tags": [
                  "public",
                  "public-pool",
                  "test-private"
                ],
                "taint": [],
                "workload_metadata_config": [
                  {
                    "mode": "GKE_METADATA",
                    "node_metadata": "GKE_METADATA_SERVER"
                  }
                ]
              }
            ],
            "node_count": 1,
            "node_locations": [
              "us-east1-b",
              "us-east1-c",
              "us-east1-d"
            ],
            "operation": null,
            "project": "deimos-internal-playground",
            "timeouts": {
              "create": "30m",
              "delete": "30m",
              "update": "30m"
            },
            "upgrade_settings": [
              {
                "max_surge": 1,
                "max_unavailable": 0
              }
            ],
            "version": "1.20.11-gke.1300"
          },
          "sensitive_attributes": [],
          "private": "eyJlMmJmYjczMC1lY2FhLTExZTYtOGY4OC0zNDM2M2JjN2M0YzAiOnsiY3JlYXRlIjoxODAwMDAwMDAwMDAwLCJkZWxldGUiOjE4MDAwMDAwMDAwMDAsInVwZGF0ZSI6MTgwMDAwMDAwMDAwMH0sInNjaGVtYV92ZXJzaW9uIjoiMSJ9",
          "dependencies": [
            "module.private_gke_cluster.data.google_container_engine_versions.location",
            "module.private_gke_cluster.google_container_cluster.cluster",
            "module.private_vpc.google_compute_network.vpc",
            "module.private_vpc.google_compute_subnetwork.vpc_subnetwork_public"
          ]
        }
      ]
    },
    {
      "module": "module.private_gke_node_pool_gitlab",
      "mode": "managed",
      "type": "google_container_node_pool",
      "name": "node_pool",
      "provider": "provider[\"registry.terraform.io/hashicorp/google\"]",
      "instances": [
        {
          "schema_version": 1,
          "attributes": {
            "autoscaling": [
              {
                "max_node_count": 2,
                "min_node_count": 1
              }
            ],
            "cluster": "terraform-team-test-private-gke",
            "id": "projects/deimos-internal-playground/locations/us-east1/clusters/terraform-team-test-private-gke/nodePools/terraform-team-test-gke-nodepool-gitlab",
            "initial_node_count": 1,
            "instance_group_urls": [
              "https://www.googleapis.com/compute/v1/projects/deimos-internal-playground/zones/us-east1-c/instanceGroupManagers/gke-terraform-team-t-terraform-team-t-ca02661b-grp"
            ],
            "location": "us-east1",
            "management": [
              {
                "auto_repair": true,
                "auto_upgrade": true
              }
            ],
            "max_pods_per_node": 110,
            "name": "terraform-team-test-gke-nodepool-gitlab",
            "name_prefix": "",
            "node_config": [
              {
                "disk_size_gb": 30,
                "disk_type": "pd-ssd",
                "guest_accelerator": [],
                "image_type": "COS",
                "labels": {
                  "all-pools": "true",
                  "gitlab-runner": "true",
                  "managed_by": "terraform",
                  "project": "terraform-team-test"
                },
                "local_ssd_count": 0,
                "machine_type": "n2-standard-4",
                "metadata": {
                  "disable-legacy-endpoints": "true"
                },
                "min_cpu_platform": "",
                "oauth_scopes": [
                  "https://www.googleapis.com/auth/cloud-platform",
                  "https://www.googleapis.com/auth/devstorage.full_control",
                  "https://www.googleapis.com/auth/devstorage.read_write",
                  "https://www.googleapis.com/auth/ndev.clouddns.readwrite",
                  "https://www.googleapis.com/auth/service.management.readonly",
                  "https://www.googleapis.com/auth/servicecontrol"
                ],
                "preemptible": false,
                "service_account": "default",
                "shielded_instance_config": [
                  {
                    "enable_integrity_monitoring": true,
                    "enable_secure_boot": false
                  }
                ],
                "tags": [
                  "public",
                  "public-pool",
                  "test-private"
                ],
                "taint": [
                  {
                    "effect": "NO_SCHEDULE",
                    "key": "gitlab-runner",
                    "value": "true"
                  }
                ],
                "workload_metadata_config": [
                  {
                    "mode": "GKE_METADATA",
                    "node_metadata": "GKE_METADATA_SERVER"
                  }
                ]
              }
            ],
            "node_count": 1,
            "node_locations": [
              "us-east1-c"
            ],
            "operation": null,
            "project": "deimos-internal-playground",
            "timeouts": {
              "create": "30m",
              "delete": "30m",
              "update": "30m"
            },
            "upgrade_settings": [
              {
                "max_surge": 1,
                "max_unavailable": 0
              }
            ],
            "version": "1.20.11-gke.1300"
          },
          "sensitive_attributes": [],
          "private": "eyJlMmJmYjczMC1lY2FhLTExZTYtOGY4OC0zNDM2M2JjN2M0YzAiOnsiY3JlYXRlIjoxODAwMDAwMDAwMDAwLCJkZWxldGUiOjE4MDAwMDAwMDAwMDAsInVwZGF0ZSI6MTgwMDAwMDAwMDAwMH0sInNjaGVtYV92ZXJzaW9uIjoiMSJ9",
          "dependencies": [
            "module.private_gke_cluster.google_container_cluster.cluster"
          ]
        }
      ]
    },
    {
      "module": "module.private_openvpn",
      "mode": "managed",
      "type": "google_compute_address",
      "name": "default",
      "provider": "provider[\"registry.terraform.io/hashicorp/google\"]",
      "instances": [
        {
          "schema_version": 0,
          "attributes": {
            "address": "35.211.14.51",
            "address_type": "EXTERNAL",
            "creation_timestamp": "2021-12-31T04:14:07.044-08:00",
            "description": "",
            "id": "projects/deimos-internal-playground/regions/us-east1/addresses/global-openvpn-ip-terraform-team-test-private-vpc-network",
            "name": "global-openvpn-ip-terraform-team-test-private-vpc-network",
            "network": "",
            "network_tier": "STANDARD",
            "prefix_length": 0,
            "project": "deimos-internal-playground",
            "purpose": "",
            "region": "us-east1",
            "self_link": "https://www.googleapis.com/compute/v1/projects/deimos-internal-playground/regions/us-east1/addresses/global-openvpn-ip-terraform-team-test-private-vpc-network",
            "subnetwork": "",
            "timeouts": null,
            "users": [
              "https://www.googleapis.com/compute/v1/projects/deimos-internal-playground/zones/us-east1-b/instances/terraform-team-test-private-openvpn-001"
            ]
          },
          "sensitive_attributes": [],
          "private": "eyJlMmJmYjczMC1lY2FhLTExZTYtOGY4OC0zNDM2M2JjN2M0YzAiOnsiY3JlYXRlIjoyNDAwMDAwMDAwMDAsImRlbGV0ZSI6MjQwMDAwMDAwMDAwfX0=",
          "dependencies": [
            "module.private_vpc.google_compute_network.vpc"
          ]
        }
      ]
    },
    {
      "module": "module.private_openvpn",
      "mode": "managed",
      "type": "google_compute_firewall",
      "name": "allow-external-ssh",
      "provider": "provider[\"registry.terraform.io/hashicorp/google\"]",
      "instances": [
        {
          "schema_version": 1,
          "attributes": {
            "allow": [
              {
                "ports": [
                  "22",
                  "1194"
                ],
                "protocol": "tcp"
              }
            ],
            "creation_timestamp": "2021-12-31T04:10:53.346-08:00",
            "deny": [],
            "description": "",
            "destination_ranges": [],
            "direction": "INGRESS",
            "disabled": false,
            "enable_logging": null,
            "id": "projects/deimos-internal-playground/global/firewalls/allow-external-ssh-terraform-team-test-private-vpc-network",
            "log_config": [],
            "name": "allow-external-ssh-terraform-team-test-private-vpc-network",
            "network": "https://www.googleapis.com/compute/v1/projects/deimos-internal-playground/global/networks/terraform-team-test-private-vpc-network",
            "priority": 1000,
            "project": "deimos-internal-playground",
            "self_link": "https://www.googleapis.com/compute/v1/projects/deimos-internal-playground/global/firewalls/allow-external-ssh-terraform-team-test-private-vpc-network",
            "source_ranges": [
              "0.0.0.0/0"
            ],
            "source_service_accounts": [],
            "source_tags": [],
            "target_service_accounts": [],
            "target_tags": [
              "allow-ssh"
            ],
            "timeouts": null
          },
          "sensitive_attributes": [],
          "private": "eyJlMmJmYjczMC1lY2FhLTExZTYtOGY4OC0zNDM2M2JjN2M0YzAiOnsiY3JlYXRlIjoyNDAwMDAwMDAwMDAsImRlbGV0ZSI6MjQwMDAwMDAwMDAwLCJ1cGRhdGUiOjI0MDAwMDAwMDAwMH0sInNjaGVtYV92ZXJzaW9uIjoiMSJ9",
          "dependencies": [
            "module.private_vpc.google_compute_network.vpc"
          ]
        }
      ]
    },
    {
      "module": "module.private_openvpn",
      "mode": "managed",
      "type": "local_file",
      "name": "private_key",
      "provider": "provider[\"registry.terraform.io/hashicorp/local\"]",
      "instances": [
        {
          "schema_version": 0,
          "attributes": {
            "content": null,
            "content_base64": null,
            "directory_permission": "0777",
            "file_permission": "0400",
            "filename": "./openvpn/private-key.pem",
            "id": "1c7183e9e4e6d87e1c1aa4b1288fc3838cdcfcfd",
            "sensitive_content": "-----BEGIN RSA PRIVATE KEY-----\nMIIEpAIBAAKCAQEAopGpqSQ0qa75dtye+CRhoFthq6u7KKmWqCk66tgxCVruQHFG\nVJF0bZVBV5/Pgsk4kGoPPD7WKBEqJtT/UROm8xsLstOKUqj/sDWZA5TZT1mrCjKE\n+PHgLZStX86MI3Op9vEYT5SyDza2C8OKeDj2NMdKoB6uZ1KhXVFVMQw22Q7Yvrrs\n+bNNWEfTitHf81bFdEkZ5VkC1nRMzEqFXqPO8KXXEGb8XetZGBhrPMMwUuO2dAN2\n+53SZrFAbhaaVkeh7YYfe/X8RTPrmmxXkFFE/7gRhLQZLMAAe9thC/c8VAVi/M68\ntvn6DaH5KQARUBMRB+ExT8aSVCl3rnW7K57PtwIDAQABAoIBAAv2ukynTHTcWqGD\ntPNAAitB7lsq5Tgl2t9/QUW9KUat+XCmpW1d0vqpjEh9i1DtrAr8syhU23/RW4/G\nBxAZaSTk7aR4auqQY1i9aQhZcPClAbBbbWvAqSXRljzBv5BwV6bDsW1R3RS/iwAs\noMkeMAhMTlKgT2dtLlDmxmU4p+SrVAJJzEFEx7U6TT6zrAd3E3d0kjpbYyZFrGub\n9Cf4ODpc/ihfTvKFDreY5I/KYtZXixa8za0+TlKmaI7kyOOT5lcVCWL88510vawr\n5xNBf5OoP3ssMq5RYZ0vhr1GBccGKBTj93LOwlU5ZKWXK+5tOFYUB6vhbZJ/BN3D\nIwbcL8ECgYEAz1lHoFgqzEMrrB8qsg6pGVdEyeyLKQrPf5D+uaSLtLAJjQfqE9Mh\nbS/N5EQyTZzqSG2VCRuaJ9NCG2tbXH1s5mwyh2icItbpJCTv5ZeBwNFM38hPfm9T\nEeHdjhegWQQKV+5wENwne71Zgc/W7gV/MA67QMoKfjP2GpvCv7aWhBcCgYEAyLae\nUUxkhJXTdrho4Pl604XYif21MfpPQTG41SBAU3DLZUvfnkszKiJhV79ZfamxYPPp\nmoMS7EpAouXkLVH97Zzawui16M1Wcx79agBsbT4xRxq7PLWsNLBUjyFPWRedPzr0\nH69kgZr60YfGEJNk3QeQ9cgvLtQbZ9wUqKdyNWECgYEAu7RW4xDtrXwhTO/p9sbO\nzeHyo9k/IShoL1NTRTtwPWIfQ0ym2suGtxFPkhUqdJhYfri08knKg8L7VVcand/t\ndar9ExfgQKnM5KuLgIxnKeZPcUYksJCW4tlVeAxrXCoMMw3m5VxnYd1H6fv81fyj\n5x1u5ngAh78CS5Q1+NeR6oECgYEAtmMD8Dpr6PNA6lPesfjiPQ4WXCZYneaoWES3\ngavB6FDJ8u2EcZJCFxqQvCzcRE2MKt7aOxa6fk9m9t/SfcBQ77emLpFKpBbbZNcX\nTli+LnLiUoue8ybfKi3FWR7avMmxkYCfz58QxJkxLG+lcvCNKjCy8DUNcw85LCKX\n/z3RkWECgYBv8d5Eba0spOmmQcGb9ryZBNbBuBU+tvlcIxESPcaPhyOICk4YbC5l\nskKkhJIy1D/d/BZwfJDMPW3lDPHfj82ira7k70U5lrrI7R+QaBDJgG62cQlMse9q\nfvzQgQym/E/Kz37fqrHNV5UZ9V3ZGY2P6P7plTUk3lGCf7qS/Ewmkw==\n-----END RSA PRIVATE KEY-----\n",
            "source": null
          },
          "sensitive_attributes": [
            [
              {
                "type": "get_attr",
                "value": "sensitive_content"
              }
            ]
          ],
          "private": "bnVsbA==",
          "dependencies": [
            "module.private_openvpn.tls_private_key.ssh-key"
          ]
        }
      ]
    },
    {
      "module": "module.private_openvpn",
      "mode": "managed",
      "type": "null_resource",
      "name": "openvpn_download_configurations",
      "provider": "provider[\"registry.terraform.io/hashicorp/null\"]",
      "instances": []
    },
    {
      "module": "module.private_openvpn",
      "mode": "managed",
      "type": "null_resource",
      "name": "openvpn_update_users_script",
      "provider": "provider[\"registry.terraform.io/hashicorp/null\"]",
      "instances": [
        {
          "status": "tainted",
          "schema_version": 0,
          "attributes": {
            "id": "7165745211034787438",
            "triggers": {
              "users": "Oreoluwa, Mia, Labake, Iyanu, tominsin, Ross"
            }
          },
          "sensitive_attributes": [],
          "private": "bnVsbA==",
          "dependencies": [
            "module.private_openvpn.google_compute_address.default",
            "module.private_openvpn.local_file.private_key",
            "module.private_openvpn.module.instance_template.google_compute_instance_template.tpl",
            "module.private_openvpn.module.openvpn_vm.data.google_compute_zones.available",
            "module.private_openvpn.module.openvpn_vm.google_compute_instance_from_template.compute_instance",
            "module.private_openvpn.tls_private_key.ssh-key",
            "module.private_vpc.google_compute_network.vpc",
            "module.private_vpc.google_compute_subnetwork.vpc_subnetwork_public"
          ]
        }
      ]
    },
    {
      "module": "module.private_openvpn",
      "mode": "managed",
      "type": "random_id",
      "name": "password",
      "provider": "provider[\"registry.terraform.io/hashicorp/random\"]",
      "instances": [
        {
          "schema_version": 0,
          "attributes": {
            "b64_std": "F7lc60C+4vtOweeiQbZNrg==",
            "b64_url": "F7lc60C-4vtOweeiQbZNrg",
            "byte_length": 16,
            "dec": "31534703442221543418789868509332917678",
            "hex": "17b95ceb40bee2fb4ec1e7a241b64dae",
            "id": "F7lc60C-4vtOweeiQbZNrg",
            "keepers": null,
            "prefix": null
          },
          "sensitive_attributes": [],
          "private": "bnVsbA=="
        }
      ]
    },
    {
      "module": "module.private_openvpn",
      "mode": "managed",
      "type": "random_id",
      "name": "this",
      "provider": "provider[\"registry.terraform.io/hashicorp/random\"]",
      "instances": [
        {
          "schema_version": 0,
          "attributes": {
            "b64_std": "ZfLPyFCDmpI=",
            "b64_url": "ZfLPyFCDmpI",
            "byte_length": 8,
            "dec": "7346162401445911186",
            "hex": "65f2cfc850839a92",
            "id": "ZfLPyFCDmpI",
            "keepers": null,
            "prefix": null
          },
          "sensitive_attributes": [],
          "private": "bnVsbA=="
        }
      ]
    },
    {
      "module": "module.private_openvpn",
      "mode": "managed",
      "type": "tls_private_key",
      "name": "ssh-key",
      "provider": "provider[\"registry.terraform.io/hashicorp/tls\"]",
      "instances": [
        {
          "schema_version": 0,
          "attributes": {
            "algorithm": "RSA",
            "ecdsa_curve": "P224",
            "id": "b898a42544a16905b64cf3f388d0e2dea6905b69",
            "private_key_pem": "-----BEGIN RSA PRIVATE KEY-----\nMIIEpAIBAAKCAQEAopGpqSQ0qa75dtye+CRhoFthq6u7KKmWqCk66tgxCVruQHFG\nVJF0bZVBV5/Pgsk4kGoPPD7WKBEqJtT/UROm8xsLstOKUqj/sDWZA5TZT1mrCjKE\n+PHgLZStX86MI3Op9vEYT5SyDza2C8OKeDj2NMdKoB6uZ1KhXVFVMQw22Q7Yvrrs\n+bNNWEfTitHf81bFdEkZ5VkC1nRMzEqFXqPO8KXXEGb8XetZGBhrPMMwUuO2dAN2\n+53SZrFAbhaaVkeh7YYfe/X8RTPrmmxXkFFE/7gRhLQZLMAAe9thC/c8VAVi/M68\ntvn6DaH5KQARUBMRB+ExT8aSVCl3rnW7K57PtwIDAQABAoIBAAv2ukynTHTcWqGD\ntPNAAitB7lsq5Tgl2t9/QUW9KUat+XCmpW1d0vqpjEh9i1DtrAr8syhU23/RW4/G\nBxAZaSTk7aR4auqQY1i9aQhZcPClAbBbbWvAqSXRljzBv5BwV6bDsW1R3RS/iwAs\noMkeMAhMTlKgT2dtLlDmxmU4p+SrVAJJzEFEx7U6TT6zrAd3E3d0kjpbYyZFrGub\n9Cf4ODpc/ihfTvKFDreY5I/KYtZXixa8za0+TlKmaI7kyOOT5lcVCWL88510vawr\n5xNBf5OoP3ssMq5RYZ0vhr1GBccGKBTj93LOwlU5ZKWXK+5tOFYUB6vhbZJ/BN3D\nIwbcL8ECgYEAz1lHoFgqzEMrrB8qsg6pGVdEyeyLKQrPf5D+uaSLtLAJjQfqE9Mh\nbS/N5EQyTZzqSG2VCRuaJ9NCG2tbXH1s5mwyh2icItbpJCTv5ZeBwNFM38hPfm9T\nEeHdjhegWQQKV+5wENwne71Zgc/W7gV/MA67QMoKfjP2GpvCv7aWhBcCgYEAyLae\nUUxkhJXTdrho4Pl604XYif21MfpPQTG41SBAU3DLZUvfnkszKiJhV79ZfamxYPPp\nmoMS7EpAouXkLVH97Zzawui16M1Wcx79agBsbT4xRxq7PLWsNLBUjyFPWRedPzr0\nH69kgZr60YfGEJNk3QeQ9cgvLtQbZ9wUqKdyNWECgYEAu7RW4xDtrXwhTO/p9sbO\nzeHyo9k/IShoL1NTRTtwPWIfQ0ym2suGtxFPkhUqdJhYfri08knKg8L7VVcand/t\ndar9ExfgQKnM5KuLgIxnKeZPcUYksJCW4tlVeAxrXCoMMw3m5VxnYd1H6fv81fyj\n5x1u5ngAh78CS5Q1+NeR6oECgYEAtmMD8Dpr6PNA6lPesfjiPQ4WXCZYneaoWES3\ngavB6FDJ8u2EcZJCFxqQvCzcRE2MKt7aOxa6fk9m9t/SfcBQ77emLpFKpBbbZNcX\nTli+LnLiUoue8ybfKi3FWR7avMmxkYCfz58QxJkxLG+lcvCNKjCy8DUNcw85LCKX\n/z3RkWECgYBv8d5Eba0spOmmQcGb9ryZBNbBuBU+tvlcIxESPcaPhyOICk4YbC5l\nskKkhJIy1D/d/BZwfJDMPW3lDPHfj82ira7k70U5lrrI7R+QaBDJgG62cQlMse9q\nfvzQgQym/E/Kz37fqrHNV5UZ9V3ZGY2P6P7plTUk3lGCf7qS/Ewmkw==\n-----END RSA PRIVATE KEY-----\n",
            "public_key_fingerprint_md5": "82:7a:5c:a1:af:f5:3a:6a:ba:91:4e:9d:c2:96:cb:e7",
            "public_key_openssh": "ssh-rsa AAAAB3NzaC1yc2EAAAADAQABAAABAQCikampJDSprvl23J74JGGgW2Grq7soqZaoKTrq2DEJWu5AcUZUkXRtlUFXn8+CyTiQag88PtYoESom1P9RE6bzGwuy04pSqP+wNZkDlNlPWasKMoT48eAtlK1fzowjc6n28RhPlLIPNrYLw4p4OPY0x0qgHq5nUqFdUVUxDDbZDti+uuz5s01YR9OK0d/zVsV0SRnlWQLWdEzMSoVeo87wpdcQZvxd61kYGGs8wzBS47Z0A3b7ndJmsUBuFppWR6Hthh979fxFM+uabFeQUUT/uBGEtBkswAB722EL9zxUBWL8zry2+foNofkpABFQExEH4TFPxpJUKXeudbsrns+3\n",
            "public_key_pem": "-----BEGIN PUBLIC KEY-----\nMIIBIjANBgkqhkiG9w0BAQEFAAOCAQ8AMIIBCgKCAQEAopGpqSQ0qa75dtye+CRh\noFthq6u7KKmWqCk66tgxCVruQHFGVJF0bZVBV5/Pgsk4kGoPPD7WKBEqJtT/UROm\n8xsLstOKUqj/sDWZA5TZT1mrCjKE+PHgLZStX86MI3Op9vEYT5SyDza2C8OKeDj2\nNMdKoB6uZ1KhXVFVMQw22Q7Yvrrs+bNNWEfTitHf81bFdEkZ5VkC1nRMzEqFXqPO\n8KXXEGb8XetZGBhrPMMwUuO2dAN2+53SZrFAbhaaVkeh7YYfe/X8RTPrmmxXkFFE\n/7gRhLQZLMAAe9thC/c8VAVi/M68tvn6DaH5KQARUBMRB+ExT8aSVCl3rnW7K57P\ntwIDAQAB\n-----END PUBLIC KEY-----\n",
            "rsa_bits": 2048
          },
          "sensitive_attributes": [],
          "private": "bnVsbA==",
          "create_before_destroy": true
        }
      ]
    },
    {
      "module": "module.private_openvpn.module.instance_template",
      "mode": "data",
      "type": "google_compute_image",
      "name": "image",
      "provider": "provider[\"registry.terraform.io/hashicorp/google\"]",
      "instances": [
        {
          "schema_version": 0,
          "attributes": {
            "archive_size_bytes": 2331068352,
            "creation_timestamp": "2021-04-15T21:44:20.111-07:00",
            "description": "Canonical, Ubuntu, 20.04 LTS, amd64 focal image built on 2021-04-15, supports Shielded VM features",
            "disk_size_gb": 10,
            "family": "ubuntu-2004-lts",
            "filter": null,
            "id": "projects/ubuntu-os-cloud/global/images/ubuntu-2004-focal-v20210415",
            "image_encryption_key_sha256": "",
            "image_id": "885411419692247244",
            "label_fingerprint": "42WmSpB8rSM=",
            "labels": {},
            "licenses": [
              "https://www.googleapis.com/compute/v1/projects/ubuntu-os-cloud/global/licenses/ubuntu-2004-lts"
            ],
            "name": "ubuntu-2004-focal-v20210415",
            "project": "ubuntu-os-cloud",
            "self_link": "https://www.googleapis.com/compute/v1/projects/ubuntu-os-cloud/global/images/ubuntu-2004-focal-v20210415",
            "source_disk": "",
            "source_disk_encryption_key_sha256": "",
            "source_disk_id": "",
            "source_image_id": "",
            "status": "READY"
          },
          "sensitive_attributes": []
        }
      ]
    },
    {
      "module": "module.private_openvpn.module.instance_template",
      "mode": "data",
      "type": "google_compute_image",
      "name": "image_family",
      "provider": "provider[\"registry.terraform.io/hashicorp/google\"]",
      "instances": [
        {
          "schema_version": 0,
          "attributes": {
            "archive_size_bytes": 2654681856,
            "creation_timestamp": "2021-12-13T10:34:50.403-08:00",
            "description": "Canonical, Ubuntu, 20.04 LTS, amd64 focal image built on 2021-12-12, supports Shielded VM features",
            "disk_size_gb": 10,
            "family": "ubuntu-2004-lts",
            "filter": null,
            "id": "projects/ubuntu-os-cloud/global/images/ubuntu-2004-focal-v20211212",
            "image_encryption_key_sha256": "",
            "image_id": "4242499703840320677",
            "label_fingerprint": "42WmSpB8rSM=",
            "labels": {},
            "licenses": [
              "https://www.googleapis.com/compute/v1/projects/ubuntu-os-cloud/global/licenses/ubuntu-2004-lts"
            ],
            "name": "ubuntu-2004-focal-v20211212",
            "project": "ubuntu-os-cloud",
            "self_link": "https://www.googleapis.com/compute/v1/projects/ubuntu-os-cloud/global/images/ubuntu-2004-focal-v20211212",
            "source_disk": "",
            "source_disk_encryption_key_sha256": "",
            "source_disk_id": "",
            "source_image_id": "",
            "status": "READY"
          },
          "sensitive_attributes": []
        }
      ]
    },
    {
      "module": "module.private_openvpn.module.instance_template",
      "mode": "managed",
      "type": "google_compute_instance_template",
      "name": "tpl",
      "provider": "provider[\"registry.terraform.io/hashicorp/google\"]",
      "instances": [
        {
          "schema_version": 1,
          "attributes": {
            "advanced_machine_features": [],
            "can_ip_forward": false,
            "confidential_instance_config": [],
            "description": "",
            "disk": [
              {
                "auto_delete": true,
                "boot": true,
                "device_name": "persistent-disk-0",
                "disk_encryption_key": [],
                "disk_name": "",
                "disk_size_gb": 30,
                "disk_type": "pd-standard",
                "interface": "SCSI",
                "labels": {},
                "mode": "READ_WRITE",
                "resource_policies": [],
                "source": "",
                "source_image": "projects/ubuntu-os-cloud/global/images/ubuntu-2004-focal-v20210415",
                "type": "PERSISTENT"
              }
            ],
            "enable_display": null,
            "guest_accelerator": [],
            "id": "projects/deimos-internal-playground/global/instanceTemplates/default-instance-template-20211231121127903300000001",
            "instance_description": "",
            "labels": {
              "managed_by": "terraform",
              "project": "terraform-team-test"
            },
            "machine_type": "n1-standard-1",
            "metadata": {
              "sshKeys": "ubuntu:ssh-rsa AAAAB3NzaC1yc2EAAAADAQABAAABAQCikampJDSprvl23J74JGGgW2Grq7soqZaoKTrq2DEJWu5AcUZUkXRtlUFXn8+CyTiQag88PtYoESom1P9RE6bzGwuy04pSqP+wNZkDlNlPWasKMoT48eAtlK1fzowjc6n28RhPlLIPNrYLw4p4OPY0x0qgHq5nUqFdUVUxDDbZDti+uuz5s01YR9OK0d/zVsV0SRnlWQLWdEzMSoVeo87wpdcQZvxd61kYGGs8wzBS47Z0A3b7ndJmsUBuFppWR6Hthh979fxFM+uabFeQUUT/uBGEtBkswAB722EL9zxUBWL8zry2+foNofkpABFQExEH4TFPxpJUKXeudbsrns+3\n"
            },
            "metadata_fingerprint": "13O2XL8h8c8=",
            "metadata_startup_script": "    curl -O https://raw.githubusercontent.com/angristan/openvpn-install/master/openvpn-install.sh\n    chmod +x openvpn-install.sh\n    mv openvpn-install.sh /home/ubuntu/\n    export AUTO_INSTALL=y\n    export PASS=1\n    /home/ubuntu/openvpn-install.sh\n",
            "min_cpu_platform": "",
            "name": "default-instance-template-20211231121127903300000001",
            "name_prefix": "default-instance-template-",
            "network_interface": [
              {
                "access_config": [],
                "alias_ip_range": [],
                "ipv6_access_config": [],
                "ipv6_access_type": "",
                "name": "nic0",
                "network": "https://www.googleapis.com/compute/v1/projects/deimos-internal-playground/global/networks/terraform-team-test-private-vpc-network",
                "network_ip": "",
                "nic_type": "",
                "stack_type": "",
                "subnetwork": "https://www.googleapis.com/compute/v1/projects/deimos-internal-playground/regions/us-east1/subnetworks/terraform-team-test-private-vpc-subnetwork-public",
                "subnetwork_project": "deimos-internal-playground"
              }
            ],
            "project": "deimos-internal-playground",
            "region": "us-east1",
            "reservation_affinity": [],
            "scheduling": [
              {
                "automatic_restart": true,
                "min_node_cpus": 0,
                "node_affinities": [],
                "on_host_maintenance": "MIGRATE",
                "preemptible": false
              }
            ],
            "self_link": "https://www.googleapis.com/compute/beta/projects/deimos-internal-playground/global/instanceTemplates/default-instance-template-20211231121127903300000001",
            "service_account": [
              {
                "email": "default",
                "scopes": []
              }
            ],
            "shielded_instance_config": [],
            "tags": [
              "allow-ssh",
              "public"
            ],
            "tags_fingerprint": "",
            "timeouts": null
          },
          "sensitive_attributes": [],
          "private": "eyJlMmJmYjczMC1lY2FhLTExZTYtOGY4OC0zNDM2M2JjN2M0YzAiOnsiY3JlYXRlIjoyNDAwMDAwMDAwMDAsImRlbGV0ZSI6MjQwMDAwMDAwMDAwfSwic2NoZW1hX3ZlcnNpb24iOiIxIn0=",
          "dependencies": [
            "module.private_openvpn.tls_private_key.ssh-key",
            "module.private_vpc.google_compute_network.vpc",
            "module.private_vpc.google_compute_subnetwork.vpc_subnetwork_public",
            "module.private_openvpn.module.instance_template.data.google_compute_image.image",
            "module.private_openvpn.module.instance_template.data.google_compute_image.image_family"
          ],
          "create_before_destroy": true
        }
      ]
    },
    {
      "module": "module.private_openvpn.module.openvpn_vm",
      "mode": "data",
      "type": "google_compute_zones",
      "name": "available",
      "provider": "provider[\"registry.terraform.io/hashicorp/google\"]",
      "instances": [
        {
          "schema_version": 0,
          "attributes": {
            "id": "projects/deimos-internal-playground/regions/us-east1",
            "names": [
              "us-east1-b",
              "us-east1-c",
              "us-east1-d"
            ],
            "project": "deimos-internal-playground",
            "region": "us-east1",
            "status": null
          },
          "sensitive_attributes": []
        }
      ]
    },
    {
      "module": "module.private_openvpn.module.openvpn_vm",
      "mode": "managed",
      "type": "google_compute_instance_from_template",
      "name": "compute_instance",
      "provider": "provider[\"registry.terraform.io/hashicorp/google\"]",
      "instances": [
        {
          "index_key": 0,
          "schema_version": 0,
          "attributes": {
            "advanced_machine_features": [],
            "allow_stopping_for_update": null,
            "attached_disk": [],
            "boot_disk": [
              {
                "auto_delete": true,
                "device_name": "persistent-disk-0",
                "disk_encryption_key_raw": "",
                "disk_encryption_key_sha256": "",
                "initialize_params": [
                  {
                    "image": "https://www.googleapis.com/compute/v1/projects/ubuntu-os-cloud/global/images/ubuntu-2004-focal-v20210415",
                    "labels": {},
                    "size": 30,
                    "type": "pd-standard"
                  }
                ],
                "kms_key_self_link": "",
                "mode": "READ_WRITE",
                "source": "https://www.googleapis.com/compute/v1/projects/deimos-internal-playground/zones/us-east1-b/disks/terraform-team-test-private-openvpn-001"
              }
            ],
            "can_ip_forward": false,
            "confidential_instance_config": [],
            "cpu_platform": "Intel Haswell",
            "current_status": "RUNNING",
            "deletion_protection": false,
            "description": "",
            "desired_status": null,
            "enable_display": false,
            "guest_accelerator": [],
            "hostname": "",
            "id": "projects/deimos-internal-playground/zones/us-east1-b/instances/terraform-team-test-private-openvpn-001",
            "instance_id": "5570640811678452467",
            "label_fingerprint": "dP0MOYVVj9A=",
            "labels": {
              "managed_by": "terraform",
              "project": "terraform-team-test"
            },
            "machine_type": "n1-standard-1",
            "metadata": {
              "sshKeys": "ubuntu:ssh-rsa AAAAB3NzaC1yc2EAAAADAQABAAABAQCikampJDSprvl23J74JGGgW2Grq7soqZaoKTrq2DEJWu5AcUZUkXRtlUFXn8+CyTiQag88PtYoESom1P9RE6bzGwuy04pSqP+wNZkDlNlPWasKMoT48eAtlK1fzowjc6n28RhPlLIPNrYLw4p4OPY0x0qgHq5nUqFdUVUxDDbZDti+uuz5s01YR9OK0d/zVsV0SRnlWQLWdEzMSoVeo87wpdcQZvxd61kYGGs8wzBS47Z0A3b7ndJmsUBuFppWR6Hthh979fxFM+uabFeQUUT/uBGEtBkswAB722EL9zxUBWL8zry2+foNofkpABFQExEH4TFPxpJUKXeudbsrns+3\n"
            },
            "metadata_fingerprint": "13O2XL8h8c8=",
            "metadata_startup_script": "    curl -O https://raw.githubusercontent.com/angristan/openvpn-install/master/openvpn-install.sh\n    chmod +x openvpn-install.sh\n    mv openvpn-install.sh /home/ubuntu/\n    export AUTO_INSTALL=y\n    export PASS=1\n    /home/ubuntu/openvpn-install.sh\n",
            "min_cpu_platform": "",
            "name": "terraform-team-test-private-openvpn-001",
            "network_interface": [
              {
                "access_config": [
                  {
                    "nat_ip": "35.211.14.51",
                    "network_tier": "STANDARD",
                    "public_ptr_domain_name": ""
                  }
                ],
                "alias_ip_range": [],
                "ipv6_access_config": [],
                "ipv6_access_type": "",
                "name": "nic0",
                "network": "https://www.googleapis.com/compute/v1/projects/deimos-internal-playground/global/networks/terraform-team-test-private-vpc-network",
                "network_ip": "10.8.0.2",
                "nic_type": "",
                "stack_type": "IPV4_ONLY",
                "subnetwork": "https://www.googleapis.com/compute/v1/projects/deimos-internal-playground/regions/us-east1/subnetworks/terraform-team-test-private-vpc-subnetwork-public",
                "subnetwork_project": "deimos-internal-playground"
              }
            ],
            "project": "deimos-internal-playground",
            "reservation_affinity": [],
            "resource_policies": [],
            "scheduling": [
              {
                "automatic_restart": true,
                "min_node_cpus": 0,
                "node_affinities": [],
                "on_host_maintenance": "MIGRATE",
                "preemptible": false
              }
            ],
            "scratch_disk": [],
            "self_link": "https://www.googleapis.com/compute/v1/projects/deimos-internal-playground/zones/us-east1-b/instances/terraform-team-test-private-openvpn-001",
            "service_account": [
              {
                "email": "1078903377667-compute@developer.gserviceaccount.com",
                "scopes": []
              }
            ],
            "shielded_instance_config": [
              {
                "enable_integrity_monitoring": true,
                "enable_secure_boot": false,
                "enable_vtpm": true
              }
            ],
            "source_instance_template": "https://www.googleapis.com/compute/beta/projects/deimos-internal-playground/global/instanceTemplates/default-instance-template-20211231121127903300000001",
            "tags": [
              "allow-ssh",
              "public"
            ],
            "tags_fingerprint": "YVeAPHYk5IY=",
            "timeouts": null,
            "zone": "us-east1-b"
          },
          "sensitive_attributes": [],
          "private": "eyJlMmJmYjczMC1lY2FhLTExZTYtOGY4OC0zNDM2M2JjN2M0YzAiOnsiY3JlYXRlIjoxMjAwMDAwMDAwMDAwLCJkZWxldGUiOjEyMDAwMDAwMDAwMDAsInVwZGF0ZSI6MTIwMDAwMDAwMDAwMH19",
          "dependencies": [
            "module.private_vpc.google_compute_subnetwork.vpc_subnetwork_public",
            "module.private_openvpn.google_compute_address.default",
            "module.private_openvpn.module.instance_template.data.google_compute_image.image",
            "module.private_openvpn.module.instance_template.data.google_compute_image.image_family",
            "module.private_openvpn.module.instance_template.google_compute_instance_template.tpl",
            "module.private_openvpn.module.openvpn_vm.data.google_compute_zones.available",
            "module.private_openvpn.tls_private_key.ssh-key",
            "module.private_vpc.google_compute_network.vpc"
          ]
        }
      ]
    },
    {
      "module": "module.private_vpc",
      "mode": "managed",
      "type": "google_compute_network",
      "name": "vpc",
      "provider": "provider[\"registry.terraform.io/hashicorp/google\"]",
      "instances": [
        {
          "schema_version": 0,
          "attributes": {
            "auto_create_subnetworks": false,
            "delete_default_routes_on_create": false,
            "description": "",
            "gateway_ipv4": "",
            "id": "projects/deimos-internal-playground/global/networks/terraform-team-test-private-vpc-network",
            "mtu": 0,
            "name": "terraform-team-test-private-vpc-network",
            "project": "deimos-internal-playground",
            "routing_mode": "REGIONAL",
            "self_link": "https://www.googleapis.com/compute/v1/projects/deimos-internal-playground/global/networks/terraform-team-test-private-vpc-network",
            "timeouts": null
          },
          "sensitive_attributes": [],
          "private": "eyJlMmJmYjczMC1lY2FhLTExZTYtOGY4OC0zNDM2M2JjN2M0YzAiOnsiY3JlYXRlIjoyNDAwMDAwMDAwMDAsImRlbGV0ZSI6MjQwMDAwMDAwMDAwLCJ1cGRhdGUiOjI0MDAwMDAwMDAwMH19"
        }
      ]
    },
    {
      "module": "module.private_vpc",
      "mode": "managed",
      "type": "google_compute_router",
      "name": "vpc_router",
      "provider": "provider[\"registry.terraform.io/hashicorp/google\"]",
      "instances": [
        {
          "schema_version": 0,
          "attributes": {
            "bgp": [],
            "creation_timestamp": "2021-12-31T04:10:53.559-08:00",
            "description": "",
            "id": "projects/deimos-internal-playground/regions/us-east1/routers/terraform-team-test-private-vpc-router",
            "name": "terraform-team-test-private-vpc-router",
            "network": "https://www.googleapis.com/compute/v1/projects/deimos-internal-playground/global/networks/terraform-team-test-private-vpc-network",
            "project": "deimos-internal-playground",
            "region": "us-east1",
            "self_link": "https://www.googleapis.com/compute/v1/projects/deimos-internal-playground/regions/us-east1/routers/terraform-team-test-private-vpc-router",
            "timeouts": null
          },
          "sensitive_attributes": [],
          "private": "eyJlMmJmYjczMC1lY2FhLTExZTYtOGY4OC0zNDM2M2JjN2M0YzAiOnsiY3JlYXRlIjoyNDAwMDAwMDAwMDAsImRlbGV0ZSI6MjQwMDAwMDAwMDAwLCJ1cGRhdGUiOjI0MDAwMDAwMDAwMH19",
          "dependencies": [
            "module.private_vpc.google_compute_network.vpc"
          ]
        }
      ]
    },
    {
      "module": "module.private_vpc",
      "mode": "managed",
      "type": "google_compute_router_nat",
      "name": "vpc_nat",
      "provider": "provider[\"registry.terraform.io/hashicorp/google\"]",
      "instances": [
        {
          "schema_version": 0,
          "attributes": {
            "drain_nat_ips": [],
            "enable_endpoint_independent_mapping": true,
            "icmp_idle_timeout_sec": 30,
            "id": "deimos-internal-playground/us-east1/terraform-team-test-private-vpc-router/terraform-team-test-private-vpc-nat",
            "log_config": [],
            "min_ports_per_vm": 0,
            "name": "terraform-team-test-private-vpc-nat",
            "nat_ip_allocate_option": "AUTO_ONLY",
            "nat_ips": [],
            "project": "deimos-internal-playground",
            "region": "us-east1",
            "router": "terraform-team-test-private-vpc-router",
            "source_subnetwork_ip_ranges_to_nat": "LIST_OF_SUBNETWORKS",
            "subnetwork": [
              {
                "name": "https://www.googleapis.com/compute/v1/projects/deimos-internal-playground/regions/us-east1/subnetworks/terraform-team-test-private-vpc-subnetwork-public",
                "secondary_ip_range_names": [],
                "source_ip_ranges_to_nat": [
                  "ALL_IP_RANGES"
                ]
              }
            ],
            "tcp_established_idle_timeout_sec": 1200,
            "tcp_transitory_idle_timeout_sec": 30,
            "timeouts": null,
            "udp_idle_timeout_sec": 30
          },
          "sensitive_attributes": [],
          "private": "eyJlMmJmYjczMC1lY2FhLTExZTYtOGY4OC0zNDM2M2JjN2M0YzAiOnsiY3JlYXRlIjo2MDAwMDAwMDAwMDAsImRlbGV0ZSI6NjAwMDAwMDAwMDAwLCJ1cGRhdGUiOjYwMDAwMDAwMDAwMH19",
          "dependencies": [
            "module.private_vpc.google_compute_network.vpc",
            "module.private_vpc.google_compute_router.vpc_router",
            "module.private_vpc.google_compute_subnetwork.vpc_subnetwork_public"
          ]
        }
      ]
    },
    {
      "module": "module.private_vpc",
      "mode": "managed",
      "type": "google_compute_subnetwork",
      "name": "vpc_subnetwork_private",
      "provider": "provider[\"registry.terraform.io/hashicorp/google\"]",
      "instances": [
        {
          "schema_version": 0,
          "attributes": {
            "creation_timestamp": "2021-12-31T04:10:53.634-08:00",
            "description": "",
            "external_ipv6_prefix": "",
            "fingerprint": null,
            "gateway_address": "10.8.16.1",
            "id": "projects/deimos-internal-playground/regions/us-east1/subnetworks/terraform-team-test-private-vpc-subnetwork-private",
            "ip_cidr_range": "10.8.16.0/20",
            "ipv6_access_type": "",
            "ipv6_cidr_range": "",
            "log_config": [
              {
                "aggregation_interval": "INTERVAL_10_MIN",
                "filter_expr": "true",
                "flow_sampling": 0.5,
                "metadata": "INCLUDE_ALL_METADATA",
                "metadata_fields": []
              }
            ],
            "name": "terraform-team-test-private-vpc-subnetwork-private",
            "network": "https://www.googleapis.com/compute/v1/projects/deimos-internal-playground/global/networks/terraform-team-test-private-vpc-network",
            "private_ip_google_access": true,
            "private_ipv6_google_access": "DISABLE_GOOGLE_ACCESS",
            "project": "deimos-internal-playground",
            "purpose": "PRIVATE",
            "region": "us-east1",
            "role": "",
            "secondary_ip_range": [
              {
                "ip_cidr_range": "10.6.16.0/20",
                "range_name": "private-services"
              }
            ],
            "self_link": "https://www.googleapis.com/compute/v1/projects/deimos-internal-playground/regions/us-east1/subnetworks/terraform-team-test-private-vpc-subnetwork-private",
            "stack_type": "IPV4_ONLY",
            "timeouts": null
          },
          "sensitive_attributes": [],
          "private": "eyJlMmJmYjczMC1lY2FhLTExZTYtOGY4OC0zNDM2M2JjN2M0YzAiOnsiY3JlYXRlIjozNjAwMDAwMDAwMDAsImRlbGV0ZSI6MzYwMDAwMDAwMDAwLCJ1cGRhdGUiOjM2MDAwMDAwMDAwMH19",
          "dependencies": [
            "module.private_vpc.google_compute_network.vpc"
          ]
        }
      ]
    },
    {
      "module": "module.private_vpc",
      "mode": "managed",
      "type": "google_compute_subnetwork",
      "name": "vpc_subnetwork_public",
      "provider": "provider[\"registry.terraform.io/hashicorp/google\"]",
      "instances": [
        {
          "schema_version": 0,
          "attributes": {
            "creation_timestamp": "2021-12-31T04:10:54.983-08:00",
            "description": "",
            "external_ipv6_prefix": "",
            "fingerprint": null,
            "gateway_address": "10.8.0.1",
            "id": "projects/deimos-internal-playground/regions/us-east1/subnetworks/terraform-team-test-private-vpc-subnetwork-public",
            "ip_cidr_range": "10.8.0.0/20",
            "ipv6_access_type": "",
            "ipv6_cidr_range": "",
            "log_config": [
              {
                "aggregation_interval": "INTERVAL_10_MIN",
                "filter_expr": "true",
                "flow_sampling": 0.5,
                "metadata": "INCLUDE_ALL_METADATA",
                "metadata_fields": []
              }
            ],
            "name": "terraform-team-test-private-vpc-subnetwork-public",
            "network": "https://www.googleapis.com/compute/v1/projects/deimos-internal-playground/global/networks/terraform-team-test-private-vpc-network",
            "private_ip_google_access": true,
            "private_ipv6_google_access": "DISABLE_GOOGLE_ACCESS",
            "project": "deimos-internal-playground",
            "purpose": "PRIVATE",
            "region": "us-east1",
            "role": "",
            "secondary_ip_range": [
              {
                "ip_cidr_range": "10.6.0.0/20",
                "range_name": "public-cluster"
              },
              {
                "ip_cidr_range": "10.6.32.0/20",
                "range_name": "public-services"
              },
              {
                "ip_cidr_range": "10.230.128.0/20",
                "range_name": "gke-terraform-team-test-private-gke-services-159daf96"
              }
            ],
            "self_link": "https://www.googleapis.com/compute/v1/projects/deimos-internal-playground/regions/us-east1/subnetworks/terraform-team-test-private-vpc-subnetwork-public",
            "stack_type": "IPV4_ONLY",
            "timeouts": null
          },
          "sensitive_attributes": [],
          "private": "eyJlMmJmYjczMC1lY2FhLTExZTYtOGY4OC0zNDM2M2JjN2M0YzAiOnsiY3JlYXRlIjozNjAwMDAwMDAwMDAsImRlbGV0ZSI6MzYwMDAwMDAwMDAwLCJ1cGRhdGUiOjM2MDAwMDAwMDAwMH19",
          "dependencies": [
            "module.private_vpc.google_compute_network.vpc"
          ]
        }
      ]
    },
    {
      "module": "module.private_vpc.module.network_firewall",
      "mode": "data",
      "type": "google_compute_subnetwork",
      "name": "private_subnetwork",
      "provider": "provider[\"registry.terraform.io/hashicorp/google\"]",
      "instances": [
        {
          "schema_version": 0,
          "attributes": {
            "description": "",
            "gateway_address": "10.8.16.1",
            "id": "projects/deimos-internal-playground/regions/us-east1/subnetworks/terraform-team-test-private-vpc-subnetwork-private",
            "ip_cidr_range": "10.8.16.0/20",
            "name": "terraform-team-test-private-vpc-subnetwork-private",
            "network": "https://www.googleapis.com/compute/v1/projects/deimos-internal-playground/global/networks/terraform-team-test-private-vpc-network",
            "private_ip_google_access": true,
            "project": "deimos-internal-playground",
            "region": "us-east1",
            "secondary_ip_range": [
              {
                "ip_cidr_range": "10.6.16.0/20",
                "range_name": "private-services"
              }
            ],
            "self_link": "https://www.googleapis.com/compute/v1/projects/deimos-internal-playground/regions/us-east1/subnetworks/terraform-team-test-private-vpc-subnetwork-private"
          },
          "sensitive_attributes": []
        }
      ]
    },
    {
      "module": "module.private_vpc.module.network_firewall",
      "mode": "data",
      "type": "google_compute_subnetwork",
      "name": "public_subnetwork",
      "provider": "provider[\"registry.terraform.io/hashicorp/google\"]",
      "instances": [
        {
          "schema_version": 0,
          "attributes": {
            "description": "",
            "gateway_address": "10.8.0.1",
            "id": "projects/deimos-internal-playground/regions/us-east1/subnetworks/terraform-team-test-private-vpc-subnetwork-public",
            "ip_cidr_range": "10.8.0.0/20",
            "name": "terraform-team-test-private-vpc-subnetwork-public",
            "network": "https://www.googleapis.com/compute/v1/projects/deimos-internal-playground/global/networks/terraform-team-test-private-vpc-network",
            "private_ip_google_access": true,
            "project": "deimos-internal-playground",
            "region": "us-east1",
            "secondary_ip_range": [
              {
                "ip_cidr_range": "10.6.0.0/20",
                "range_name": "public-cluster"
              },
              {
                "ip_cidr_range": "10.6.32.0/20",
                "range_name": "public-services"
              }
            ],
            "self_link": "https://www.googleapis.com/compute/v1/projects/deimos-internal-playground/regions/us-east1/subnetworks/terraform-team-test-private-vpc-subnetwork-public"
          },
          "sensitive_attributes": []
        }
      ]
    },
    {
      "module": "module.private_vpc.module.network_firewall",
      "mode": "managed",
      "type": "google_compute_firewall",
      "name": "private_allow_all_network_inbound",
      "provider": "provider[\"registry.terraform.io/hashicorp/google\"]",
      "instances": [
        {
          "schema_version": 1,
          "attributes": {
            "allow": [
              {
                "ports": [],
                "protocol": "all"
              }
            ],
            "creation_timestamp": "2021-12-31T04:11:29.363-08:00",
            "deny": [],
            "description": "",
            "destination_ranges": [],
            "direction": "INGRESS",
            "disabled": false,
            "enable_logging": null,
            "id": "projects/deimos-internal-playground/global/firewalls/terraform-team-test-private-vpc-private-allow-ingress",
            "log_config": [],
            "name": "terraform-team-test-private-vpc-private-allow-ingress",
            "network": "https://www.googleapis.com/compute/v1/projects/deimos-internal-playground/global/networks/terraform-team-test-private-vpc-network",
            "priority": 1000,
            "project": "deimos-internal-playground",
            "self_link": "https://www.googleapis.com/compute/v1/projects/deimos-internal-playground/global/firewalls/terraform-team-test-private-vpc-private-allow-ingress",
            "source_ranges": [
              "10.6.0.0/20",
              "10.6.16.0/20",
              "10.6.32.0/20",
              "10.8.0.0/20",
              "10.8.16.0/20"
            ],
            "source_service_accounts": [],
            "source_tags": [],
            "target_service_accounts": [],
            "target_tags": [
              "private"
            ],
            "timeouts": null
          },
          "sensitive_attributes": [],
          "private": "eyJlMmJmYjczMC1lY2FhLTExZTYtOGY4OC0zNDM2M2JjN2M0YzAiOnsiY3JlYXRlIjoyNDAwMDAwMDAwMDAsImRlbGV0ZSI6MjQwMDAwMDAwMDAwLCJ1cGRhdGUiOjI0MDAwMDAwMDAwMH0sInNjaGVtYV92ZXJzaW9uIjoiMSJ9",
          "dependencies": [
            "module.private_vpc.google_compute_network.vpc",
            "module.private_vpc.google_compute_subnetwork.vpc_subnetwork_private",
            "module.private_vpc.google_compute_subnetwork.vpc_subnetwork_public",
            "module.private_vpc.module.network_firewall.data.google_compute_subnetwork.private_subnetwork",
            "module.private_vpc.module.network_firewall.data.google_compute_subnetwork.public_subnetwork"
          ]
        }
      ]
    },
    {
      "module": "module.private_vpc.module.network_firewall",
      "mode": "managed",
      "type": "google_compute_firewall",
      "name": "private_allow_restricted_network_inbound",
      "provider": "provider[\"registry.terraform.io/hashicorp/google\"]",
      "instances": [
        {
          "schema_version": 1,
          "attributes": {
            "allow": [
              {
                "ports": [],
                "protocol": "all"
              }
            ],
            "creation_timestamp": "2021-12-31T04:10:53.356-08:00",
            "deny": [],
            "description": "",
            "destination_ranges": [],
            "direction": "INGRESS",
            "disabled": false,
            "enable_logging": null,
            "id": "projects/deimos-internal-playground/global/firewalls/terraform-team-test-private-vpc-allow-restricted-inbound",
            "log_config": [],
            "name": "terraform-team-test-private-vpc-allow-restricted-inbound",
            "network": "https://www.googleapis.com/compute/v1/projects/deimos-internal-playground/global/networks/terraform-team-test-private-vpc-network",
            "priority": 1000,
            "project": "deimos-internal-playground",
            "self_link": "https://www.googleapis.com/compute/v1/projects/deimos-internal-playground/global/firewalls/terraform-team-test-private-vpc-allow-restricted-inbound",
            "source_ranges": [],
            "source_service_accounts": [],
            "source_tags": [
              "private",
              "private-persistence"
            ],
            "target_service_accounts": [],
            "target_tags": [
              "private-persistence"
            ],
            "timeouts": null
          },
          "sensitive_attributes": [],
          "private": "eyJlMmJmYjczMC1lY2FhLTExZTYtOGY4OC0zNDM2M2JjN2M0YzAiOnsiY3JlYXRlIjoyNDAwMDAwMDAwMDAsImRlbGV0ZSI6MjQwMDAwMDAwMDAwLCJ1cGRhdGUiOjI0MDAwMDAwMDAwMH0sInNjaGVtYV92ZXJzaW9uIjoiMSJ9",
          "dependencies": [
            "module.private_vpc.google_compute_network.vpc"
          ]
        }
      ]
    },
    {
      "module": "module.private_vpc.module.network_firewall",
      "mode": "managed",
      "type": "google_compute_firewall",
      "name": "public_allow_all_inbound",
      "provider": "provider[\"registry.terraform.io/hashicorp/google\"]",
      "instances": [
        {
          "schema_version": 1,
          "attributes": {
            "allow": [
              {
                "ports": [],
                "protocol": "all"
              }
            ],
            "creation_timestamp": "2021-12-31T04:10:53.457-08:00",
            "deny": [],
            "description": "",
            "destination_ranges": [],
            "direction": "INGRESS",
            "disabled": false,
            "enable_logging": null,
            "id": "projects/deimos-internal-playground/global/firewalls/terraform-team-test-private-vpc-public-allow-ingress",
            "log_config": [],
            "name": "terraform-team-test-private-vpc-public-allow-ingress",
            "network": "https://www.googleapis.com/compute/v1/projects/deimos-internal-playground/global/networks/terraform-team-test-private-vpc-network",
            "priority": 1000,
            "project": "deimos-internal-playground",
            "self_link": "https://www.googleapis.com/compute/v1/projects/deimos-internal-playground/global/firewalls/terraform-team-test-private-vpc-public-allow-ingress",
            "source_ranges": [
              "0.0.0.0/0"
            ],
            "source_service_accounts": [],
            "source_tags": [],
            "target_service_accounts": [],
            "target_tags": [
              "public"
            ],
            "timeouts": null
          },
          "sensitive_attributes": [],
          "private": "eyJlMmJmYjczMC1lY2FhLTExZTYtOGY4OC0zNDM2M2JjN2M0YzAiOnsiY3JlYXRlIjoyNDAwMDAwMDAwMDAsImRlbGV0ZSI6MjQwMDAwMDAwMDAwLCJ1cGRhdGUiOjI0MDAwMDAwMDAwMH0sInNjaGVtYV92ZXJzaW9uIjoiMSJ9",
          "dependencies": [
            "module.private_vpc.google_compute_network.vpc"
          ]
        }
      ]
    }
  ]
}
